{
  "version": 4,
  "terraform_version": "1.1.2",
  "serial": 82,
  "lineage": "7396957d-7821-b5b5-88bc-de7d928bad90",
  "outputs": {
    "FW-1-MGMT": {
      "value": "Access the firewall MGMT via:  https://3.122.64.118",
      "type": "string"
    },
    "FW-2-MGMT": {
      "value": "Access the firewall MGMT via:  https://52.59.69.219",
      "type": "string"
    },
    "Server-1-1_ngfw1_access": {
      "value": "Access Server 1-1 via FW-1: ssh -i \u003cInsert Key\u003e ubuntu@3.127.3.5 -p 1001",
      "type": "string"
    },
    "Server-1-1_ngfw2_access": {
      "value": "Access Server 1-1 via FW-2: ssh -i \u003cInsert Key\u003e ubuntu@52.59.72.37 -p 1001",
      "type": "string"
    },
    "Server-1-2_ngfw1_access": {
      "value": "Access Server 1-2 via FW-1: ssh -i \u003cInsert Key\u003e ubuntu@3.127.3.5 -p 1002",
      "type": "string"
    },
    "Server-1-2_ngfw2_access": {
      "value": "Access Server 1-2 via FW-2: ssh -i \u003cInsert Key\u003e ubuntu@52.59.72.37 -p 1002",
      "type": "string"
    },
    "Server-2-1_ngfw1_access": {
      "value": "Access Server 2-1 via FW-1: ssh -i \u003cInsert Key\u003e ubuntu@3.127.3.5 -p 2001",
      "type": "string"
    },
    "Server-2-1_ngfw2_access": {
      "value": "Access Server 2-1 via FW-2: ssh -i \u003cInsert Key\u003e ubuntu@52.59.72.37 -p 2001",
      "type": "string"
    },
    "Server-2-2_ngfw1_access": {
      "value": "Access Server 2-2 via FW-1: ssh -i \u003cInsert Key\u003e ubuntu@3.127.3.5 -p 2002",
      "type": "string"
    },
    "Server-2-2_ngfw2_access": {
      "value": "Access Server 2-2 via FW-2: ssh -i \u003cInsert Key\u003e ubuntu@52.59.72.37 -p 2002",
      "type": "string"
    }
  },
  "resources": [
    {
      "mode": "data",
      "type": "aws_availability_zones",
      "name": "available",
      "provider": "provider[\"registry.terraform.io/hashicorp/aws\"]",
      "instances": [
        {
          "schema_version": 0,
          "attributes": {
            "all_availability_zones": null,
            "exclude_names": null,
            "exclude_zone_ids": null,
            "filter": null,
            "group_names": [
              "eu-central-1"
            ],
            "id": "eu-central-1",
            "names": [
              "eu-central-1a",
              "eu-central-1b",
              "eu-central-1c"
            ],
            "state": null,
            "zone_ids": [
              "euc1-az2",
              "euc1-az3",
              "euc1-az1"
            ]
          },
          "sensitive_attributes": []
        }
      ]
    },
    {
      "mode": "managed",
      "type": "aws_ec2_transit_gateway",
      "name": "tgw",
      "provider": "provider[\"registry.terraform.io/hashicorp/aws\"]",
      "instances": [
        {
          "schema_version": 0,
          "attributes": {
            "amazon_side_asn": 64512,
            "arn": "arn:aws:ec2:eu-central-1:065535367949:transit-gateway/tgw-0890ac1fdf3b4baee",
            "association_default_route_table_id": "",
            "auto_accept_shared_attachments": "disable",
            "default_route_table_association": "disable",
            "default_route_table_propagation": "disable",
            "description": "Transit Gateway",
            "dns_support": "enable",
            "id": "tgw-0890ac1fdf3b4baee",
            "owner_id": "065535367949",
            "propagation_default_route_table_id": "",
            "tags": {
              "Name": "transit_gateway"
            },
            "tags_all": {
              "Name": "transit_gateway"
            },
            "vpn_ecmp_support": "enable"
          },
          "sensitive_attributes": [],
          "private": "bnVsbA=="
        }
      ]
    },
    {
      "mode": "managed",
      "type": "aws_ec2_transit_gateway_route",
      "name": "default",
      "provider": "provider[\"registry.terraform.io/hashicorp/aws\"]",
      "instances": []
    },
    {
      "mode": "managed",
      "type": "aws_ec2_transit_gateway_route_table",
      "name": "tgw_security",
      "provider": "provider[\"registry.terraform.io/hashicorp/aws\"]",
      "instances": [
        {
          "schema_version": 0,
          "attributes": {
            "arn": "arn:aws:ec2:eu-central-1:065535367949:transit-gateway-route-table/tgw-rtb-0bf0dac706664eea1",
            "default_association_route_table": false,
            "default_propagation_route_table": false,
            "id": "tgw-rtb-0bf0dac706664eea1",
            "tags": {
              "Name": "tgw-rtb-security"
            },
            "tags_all": {
              "Name": "tgw-rtb-security"
            },
            "transit_gateway_id": "tgw-0890ac1fdf3b4baee"
          },
          "sensitive_attributes": [],
          "private": "bnVsbA==",
          "dependencies": [
            "aws_ec2_transit_gateway.tgw"
          ]
        }
      ]
    },
    {
      "mode": "managed",
      "type": "aws_ec2_transit_gateway_route_table",
      "name": "tgw_spokes",
      "provider": "provider[\"registry.terraform.io/hashicorp/aws\"]",
      "instances": [
        {
          "schema_version": 0,
          "attributes": {
            "arn": "arn:aws:ec2:eu-central-1:065535367949:transit-gateway-route-table/tgw-rtb-0a38cf86de12908f8",
            "default_association_route_table": false,
            "default_propagation_route_table": false,
            "id": "tgw-rtb-0a38cf86de12908f8",
            "tags": {
              "Name": "tgw-rtb-spokes"
            },
            "tags_all": {
              "Name": "tgw-rtb-spokes"
            },
            "transit_gateway_id": "tgw-0890ac1fdf3b4baee"
          },
          "sensitive_attributes": [],
          "private": "bnVsbA==",
          "dependencies": [
            "aws_ec2_transit_gateway.tgw"
          ]
        }
      ]
    },
    {
      "mode": "managed",
      "type": "aws_ec2_transit_gateway_route_table_association",
      "name": "vpc_security",
      "provider": "provider[\"registry.terraform.io/hashicorp/aws\"]",
      "instances": []
    },
    {
      "mode": "managed",
      "type": "aws_ec2_transit_gateway_vpc_attachment",
      "name": "tgw_security",
      "provider": "provider[\"registry.terraform.io/hashicorp/aws\"]",
      "instances": []
    },
    {
      "mode": "managed",
      "type": "aws_iam_instance_profile",
      "name": "bootstrap_profile",
      "provider": "provider[\"registry.terraform.io/hashicorp/aws\"]",
      "instances": [
        {
          "schema_version": 0,
          "attributes": {
            "arn": "arn:aws:iam::065535367949:instance-profile/ngfw_bootstrap_profile",
            "create_date": "2021-12-21T15:18:19Z",
            "id": "ngfw_bootstrap_profile",
            "name": "ngfw_bootstrap_profile",
            "name_prefix": null,
            "path": "/",
            "role": "ngfw_bootstrap_role",
            "tags": null,
            "tags_all": {},
            "unique_id": "AIPAQ6QRWLMG5JI4NPYKF"
          },
          "sensitive_attributes": [],
          "private": "bnVsbA==",
          "dependencies": [
            "aws_iam_role.bootstrap_role"
          ]
        }
      ]
    },
    {
      "mode": "managed",
      "type": "aws_iam_instance_profile",
      "name": "bootstrap_profile2",
      "provider": "provider[\"registry.terraform.io/hashicorp/aws\"]",
      "instances": [
        {
          "schema_version": 0,
          "attributes": {
            "arn": "arn:aws:iam::065535367949:instance-profile/ngfw_bootstrap_profile2",
            "create_date": "2021-12-21T15:18:18Z",
            "id": "ngfw_bootstrap_profile2",
            "name": "ngfw_bootstrap_profile2",
            "name_prefix": null,
            "path": "/",
            "role": "ngfw_bootstrap_role2",
            "tags": null,
            "tags_all": {},
            "unique_id": "AIPAQ6QRWLMGSCACKV3XQ"
          },
          "sensitive_attributes": [],
          "private": "bnVsbA==",
          "dependencies": [
            "aws_iam_role.bootstrap_role2"
          ]
        }
      ]
    },
    {
      "mode": "managed",
      "type": "aws_iam_role",
      "name": "bootstrap_role",
      "provider": "provider[\"registry.terraform.io/hashicorp/aws\"]",
      "instances": [
        {
          "schema_version": 0,
          "attributes": {
            "arn": "arn:aws:iam::065535367949:role/ngfw_bootstrap_role",
            "assume_role_policy": "{\"Version\":\"2012-10-17\",\"Statement\":[{\"Effect\":\"Allow\",\"Principal\":{\"Service\":\"ec2.amazonaws.com\"},\"Action\":\"sts:AssumeRole\"}]}",
            "create_date": "2021-12-21T15:18:15Z",
            "description": "",
            "force_detach_policies": false,
            "id": "ngfw_bootstrap_role",
            "inline_policy": [
              {
                "name": "",
                "policy": ""
              }
            ],
            "managed_policy_arns": [],
            "max_session_duration": 3600,
            "name": "ngfw_bootstrap_role",
            "name_prefix": "",
            "path": "/",
            "permissions_boundary": null,
            "tags": null,
            "tags_all": {},
            "unique_id": "AROAQ6QRWLMGY55GBR73C"
          },
          "sensitive_attributes": [],
          "private": "bnVsbA=="
        }
      ]
    },
    {
      "mode": "managed",
      "type": "aws_iam_role",
      "name": "bootstrap_role2",
      "provider": "provider[\"registry.terraform.io/hashicorp/aws\"]",
      "instances": [
        {
          "schema_version": 0,
          "attributes": {
            "arn": "arn:aws:iam::065535367949:role/ngfw_bootstrap_role2",
            "assume_role_policy": "{\"Version\":\"2012-10-17\",\"Statement\":[{\"Effect\":\"Allow\",\"Principal\":{\"Service\":\"ec2.amazonaws.com\"},\"Action\":\"sts:AssumeRole\"}]}",
            "create_date": "2021-12-21T15:18:15Z",
            "description": "",
            "force_detach_policies": false,
            "id": "ngfw_bootstrap_role2",
            "inline_policy": [
              {
                "name": "",
                "policy": ""
              }
            ],
            "managed_policy_arns": [],
            "max_session_duration": 3600,
            "name": "ngfw_bootstrap_role2",
            "name_prefix": "",
            "path": "/",
            "permissions_boundary": null,
            "tags": null,
            "tags_all": {},
            "unique_id": "AROAQ6QRWLMGXAWRYHFOA"
          },
          "sensitive_attributes": [],
          "private": "bnVsbA=="
        }
      ]
    },
    {
      "mode": "managed",
      "type": "aws_iam_role_policy",
      "name": "bootstrap_policy",
      "provider": "provider[\"registry.terraform.io/hashicorp/aws\"]",
      "instances": [
        {
          "schema_version": 0,
          "attributes": {
            "id": "ngfw_bootstrap_role:ngfw_bootstrap_policy",
            "name": "ngfw_bootstrap_policy",
            "name_prefix": null,
            "policy": "{\n  \"Version\" : \"2012-10-17\",\n  \"Statement\": [\n    {\n      \"Effect\": \"Allow\",\n      \"Action\": \"s3:ListBucket\",\n      \"Resource\": \"arn:aws:s3:::djs-tgw-bucket\"\n    },\n    {\n    \"Effect\": \"Allow\",\n    \"Action\": \"s3:GetObject\",\n    \"Resource\": \"arn:aws:s3:::djs-tgw-bucket/*\"\n    }\n  ]\n}\n",
            "role": "ngfw_bootstrap_role"
          },
          "sensitive_attributes": [],
          "private": "bnVsbA==",
          "dependencies": [
            "aws_iam_role.bootstrap_role"
          ]
        }
      ]
    },
    {
      "mode": "managed",
      "type": "aws_iam_role_policy",
      "name": "bootstrap_policy2",
      "provider": "provider[\"registry.terraform.io/hashicorp/aws\"]",
      "instances": [
        {
          "schema_version": 0,
          "attributes": {
            "id": "ngfw_bootstrap_role2:ngfw_bootstrap_policy2",
            "name": "ngfw_bootstrap_policy2",
            "name_prefix": null,
            "policy": "{\n  \"Version\" : \"2012-10-17\",\n  \"Statement\": [\n    {\n      \"Effect\": \"Allow\",\n      \"Action\": \"s3:ListBucket\",\n      \"Resource\": \"arn:aws:s3:::djs-tgw-bucket2\"\n    },\n    {\n    \"Effect\": \"Allow\",\n    \"Action\": \"s3:GetObject\",\n    \"Resource\": \"arn:aws:s3:::djs-tgw-bucket2/*\"\n    }\n  ]\n}\n",
            "role": "ngfw_bootstrap_role2"
          },
          "sensitive_attributes": [],
          "private": "bnVsbA==",
          "dependencies": [
            "aws_iam_role.bootstrap_role2"
          ]
        }
      ]
    },
    {
      "mode": "managed",
      "type": "aws_internet_gateway",
      "name": "vpc_security_igw",
      "provider": "provider[\"registry.terraform.io/hashicorp/aws\"]",
      "instances": [
        {
          "schema_version": 0,
          "attributes": {
            "arn": "arn:aws:ec2:eu-central-1:065535367949:internet-gateway/igw-02d4974920bac8972",
            "id": "igw-02d4974920bac8972",
            "owner_id": "065535367949",
            "tags": {
              "Name": "vpc_securty_igw"
            },
            "tags_all": {
              "Name": "vpc_securty_igw"
            },
            "vpc_id": "vpc-002b335591ea81283"
          },
          "sensitive_attributes": [],
          "private": "bnVsbA==",
          "dependencies": [
            "aws_vpc.vpc_security"
          ]
        }
      ]
    },
    {
      "mode": "managed",
      "type": "aws_route",
      "name": "vpc_security_default",
      "provider": "provider[\"registry.terraform.io/hashicorp/aws\"]",
      "instances": [
        {
          "schema_version": 0,
          "attributes": {
            "carrier_gateway_id": "",
            "destination_cidr_block": "0.0.0.0/0",
            "destination_ipv6_cidr_block": "",
            "destination_prefix_list_id": "",
            "egress_only_gateway_id": "",
            "gateway_id": "igw-02d4974920bac8972",
            "id": "r-rtb-018af9eeff44a216c1080289494",
            "instance_id": "",
            "instance_owner_id": "",
            "local_gateway_id": "",
            "nat_gateway_id": "",
            "network_interface_id": "",
            "origin": "CreateRoute",
            "route_table_id": "rtb-018af9eeff44a216c",
            "state": "active",
            "timeouts": null,
            "transit_gateway_id": "",
            "vpc_endpoint_id": "",
            "vpc_peering_connection_id": ""
          },
          "sensitive_attributes": [],
          "private": "eyJlMmJmYjczMC1lY2FhLTExZTYtOGY4OC0zNDM2M2JjN2M0YzAiOnsiY3JlYXRlIjozMDAwMDAwMDAwMDAsImRlbGV0ZSI6MzAwMDAwMDAwMDAwLCJ1cGRhdGUiOjEyMDAwMDAwMDAwMH19",
          "dependencies": [
            "aws_internet_gateway.vpc_security_igw",
            "aws_vpc.vpc_security"
          ]
        }
      ]
    },
    {
      "mode": "managed",
      "type": "aws_route",
      "name": "vpc_security_tgw_1_0",
      "provider": "provider[\"registry.terraform.io/hashicorp/aws\"]",
      "instances": [
        {
          "schema_version": 0,
          "attributes": {
            "carrier_gateway_id": "",
            "destination_cidr_block": "0.0.0.0/0",
            "destination_ipv6_cidr_block": "",
            "destination_prefix_list_id": "",
            "egress_only_gateway_id": "",
            "gateway_id": "",
            "id": "r-rtb-0fe82986d834e39061080289494",
            "instance_id": "",
            "instance_owner_id": "",
            "local_gateway_id": "",
            "nat_gateway_id": "",
            "network_interface_id": "eni-0050a9d7568f5fdfe",
            "origin": "CreateRoute",
            "route_table_id": "rtb-0fe82986d834e3906",
            "state": "blackhole",
            "timeouts": null,
            "transit_gateway_id": "",
            "vpc_endpoint_id": "",
            "vpc_peering_connection_id": ""
          },
          "sensitive_attributes": [],
          "private": "eyJlMmJmYjczMC1lY2FhLTExZTYtOGY4OC0zNDM2M2JjN2M0YzAiOnsiY3JlYXRlIjozMDAwMDAwMDAwMDAsImRlbGV0ZSI6MzAwMDAwMDAwMDAwLCJ1cGRhdGUiOjEyMDAwMDAwMDAwMH19",
          "dependencies": [
            "aws_route_table.vpc_security_tgw_1",
            "aws_security_group.allow_all",
            "aws_subnet.vpc_security_private_1",
            "aws_vpc.vpc_security",
            "data.aws_availability_zones.available",
            "module.ngfw1.aws_network_interface.eni-trust"
          ]
        }
      ]
    },
    {
      "mode": "managed",
      "type": "aws_route",
      "name": "vpc_security_tgw_1_1",
      "provider": "provider[\"registry.terraform.io/hashicorp/aws\"]",
      "instances": [
        {
          "schema_version": 0,
          "attributes": {
            "carrier_gateway_id": "",
            "destination_cidr_block": "10.0.0.0/8",
            "destination_ipv6_cidr_block": "",
            "destination_prefix_list_id": "",
            "egress_only_gateway_id": "",
            "gateway_id": "",
            "id": "r-rtb-0fe82986d834e39063423270202",
            "instance_id": "",
            "instance_owner_id": "",
            "local_gateway_id": "",
            "nat_gateway_id": "",
            "network_interface_id": "eni-0050a9d7568f5fdfe",
            "origin": "CreateRoute",
            "route_table_id": "rtb-0fe82986d834e3906",
            "state": "blackhole",
            "timeouts": null,
            "transit_gateway_id": "",
            "vpc_endpoint_id": "",
            "vpc_peering_connection_id": ""
          },
          "sensitive_attributes": [],
          "private": "eyJlMmJmYjczMC1lY2FhLTExZTYtOGY4OC0zNDM2M2JjN2M0YzAiOnsiY3JlYXRlIjozMDAwMDAwMDAwMDAsImRlbGV0ZSI6MzAwMDAwMDAwMDAwLCJ1cGRhdGUiOjEyMDAwMDAwMDAwMH19",
          "dependencies": [
            "aws_route_table.vpc_security_tgw_1",
            "aws_security_group.allow_all",
            "aws_subnet.vpc_security_private_1",
            "aws_vpc.vpc_security",
            "data.aws_availability_zones.available",
            "module.ngfw1.aws_network_interface.eni-trust"
          ]
        }
      ]
    },
    {
      "mode": "managed",
      "type": "aws_route",
      "name": "vpc_security_tgw_2_0",
      "provider": "provider[\"registry.terraform.io/hashicorp/aws\"]",
      "instances": [
        {
          "schema_version": 0,
          "attributes": {
            "carrier_gateway_id": "",
            "destination_cidr_block": "0.0.0.0/0",
            "destination_ipv6_cidr_block": "",
            "destination_prefix_list_id": "",
            "egress_only_gateway_id": "",
            "gateway_id": "",
            "id": "r-rtb-076664b0358785ac51080289494",
            "instance_id": "",
            "instance_owner_id": "",
            "local_gateway_id": "",
            "nat_gateway_id": "",
            "network_interface_id": "eni-05228c7a49b03748b",
            "origin": "CreateRoute",
            "route_table_id": "rtb-076664b0358785ac5",
            "state": "blackhole",
            "timeouts": null,
            "transit_gateway_id": "",
            "vpc_endpoint_id": "",
            "vpc_peering_connection_id": ""
          },
          "sensitive_attributes": [],
          "private": "eyJlMmJmYjczMC1lY2FhLTExZTYtOGY4OC0zNDM2M2JjN2M0YzAiOnsiY3JlYXRlIjozMDAwMDAwMDAwMDAsImRlbGV0ZSI6MzAwMDAwMDAwMDAwLCJ1cGRhdGUiOjEyMDAwMDAwMDAwMH19",
          "dependencies": [
            "aws_route_table.vpc_security_tgw_2",
            "aws_security_group.allow_all",
            "aws_subnet.vpc_security_private_2",
            "aws_vpc.vpc_security",
            "data.aws_availability_zones.available",
            "module.ngfw2.aws_network_interface.eni-trust"
          ]
        }
      ]
    },
    {
      "mode": "managed",
      "type": "aws_route",
      "name": "vpc_security_tgw_2_1",
      "provider": "provider[\"registry.terraform.io/hashicorp/aws\"]",
      "instances": [
        {
          "schema_version": 0,
          "attributes": {
            "carrier_gateway_id": "",
            "destination_cidr_block": "10.0.0.0/8",
            "destination_ipv6_cidr_block": "",
            "destination_prefix_list_id": "",
            "egress_only_gateway_id": "",
            "gateway_id": "",
            "id": "r-rtb-076664b0358785ac53423270202",
            "instance_id": "",
            "instance_owner_id": "",
            "local_gateway_id": "",
            "nat_gateway_id": "",
            "network_interface_id": "eni-05228c7a49b03748b",
            "origin": "CreateRoute",
            "route_table_id": "rtb-076664b0358785ac5",
            "state": "blackhole",
            "timeouts": null,
            "transit_gateway_id": "",
            "vpc_endpoint_id": "",
            "vpc_peering_connection_id": ""
          },
          "sensitive_attributes": [],
          "private": "eyJlMmJmYjczMC1lY2FhLTExZTYtOGY4OC0zNDM2M2JjN2M0YzAiOnsiY3JlYXRlIjozMDAwMDAwMDAwMDAsImRlbGV0ZSI6MzAwMDAwMDAwMDAwLCJ1cGRhdGUiOjEyMDAwMDAwMDAwMH19",
          "dependencies": [
            "aws_route_table.vpc_security_tgw_2",
            "aws_security_group.allow_all",
            "aws_subnet.vpc_security_private_2",
            "aws_vpc.vpc_security",
            "data.aws_availability_zones.available",
            "module.ngfw2.aws_network_interface.eni-trust"
          ]
        }
      ]
    },
    {
      "mode": "managed",
      "type": "aws_route",
      "name": "vpc_security_trust_1_0",
      "provider": "provider[\"registry.terraform.io/hashicorp/aws\"]",
      "instances": [
        {
          "schema_version": 0,
          "attributes": {
            "carrier_gateway_id": "",
            "destination_cidr_block": "10.0.0.0/8",
            "destination_ipv6_cidr_block": "",
            "destination_prefix_list_id": "",
            "egress_only_gateway_id": "",
            "gateway_id": "",
            "id": "r-rtb-09ca0405acc573a0f3423270202",
            "instance_id": "",
            "instance_owner_id": "",
            "local_gateway_id": "",
            "nat_gateway_id": "",
            "network_interface_id": "",
            "origin": "CreateRoute",
            "route_table_id": "rtb-09ca0405acc573a0f",
            "state": "blackhole",
            "timeouts": null,
            "transit_gateway_id": "tgw-0890ac1fdf3b4baee",
            "vpc_endpoint_id": "",
            "vpc_peering_connection_id": ""
          },
          "sensitive_attributes": [],
          "private": "eyJlMmJmYjczMC1lY2FhLTExZTYtOGY4OC0zNDM2M2JjN2M0YzAiOnsiY3JlYXRlIjozMDAwMDAwMDAwMDAsImRlbGV0ZSI6MzAwMDAwMDAwMDAwLCJ1cGRhdGUiOjEyMDAwMDAwMDAwMH19",
          "dependencies": [
            "aws_ec2_transit_gateway.tgw",
            "aws_route_table.vpc_security_private_1",
            "aws_vpc.vpc_security"
          ]
        }
      ]
    },
    {
      "mode": "managed",
      "type": "aws_route",
      "name": "vpc_security_trust_2_0",
      "provider": "provider[\"registry.terraform.io/hashicorp/aws\"]",
      "instances": [
        {
          "schema_version": 0,
          "attributes": {
            "carrier_gateway_id": "",
            "destination_cidr_block": "10.0.0.0/8",
            "destination_ipv6_cidr_block": "",
            "destination_prefix_list_id": "",
            "egress_only_gateway_id": "",
            "gateway_id": "",
            "id": "r-rtb-0c6ca1c8325c80b733423270202",
            "instance_id": "",
            "instance_owner_id": "",
            "local_gateway_id": "",
            "nat_gateway_id": "",
            "network_interface_id": "",
            "origin": "CreateRoute",
            "route_table_id": "rtb-0c6ca1c8325c80b73",
            "state": "blackhole",
            "timeouts": null,
            "transit_gateway_id": "tgw-0890ac1fdf3b4baee",
            "vpc_endpoint_id": "",
            "vpc_peering_connection_id": ""
          },
          "sensitive_attributes": [],
          "private": "eyJlMmJmYjczMC1lY2FhLTExZTYtOGY4OC0zNDM2M2JjN2M0YzAiOnsiY3JlYXRlIjozMDAwMDAwMDAwMDAsImRlbGV0ZSI6MzAwMDAwMDAwMDAwLCJ1cGRhdGUiOjEyMDAwMDAwMDAwMH19",
          "dependencies": [
            "aws_ec2_transit_gateway.tgw",
            "aws_route_table.vpc_security_private_2",
            "aws_vpc.vpc_security"
          ]
        }
      ]
    },
    {
      "mode": "managed",
      "type": "aws_route_table",
      "name": "vpc_security_private_1",
      "provider": "provider[\"registry.terraform.io/hashicorp/aws\"]",
      "instances": [
        {
          "schema_version": 0,
          "attributes": {
            "arn": "arn:aws:ec2:eu-central-1:065535367949:route-table/rtb-09ca0405acc573a0f",
            "id": "rtb-09ca0405acc573a0f",
            "owner_id": "065535367949",
            "propagating_vgws": [],
            "route": [],
            "tags": {
              "Name": "private_1"
            },
            "tags_all": {
              "Name": "private_1"
            },
            "timeouts": null,
            "vpc_id": "vpc-002b335591ea81283"
          },
          "sensitive_attributes": [],
          "private": "eyJlMmJmYjczMC1lY2FhLTExZTYtOGY4OC0zNDM2M2JjN2M0YzAiOnsiY3JlYXRlIjozMDAwMDAwMDAwMDAsImRlbGV0ZSI6MzAwMDAwMDAwMDAwLCJ1cGRhdGUiOjEyMDAwMDAwMDAwMH19",
          "dependencies": [
            "aws_vpc.vpc_security"
          ]
        }
      ]
    },
    {
      "mode": "managed",
      "type": "aws_route_table",
      "name": "vpc_security_private_2",
      "provider": "provider[\"registry.terraform.io/hashicorp/aws\"]",
      "instances": [
        {
          "schema_version": 0,
          "attributes": {
            "arn": "arn:aws:ec2:eu-central-1:065535367949:route-table/rtb-0c6ca1c8325c80b73",
            "id": "rtb-0c6ca1c8325c80b73",
            "owner_id": "065535367949",
            "propagating_vgws": [],
            "route": [],
            "tags": {
              "Name": "private_2"
            },
            "tags_all": {
              "Name": "private_2"
            },
            "timeouts": null,
            "vpc_id": "vpc-002b335591ea81283"
          },
          "sensitive_attributes": [],
          "private": "eyJlMmJmYjczMC1lY2FhLTExZTYtOGY4OC0zNDM2M2JjN2M0YzAiOnsiY3JlYXRlIjozMDAwMDAwMDAwMDAsImRlbGV0ZSI6MzAwMDAwMDAwMDAwLCJ1cGRhdGUiOjEyMDAwMDAwMDAwMH19",
          "dependencies": [
            "aws_vpc.vpc_security"
          ]
        }
      ]
    },
    {
      "mode": "managed",
      "type": "aws_route_table",
      "name": "vpc_security_tgw_1",
      "provider": "provider[\"registry.terraform.io/hashicorp/aws\"]",
      "instances": [
        {
          "schema_version": 0,
          "attributes": {
            "arn": "arn:aws:ec2:eu-central-1:065535367949:route-table/rtb-0fe82986d834e3906",
            "id": "rtb-0fe82986d834e3906",
            "owner_id": "065535367949",
            "propagating_vgws": [],
            "route": [],
            "tags": {
              "Name": "tgw_1"
            },
            "tags_all": {
              "Name": "tgw_1"
            },
            "timeouts": null,
            "vpc_id": "vpc-002b335591ea81283"
          },
          "sensitive_attributes": [],
          "private": "eyJlMmJmYjczMC1lY2FhLTExZTYtOGY4OC0zNDM2M2JjN2M0YzAiOnsiY3JlYXRlIjozMDAwMDAwMDAwMDAsImRlbGV0ZSI6MzAwMDAwMDAwMDAwLCJ1cGRhdGUiOjEyMDAwMDAwMDAwMH19",
          "dependencies": [
            "aws_vpc.vpc_security"
          ]
        }
      ]
    },
    {
      "mode": "managed",
      "type": "aws_route_table",
      "name": "vpc_security_tgw_2",
      "provider": "provider[\"registry.terraform.io/hashicorp/aws\"]",
      "instances": [
        {
          "schema_version": 0,
          "attributes": {
            "arn": "arn:aws:ec2:eu-central-1:065535367949:route-table/rtb-076664b0358785ac5",
            "id": "rtb-076664b0358785ac5",
            "owner_id": "065535367949",
            "propagating_vgws": [],
            "route": [],
            "tags": {
              "Name": "tgw_2"
            },
            "tags_all": {
              "Name": "tgw_2"
            },
            "timeouts": null,
            "vpc_id": "vpc-002b335591ea81283"
          },
          "sensitive_attributes": [],
          "private": "eyJlMmJmYjczMC1lY2FhLTExZTYtOGY4OC0zNDM2M2JjN2M0YzAiOnsiY3JlYXRlIjozMDAwMDAwMDAwMDAsImRlbGV0ZSI6MzAwMDAwMDAwMDAwLCJ1cGRhdGUiOjEyMDAwMDAwMDAwMH19",
          "dependencies": [
            "aws_vpc.vpc_security"
          ]
        }
      ]
    },
    {
      "mode": "managed",
      "type": "aws_route_table_association",
      "name": "vpc_security_private_1",
      "provider": "provider[\"registry.terraform.io/hashicorp/aws\"]",
      "instances": [
        {
          "schema_version": 0,
          "attributes": {
            "gateway_id": "",
            "id": "rtbassoc-0673dd286f83d660c",
            "route_table_id": "rtb-09ca0405acc573a0f",
            "subnet_id": "subnet-0a8b3bc58713c294b"
          },
          "sensitive_attributes": [],
          "private": "bnVsbA==",
          "dependencies": [
            "aws_route_table.vpc_security_private_1",
            "aws_subnet.vpc_security_private_1",
            "aws_vpc.vpc_security",
            "data.aws_availability_zones.available"
          ]
        }
      ]
    },
    {
      "mode": "managed",
      "type": "aws_route_table_association",
      "name": "vpc_security_private_2",
      "provider": "provider[\"registry.terraform.io/hashicorp/aws\"]",
      "instances": [
        {
          "schema_version": 0,
          "attributes": {
            "gateway_id": "",
            "id": "rtbassoc-07fcfb11a4695e33b",
            "route_table_id": "rtb-0c6ca1c8325c80b73",
            "subnet_id": "subnet-0307e0e5321240b47"
          },
          "sensitive_attributes": [],
          "private": "bnVsbA==",
          "dependencies": [
            "aws_route_table.vpc_security_private_2",
            "aws_subnet.vpc_security_private_2",
            "aws_vpc.vpc_security",
            "data.aws_availability_zones.available"
          ]
        }
      ]
    },
    {
      "mode": "managed",
      "type": "aws_route_table_association",
      "name": "vpc_security_tgw_1",
      "provider": "provider[\"registry.terraform.io/hashicorp/aws\"]",
      "instances": [
        {
          "schema_version": 0,
          "attributes": {
            "gateway_id": "",
            "id": "rtbassoc-0cedfd44ec7c4f53b",
            "route_table_id": "rtb-0fe82986d834e3906",
            "subnet_id": "subnet-055784f39b80c226c"
          },
          "sensitive_attributes": [],
          "private": "bnVsbA==",
          "dependencies": [
            "aws_route_table.vpc_security_tgw_1",
            "aws_subnet.vpc_security_tgw_1",
            "aws_vpc.vpc_security",
            "data.aws_availability_zones.available"
          ]
        }
      ]
    },
    {
      "mode": "managed",
      "type": "aws_route_table_association",
      "name": "vpc_security_tgw_2",
      "provider": "provider[\"registry.terraform.io/hashicorp/aws\"]",
      "instances": [
        {
          "schema_version": 0,
          "attributes": {
            "gateway_id": "",
            "id": "rtbassoc-090cb0969964f9312",
            "route_table_id": "rtb-076664b0358785ac5",
            "subnet_id": "subnet-05dd866a8ea3f12f1"
          },
          "sensitive_attributes": [],
          "private": "bnVsbA==",
          "dependencies": [
            "aws_route_table.vpc_security_tgw_2",
            "aws_subnet.vpc_security_tgw_2",
            "aws_vpc.vpc_security",
            "data.aws_availability_zones.available"
          ]
        }
      ]
    },
    {
      "mode": "managed",
      "type": "aws_s3_bucket",
      "name": "bootstrap_bucket",
      "provider": "provider[\"registry.terraform.io/hashicorp/aws\"]",
      "instances": [
        {
          "schema_version": 0,
          "attributes": {
            "acceleration_status": "",
            "acl": "private",
            "arn": "arn:aws:s3:::djs-tgw-bucket",
            "bucket": "djs-tgw-bucket",
            "bucket_domain_name": "djs-tgw-bucket.s3.amazonaws.com",
            "bucket_prefix": null,
            "bucket_regional_domain_name": "djs-tgw-bucket.s3.eu-central-1.amazonaws.com",
            "cors_rule": [],
            "force_destroy": true,
            "grant": [],
            "hosted_zone_id": "Z21DNDUVLTQW6Q",
            "id": "djs-tgw-bucket",
            "lifecycle_rule": [],
            "logging": [],
            "object_lock_configuration": [],
            "policy": null,
            "region": "eu-central-1",
            "replication_configuration": [],
            "request_payer": "BucketOwner",
            "server_side_encryption_configuration": [],
            "tags": {
              "Name": "bootstrap_bucket"
            },
            "tags_all": {
              "Name": "bootstrap_bucket"
            },
            "versioning": [
              {
                "enabled": false,
                "mfa_delete": false
              }
            ],
            "website": [],
            "website_domain": null,
            "website_endpoint": null
          },
          "sensitive_attributes": [],
          "private": "bnVsbA=="
        }
      ]
    },
    {
      "mode": "managed",
      "type": "aws_s3_bucket",
      "name": "bootstrap_bucket2",
      "provider": "provider[\"registry.terraform.io/hashicorp/aws\"]",
      "instances": [
        {
          "schema_version": 0,
          "attributes": {
            "acceleration_status": "",
            "acl": "private",
            "arn": "arn:aws:s3:::djs-tgw-bucket2",
            "bucket": "djs-tgw-bucket2",
            "bucket_domain_name": "djs-tgw-bucket2.s3.amazonaws.com",
            "bucket_prefix": null,
            "bucket_regional_domain_name": "djs-tgw-bucket2.s3.eu-central-1.amazonaws.com",
            "cors_rule": [],
            "force_destroy": true,
            "grant": [],
            "hosted_zone_id": "Z21DNDUVLTQW6Q",
            "id": "djs-tgw-bucket2",
            "lifecycle_rule": [],
            "logging": [],
            "object_lock_configuration": [],
            "policy": null,
            "region": "eu-central-1",
            "replication_configuration": [],
            "request_payer": "BucketOwner",
            "server_side_encryption_configuration": [],
            "tags": {
              "Name": "bootstrap_bucket2"
            },
            "tags_all": {
              "Name": "bootstrap_bucket2"
            },
            "versioning": [
              {
                "enabled": false,
                "mfa_delete": false
              }
            ],
            "website": [],
            "website_domain": null,
            "website_endpoint": null
          },
          "sensitive_attributes": [],
          "private": "bnVsbA=="
        }
      ]
    },
    {
      "mode": "managed",
      "type": "aws_s3_bucket_object",
      "name": "bootstrap_xml",
      "provider": "provider[\"registry.terraform.io/hashicorp/aws\"]",
      "instances": [
        {
          "schema_version": 0,
          "attributes": {
            "acl": "private",
            "bucket": "djs-tgw-bucket",
            "bucket_key_enabled": false,
            "cache_control": "",
            "content": null,
            "content_base64": null,
            "content_disposition": "",
            "content_encoding": "",
            "content_language": "",
            "content_type": "binary/octet-stream",
            "etag": "7a1002c942bd23e09c4a7dcc71188ba7",
            "force_destroy": false,
            "id": "config/bootstrap.xml",
            "key": "config/bootstrap.xml",
            "kms_key_id": null,
            "metadata": null,
            "object_lock_legal_hold_status": "",
            "object_lock_mode": "",
            "object_lock_retain_until_date": "",
            "server_side_encryption": "",
            "source": "bootstrap_files/bootstrap.xml",
            "source_hash": null,
            "storage_class": "STANDARD",
            "tags": null,
            "tags_all": {},
            "version_id": "",
            "website_redirect": ""
          },
          "sensitive_attributes": [],
          "private": "bnVsbA==",
          "dependencies": [
            "aws_s3_bucket.bootstrap_bucket"
          ]
        }
      ]
    },
    {
      "mode": "managed",
      "type": "aws_s3_bucket_object",
      "name": "bootstrap_xml2",
      "provider": "provider[\"registry.terraform.io/hashicorp/aws\"]",
      "instances": [
        {
          "schema_version": 0,
          "attributes": {
            "acl": "private",
            "bucket": "djs-tgw-bucket2",
            "bucket_key_enabled": false,
            "cache_control": "",
            "content": null,
            "content_base64": null,
            "content_disposition": "",
            "content_encoding": "",
            "content_language": "",
            "content_type": "binary/octet-stream",
            "etag": "d31b540a609834753d94e7656afa17a2",
            "force_destroy": false,
            "id": "config/bootstrap.xml",
            "key": "config/bootstrap.xml",
            "kms_key_id": null,
            "metadata": null,
            "object_lock_legal_hold_status": "",
            "object_lock_mode": "",
            "object_lock_retain_until_date": "",
            "server_side_encryption": "",
            "source": "bootstrap_files2/bootstrap.xml",
            "source_hash": null,
            "storage_class": "STANDARD",
            "tags": null,
            "tags_all": {},
            "version_id": "",
            "website_redirect": ""
          },
          "sensitive_attributes": [],
          "private": "bnVsbA==",
          "dependencies": [
            "aws_s3_bucket.bootstrap_bucket2"
          ]
        }
      ]
    },
    {
      "mode": "managed",
      "type": "aws_s3_bucket_object",
      "name": "content",
      "provider": "provider[\"registry.terraform.io/hashicorp/aws\"]",
      "instances": [
        {
          "schema_version": 0,
          "attributes": {
            "acl": "private",
            "bucket": "djs-tgw-bucket",
            "bucket_key_enabled": false,
            "cache_control": "",
            "content": null,
            "content_base64": null,
            "content_disposition": "",
            "content_encoding": "",
            "content_language": "",
            "content_type": "binary/octet-stream",
            "etag": "d41d8cd98f00b204e9800998ecf8427e",
            "force_destroy": false,
            "id": "content/",
            "key": "content/",
            "kms_key_id": null,
            "metadata": null,
            "object_lock_legal_hold_status": "",
            "object_lock_mode": "",
            "object_lock_retain_until_date": "",
            "server_side_encryption": "",
            "source": "/dev/null",
            "source_hash": null,
            "storage_class": "STANDARD",
            "tags": null,
            "tags_all": {},
            "version_id": "",
            "website_redirect": ""
          },
          "sensitive_attributes": [],
          "private": "bnVsbA==",
          "dependencies": [
            "aws_s3_bucket.bootstrap_bucket"
          ]
        }
      ]
    },
    {
      "mode": "managed",
      "type": "aws_s3_bucket_object",
      "name": "content2",
      "provider": "provider[\"registry.terraform.io/hashicorp/aws\"]",
      "instances": [
        {
          "schema_version": 0,
          "attributes": {
            "acl": "private",
            "bucket": "djs-tgw-bucket2",
            "bucket_key_enabled": false,
            "cache_control": "",
            "content": null,
            "content_base64": null,
            "content_disposition": "",
            "content_encoding": "",
            "content_language": "",
            "content_type": "binary/octet-stream",
            "etag": "d41d8cd98f00b204e9800998ecf8427e",
            "force_destroy": false,
            "id": "content/",
            "key": "content/",
            "kms_key_id": null,
            "metadata": null,
            "object_lock_legal_hold_status": "",
            "object_lock_mode": "",
            "object_lock_retain_until_date": "",
            "server_side_encryption": "",
            "source": "/dev/null",
            "source_hash": null,
            "storage_class": "STANDARD",
            "tags": null,
            "tags_all": {},
            "version_id": "",
            "website_redirect": ""
          },
          "sensitive_attributes": [],
          "private": "bnVsbA==",
          "dependencies": [
            "aws_s3_bucket.bootstrap_bucket2"
          ]
        }
      ]
    },
    {
      "mode": "managed",
      "type": "aws_s3_bucket_object",
      "name": "init-cft_txt",
      "provider": "provider[\"registry.terraform.io/hashicorp/aws\"]",
      "instances": [
        {
          "schema_version": 0,
          "attributes": {
            "acl": "private",
            "bucket": "djs-tgw-bucket",
            "bucket_key_enabled": false,
            "cache_control": "",
            "content": null,
            "content_base64": null,
            "content_disposition": "",
            "content_encoding": "",
            "content_language": "",
            "content_type": "binary/octet-stream",
            "etag": "2feb8b552601d3e7d5bfa6cf5e71b9df",
            "force_destroy": false,
            "id": "config/init-cfg.txt",
            "key": "config/init-cfg.txt",
            "kms_key_id": null,
            "metadata": null,
            "object_lock_legal_hold_status": "",
            "object_lock_mode": "",
            "object_lock_retain_until_date": "",
            "server_side_encryption": "",
            "source": "bootstrap_files/init-cfg.txt",
            "source_hash": null,
            "storage_class": "STANDARD",
            "tags": null,
            "tags_all": {},
            "version_id": "",
            "website_redirect": ""
          },
          "sensitive_attributes": [],
          "private": "bnVsbA==",
          "dependencies": [
            "aws_s3_bucket.bootstrap_bucket"
          ]
        }
      ]
    },
    {
      "mode": "managed",
      "type": "aws_s3_bucket_object",
      "name": "init-cft_txt2",
      "provider": "provider[\"registry.terraform.io/hashicorp/aws\"]",
      "instances": [
        {
          "schema_version": 0,
          "attributes": {
            "acl": "private",
            "bucket": "djs-tgw-bucket2",
            "bucket_key_enabled": false,
            "cache_control": "",
            "content": null,
            "content_base64": null,
            "content_disposition": "",
            "content_encoding": "",
            "content_language": "",
            "content_type": "binary/octet-stream",
            "etag": "c7003182f88be1e30ac5ac161986635f",
            "force_destroy": false,
            "id": "config/init-cfg.txt",
            "key": "config/init-cfg.txt",
            "kms_key_id": null,
            "metadata": null,
            "object_lock_legal_hold_status": "",
            "object_lock_mode": "",
            "object_lock_retain_until_date": "",
            "server_side_encryption": "",
            "source": "bootstrap_files2/init-cfg.txt",
            "source_hash": null,
            "storage_class": "STANDARD",
            "tags": null,
            "tags_all": {},
            "version_id": "",
            "website_redirect": ""
          },
          "sensitive_attributes": [],
          "private": "bnVsbA==",
          "dependencies": [
            "aws_s3_bucket.bootstrap_bucket2"
          ]
        }
      ]
    },
    {
      "mode": "managed",
      "type": "aws_s3_bucket_object",
      "name": "license",
      "provider": "provider[\"registry.terraform.io/hashicorp/aws\"]",
      "instances": [
        {
          "schema_version": 0,
          "attributes": {
            "acl": "private",
            "bucket": "djs-tgw-bucket",
            "bucket_key_enabled": false,
            "cache_control": "",
            "content": null,
            "content_base64": null,
            "content_disposition": "",
            "content_encoding": "",
            "content_language": "",
            "content_type": "binary/octet-stream",
            "etag": "d41d8cd98f00b204e9800998ecf8427e",
            "force_destroy": false,
            "id": "license/",
            "key": "license/",
            "kms_key_id": null,
            "metadata": null,
            "object_lock_legal_hold_status": "",
            "object_lock_mode": "",
            "object_lock_retain_until_date": "",
            "server_side_encryption": "",
            "source": "/dev/null",
            "source_hash": null,
            "storage_class": "STANDARD",
            "tags": null,
            "tags_all": {},
            "version_id": "",
            "website_redirect": ""
          },
          "sensitive_attributes": [],
          "private": "bnVsbA==",
          "dependencies": [
            "aws_s3_bucket.bootstrap_bucket"
          ]
        }
      ]
    },
    {
      "mode": "managed",
      "type": "aws_s3_bucket_object",
      "name": "license2",
      "provider": "provider[\"registry.terraform.io/hashicorp/aws\"]",
      "instances": [
        {
          "schema_version": 0,
          "attributes": {
            "acl": "private",
            "bucket": "djs-tgw-bucket2",
            "bucket_key_enabled": false,
            "cache_control": "",
            "content": null,
            "content_base64": null,
            "content_disposition": "",
            "content_encoding": "",
            "content_language": "",
            "content_type": "binary/octet-stream",
            "etag": "d41d8cd98f00b204e9800998ecf8427e",
            "force_destroy": false,
            "id": "license/",
            "key": "license/",
            "kms_key_id": null,
            "metadata": null,
            "object_lock_legal_hold_status": "",
            "object_lock_mode": "",
            "object_lock_retain_until_date": "",
            "server_side_encryption": "",
            "source": "/dev/null",
            "source_hash": null,
            "storage_class": "STANDARD",
            "tags": null,
            "tags_all": {},
            "version_id": "",
            "website_redirect": ""
          },
          "sensitive_attributes": [],
          "private": "bnVsbA==",
          "dependencies": [
            "aws_s3_bucket.bootstrap_bucket2"
          ]
        }
      ]
    },
    {
      "mode": "managed",
      "type": "aws_s3_bucket_object",
      "name": "software",
      "provider": "provider[\"registry.terraform.io/hashicorp/aws\"]",
      "instances": [
        {
          "schema_version": 0,
          "attributes": {
            "acl": "private",
            "bucket": "djs-tgw-bucket",
            "bucket_key_enabled": false,
            "cache_control": "",
            "content": null,
            "content_base64": null,
            "content_disposition": "",
            "content_encoding": "",
            "content_language": "",
            "content_type": "binary/octet-stream",
            "etag": "d41d8cd98f00b204e9800998ecf8427e",
            "force_destroy": false,
            "id": "software/",
            "key": "software/",
            "kms_key_id": null,
            "metadata": null,
            "object_lock_legal_hold_status": "",
            "object_lock_mode": "",
            "object_lock_retain_until_date": "",
            "server_side_encryption": "",
            "source": "/dev/null",
            "source_hash": null,
            "storage_class": "STANDARD",
            "tags": null,
            "tags_all": {},
            "version_id": "",
            "website_redirect": ""
          },
          "sensitive_attributes": [],
          "private": "bnVsbA==",
          "dependencies": [
            "aws_s3_bucket.bootstrap_bucket"
          ]
        }
      ]
    },
    {
      "mode": "managed",
      "type": "aws_s3_bucket_object",
      "name": "software2",
      "provider": "provider[\"registry.terraform.io/hashicorp/aws\"]",
      "instances": [
        {
          "schema_version": 0,
          "attributes": {
            "acl": "private",
            "bucket": "djs-tgw-bucket2",
            "bucket_key_enabled": false,
            "cache_control": "",
            "content": null,
            "content_base64": null,
            "content_disposition": "",
            "content_encoding": "",
            "content_language": "",
            "content_type": "binary/octet-stream",
            "etag": "d41d8cd98f00b204e9800998ecf8427e",
            "force_destroy": false,
            "id": "software/",
            "key": "software/",
            "kms_key_id": null,
            "metadata": null,
            "object_lock_legal_hold_status": "",
            "object_lock_mode": "",
            "object_lock_retain_until_date": "",
            "server_side_encryption": "",
            "source": "/dev/null",
            "source_hash": null,
            "storage_class": "STANDARD",
            "tags": null,
            "tags_all": {},
            "version_id": "",
            "website_redirect": ""
          },
          "sensitive_attributes": [],
          "private": "bnVsbA==",
          "dependencies": [
            "aws_s3_bucket.bootstrap_bucket2"
          ]
        }
      ]
    },
    {
      "mode": "managed",
      "type": "aws_security_group",
      "name": "allow_all",
      "provider": "provider[\"registry.terraform.io/hashicorp/aws\"]",
      "instances": [
        {
          "schema_version": 1,
          "attributes": {
            "arn": "arn:aws:ec2:eu-central-1:065535367949:security-group/sg-086032ccb633216e7",
            "description": "Allow all inbound traffic",
            "egress": [],
            "id": "sg-086032ccb633216e7",
            "ingress": [],
            "name": "allow_all",
            "name_prefix": "",
            "owner_id": "065535367949",
            "revoke_rules_on_delete": false,
            "tags": null,
            "tags_all": {},
            "timeouts": null,
            "vpc_id": "vpc-002b335591ea81283"
          },
          "sensitive_attributes": [],
          "private": "eyJlMmJmYjczMC1lY2FhLTExZTYtOGY4OC0zNDM2M2JjN2M0YzAiOnsiY3JlYXRlIjo2MDAwMDAwMDAwMDAsImRlbGV0ZSI6OTAwMDAwMDAwMDAwfSwic2NoZW1hX3ZlcnNpb24iOiIxIn0=",
          "dependencies": [
            "aws_vpc.vpc_security"
          ]
        }
      ]
    },
    {
      "mode": "managed",
      "type": "aws_security_group",
      "name": "allow_https_ssh",
      "provider": "provider[\"registry.terraform.io/hashicorp/aws\"]",
      "instances": [
        {
          "schema_version": 1,
          "attributes": {
            "arn": "arn:aws:ec2:eu-central-1:065535367949:security-group/sg-0993528c4e0a0e1b7",
            "description": "Allow HTTPS and SSH inbound traffic",
            "egress": [],
            "id": "sg-0993528c4e0a0e1b7",
            "ingress": [],
            "name": "allow_https_ssh",
            "name_prefix": "",
            "owner_id": "065535367949",
            "revoke_rules_on_delete": false,
            "tags": null,
            "tags_all": {},
            "timeouts": null,
            "vpc_id": "vpc-002b335591ea81283"
          },
          "sensitive_attributes": [],
          "private": "eyJlMmJmYjczMC1lY2FhLTExZTYtOGY4OC0zNDM2M2JjN2M0YzAiOnsiY3JlYXRlIjo2MDAwMDAwMDAwMDAsImRlbGV0ZSI6OTAwMDAwMDAwMDAwfSwic2NoZW1hX3ZlcnNpb24iOiIxIn0=",
          "dependencies": [
            "aws_vpc.vpc_security"
          ]
        }
      ]
    },
    {
      "mode": "managed",
      "type": "aws_security_group_rule",
      "name": "allow_all",
      "provider": "provider[\"registry.terraform.io/hashicorp/aws\"]",
      "instances": [
        {
          "schema_version": 2,
          "attributes": {
            "cidr_blocks": [
              "0.0.0.0/0"
            ],
            "description": null,
            "from_port": 0,
            "id": "sgrule-2210404270",
            "ipv6_cidr_blocks": null,
            "prefix_list_ids": null,
            "protocol": "-1",
            "security_group_id": "sg-0993528c4e0a0e1b7",
            "self": false,
            "source_security_group_id": null,
            "to_port": 0,
            "type": "egress"
          },
          "sensitive_attributes": [],
          "private": "eyJzY2hlbWFfdmVyc2lvbiI6IjIifQ==",
          "dependencies": [
            "aws_security_group.allow_https_ssh",
            "aws_vpc.vpc_security"
          ]
        }
      ]
    },
    {
      "mode": "managed",
      "type": "aws_security_group_rule",
      "name": "allow_all_egress",
      "provider": "provider[\"registry.terraform.io/hashicorp/aws\"]",
      "instances": [
        {
          "schema_version": 2,
          "attributes": {
            "cidr_blocks": [
              "0.0.0.0/0"
            ],
            "description": null,
            "from_port": 0,
            "id": "sgrule-3769292807",
            "ipv6_cidr_blocks": null,
            "prefix_list_ids": null,
            "protocol": "-1",
            "security_group_id": "sg-086032ccb633216e7",
            "self": false,
            "source_security_group_id": null,
            "to_port": 0,
            "type": "egress"
          },
          "sensitive_attributes": [],
          "private": "eyJzY2hlbWFfdmVyc2lvbiI6IjIifQ==",
          "dependencies": [
            "aws_security_group.allow_all",
            "aws_vpc.vpc_security"
          ]
        }
      ]
    },
    {
      "mode": "managed",
      "type": "aws_security_group_rule",
      "name": "allow_all_ingress",
      "provider": "provider[\"registry.terraform.io/hashicorp/aws\"]",
      "instances": [
        {
          "schema_version": 2,
          "attributes": {
            "cidr_blocks": [
              "0.0.0.0/0"
            ],
            "description": null,
            "from_port": 0,
            "id": "sgrule-478551087",
            "ipv6_cidr_blocks": null,
            "prefix_list_ids": null,
            "protocol": "-1",
            "security_group_id": "sg-086032ccb633216e7",
            "self": false,
            "source_security_group_id": null,
            "to_port": 0,
            "type": "ingress"
          },
          "sensitive_attributes": [],
          "private": "eyJzY2hlbWFfdmVyc2lvbiI6IjIifQ==",
          "dependencies": [
            "aws_security_group.allow_all",
            "aws_vpc.vpc_security"
          ]
        }
      ]
    },
    {
      "mode": "managed",
      "type": "aws_security_group_rule",
      "name": "allow_https_ingress",
      "provider": "provider[\"registry.terraform.io/hashicorp/aws\"]",
      "instances": [
        {
          "schema_version": 2,
          "attributes": {
            "cidr_blocks": [
              "0.0.0.0/0"
            ],
            "description": null,
            "from_port": 443,
            "id": "sgrule-1464357122",
            "ipv6_cidr_blocks": null,
            "prefix_list_ids": null,
            "protocol": "tcp",
            "security_group_id": "sg-0993528c4e0a0e1b7",
            "self": false,
            "source_security_group_id": null,
            "to_port": 443,
            "type": "ingress"
          },
          "sensitive_attributes": [],
          "private": "eyJzY2hlbWFfdmVyc2lvbiI6IjIifQ==",
          "dependencies": [
            "aws_security_group.allow_https_ssh",
            "aws_vpc.vpc_security"
          ]
        }
      ]
    },
    {
      "mode": "managed",
      "type": "aws_security_group_rule",
      "name": "allow_ssh_ingress",
      "provider": "provider[\"registry.terraform.io/hashicorp/aws\"]",
      "instances": [
        {
          "schema_version": 2,
          "attributes": {
            "cidr_blocks": [
              "0.0.0.0/0"
            ],
            "description": null,
            "from_port": 22,
            "id": "sgrule-3076102790",
            "ipv6_cidr_blocks": null,
            "prefix_list_ids": null,
            "protocol": "tcp",
            "security_group_id": "sg-0993528c4e0a0e1b7",
            "self": false,
            "source_security_group_id": null,
            "to_port": 22,
            "type": "ingress"
          },
          "sensitive_attributes": [],
          "private": "eyJzY2hlbWFfdmVyc2lvbiI6IjIifQ==",
          "dependencies": [
            "aws_security_group.allow_https_ssh",
            "aws_vpc.vpc_security"
          ]
        }
      ]
    },
    {
      "mode": "managed",
      "type": "aws_subnet",
      "name": "vpc_security_private_1",
      "provider": "provider[\"registry.terraform.io/hashicorp/aws\"]",
      "instances": [
        {
          "schema_version": 1,
          "attributes": {
            "arn": "arn:aws:ec2:eu-central-1:065535367949:subnet/subnet-0a8b3bc58713c294b",
            "assign_ipv6_address_on_creation": false,
            "availability_zone": "eu-central-1a",
            "availability_zone_id": "euc1-az2",
            "cidr_block": "192.168.101.0/24",
            "customer_owned_ipv4_pool": "",
            "id": "subnet-0a8b3bc58713c294b",
            "ipv6_cidr_block": "",
            "ipv6_cidr_block_association_id": "",
            "map_customer_owned_ip_on_launch": false,
            "map_public_ip_on_launch": false,
            "outpost_arn": "",
            "owner_id": "065535367949",
            "tags": {
              "Name": "vpc_security_private_1"
            },
            "tags_all": {
              "Name": "vpc_security_private_1"
            },
            "timeouts": null,
            "vpc_id": "vpc-002b335591ea81283"
          },
          "sensitive_attributes": [],
          "private": "eyJlMmJmYjczMC1lY2FhLTExZTYtOGY4OC0zNDM2M2JjN2M0YzAiOnsiY3JlYXRlIjo2MDAwMDAwMDAwMDAsImRlbGV0ZSI6MTIwMDAwMDAwMDAwMH0sInNjaGVtYV92ZXJzaW9uIjoiMSJ9",
          "dependencies": [
            "aws_vpc.vpc_security",
            "data.aws_availability_zones.available"
          ]
        }
      ]
    },
    {
      "mode": "managed",
      "type": "aws_subnet",
      "name": "vpc_security_private_2",
      "provider": "provider[\"registry.terraform.io/hashicorp/aws\"]",
      "instances": [
        {
          "schema_version": 1,
          "attributes": {
            "arn": "arn:aws:ec2:eu-central-1:065535367949:subnet/subnet-0307e0e5321240b47",
            "assign_ipv6_address_on_creation": false,
            "availability_zone": "eu-central-1b",
            "availability_zone_id": "euc1-az3",
            "cidr_block": "192.168.102.0/24",
            "customer_owned_ipv4_pool": "",
            "id": "subnet-0307e0e5321240b47",
            "ipv6_cidr_block": "",
            "ipv6_cidr_block_association_id": "",
            "map_customer_owned_ip_on_launch": false,
            "map_public_ip_on_launch": false,
            "outpost_arn": "",
            "owner_id": "065535367949",
            "tags": {
              "Name": "vpc_security_private_2"
            },
            "tags_all": {
              "Name": "vpc_security_private_2"
            },
            "timeouts": null,
            "vpc_id": "vpc-002b335591ea81283"
          },
          "sensitive_attributes": [],
          "private": "eyJlMmJmYjczMC1lY2FhLTExZTYtOGY4OC0zNDM2M2JjN2M0YzAiOnsiY3JlYXRlIjo2MDAwMDAwMDAwMDAsImRlbGV0ZSI6MTIwMDAwMDAwMDAwMH0sInNjaGVtYV92ZXJzaW9uIjoiMSJ9",
          "dependencies": [
            "aws_vpc.vpc_security",
            "data.aws_availability_zones.available"
          ]
        }
      ]
    },
    {
      "mode": "managed",
      "type": "aws_subnet",
      "name": "vpc_security_public_1",
      "provider": "provider[\"registry.terraform.io/hashicorp/aws\"]",
      "instances": [
        {
          "schema_version": 1,
          "attributes": {
            "arn": "arn:aws:ec2:eu-central-1:065535367949:subnet/subnet-044229ede17125ad7",
            "assign_ipv6_address_on_creation": false,
            "availability_zone": "eu-central-1a",
            "availability_zone_id": "euc1-az2",
            "cidr_block": "192.168.1.0/24",
            "customer_owned_ipv4_pool": "",
            "id": "subnet-044229ede17125ad7",
            "ipv6_cidr_block": "",
            "ipv6_cidr_block_association_id": "",
            "map_customer_owned_ip_on_launch": false,
            "map_public_ip_on_launch": false,
            "outpost_arn": "",
            "owner_id": "065535367949",
            "tags": {
              "Name": "vpc_security_public_1"
            },
            "tags_all": {
              "Name": "vpc_security_public_1"
            },
            "timeouts": null,
            "vpc_id": "vpc-002b335591ea81283"
          },
          "sensitive_attributes": [],
          "private": "eyJlMmJmYjczMC1lY2FhLTExZTYtOGY4OC0zNDM2M2JjN2M0YzAiOnsiY3JlYXRlIjo2MDAwMDAwMDAwMDAsImRlbGV0ZSI6MTIwMDAwMDAwMDAwMH0sInNjaGVtYV92ZXJzaW9uIjoiMSJ9",
          "dependencies": [
            "aws_vpc.vpc_security",
            "data.aws_availability_zones.available"
          ]
        }
      ]
    },
    {
      "mode": "managed",
      "type": "aws_subnet",
      "name": "vpc_security_public_2",
      "provider": "provider[\"registry.terraform.io/hashicorp/aws\"]",
      "instances": [
        {
          "schema_version": 1,
          "attributes": {
            "arn": "arn:aws:ec2:eu-central-1:065535367949:subnet/subnet-02007be9edcf3e72e",
            "assign_ipv6_address_on_creation": false,
            "availability_zone": "eu-central-1b",
            "availability_zone_id": "euc1-az3",
            "cidr_block": "192.168.2.0/24",
            "customer_owned_ipv4_pool": "",
            "id": "subnet-02007be9edcf3e72e",
            "ipv6_cidr_block": "",
            "ipv6_cidr_block_association_id": "",
            "map_customer_owned_ip_on_launch": false,
            "map_public_ip_on_launch": false,
            "outpost_arn": "",
            "owner_id": "065535367949",
            "tags": {
              "Name": "vpc_security_public_2"
            },
            "tags_all": {
              "Name": "vpc_security_public_2"
            },
            "timeouts": null,
            "vpc_id": "vpc-002b335591ea81283"
          },
          "sensitive_attributes": [],
          "private": "eyJlMmJmYjczMC1lY2FhLTExZTYtOGY4OC0zNDM2M2JjN2M0YzAiOnsiY3JlYXRlIjo2MDAwMDAwMDAwMDAsImRlbGV0ZSI6MTIwMDAwMDAwMDAwMH0sInNjaGVtYV92ZXJzaW9uIjoiMSJ9",
          "dependencies": [
            "aws_vpc.vpc_security",
            "data.aws_availability_zones.available"
          ]
        }
      ]
    },
    {
      "mode": "managed",
      "type": "aws_subnet",
      "name": "vpc_security_tgw_1",
      "provider": "provider[\"registry.terraform.io/hashicorp/aws\"]",
      "instances": [
        {
          "schema_version": 1,
          "attributes": {
            "arn": "arn:aws:ec2:eu-central-1:065535367949:subnet/subnet-055784f39b80c226c",
            "assign_ipv6_address_on_creation": false,
            "availability_zone": "eu-central-1a",
            "availability_zone_id": "euc1-az2",
            "cidr_block": "192.168.11.0/24",
            "customer_owned_ipv4_pool": "",
            "id": "subnet-055784f39b80c226c",
            "ipv6_cidr_block": "",
            "ipv6_cidr_block_association_id": "",
            "map_customer_owned_ip_on_launch": false,
            "map_public_ip_on_launch": false,
            "outpost_arn": "",
            "owner_id": "065535367949",
            "tags": {
              "Name": "vpc_security_tgw_1"
            },
            "tags_all": {
              "Name": "vpc_security_tgw_1"
            },
            "timeouts": null,
            "vpc_id": "vpc-002b335591ea81283"
          },
          "sensitive_attributes": [],
          "private": "eyJlMmJmYjczMC1lY2FhLTExZTYtOGY4OC0zNDM2M2JjN2M0YzAiOnsiY3JlYXRlIjo2MDAwMDAwMDAwMDAsImRlbGV0ZSI6MTIwMDAwMDAwMDAwMH0sInNjaGVtYV92ZXJzaW9uIjoiMSJ9",
          "dependencies": [
            "aws_vpc.vpc_security",
            "data.aws_availability_zones.available"
          ]
        }
      ]
    },
    {
      "mode": "managed",
      "type": "aws_subnet",
      "name": "vpc_security_tgw_2",
      "provider": "provider[\"registry.terraform.io/hashicorp/aws\"]",
      "instances": [
        {
          "schema_version": 1,
          "attributes": {
            "arn": "arn:aws:ec2:eu-central-1:065535367949:subnet/subnet-05dd866a8ea3f12f1",
            "assign_ipv6_address_on_creation": false,
            "availability_zone": "eu-central-1b",
            "availability_zone_id": "euc1-az3",
            "cidr_block": "192.168.21.0/24",
            "customer_owned_ipv4_pool": "",
            "id": "subnet-05dd866a8ea3f12f1",
            "ipv6_cidr_block": "",
            "ipv6_cidr_block_association_id": "",
            "map_customer_owned_ip_on_launch": false,
            "map_public_ip_on_launch": false,
            "outpost_arn": "",
            "owner_id": "065535367949",
            "tags": {
              "Name": "vpc_security_tgw_2"
            },
            "tags_all": {
              "Name": "vpc_security_tgw_2"
            },
            "timeouts": null,
            "vpc_id": "vpc-002b335591ea81283"
          },
          "sensitive_attributes": [],
          "private": "eyJlMmJmYjczMC1lY2FhLTExZTYtOGY4OC0zNDM2M2JjN2M0YzAiOnsiY3JlYXRlIjo2MDAwMDAwMDAwMDAsImRlbGV0ZSI6MTIwMDAwMDAwMDAwMH0sInNjaGVtYV92ZXJzaW9uIjoiMSJ9",
          "dependencies": [
            "aws_vpc.vpc_security",
            "data.aws_availability_zones.available"
          ]
        }
      ]
    },
    {
      "mode": "managed",
      "type": "aws_vpc",
      "name": "vpc_security",
      "provider": "provider[\"registry.terraform.io/hashicorp/aws\"]",
      "instances": [
        {
          "schema_version": 1,
          "attributes": {
            "arn": "arn:aws:ec2:eu-central-1:065535367949:vpc/vpc-002b335591ea81283",
            "assign_generated_ipv6_cidr_block": false,
            "cidr_block": "192.168.0.0/16",
            "default_network_acl_id": "acl-0878f47e5154f8fac",
            "default_route_table_id": "rtb-018af9eeff44a216c",
            "default_security_group_id": "sg-01cc17fcb35031804",
            "dhcp_options_id": "dopt-0477f784768a5939a",
            "enable_classiclink": null,
            "enable_classiclink_dns_support": null,
            "enable_dns_hostnames": false,
            "enable_dns_support": true,
            "id": "vpc-002b335591ea81283",
            "instance_tenancy": "default",
            "ipv4_ipam_pool_id": null,
            "ipv4_netmask_length": null,
            "ipv6_association_id": "",
            "ipv6_cidr_block": "",
            "ipv6_ipam_pool_id": null,
            "ipv6_netmask_length": null,
            "main_route_table_id": "rtb-018af9eeff44a216c",
            "owner_id": "065535367949",
            "tags": {
              "Name": "vpc_security"
            },
            "tags_all": {
              "Name": "vpc_security"
            }
          },
          "sensitive_attributes": [],
          "private": "eyJzY2hlbWFfdmVyc2lvbiI6IjEifQ=="
        }
      ]
    },
    {
      "module": "module.ngfw1",
      "mode": "data",
      "type": "aws_ami",
      "name": "panw_ngfw",
      "provider": "provider[\"registry.terraform.io/hashicorp/aws\"]",
      "instances": [
        {
          "schema_version": 0,
          "attributes": {
            "architecture": "x86_64",
            "arn": "arn:aws:ec2:eu-central-1::image/ami-0cea6fce3f14540f3",
            "block_device_mappings": [
              {
                "device_name": "/dev/xvda",
                "ebs": {
                  "delete_on_termination": "false",
                  "encrypted": "false",
                  "iops": "0",
                  "snapshot_id": "snap-0849c3531781b2a3b",
                  "throughput": "0",
                  "volume_size": "60",
                  "volume_type": "gp2"
                },
                "no_device": "",
                "virtual_name": ""
              }
            ],
            "creation_date": "2021-08-10T18:31:36.000Z",
            "description": "[Copied ami-0f5e8e43bd8b9d13e from us-east-1] PA-VM-AWS-10.0.7",
            "ena_support": true,
            "executable_users": null,
            "filter": [
              {
                "name": "name",
                "values": [
                  "PA-VM-AWS-10.0.7*"
                ]
              },
              {
                "name": "owner-alias",
                "values": [
                  "aws-marketplace"
                ]
              },
              {
                "name": "product-code",
                "values": [
                  "6njl1pau431dv1qxipg63mvah"
                ]
              }
            ],
            "hypervisor": "xen",
            "id": "ami-0cea6fce3f14540f3",
            "image_id": "ami-0cea6fce3f14540f3",
            "image_location": "aws-marketplace/PA-VM-AWS-10.0.7-7064e142-2859-40a4-ab62-8b0996b842e9",
            "image_owner_alias": "aws-marketplace",
            "image_type": "machine",
            "kernel_id": null,
            "most_recent": true,
            "name": "PA-VM-AWS-10.0.7-7064e142-2859-40a4-ab62-8b0996b842e9",
            "name_regex": null,
            "owner_id": "679593333241",
            "owners": [
              "aws-marketplace"
            ],
            "platform": null,
            "platform_details": "Linux/UNIX",
            "product_codes": [
              {
                "product_code_id": "6njl1pau431dv1qxipg63mvah",
                "product_code_type": "marketplace"
              }
            ],
            "public": true,
            "ramdisk_id": null,
            "root_device_name": "/dev/xvda",
            "root_device_type": "ebs",
            "root_snapshot_id": "snap-0849c3531781b2a3b",
            "sriov_net_support": "simple",
            "state": "available",
            "state_reason": {
              "code": "UNSET",
              "message": "UNSET"
            },
            "tags": {},
            "usage_operation": "RunInstances",
            "virtualization_type": "hvm"
          },
          "sensitive_attributes": []
        }
      ]
    },
    {
      "module": "module.ngfw1",
      "mode": "data",
      "type": "aws_region",
      "name": "current",
      "provider": "provider[\"registry.terraform.io/hashicorp/aws\"]",
      "instances": [
        {
          "schema_version": 0,
          "attributes": {
            "description": "Europe (Frankfurt)",
            "endpoint": "ec2.eu-central-1.amazonaws.com",
            "id": "eu-central-1",
            "name": "eu-central-1"
          },
          "sensitive_attributes": []
        }
      ]
    },
    {
      "module": "module.ngfw1",
      "mode": "managed",
      "type": "aws_eip",
      "name": "eip-management",
      "provider": "provider[\"registry.terraform.io/hashicorp/aws\"]",
      "instances": [
        {
          "schema_version": 0,
          "attributes": {
            "address": null,
            "allocation_id": "eipalloc-00e7ec175c1942dc4",
            "associate_with_private_ip": null,
            "association_id": "eipassoc-08749af4b0253f99b",
            "carrier_ip": "",
            "customer_owned_ip": "",
            "customer_owned_ipv4_pool": "",
            "domain": "vpc",
            "id": "eipalloc-00e7ec175c1942dc4",
            "instance": "",
            "network_border_group": "eu-central-1",
            "network_interface": "eni-0aaa09775106a9f72",
            "private_dns": "ip-192-168-1-6.eu-central-1.compute.internal",
            "private_ip": "192.168.1.6",
            "public_dns": "ec2-3-122-64-118.eu-central-1.compute.amazonaws.com",
            "public_ip": "3.122.64.118",
            "public_ipv4_pool": "amazon",
            "tags": {
              "Name": "eip_ngfw1_management"
            },
            "tags_all": {
              "Name": "eip_ngfw1_management"
            },
            "timeouts": null,
            "vpc": true
          },
          "sensitive_attributes": [],
          "private": "eyJlMmJmYjczMC1lY2FhLTExZTYtOGY4OC0zNDM2M2JjN2M0YzAiOnsiZGVsZXRlIjoxODAwMDAwMDAwMDAsInJlYWQiOjkwMDAwMDAwMDAwMCwidXBkYXRlIjozMDAwMDAwMDAwMDB9fQ==",
          "dependencies": [
            "aws_security_group.allow_https_ssh",
            "aws_subnet.vpc_security_public_1",
            "aws_vpc.vpc_security",
            "data.aws_availability_zones.available",
            "module.ngfw1.aws_network_interface.eni-management"
          ]
        }
      ]
    },
    {
      "module": "module.ngfw1",
      "mode": "managed",
      "type": "aws_eip",
      "name": "eip-untrust",
      "provider": "provider[\"registry.terraform.io/hashicorp/aws\"]",
      "instances": [
        {
          "schema_version": 0,
          "attributes": {
            "address": null,
            "allocation_id": "eipalloc-0aa2db223bd1b0aeb",
            "associate_with_private_ip": null,
            "association_id": "eipassoc-00868fca9a925de03",
            "carrier_ip": "",
            "customer_owned_ip": "",
            "customer_owned_ipv4_pool": "",
            "domain": "vpc",
            "id": "eipalloc-0aa2db223bd1b0aeb",
            "instance": "",
            "network_border_group": "eu-central-1",
            "network_interface": "eni-0876f1aeb255e5989",
            "private_dns": "ip-192-168-1-45.eu-central-1.compute.internal",
            "private_ip": "192.168.1.45",
            "public_dns": "ec2-3-127-3-5.eu-central-1.compute.amazonaws.com",
            "public_ip": "3.127.3.5",
            "public_ipv4_pool": "amazon",
            "tags": {
              "Name": "eip_ngfw1_untrust"
            },
            "tags_all": {
              "Name": "eip_ngfw1_untrust"
            },
            "timeouts": null,
            "vpc": true
          },
          "sensitive_attributes": [],
          "private": "eyJlMmJmYjczMC1lY2FhLTExZTYtOGY4OC0zNDM2M2JjN2M0YzAiOnsiZGVsZXRlIjoxODAwMDAwMDAwMDAsInJlYWQiOjkwMDAwMDAwMDAwMCwidXBkYXRlIjozMDAwMDAwMDAwMDB9fQ==",
          "dependencies": [
            "aws_security_group.allow_all",
            "aws_subnet.vpc_security_public_1",
            "aws_vpc.vpc_security",
            "data.aws_availability_zones.available",
            "module.ngfw1.aws_network_interface.eni-untrust"
          ]
        }
      ]
    },
    {
      "module": "module.ngfw1",
      "mode": "managed",
      "type": "aws_network_interface",
      "name": "eni-management",
      "provider": "provider[\"registry.terraform.io/hashicorp/aws\"]",
      "instances": [
        {
          "schema_version": 0,
          "attributes": {
            "arn": "arn:aws:ec2:eu-central-1:065535367949:network-interface/eni-0aaa09775106a9f72",
            "attachment": [],
            "description": "",
            "id": "eni-0aaa09775106a9f72",
            "interface_type": "interface",
            "ipv4_prefix_count": 0,
            "ipv4_prefixes": [],
            "ipv6_address_count": 0,
            "ipv6_addresses": [],
            "ipv6_prefix_count": 0,
            "ipv6_prefixes": [],
            "mac_address": "02:11:6c:09:4c:fa",
            "outpost_arn": "",
            "owner_id": "065535367949",
            "private_dns_name": "",
            "private_ip": "192.168.1.6",
            "private_ips": [
              "192.168.1.6"
            ],
            "private_ips_count": 0,
            "security_groups": [
              "sg-0993528c4e0a0e1b7"
            ],
            "source_dest_check": true,
            "subnet_id": "subnet-044229ede17125ad7",
            "tags": {
              "Name": "eni_ngfw1_management"
            },
            "tags_all": {
              "Name": "eni_ngfw1_management"
            }
          },
          "sensitive_attributes": [],
          "private": "bnVsbA==",
          "dependencies": [
            "aws_security_group.allow_https_ssh",
            "aws_subnet.vpc_security_public_1",
            "aws_vpc.vpc_security",
            "data.aws_availability_zones.available"
          ]
        }
      ]
    },
    {
      "module": "module.ngfw1",
      "mode": "managed",
      "type": "aws_network_interface",
      "name": "eni-trust",
      "provider": "provider[\"registry.terraform.io/hashicorp/aws\"]",
      "instances": [
        {
          "schema_version": 0,
          "attributes": {
            "arn": "arn:aws:ec2:eu-central-1:065535367949:network-interface/eni-0050a9d7568f5fdfe",
            "attachment": [],
            "description": "",
            "id": "eni-0050a9d7568f5fdfe",
            "interface_type": "interface",
            "ipv4_prefix_count": 0,
            "ipv4_prefixes": [],
            "ipv6_address_count": 0,
            "ipv6_addresses": [],
            "ipv6_prefix_count": 0,
            "ipv6_prefixes": [],
            "mac_address": "02:8c:d7:08:d8:20",
            "outpost_arn": "",
            "owner_id": "065535367949",
            "private_dns_name": "",
            "private_ip": "192.168.101.45",
            "private_ips": [
              "192.168.101.45"
            ],
            "private_ips_count": 0,
            "security_groups": [
              "sg-086032ccb633216e7"
            ],
            "source_dest_check": false,
            "subnet_id": "subnet-0a8b3bc58713c294b",
            "tags": {
              "Name": "eni_ngfw1_trust"
            },
            "tags_all": {
              "Name": "eni_ngfw1_trust"
            }
          },
          "sensitive_attributes": [],
          "private": "bnVsbA==",
          "dependencies": [
            "aws_security_group.allow_all",
            "aws_subnet.vpc_security_private_1",
            "aws_vpc.vpc_security",
            "data.aws_availability_zones.available"
          ]
        }
      ]
    },
    {
      "module": "module.ngfw1",
      "mode": "managed",
      "type": "aws_network_interface",
      "name": "eni-untrust",
      "provider": "provider[\"registry.terraform.io/hashicorp/aws\"]",
      "instances": [
        {
          "schema_version": 0,
          "attributes": {
            "arn": "arn:aws:ec2:eu-central-1:065535367949:network-interface/eni-0876f1aeb255e5989",
            "attachment": [],
            "description": "",
            "id": "eni-0876f1aeb255e5989",
            "interface_type": "interface",
            "ipv4_prefix_count": 0,
            "ipv4_prefixes": [],
            "ipv6_address_count": 0,
            "ipv6_addresses": [],
            "ipv6_prefix_count": 0,
            "ipv6_prefixes": [],
            "mac_address": "02:c7:dd:8b:05:f8",
            "outpost_arn": "",
            "owner_id": "065535367949",
            "private_dns_name": "",
            "private_ip": "192.168.1.45",
            "private_ips": [
              "192.168.1.45"
            ],
            "private_ips_count": 0,
            "security_groups": [
              "sg-086032ccb633216e7"
            ],
            "source_dest_check": false,
            "subnet_id": "subnet-044229ede17125ad7",
            "tags": {
              "Name": "eni_ngfw1_untrust"
            },
            "tags_all": {
              "Name": "eni_ngfw1_untrust"
            }
          },
          "sensitive_attributes": [],
          "private": "bnVsbA==",
          "dependencies": [
            "aws_security_group.allow_all",
            "aws_subnet.vpc_security_public_1",
            "aws_vpc.vpc_security",
            "data.aws_availability_zones.available"
          ]
        }
      ]
    },
    {
      "module": "module.ngfw2",
      "mode": "data",
      "type": "aws_ami",
      "name": "panw_ngfw",
      "provider": "provider[\"registry.terraform.io/hashicorp/aws\"]",
      "instances": [
        {
          "schema_version": 0,
          "attributes": {
            "architecture": "x86_64",
            "arn": "arn:aws:ec2:eu-central-1::image/ami-0cea6fce3f14540f3",
            "block_device_mappings": [
              {
                "device_name": "/dev/xvda",
                "ebs": {
                  "delete_on_termination": "false",
                  "encrypted": "false",
                  "iops": "0",
                  "snapshot_id": "snap-0849c3531781b2a3b",
                  "throughput": "0",
                  "volume_size": "60",
                  "volume_type": "gp2"
                },
                "no_device": "",
                "virtual_name": ""
              }
            ],
            "creation_date": "2021-08-10T18:31:36.000Z",
            "description": "[Copied ami-0f5e8e43bd8b9d13e from us-east-1] PA-VM-AWS-10.0.7",
            "ena_support": true,
            "executable_users": null,
            "filter": [
              {
                "name": "name",
                "values": [
                  "PA-VM-AWS-10.0.7*"
                ]
              },
              {
                "name": "owner-alias",
                "values": [
                  "aws-marketplace"
                ]
              },
              {
                "name": "product-code",
                "values": [
                  "6njl1pau431dv1qxipg63mvah"
                ]
              }
            ],
            "hypervisor": "xen",
            "id": "ami-0cea6fce3f14540f3",
            "image_id": "ami-0cea6fce3f14540f3",
            "image_location": "aws-marketplace/PA-VM-AWS-10.0.7-7064e142-2859-40a4-ab62-8b0996b842e9",
            "image_owner_alias": "aws-marketplace",
            "image_type": "machine",
            "kernel_id": null,
            "most_recent": true,
            "name": "PA-VM-AWS-10.0.7-7064e142-2859-40a4-ab62-8b0996b842e9",
            "name_regex": null,
            "owner_id": "679593333241",
            "owners": [
              "aws-marketplace"
            ],
            "platform": null,
            "platform_details": "Linux/UNIX",
            "product_codes": [
              {
                "product_code_id": "6njl1pau431dv1qxipg63mvah",
                "product_code_type": "marketplace"
              }
            ],
            "public": true,
            "ramdisk_id": null,
            "root_device_name": "/dev/xvda",
            "root_device_type": "ebs",
            "root_snapshot_id": "snap-0849c3531781b2a3b",
            "sriov_net_support": "simple",
            "state": "available",
            "state_reason": {
              "code": "UNSET",
              "message": "UNSET"
            },
            "tags": {},
            "usage_operation": "RunInstances",
            "virtualization_type": "hvm"
          },
          "sensitive_attributes": []
        }
      ]
    },
    {
      "module": "module.ngfw2",
      "mode": "data",
      "type": "aws_region",
      "name": "current",
      "provider": "provider[\"registry.terraform.io/hashicorp/aws\"]",
      "instances": [
        {
          "schema_version": 0,
          "attributes": {
            "description": "Europe (Frankfurt)",
            "endpoint": "ec2.eu-central-1.amazonaws.com",
            "id": "eu-central-1",
            "name": "eu-central-1"
          },
          "sensitive_attributes": []
        }
      ]
    },
    {
      "module": "module.ngfw2",
      "mode": "managed",
      "type": "aws_eip",
      "name": "eip-management",
      "provider": "provider[\"registry.terraform.io/hashicorp/aws\"]",
      "instances": [
        {
          "schema_version": 0,
          "attributes": {
            "address": null,
            "allocation_id": "eipalloc-09f68905e33d6be2b",
            "associate_with_private_ip": null,
            "association_id": "eipassoc-0ddaaf97bb617df6b",
            "carrier_ip": "",
            "customer_owned_ip": "",
            "customer_owned_ipv4_pool": "",
            "domain": "vpc",
            "id": "eipalloc-09f68905e33d6be2b",
            "instance": "",
            "network_border_group": "eu-central-1",
            "network_interface": "eni-020186ae9c0fb2c85",
            "private_dns": "ip-192-168-2-40.eu-central-1.compute.internal",
            "private_ip": "192.168.2.40",
            "public_dns": "ec2-52-59-69-219.eu-central-1.compute.amazonaws.com",
            "public_ip": "52.59.69.219",
            "public_ipv4_pool": "amazon",
            "tags": {
              "Name": "eip_ngfw2_management"
            },
            "tags_all": {
              "Name": "eip_ngfw2_management"
            },
            "timeouts": null,
            "vpc": true
          },
          "sensitive_attributes": [],
          "private": "eyJlMmJmYjczMC1lY2FhLTExZTYtOGY4OC0zNDM2M2JjN2M0YzAiOnsiZGVsZXRlIjoxODAwMDAwMDAwMDAsInJlYWQiOjkwMDAwMDAwMDAwMCwidXBkYXRlIjozMDAwMDAwMDAwMDB9fQ==",
          "dependencies": [
            "aws_security_group.allow_https_ssh",
            "aws_subnet.vpc_security_public_2",
            "aws_vpc.vpc_security",
            "data.aws_availability_zones.available",
            "module.ngfw2.aws_network_interface.eni-management"
          ]
        }
      ]
    },
    {
      "module": "module.ngfw2",
      "mode": "managed",
      "type": "aws_eip",
      "name": "eip-untrust",
      "provider": "provider[\"registry.terraform.io/hashicorp/aws\"]",
      "instances": [
        {
          "schema_version": 0,
          "attributes": {
            "address": null,
            "allocation_id": "eipalloc-01d7a5e1bb1026365",
            "associate_with_private_ip": null,
            "association_id": "eipassoc-0ff6a6813304909e4",
            "carrier_ip": "",
            "customer_owned_ip": "",
            "customer_owned_ipv4_pool": "",
            "domain": "vpc",
            "id": "eipalloc-01d7a5e1bb1026365",
            "instance": "",
            "network_border_group": "eu-central-1",
            "network_interface": "eni-04e48f6c020e68074",
            "private_dns": "ip-192-168-2-45.eu-central-1.compute.internal",
            "private_ip": "192.168.2.45",
            "public_dns": "ec2-52-59-72-37.eu-central-1.compute.amazonaws.com",
            "public_ip": "52.59.72.37",
            "public_ipv4_pool": "amazon",
            "tags": {
              "Name": "eip_ngfw2_untrust"
            },
            "tags_all": {
              "Name": "eip_ngfw2_untrust"
            },
            "timeouts": null,
            "vpc": true
          },
          "sensitive_attributes": [],
          "private": "eyJlMmJmYjczMC1lY2FhLTExZTYtOGY4OC0zNDM2M2JjN2M0YzAiOnsiZGVsZXRlIjoxODAwMDAwMDAwMDAsInJlYWQiOjkwMDAwMDAwMDAwMCwidXBkYXRlIjozMDAwMDAwMDAwMDB9fQ==",
          "dependencies": [
            "aws_security_group.allow_all",
            "aws_subnet.vpc_security_public_2",
            "aws_vpc.vpc_security",
            "data.aws_availability_zones.available",
            "module.ngfw2.aws_network_interface.eni-untrust"
          ]
        }
      ]
    },
    {
      "module": "module.ngfw2",
      "mode": "managed",
      "type": "aws_network_interface",
      "name": "eni-management",
      "provider": "provider[\"registry.terraform.io/hashicorp/aws\"]",
      "instances": [
        {
          "schema_version": 0,
          "attributes": {
            "arn": "arn:aws:ec2:eu-central-1:065535367949:network-interface/eni-020186ae9c0fb2c85",
            "attachment": [],
            "description": "",
            "id": "eni-020186ae9c0fb2c85",
            "interface_type": "interface",
            "ipv4_prefix_count": 0,
            "ipv4_prefixes": [],
            "ipv6_address_count": 0,
            "ipv6_addresses": [],
            "ipv6_prefix_count": 0,
            "ipv6_prefixes": [],
            "mac_address": "06:10:b0:40:30:fa",
            "outpost_arn": "",
            "owner_id": "065535367949",
            "private_dns_name": "",
            "private_ip": "192.168.2.40",
            "private_ips": [
              "192.168.2.40"
            ],
            "private_ips_count": 0,
            "security_groups": [
              "sg-0993528c4e0a0e1b7"
            ],
            "source_dest_check": true,
            "subnet_id": "subnet-02007be9edcf3e72e",
            "tags": {
              "Name": "eni_ngfw2_management"
            },
            "tags_all": {
              "Name": "eni_ngfw2_management"
            }
          },
          "sensitive_attributes": [],
          "private": "bnVsbA==",
          "dependencies": [
            "aws_security_group.allow_https_ssh",
            "aws_subnet.vpc_security_public_2",
            "aws_vpc.vpc_security",
            "data.aws_availability_zones.available"
          ]
        }
      ]
    },
    {
      "module": "module.ngfw2",
      "mode": "managed",
      "type": "aws_network_interface",
      "name": "eni-trust",
      "provider": "provider[\"registry.terraform.io/hashicorp/aws\"]",
      "instances": [
        {
          "schema_version": 0,
          "attributes": {
            "arn": "arn:aws:ec2:eu-central-1:065535367949:network-interface/eni-05228c7a49b03748b",
            "attachment": [],
            "description": "",
            "id": "eni-05228c7a49b03748b",
            "interface_type": "interface",
            "ipv4_prefix_count": 0,
            "ipv4_prefixes": [],
            "ipv6_address_count": 0,
            "ipv6_addresses": [],
            "ipv6_prefix_count": 0,
            "ipv6_prefixes": [],
            "mac_address": "06:ec:2c:f2:dc:dc",
            "outpost_arn": "",
            "owner_id": "065535367949",
            "private_dns_name": "",
            "private_ip": "192.168.102.45",
            "private_ips": [
              "192.168.102.45"
            ],
            "private_ips_count": 0,
            "security_groups": [
              "sg-086032ccb633216e7"
            ],
            "source_dest_check": false,
            "subnet_id": "subnet-0307e0e5321240b47",
            "tags": {
              "Name": "eni_ngfw2_trust"
            },
            "tags_all": {
              "Name": "eni_ngfw2_trust"
            }
          },
          "sensitive_attributes": [],
          "private": "bnVsbA==",
          "dependencies": [
            "aws_security_group.allow_all",
            "aws_subnet.vpc_security_private_2",
            "aws_vpc.vpc_security",
            "data.aws_availability_zones.available"
          ]
        }
      ]
    },
    {
      "module": "module.ngfw2",
      "mode": "managed",
      "type": "aws_network_interface",
      "name": "eni-untrust",
      "provider": "provider[\"registry.terraform.io/hashicorp/aws\"]",
      "instances": [
        {
          "schema_version": 0,
          "attributes": {
            "arn": "arn:aws:ec2:eu-central-1:065535367949:network-interface/eni-04e48f6c020e68074",
            "attachment": [],
            "description": "",
            "id": "eni-04e48f6c020e68074",
            "interface_type": "interface",
            "ipv4_prefix_count": 0,
            "ipv4_prefixes": [],
            "ipv6_address_count": 0,
            "ipv6_addresses": [],
            "ipv6_prefix_count": 0,
            "ipv6_prefixes": [],
            "mac_address": "06:f4:e1:40:b7:90",
            "outpost_arn": "",
            "owner_id": "065535367949",
            "private_dns_name": "",
            "private_ip": "192.168.2.45",
            "private_ips": [
              "192.168.2.45"
            ],
            "private_ips_count": 0,
            "security_groups": [
              "sg-086032ccb633216e7"
            ],
            "source_dest_check": false,
            "subnet_id": "subnet-02007be9edcf3e72e",
            "tags": {
              "Name": "eni_ngfw2_untrust"
            },
            "tags_all": {
              "Name": "eni_ngfw2_untrust"
            }
          },
          "sensitive_attributes": [],
          "private": "bnVsbA==",
          "dependencies": [
            "aws_security_group.allow_all",
            "aws_subnet.vpc_security_public_2",
            "aws_vpc.vpc_security",
            "data.aws_availability_zones.available"
          ]
        }
      ]
    },
    {
      "module": "module.spoke1",
      "mode": "data",
      "type": "aws_ami",
      "name": "ubuntu",
      "provider": "provider[\"registry.terraform.io/hashicorp/aws\"]",
      "instances": [
        {
          "schema_version": 0,
          "attributes": {
            "architecture": "x86_64",
            "arn": "arn:aws:ec2:eu-central-1::image/ami-0e18ae6e39f4962f0",
            "block_device_mappings": [
              {
                "device_name": "/dev/sda1",
                "ebs": {
                  "delete_on_termination": "true",
                  "encrypted": "false",
                  "iops": "0",
                  "snapshot_id": "snap-07355f7d82ad161e8",
                  "throughput": "0",
                  "volume_size": "8",
                  "volume_type": "gp2"
                },
                "no_device": "",
                "virtual_name": ""
              },
              {
                "device_name": "/dev/sdb",
                "ebs": {},
                "no_device": "",
                "virtual_name": "ephemeral0"
              },
              {
                "device_name": "/dev/sdc",
                "ebs": {},
                "no_device": "",
                "virtual_name": "ephemeral1"
              }
            ],
            "creation_date": "2019-11-11T13:09:57.000Z",
            "description": "Canonical, Ubuntu, 14.04 LTS, amd64 trusty image build on 2019-11-07",
            "ena_support": true,
            "executable_users": null,
            "filter": [
              {
                "name": "name",
                "values": [
                  "ubuntu/images/hvm-ssd/ubuntu-trusty-14.04-amd64-server-*"
                ]
              },
              {
                "name": "virtualization-type",
                "values": [
                  "hvm"
                ]
              }
            ],
            "hypervisor": "xen",
            "id": "ami-0e18ae6e39f4962f0",
            "image_id": "ami-0e18ae6e39f4962f0",
            "image_location": "099720109477/ubuntu/images/hvm-ssd/ubuntu-trusty-14.04-amd64-server-20191107",
            "image_owner_alias": null,
            "image_type": "machine",
            "kernel_id": null,
            "most_recent": true,
            "name": "ubuntu/images/hvm-ssd/ubuntu-trusty-14.04-amd64-server-20191107",
            "name_regex": null,
            "owner_id": "099720109477",
            "owners": [
              "099720109477"
            ],
            "platform": null,
            "platform_details": "Linux/UNIX",
            "product_codes": [],
            "public": true,
            "ramdisk_id": null,
            "root_device_name": "/dev/sda1",
            "root_device_type": "ebs",
            "root_snapshot_id": "snap-07355f7d82ad161e8",
            "sriov_net_support": "simple",
            "state": "available",
            "state_reason": {
              "code": "UNSET",
              "message": "UNSET"
            },
            "tags": {},
            "usage_operation": "RunInstances",
            "virtualization_type": "hvm"
          },
          "sensitive_attributes": []
        }
      ]
    },
    {
      "module": "module.spoke1",
      "mode": "data",
      "type": "aws_availability_zones",
      "name": "available",
      "provider": "provider[\"registry.terraform.io/hashicorp/aws\"]",
      "instances": [
        {
          "schema_version": 0,
          "attributes": {
            "all_availability_zones": null,
            "exclude_names": null,
            "exclude_zone_ids": null,
            "filter": null,
            "group_names": [
              "eu-central-1"
            ],
            "id": "eu-central-1",
            "names": [
              "eu-central-1a",
              "eu-central-1b",
              "eu-central-1c"
            ],
            "state": null,
            "zone_ids": [
              "euc1-az2",
              "euc1-az3",
              "euc1-az1"
            ]
          },
          "sensitive_attributes": []
        }
      ]
    },
    {
      "module": "module.spoke1",
      "mode": "managed",
      "type": "aws_ec2_transit_gateway_route_table_association",
      "name": "vpc_spoke_1",
      "provider": "provider[\"registry.terraform.io/hashicorp/aws\"]",
      "instances": []
    },
    {
      "module": "module.spoke1",
      "mode": "managed",
      "type": "aws_ec2_transit_gateway_route_table_propagation",
      "name": "route_table_propagation",
      "provider": "provider[\"registry.terraform.io/hashicorp/aws\"]",
      "instances": []
    },
    {
      "module": "module.spoke1",
      "mode": "managed",
      "type": "aws_ec2_transit_gateway_vpc_attachment",
      "name": "tgw_spoke_attachment",
      "provider": "provider[\"registry.terraform.io/hashicorp/aws\"]",
      "instances": []
    },
    {
      "module": "module.spoke1",
      "mode": "managed",
      "type": "aws_instance",
      "name": "web",
      "provider": "provider[\"registry.terraform.io/hashicorp/aws\"]",
      "instances": [
        {
          "schema_version": 1,
          "attributes": {
            "ami": "ami-0e18ae6e39f4962f0",
            "arn": "arn:aws:ec2:eu-central-1:065535367949:instance/i-0cbb477aebb49a308",
            "associate_public_ip_address": false,
            "availability_zone": "eu-central-1a",
            "capacity_reservation_specification": [
              {
                "capacity_reservation_preference": "open",
                "capacity_reservation_target": []
              }
            ],
            "cpu_core_count": 1,
            "cpu_threads_per_core": 1,
            "credit_specification": [
              {
                "cpu_credits": "standard"
              }
            ],
            "disable_api_termination": false,
            "ebs_block_device": [],
            "ebs_optimized": false,
            "enclave_options": [
              {
                "enabled": false
              }
            ],
            "ephemeral_block_device": [],
            "get_password_data": false,
            "hibernation": false,
            "host_id": null,
            "iam_instance_profile": "",
            "id": "i-0cbb477aebb49a308",
            "instance_initiated_shutdown_behavior": "stop",
            "instance_state": "running",
            "instance_type": "t2.micro",
            "ipv6_address_count": 0,
            "ipv6_addresses": [],
            "key_name": "pankeypair",
            "launch_template": [],
            "metadata_options": [
              {
                "http_endpoint": "enabled",
                "http_put_response_hop_limit": 1,
                "http_tokens": "optional"
              }
            ],
            "monitoring": false,
            "network_interface": [],
            "outpost_arn": "",
            "password_data": "",
            "placement_group": "",
            "placement_partition_number": null,
            "primary_network_interface_id": "eni-0d1e4a73bb366db29",
            "private_dns": "ip-10-1-1-45.eu-central-1.compute.internal",
            "private_ip": "10.1.1.45",
            "public_dns": "",
            "public_ip": "",
            "root_block_device": [
              {
                "delete_on_termination": true,
                "device_name": "/dev/sda1",
                "encrypted": false,
                "iops": 100,
                "kms_key_id": "",
                "tags": {},
                "throughput": 0,
                "volume_id": "vol-05295adfe14a1f40e",
                "volume_size": 8,
                "volume_type": "gp2"
              }
            ],
            "secondary_private_ips": [],
            "security_groups": [
              "sg-0b9a74f1adcc58b1d"
            ],
            "source_dest_check": true,
            "subnet_id": "subnet-042dbfce2a5888bc0",
            "tags": {
              "Name": "spoke1-server1"
            },
            "tags_all": {
              "Name": "spoke1-server1"
            },
            "tenancy": "default",
            "timeouts": null,
            "user_data": null,
            "user_data_base64": null,
            "volume_tags": null,
            "vpc_security_group_ids": [
              "sg-0b9a74f1adcc58b1d"
            ]
          },
          "sensitive_attributes": [],
          "private": "eyJlMmJmYjczMC1lY2FhLTExZTYtOGY4OC0zNDM2M2JjN2M0YzAiOnsiY3JlYXRlIjo2MDAwMDAwMDAwMDAsImRlbGV0ZSI6MTIwMDAwMDAwMDAwMCwidXBkYXRlIjo2MDAwMDAwMDAwMDB9LCJzY2hlbWFfdmVyc2lvbiI6IjEifQ==",
          "dependencies": [
            "module.spoke1.aws_security_group.server_sg",
            "module.spoke1.aws_subnet.primary",
            "module.spoke1.aws_vpc.vpc_spoke",
            "module.spoke1.data.aws_ami.ubuntu",
            "module.spoke1.data.aws_availability_zones.available"
          ]
        }
      ]
    },
    {
      "module": "module.spoke1",
      "mode": "managed",
      "type": "aws_instance",
      "name": "web2",
      "provider": "provider[\"registry.terraform.io/hashicorp/aws\"]",
      "instances": [
        {
          "schema_version": 1,
          "attributes": {
            "ami": "ami-0e18ae6e39f4962f0",
            "arn": "arn:aws:ec2:eu-central-1:065535367949:instance/i-028cb3f885eaebdc1",
            "associate_public_ip_address": false,
            "availability_zone": "eu-central-1b",
            "capacity_reservation_specification": [
              {
                "capacity_reservation_preference": "open",
                "capacity_reservation_target": []
              }
            ],
            "cpu_core_count": 1,
            "cpu_threads_per_core": 1,
            "credit_specification": [
              {
                "cpu_credits": "standard"
              }
            ],
            "disable_api_termination": false,
            "ebs_block_device": [],
            "ebs_optimized": false,
            "enclave_options": [
              {
                "enabled": false
              }
            ],
            "ephemeral_block_device": [],
            "get_password_data": false,
            "hibernation": false,
            "host_id": null,
            "iam_instance_profile": "",
            "id": "i-028cb3f885eaebdc1",
            "instance_initiated_shutdown_behavior": "stop",
            "instance_state": "running",
            "instance_type": "t2.micro",
            "ipv6_address_count": 0,
            "ipv6_addresses": [],
            "key_name": "pankeypair",
            "launch_template": [],
            "metadata_options": [
              {
                "http_endpoint": "enabled",
                "http_put_response_hop_limit": 1,
                "http_tokens": "optional"
              }
            ],
            "monitoring": false,
            "network_interface": [],
            "outpost_arn": "",
            "password_data": "",
            "placement_group": "",
            "placement_partition_number": null,
            "primary_network_interface_id": "eni-0bff6b03c3b63b1cf",
            "private_dns": "ip-10-1-2-45.eu-central-1.compute.internal",
            "private_ip": "10.1.2.45",
            "public_dns": "",
            "public_ip": "",
            "root_block_device": [
              {
                "delete_on_termination": true,
                "device_name": "/dev/sda1",
                "encrypted": false,
                "iops": 100,
                "kms_key_id": "",
                "tags": {},
                "throughput": 0,
                "volume_id": "vol-0ee5e259040ce10ab",
                "volume_size": 8,
                "volume_type": "gp2"
              }
            ],
            "secondary_private_ips": [],
            "security_groups": [
              "sg-0b9a74f1adcc58b1d"
            ],
            "source_dest_check": true,
            "subnet_id": "subnet-0a887717a8fb2e0c6",
            "tags": {
              "Name": "spoke1-server2"
            },
            "tags_all": {
              "Name": "spoke1-server2"
            },
            "tenancy": "default",
            "timeouts": null,
            "user_data": null,
            "user_data_base64": null,
            "volume_tags": null,
            "vpc_security_group_ids": [
              "sg-0b9a74f1adcc58b1d"
            ]
          },
          "sensitive_attributes": [],
          "private": "eyJlMmJmYjczMC1lY2FhLTExZTYtOGY4OC0zNDM2M2JjN2M0YzAiOnsiY3JlYXRlIjo2MDAwMDAwMDAwMDAsImRlbGV0ZSI6MTIwMDAwMDAwMDAwMCwidXBkYXRlIjo2MDAwMDAwMDAwMDB9LCJzY2hlbWFfdmVyc2lvbiI6IjEifQ==",
          "dependencies": [
            "module.spoke1.aws_security_group.server_sg",
            "module.spoke1.aws_subnet.secondary",
            "module.spoke1.aws_vpc.vpc_spoke",
            "module.spoke1.data.aws_ami.ubuntu",
            "module.spoke1.data.aws_availability_zones.available"
          ]
        }
      ]
    },
    {
      "module": "module.spoke1",
      "mode": "managed",
      "type": "aws_route",
      "name": "vpc_spoke_route_1",
      "provider": "provider[\"registry.terraform.io/hashicorp/aws\"]",
      "instances": []
    },
    {
      "module": "module.spoke1",
      "mode": "managed",
      "type": "aws_route",
      "name": "vpc_spoke_route_2",
      "provider": "provider[\"registry.terraform.io/hashicorp/aws\"]",
      "instances": []
    },
    {
      "module": "module.spoke1",
      "mode": "managed",
      "type": "aws_route",
      "name": "vpc_spoke_route_3",
      "provider": "provider[\"registry.terraform.io/hashicorp/aws\"]",
      "instances": []
    },
    {
      "module": "module.spoke1",
      "mode": "managed",
      "type": "aws_security_group",
      "name": "server_sg",
      "provider": "provider[\"registry.terraform.io/hashicorp/aws\"]",
      "instances": [
        {
          "schema_version": 1,
          "attributes": {
            "arn": "arn:aws:ec2:eu-central-1:065535367949:security-group/sg-0b9a74f1adcc58b1d",
            "description": "Allow select inbound traffic",
            "egress": [],
            "id": "sg-0b9a74f1adcc58b1d",
            "ingress": [],
            "name": "server_sg",
            "name_prefix": "",
            "owner_id": "065535367949",
            "revoke_rules_on_delete": false,
            "tags": null,
            "tags_all": {},
            "timeouts": null,
            "vpc_id": "vpc-08abdbee113da0747"
          },
          "sensitive_attributes": [],
          "private": "eyJlMmJmYjczMC1lY2FhLTExZTYtOGY4OC0zNDM2M2JjN2M0YzAiOnsiY3JlYXRlIjo2MDAwMDAwMDAwMDAsImRlbGV0ZSI6OTAwMDAwMDAwMDAwfSwic2NoZW1hX3ZlcnNpb24iOiIxIn0=",
          "dependencies": [
            "module.spoke1.aws_vpc.vpc_spoke"
          ]
        }
      ]
    },
    {
      "module": "module.spoke1",
      "mode": "managed",
      "type": "aws_security_group_rule",
      "name": "allow_server_sg_egress",
      "provider": "provider[\"registry.terraform.io/hashicorp/aws\"]",
      "instances": [
        {
          "schema_version": 2,
          "attributes": {
            "cidr_blocks": [
              "0.0.0.0/0"
            ],
            "description": null,
            "from_port": 0,
            "id": "sgrule-15062422",
            "ipv6_cidr_blocks": null,
            "prefix_list_ids": null,
            "protocol": "-1",
            "security_group_id": "sg-0b9a74f1adcc58b1d",
            "self": false,
            "source_security_group_id": null,
            "to_port": 0,
            "type": "egress"
          },
          "sensitive_attributes": [],
          "private": "eyJzY2hlbWFfdmVyc2lvbiI6IjIifQ==",
          "dependencies": [
            "module.spoke1.aws_security_group.server_sg",
            "module.spoke1.aws_vpc.vpc_spoke"
          ]
        }
      ]
    },
    {
      "module": "module.spoke1",
      "mode": "managed",
      "type": "aws_security_group_rule",
      "name": "allow_server_sg_ingress",
      "provider": "provider[\"registry.terraform.io/hashicorp/aws\"]",
      "instances": [
        {
          "schema_version": 2,
          "attributes": {
            "cidr_blocks": [
              "10.0.0.0/8",
              "192.168.0.0/16"
            ],
            "description": null,
            "from_port": 0,
            "id": "sgrule-3665342946",
            "ipv6_cidr_blocks": null,
            "prefix_list_ids": null,
            "protocol": "-1",
            "security_group_id": "sg-0b9a74f1adcc58b1d",
            "self": false,
            "source_security_group_id": null,
            "to_port": 0,
            "type": "ingress"
          },
          "sensitive_attributes": [],
          "private": "eyJzY2hlbWFfdmVyc2lvbiI6IjIifQ==",
          "dependencies": [
            "module.spoke1.aws_security_group.server_sg",
            "module.spoke1.aws_vpc.vpc_spoke"
          ]
        }
      ]
    },
    {
      "module": "module.spoke1",
      "mode": "managed",
      "type": "aws_subnet",
      "name": "primary",
      "provider": "provider[\"registry.terraform.io/hashicorp/aws\"]",
      "instances": [
        {
          "schema_version": 1,
          "attributes": {
            "arn": "arn:aws:ec2:eu-central-1:065535367949:subnet/subnet-042dbfce2a5888bc0",
            "assign_ipv6_address_on_creation": false,
            "availability_zone": "eu-central-1a",
            "availability_zone_id": "euc1-az2",
            "cidr_block": "10.1.1.0/24",
            "customer_owned_ipv4_pool": "",
            "id": "subnet-042dbfce2a5888bc0",
            "ipv6_cidr_block": "",
            "ipv6_cidr_block_association_id": "",
            "map_customer_owned_ip_on_launch": false,
            "map_public_ip_on_launch": false,
            "outpost_arn": "",
            "owner_id": "065535367949",
            "tags": {
              "Name": "vpc_spokeA_10.1.1.0/24"
            },
            "tags_all": {
              "Name": "vpc_spokeA_10.1.1.0/24"
            },
            "timeouts": null,
            "vpc_id": "vpc-08abdbee113da0747"
          },
          "sensitive_attributes": [],
          "private": "eyJlMmJmYjczMC1lY2FhLTExZTYtOGY4OC0zNDM2M2JjN2M0YzAiOnsiY3JlYXRlIjo2MDAwMDAwMDAwMDAsImRlbGV0ZSI6MTIwMDAwMDAwMDAwMH0sInNjaGVtYV92ZXJzaW9uIjoiMSJ9",
          "dependencies": [
            "module.spoke1.aws_vpc.vpc_spoke",
            "module.spoke1.data.aws_availability_zones.available"
          ]
        }
      ]
    },
    {
      "module": "module.spoke1",
      "mode": "managed",
      "type": "aws_subnet",
      "name": "secondary",
      "provider": "provider[\"registry.terraform.io/hashicorp/aws\"]",
      "instances": [
        {
          "schema_version": 1,
          "attributes": {
            "arn": "arn:aws:ec2:eu-central-1:065535367949:subnet/subnet-0a887717a8fb2e0c6",
            "assign_ipv6_address_on_creation": false,
            "availability_zone": "eu-central-1b",
            "availability_zone_id": "euc1-az3",
            "cidr_block": "10.1.2.0/24",
            "customer_owned_ipv4_pool": "",
            "id": "subnet-0a887717a8fb2e0c6",
            "ipv6_cidr_block": "",
            "ipv6_cidr_block_association_id": "",
            "map_customer_owned_ip_on_launch": false,
            "map_public_ip_on_launch": false,
            "outpost_arn": "",
            "owner_id": "065535367949",
            "tags": {
              "Name": "vpc_spokeB_10.1.2.0/24"
            },
            "tags_all": {
              "Name": "vpc_spokeB_10.1.2.0/24"
            },
            "timeouts": null,
            "vpc_id": "vpc-08abdbee113da0747"
          },
          "sensitive_attributes": [],
          "private": "eyJlMmJmYjczMC1lY2FhLTExZTYtOGY4OC0zNDM2M2JjN2M0YzAiOnsiY3JlYXRlIjo2MDAwMDAwMDAwMDAsImRlbGV0ZSI6MTIwMDAwMDAwMDAwMH0sInNjaGVtYV92ZXJzaW9uIjoiMSJ9",
          "dependencies": [
            "module.spoke1.aws_vpc.vpc_spoke",
            "module.spoke1.data.aws_availability_zones.available"
          ]
        }
      ]
    },
    {
      "module": "module.spoke1",
      "mode": "managed",
      "type": "aws_vpc",
      "name": "vpc_spoke",
      "provider": "provider[\"registry.terraform.io/hashicorp/aws\"]",
      "instances": [
        {
          "schema_version": 1,
          "attributes": {
            "arn": "arn:aws:ec2:eu-central-1:065535367949:vpc/vpc-08abdbee113da0747",
            "assign_generated_ipv6_cidr_block": false,
            "cidr_block": "10.1.0.0/16",
            "default_network_acl_id": "acl-0595e6fbe28e79ca3",
            "default_route_table_id": "rtb-04cd5e34c5eb41646",
            "default_security_group_id": "sg-0f2071093f6a33d33",
            "dhcp_options_id": "dopt-0477f784768a5939a",
            "enable_classiclink": null,
            "enable_classiclink_dns_support": null,
            "enable_dns_hostnames": false,
            "enable_dns_support": true,
            "id": "vpc-08abdbee113da0747",
            "instance_tenancy": "default",
            "ipv4_ipam_pool_id": null,
            "ipv4_netmask_length": null,
            "ipv6_association_id": "",
            "ipv6_cidr_block": "",
            "ipv6_ipam_pool_id": null,
            "ipv6_netmask_length": null,
            "main_route_table_id": "rtb-04cd5e34c5eb41646",
            "owner_id": "065535367949",
            "tags": {
              "Name": "vpc_spoke_10.1.0.0/16"
            },
            "tags_all": {
              "Name": "vpc_spoke_10.1.0.0/16"
            }
          },
          "sensitive_attributes": [],
          "private": "eyJzY2hlbWFfdmVyc2lvbiI6IjEifQ=="
        }
      ]
    },
    {
      "module": "module.spoke2",
      "mode": "data",
      "type": "aws_ami",
      "name": "ubuntu",
      "provider": "provider[\"registry.terraform.io/hashicorp/aws\"]",
      "instances": [
        {
          "schema_version": 0,
          "attributes": {
            "architecture": "x86_64",
            "arn": "arn:aws:ec2:eu-central-1::image/ami-0e18ae6e39f4962f0",
            "block_device_mappings": [
              {
                "device_name": "/dev/sda1",
                "ebs": {
                  "delete_on_termination": "true",
                  "encrypted": "false",
                  "iops": "0",
                  "snapshot_id": "snap-07355f7d82ad161e8",
                  "throughput": "0",
                  "volume_size": "8",
                  "volume_type": "gp2"
                },
                "no_device": "",
                "virtual_name": ""
              },
              {
                "device_name": "/dev/sdb",
                "ebs": {},
                "no_device": "",
                "virtual_name": "ephemeral0"
              },
              {
                "device_name": "/dev/sdc",
                "ebs": {},
                "no_device": "",
                "virtual_name": "ephemeral1"
              }
            ],
            "creation_date": "2019-11-11T13:09:57.000Z",
            "description": "Canonical, Ubuntu, 14.04 LTS, amd64 trusty image build on 2019-11-07",
            "ena_support": true,
            "executable_users": null,
            "filter": [
              {
                "name": "name",
                "values": [
                  "ubuntu/images/hvm-ssd/ubuntu-trusty-14.04-amd64-server-*"
                ]
              },
              {
                "name": "virtualization-type",
                "values": [
                  "hvm"
                ]
              }
            ],
            "hypervisor": "xen",
            "id": "ami-0e18ae6e39f4962f0",
            "image_id": "ami-0e18ae6e39f4962f0",
            "image_location": "099720109477/ubuntu/images/hvm-ssd/ubuntu-trusty-14.04-amd64-server-20191107",
            "image_owner_alias": null,
            "image_type": "machine",
            "kernel_id": null,
            "most_recent": true,
            "name": "ubuntu/images/hvm-ssd/ubuntu-trusty-14.04-amd64-server-20191107",
            "name_regex": null,
            "owner_id": "099720109477",
            "owners": [
              "099720109477"
            ],
            "platform": null,
            "platform_details": "Linux/UNIX",
            "product_codes": [],
            "public": true,
            "ramdisk_id": null,
            "root_device_name": "/dev/sda1",
            "root_device_type": "ebs",
            "root_snapshot_id": "snap-07355f7d82ad161e8",
            "sriov_net_support": "simple",
            "state": "available",
            "state_reason": {
              "code": "UNSET",
              "message": "UNSET"
            },
            "tags": {},
            "usage_operation": "RunInstances",
            "virtualization_type": "hvm"
          },
          "sensitive_attributes": []
        }
      ]
    },
    {
      "module": "module.spoke2",
      "mode": "data",
      "type": "aws_availability_zones",
      "name": "available",
      "provider": "provider[\"registry.terraform.io/hashicorp/aws\"]",
      "instances": [
        {
          "schema_version": 0,
          "attributes": {
            "all_availability_zones": null,
            "exclude_names": null,
            "exclude_zone_ids": null,
            "filter": null,
            "group_names": [
              "eu-central-1"
            ],
            "id": "eu-central-1",
            "names": [
              "eu-central-1a",
              "eu-central-1b",
              "eu-central-1c"
            ],
            "state": null,
            "zone_ids": [
              "euc1-az2",
              "euc1-az3",
              "euc1-az1"
            ]
          },
          "sensitive_attributes": []
        }
      ]
    },
    {
      "module": "module.spoke2",
      "mode": "managed",
      "type": "aws_ec2_transit_gateway_route_table_association",
      "name": "vpc_spoke_1",
      "provider": "provider[\"registry.terraform.io/hashicorp/aws\"]",
      "instances": []
    },
    {
      "module": "module.spoke2",
      "mode": "managed",
      "type": "aws_ec2_transit_gateway_route_table_propagation",
      "name": "route_table_propagation",
      "provider": "provider[\"registry.terraform.io/hashicorp/aws\"]",
      "instances": []
    },
    {
      "module": "module.spoke2",
      "mode": "managed",
      "type": "aws_ec2_transit_gateway_vpc_attachment",
      "name": "tgw_spoke_attachment",
      "provider": "provider[\"registry.terraform.io/hashicorp/aws\"]",
      "instances": []
    },
    {
      "module": "module.spoke2",
      "mode": "managed",
      "type": "aws_instance",
      "name": "web",
      "provider": "provider[\"registry.terraform.io/hashicorp/aws\"]",
      "instances": [
        {
          "schema_version": 1,
          "attributes": {
            "ami": "ami-0e18ae6e39f4962f0",
            "arn": "arn:aws:ec2:eu-central-1:065535367949:instance/i-00be5f88af09a45fd",
            "associate_public_ip_address": false,
            "availability_zone": "eu-central-1a",
            "capacity_reservation_specification": [
              {
                "capacity_reservation_preference": "open",
                "capacity_reservation_target": []
              }
            ],
            "cpu_core_count": 1,
            "cpu_threads_per_core": 1,
            "credit_specification": [
              {
                "cpu_credits": "standard"
              }
            ],
            "disable_api_termination": false,
            "ebs_block_device": [],
            "ebs_optimized": false,
            "enclave_options": [
              {
                "enabled": false
              }
            ],
            "ephemeral_block_device": [],
            "get_password_data": false,
            "hibernation": false,
            "host_id": null,
            "iam_instance_profile": "",
            "id": "i-00be5f88af09a45fd",
            "instance_initiated_shutdown_behavior": "stop",
            "instance_state": "running",
            "instance_type": "t2.micro",
            "ipv6_address_count": 0,
            "ipv6_addresses": [],
            "key_name": "pankeypair",
            "launch_template": [],
            "metadata_options": [
              {
                "http_endpoint": "enabled",
                "http_put_response_hop_limit": 1,
                "http_tokens": "optional"
              }
            ],
            "monitoring": false,
            "network_interface": [],
            "outpost_arn": "",
            "password_data": "",
            "placement_group": "",
            "placement_partition_number": null,
            "primary_network_interface_id": "eni-0b87aabb896aa0fb7",
            "private_dns": "ip-10-2-1-45.eu-central-1.compute.internal",
            "private_ip": "10.2.1.45",
            "public_dns": "",
            "public_ip": "",
            "root_block_device": [
              {
                "delete_on_termination": true,
                "device_name": "/dev/sda1",
                "encrypted": false,
                "iops": 100,
                "kms_key_id": "",
                "tags": {},
                "throughput": 0,
                "volume_id": "vol-0f57124e099341781",
                "volume_size": 8,
                "volume_type": "gp2"
              }
            ],
            "secondary_private_ips": [],
            "security_groups": [
              "sg-08e29b52731a70b91"
            ],
            "source_dest_check": true,
            "subnet_id": "subnet-06503d59bd11e806f",
            "tags": {
              "Name": "spoke2-server"
            },
            "tags_all": {
              "Name": "spoke2-server"
            },
            "tenancy": "default",
            "timeouts": null,
            "user_data": null,
            "user_data_base64": null,
            "volume_tags": null,
            "vpc_security_group_ids": [
              "sg-08e29b52731a70b91"
            ]
          },
          "sensitive_attributes": [],
          "private": "eyJlMmJmYjczMC1lY2FhLTExZTYtOGY4OC0zNDM2M2JjN2M0YzAiOnsiY3JlYXRlIjo2MDAwMDAwMDAwMDAsImRlbGV0ZSI6MTIwMDAwMDAwMDAwMCwidXBkYXRlIjo2MDAwMDAwMDAwMDB9LCJzY2hlbWFfdmVyc2lvbiI6IjEifQ==",
          "dependencies": [
            "module.spoke2.aws_security_group.server_sg",
            "module.spoke2.aws_subnet.primary",
            "module.spoke2.aws_vpc.vpc_spoke",
            "module.spoke2.data.aws_ami.ubuntu",
            "module.spoke2.data.aws_availability_zones.available"
          ]
        }
      ]
    },
    {
      "module": "module.spoke2",
      "mode": "managed",
      "type": "aws_route",
      "name": "vpc_spoke_route_1",
      "provider": "provider[\"registry.terraform.io/hashicorp/aws\"]",
      "instances": [
        {
          "schema_version": 0,
          "attributes": {
            "carrier_gateway_id": "",
            "destination_cidr_block": "10.0.0.0/8",
            "destination_ipv6_cidr_block": "",
            "destination_prefix_list_id": "",
            "egress_only_gateway_id": "",
            "gateway_id": "",
            "id": "r-rtb-070de202af9f83cfa3423270202",
            "instance_id": "",
            "instance_owner_id": "",
            "local_gateway_id": "",
            "nat_gateway_id": "",
            "network_interface_id": "",
            "origin": "CreateRoute",
            "route_table_id": "rtb-070de202af9f83cfa",
            "state": "blackhole",
            "timeouts": null,
            "transit_gateway_id": "tgw-0890ac1fdf3b4baee",
            "vpc_endpoint_id": "",
            "vpc_peering_connection_id": ""
          },
          "sensitive_attributes": [],
          "private": "eyJlMmJmYjczMC1lY2FhLTExZTYtOGY4OC0zNDM2M2JjN2M0YzAiOnsiY3JlYXRlIjozMDAwMDAwMDAwMDAsImRlbGV0ZSI6MzAwMDAwMDAwMDAwLCJ1cGRhdGUiOjEyMDAwMDAwMDAwMH19",
          "dependencies": [
            "aws_ec2_transit_gateway.tgw",
            "module.spoke2.aws_vpc.vpc_spoke"
          ]
        }
      ]
    },
    {
      "module": "module.spoke2",
      "mode": "managed",
      "type": "aws_route",
      "name": "vpc_spoke_route_2",
      "provider": "provider[\"registry.terraform.io/hashicorp/aws\"]",
      "instances": [
        {
          "schema_version": 0,
          "attributes": {
            "carrier_gateway_id": "",
            "destination_cidr_block": "192.168.0.0/16",
            "destination_ipv6_cidr_block": "",
            "destination_prefix_list_id": "",
            "egress_only_gateway_id": "",
            "gateway_id": "",
            "id": "r-rtb-070de202af9f83cfa3901788224",
            "instance_id": "",
            "instance_owner_id": "",
            "local_gateway_id": "",
            "nat_gateway_id": "",
            "network_interface_id": "",
            "origin": "CreateRoute",
            "route_table_id": "rtb-070de202af9f83cfa",
            "state": "blackhole",
            "timeouts": null,
            "transit_gateway_id": "tgw-0890ac1fdf3b4baee",
            "vpc_endpoint_id": "",
            "vpc_peering_connection_id": ""
          },
          "sensitive_attributes": [],
          "private": "eyJlMmJmYjczMC1lY2FhLTExZTYtOGY4OC0zNDM2M2JjN2M0YzAiOnsiY3JlYXRlIjozMDAwMDAwMDAwMDAsImRlbGV0ZSI6MzAwMDAwMDAwMDAwLCJ1cGRhdGUiOjEyMDAwMDAwMDAwMH19",
          "dependencies": [
            "aws_ec2_transit_gateway.tgw",
            "module.spoke2.aws_vpc.vpc_spoke"
          ]
        }
      ]
    },
    {
      "module": "module.spoke2",
      "mode": "managed",
      "type": "aws_route",
      "name": "vpc_spoke_route_3",
      "provider": "provider[\"registry.terraform.io/hashicorp/aws\"]",
      "instances": [
        {
          "schema_version": 0,
          "attributes": {
            "carrier_gateway_id": "",
            "destination_cidr_block": "0.0.0.0/0",
            "destination_ipv6_cidr_block": "",
            "destination_prefix_list_id": "",
            "egress_only_gateway_id": "",
            "gateway_id": "",
            "id": "r-rtb-070de202af9f83cfa1080289494",
            "instance_id": "",
            "instance_owner_id": "",
            "local_gateway_id": "",
            "nat_gateway_id": "",
            "network_interface_id": "",
            "origin": "CreateRoute",
            "route_table_id": "rtb-070de202af9f83cfa",
            "state": "blackhole",
            "timeouts": null,
            "transit_gateway_id": "tgw-0890ac1fdf3b4baee",
            "vpc_endpoint_id": "",
            "vpc_peering_connection_id": ""
          },
          "sensitive_attributes": [],
          "private": "eyJlMmJmYjczMC1lY2FhLTExZTYtOGY4OC0zNDM2M2JjN2M0YzAiOnsiY3JlYXRlIjozMDAwMDAwMDAwMDAsImRlbGV0ZSI6MzAwMDAwMDAwMDAwLCJ1cGRhdGUiOjEyMDAwMDAwMDAwMH19",
          "dependencies": [
            "aws_ec2_transit_gateway.tgw",
            "module.spoke2.aws_vpc.vpc_spoke"
          ]
        }
      ]
    },
    {
      "module": "module.spoke2",
      "mode": "managed",
      "type": "aws_security_group",
      "name": "server_sg",
      "provider": "provider[\"registry.terraform.io/hashicorp/aws\"]",
      "instances": [
        {
          "schema_version": 1,
          "attributes": {
            "arn": "arn:aws:ec2:eu-central-1:065535367949:security-group/sg-08e29b52731a70b91",
            "description": "Allow select inbound traffic",
            "egress": [],
            "id": "sg-08e29b52731a70b91",
            "ingress": [],
            "name": "server_sg",
            "name_prefix": "",
            "owner_id": "065535367949",
            "revoke_rules_on_delete": false,
            "tags": null,
            "tags_all": {},
            "timeouts": null,
            "vpc_id": "vpc-088941a31075dea28"
          },
          "sensitive_attributes": [],
          "private": "eyJlMmJmYjczMC1lY2FhLTExZTYtOGY4OC0zNDM2M2JjN2M0YzAiOnsiY3JlYXRlIjo2MDAwMDAwMDAwMDAsImRlbGV0ZSI6OTAwMDAwMDAwMDAwfSwic2NoZW1hX3ZlcnNpb24iOiIxIn0=",
          "dependencies": [
            "module.spoke2.aws_vpc.vpc_spoke"
          ]
        }
      ]
    },
    {
      "module": "module.spoke2",
      "mode": "managed",
      "type": "aws_security_group_rule",
      "name": "allow_server_sg_egress",
      "provider": "provider[\"registry.terraform.io/hashicorp/aws\"]",
      "instances": [
        {
          "schema_version": 2,
          "attributes": {
            "cidr_blocks": [
              "0.0.0.0/0"
            ],
            "description": null,
            "from_port": 0,
            "id": "sgrule-4281176101",
            "ipv6_cidr_blocks": null,
            "prefix_list_ids": null,
            "protocol": "-1",
            "security_group_id": "sg-08e29b52731a70b91",
            "self": false,
            "source_security_group_id": null,
            "to_port": 0,
            "type": "egress"
          },
          "sensitive_attributes": [],
          "private": "eyJzY2hlbWFfdmVyc2lvbiI6IjIifQ==",
          "dependencies": [
            "module.spoke2.aws_security_group.server_sg",
            "module.spoke2.aws_vpc.vpc_spoke"
          ]
        }
      ]
    },
    {
      "module": "module.spoke2",
      "mode": "managed",
      "type": "aws_security_group_rule",
      "name": "allow_server_sg_ingress",
      "provider": "provider[\"registry.terraform.io/hashicorp/aws\"]",
      "instances": [
        {
          "schema_version": 2,
          "attributes": {
            "cidr_blocks": [
              "10.0.0.0/8",
              "192.168.0.0/16"
            ],
            "description": null,
            "from_port": 0,
            "id": "sgrule-717623029",
            "ipv6_cidr_blocks": null,
            "prefix_list_ids": null,
            "protocol": "-1",
            "security_group_id": "sg-08e29b52731a70b91",
            "self": false,
            "source_security_group_id": null,
            "to_port": 0,
            "type": "ingress"
          },
          "sensitive_attributes": [],
          "private": "eyJzY2hlbWFfdmVyc2lvbiI6IjIifQ==",
          "dependencies": [
            "module.spoke2.aws_security_group.server_sg",
            "module.spoke2.aws_vpc.vpc_spoke"
          ]
        }
      ]
    },
    {
      "module": "module.spoke2",
      "mode": "managed",
      "type": "aws_subnet",
      "name": "primary",
      "provider": "provider[\"registry.terraform.io/hashicorp/aws\"]",
      "instances": [
        {
          "schema_version": 1,
          "attributes": {
            "arn": "arn:aws:ec2:eu-central-1:065535367949:subnet/subnet-06503d59bd11e806f",
            "assign_ipv6_address_on_creation": false,
            "availability_zone": "eu-central-1a",
            "availability_zone_id": "euc1-az2",
            "cidr_block": "10.2.1.0/24",
            "customer_owned_ipv4_pool": "",
            "id": "subnet-06503d59bd11e806f",
            "ipv6_cidr_block": "",
            "ipv6_cidr_block_association_id": "",
            "map_customer_owned_ip_on_launch": false,
            "map_public_ip_on_launch": false,
            "outpost_arn": "",
            "owner_id": "065535367949",
            "tags": {
              "Name": "vpc_spokeA_10.2.1.0/24"
            },
            "tags_all": {
              "Name": "vpc_spokeA_10.2.1.0/24"
            },
            "timeouts": null,
            "vpc_id": "vpc-088941a31075dea28"
          },
          "sensitive_attributes": [],
          "private": "eyJlMmJmYjczMC1lY2FhLTExZTYtOGY4OC0zNDM2M2JjN2M0YzAiOnsiY3JlYXRlIjo2MDAwMDAwMDAwMDAsImRlbGV0ZSI6MTIwMDAwMDAwMDAwMH0sInNjaGVtYV92ZXJzaW9uIjoiMSJ9",
          "dependencies": [
            "module.spoke2.aws_vpc.vpc_spoke",
            "module.spoke2.data.aws_availability_zones.available"
          ]
        }
      ]
    },
    {
      "module": "module.spoke2",
      "mode": "managed",
      "type": "aws_subnet",
      "name": "secondary",
      "provider": "provider[\"registry.terraform.io/hashicorp/aws\"]",
      "instances": [
        {
          "schema_version": 1,
          "attributes": {
            "arn": "arn:aws:ec2:eu-central-1:065535367949:subnet/subnet-031f9c6cc3911402d",
            "assign_ipv6_address_on_creation": false,
            "availability_zone": "eu-central-1b",
            "availability_zone_id": "euc1-az3",
            "cidr_block": "10.2.2.0/24",
            "customer_owned_ipv4_pool": "",
            "id": "subnet-031f9c6cc3911402d",
            "ipv6_cidr_block": "",
            "ipv6_cidr_block_association_id": "",
            "map_customer_owned_ip_on_launch": false,
            "map_public_ip_on_launch": false,
            "outpost_arn": "",
            "owner_id": "065535367949",
            "tags": {
              "Name": "vpc_spokeB_10.2.2.0/24"
            },
            "tags_all": {
              "Name": "vpc_spokeB_10.2.2.0/24"
            },
            "timeouts": null,
            "vpc_id": "vpc-088941a31075dea28"
          },
          "sensitive_attributes": [],
          "private": "eyJlMmJmYjczMC1lY2FhLTExZTYtOGY4OC0zNDM2M2JjN2M0YzAiOnsiY3JlYXRlIjo2MDAwMDAwMDAwMDAsImRlbGV0ZSI6MTIwMDAwMDAwMDAwMH0sInNjaGVtYV92ZXJzaW9uIjoiMSJ9",
          "dependencies": [
            "module.spoke2.aws_vpc.vpc_spoke",
            "module.spoke2.data.aws_availability_zones.available"
          ]
        }
      ]
    },
    {
      "module": "module.spoke2",
      "mode": "managed",
      "type": "aws_vpc",
      "name": "vpc_spoke",
      "provider": "provider[\"registry.terraform.io/hashicorp/aws\"]",
      "instances": [
        {
          "schema_version": 1,
          "attributes": {
            "arn": "arn:aws:ec2:eu-central-1:065535367949:vpc/vpc-088941a31075dea28",
            "assign_generated_ipv6_cidr_block": false,
            "cidr_block": "10.2.0.0/16",
            "default_network_acl_id": "acl-0978067c03c56c4b4",
            "default_route_table_id": "rtb-070de202af9f83cfa",
            "default_security_group_id": "sg-036f8445e4e9e6aa2",
            "dhcp_options_id": "dopt-0477f784768a5939a",
            "enable_classiclink": null,
            "enable_classiclink_dns_support": null,
            "enable_dns_hostnames": false,
            "enable_dns_support": true,
            "id": "vpc-088941a31075dea28",
            "instance_tenancy": "default",
            "ipv4_ipam_pool_id": null,
            "ipv4_netmask_length": null,
            "ipv6_association_id": "",
            "ipv6_cidr_block": "",
            "ipv6_ipam_pool_id": null,
            "ipv6_netmask_length": null,
            "main_route_table_id": "rtb-070de202af9f83cfa",
            "owner_id": "065535367949",
            "tags": {
              "Name": "vpc_spoke_10.2.0.0/16"
            },
            "tags_all": {
              "Name": "vpc_spoke_10.2.0.0/16"
            }
          },
          "sensitive_attributes": [],
          "private": "eyJzY2hlbWFfdmVyc2lvbiI6IjEifQ=="
        }
      ]
    }
  ]
}
