{
  "version": 4,
  "terraform_version": "1.1.2",
  "serial": 452,
  "lineage": "7396957d-7821-b5b5-88bc-de7d928bad90",
  "outputs": {
    "FW-1-MGMT": {
      "value": "Access the firewall MGMT via:  https://3.67.253.170",
      "type": "string"
    },
    "FW-2-MGMT": {
      "value": "Access the firewall MGMT via:  https://3.67.50.41",
      "type": "string"
    },
    "Server-1-1_ngfw1_access": {
      "value": "Access Server 1-1 via FW-1: ssh -i \u003cInsert Key\u003e ubuntu@18.157.192.179 -p 1001",
      "type": "string"
    },
    "Server-1-1_ngfw2_access": {
      "value": "Access Server 1-1 via FW-2: ssh -i \u003cInsert Key\u003e ubuntu@3.64.90.69 -p 1001",
      "type": "string"
    },
    "Server-1-2_ngfw1_access": {
      "value": "Access Server 1-2 via FW-1: ssh -i \u003cInsert Key\u003e ubuntu@18.157.192.179 -p 1002",
      "type": "string"
    },
    "Server-1-2_ngfw2_access": {
      "value": "Access Server 1-2 via FW-2: ssh -i \u003cInsert Key\u003e ubuntu@3.64.90.69 -p 1002",
      "type": "string"
    },
    "Server-2-1_ngfw1_access": {
      "value": "Access Server 2-1 via FW-1: ssh -i \u003cInsert Key\u003e ubuntu@18.157.192.179 -p 2001",
      "type": "string"
    },
    "Server-2-1_ngfw2_access": {
      "value": "Access Server 2-1 via FW-2: ssh -i \u003cInsert Key\u003e ubuntu@3.64.90.69 -p 2001",
      "type": "string"
    },
    "Server-2-2_ngfw1_access": {
      "value": "Access Server 2-2 via FW-1: ssh -i \u003cInsert Key\u003e ubuntu@18.157.192.179 -p 2002",
      "type": "string"
    },
    "Server-2-2_ngfw2_access": {
      "value": "Access Server 2-2 via FW-2: ssh -i \u003cInsert Key\u003e ubuntu@3.64.90.69 -p 2002",
      "type": "string"
    }
  },
  "resources": [
    {
      "mode": "data",
      "type": "aws_availability_zones",
      "name": "available",
      "provider": "provider[\"registry.terraform.io/hashicorp/aws\"]",
      "instances": [
        {
          "schema_version": 0,
          "attributes": {
            "all_availability_zones": null,
            "exclude_names": null,
            "exclude_zone_ids": null,
            "filter": null,
            "group_names": [
              "eu-central-1"
            ],
            "id": "eu-central-1",
            "names": [
              "eu-central-1a",
              "eu-central-1b",
              "eu-central-1c"
            ],
            "state": null,
            "zone_ids": [
              "euc1-az2",
              "euc1-az3",
              "euc1-az1"
            ]
          },
          "sensitive_attributes": []
        }
      ]
    },
    {
      "mode": "managed",
      "type": "aws_ec2_transit_gateway",
      "name": "tgw",
      "provider": "provider[\"registry.terraform.io/hashicorp/aws\"]",
      "instances": [
        {
          "schema_version": 0,
          "attributes": {
            "amazon_side_asn": 64512,
            "arn": "arn:aws:ec2:eu-central-1:283901980185:transit-gateway/tgw-0e89e6f22bbf4ccab",
            "association_default_route_table_id": "",
            "auto_accept_shared_attachments": "disable",
            "default_route_table_association": "disable",
            "default_route_table_propagation": "disable",
            "description": "Transit Gateway",
            "dns_support": "enable",
            "id": "tgw-0e89e6f22bbf4ccab",
            "owner_id": "283901980185",
            "propagation_default_route_table_id": "",
            "tags": {
              "Name": "transit_gateway"
            },
            "tags_all": {
              "Name": "transit_gateway"
            },
            "vpn_ecmp_support": "enable"
          },
          "sensitive_attributes": [],
          "private": "bnVsbA=="
        }
      ]
    },
    {
      "mode": "managed",
      "type": "aws_ec2_transit_gateway_route",
      "name": "default",
      "provider": "provider[\"registry.terraform.io/hashicorp/aws\"]",
      "instances": [
        {
          "schema_version": 0,
          "attributes": {
            "blackhole": false,
            "destination_cidr_block": "0.0.0.0/0",
            "id": "tgw-rtb-01b8988f6ed15f5cb_0.0.0.0/0",
            "transit_gateway_attachment_id": "tgw-attach-03ab27a40727e5d25",
            "transit_gateway_route_table_id": "tgw-rtb-01b8988f6ed15f5cb"
          },
          "sensitive_attributes": [],
          "private": "bnVsbA==",
          "dependencies": [
            "aws_ec2_transit_gateway.tgw",
            "aws_ec2_transit_gateway_route_table.tgw_spokes",
            "aws_ec2_transit_gateway_vpc_attachment.tgw_security",
            "aws_subnet.vpc_security_tgw_1",
            "aws_subnet.vpc_security_tgw_2",
            "aws_vpc.vpc_security",
            "data.aws_availability_zones.available"
          ]
        }
      ]
    },
    {
      "mode": "managed",
      "type": "aws_ec2_transit_gateway_route_table",
      "name": "tgw_security",
      "provider": "provider[\"registry.terraform.io/hashicorp/aws\"]",
      "instances": [
        {
          "schema_version": 0,
          "attributes": {
            "arn": "arn:aws:ec2:eu-central-1:283901980185:transit-gateway-route-table/tgw-rtb-0ac7b2e328052bd86",
            "default_association_route_table": false,
            "default_propagation_route_table": false,
            "id": "tgw-rtb-0ac7b2e328052bd86",
            "tags": {
              "Name": "tgw-rtb-security"
            },
            "tags_all": {
              "Name": "tgw-rtb-security"
            },
            "transit_gateway_id": "tgw-0e89e6f22bbf4ccab"
          },
          "sensitive_attributes": [],
          "private": "bnVsbA==",
          "dependencies": [
            "aws_ec2_transit_gateway.tgw"
          ]
        }
      ]
    },
    {
      "mode": "managed",
      "type": "aws_ec2_transit_gateway_route_table",
      "name": "tgw_spokes",
      "provider": "provider[\"registry.terraform.io/hashicorp/aws\"]",
      "instances": [
        {
          "schema_version": 0,
          "attributes": {
            "arn": "arn:aws:ec2:eu-central-1:283901980185:transit-gateway-route-table/tgw-rtb-01b8988f6ed15f5cb",
            "default_association_route_table": false,
            "default_propagation_route_table": false,
            "id": "tgw-rtb-01b8988f6ed15f5cb",
            "tags": {
              "Name": "tgw-rtb-spokes"
            },
            "tags_all": {
              "Name": "tgw-rtb-spokes"
            },
            "transit_gateway_id": "tgw-0e89e6f22bbf4ccab"
          },
          "sensitive_attributes": [],
          "private": "bnVsbA==",
          "dependencies": [
            "aws_ec2_transit_gateway.tgw"
          ]
        }
      ]
    },
    {
      "mode": "managed",
      "type": "aws_ec2_transit_gateway_route_table_association",
      "name": "vpc_security",
      "provider": "provider[\"registry.terraform.io/hashicorp/aws\"]",
      "instances": [
        {
          "schema_version": 0,
          "attributes": {
            "id": "tgw-rtb-0ac7b2e328052bd86_tgw-attach-03ab27a40727e5d25",
            "resource_id": "vpc-0fba2b997cd9de3b1",
            "resource_type": "vpc",
            "transit_gateway_attachment_id": "tgw-attach-03ab27a40727e5d25",
            "transit_gateway_route_table_id": "tgw-rtb-0ac7b2e328052bd86"
          },
          "sensitive_attributes": [],
          "private": "bnVsbA==",
          "dependencies": [
            "aws_ec2_transit_gateway.tgw",
            "aws_ec2_transit_gateway_route_table.tgw_security",
            "aws_ec2_transit_gateway_vpc_attachment.tgw_security",
            "aws_subnet.vpc_security_tgw_1",
            "aws_subnet.vpc_security_tgw_2",
            "aws_vpc.vpc_security",
            "data.aws_availability_zones.available"
          ]
        }
      ]
    },
    {
      "mode": "managed",
      "type": "aws_ec2_transit_gateway_vpc_attachment",
      "name": "tgw_security",
      "provider": "provider[\"registry.terraform.io/hashicorp/aws\"]",
      "instances": [
        {
          "schema_version": 0,
          "attributes": {
            "appliance_mode_support": "disable",
            "dns_support": "enable",
            "id": "tgw-attach-03ab27a40727e5d25",
            "ipv6_support": "disable",
            "subnet_ids": [
              "subnet-020afb157b3ca95b6",
              "subnet-06d22975542b0eac3"
            ],
            "tags": {
              "Name": "tgw_attachment_security"
            },
            "tags_all": {
              "Name": "tgw_attachment_security"
            },
            "transit_gateway_default_route_table_association": false,
            "transit_gateway_default_route_table_propagation": false,
            "transit_gateway_id": "tgw-0e89e6f22bbf4ccab",
            "vpc_id": "vpc-0fba2b997cd9de3b1",
            "vpc_owner_id": "283901980185"
          },
          "sensitive_attributes": [],
          "private": "bnVsbA==",
          "dependencies": [
            "aws_ec2_transit_gateway.tgw",
            "aws_subnet.vpc_security_tgw_1",
            "aws_subnet.vpc_security_tgw_2",
            "aws_vpc.vpc_security",
            "data.aws_availability_zones.available"
          ]
        }
      ]
    },
    {
      "mode": "managed",
      "type": "aws_iam_instance_profile",
      "name": "bootstrap_profile",
      "provider": "provider[\"registry.terraform.io/hashicorp/aws\"]",
      "instances": [
        {
          "schema_version": 0,
          "attributes": {
            "arn": "arn:aws:iam::283901980185:instance-profile/ngfw_bootstrap_profile",
            "create_date": "2021-12-22T13:01:39Z",
            "id": "ngfw_bootstrap_profile",
            "name": "ngfw_bootstrap_profile",
            "name_prefix": null,
            "path": "/",
            "role": "ngfw_bootstrap_role",
            "tags": null,
            "tags_all": {},
            "unique_id": "AIPAUEGPANYMTOJSHWQ5V"
          },
          "sensitive_attributes": [],
          "private": "bnVsbA==",
          "dependencies": [
            "aws_iam_role.bootstrap_role"
          ]
        }
      ]
    },
    {
      "mode": "managed",
      "type": "aws_iam_instance_profile",
      "name": "bootstrap_profile2",
      "provider": "provider[\"registry.terraform.io/hashicorp/aws\"]",
      "instances": [
        {
          "schema_version": 0,
          "attributes": {
            "arn": "arn:aws:iam::283901980185:instance-profile/ngfw_bootstrap_profile2",
            "create_date": "2021-12-22T13:01:39Z",
            "id": "ngfw_bootstrap_profile2",
            "name": "ngfw_bootstrap_profile2",
            "name_prefix": null,
            "path": "/",
            "role": "ngfw_bootstrap_role2",
            "tags": null,
            "tags_all": {},
            "unique_id": "AIPAUEGPANYMZ3UJAGJ47"
          },
          "sensitive_attributes": [],
          "private": "bnVsbA==",
          "dependencies": [
            "aws_iam_role.bootstrap_role2"
          ]
        }
      ]
    },
    {
      "mode": "managed",
      "type": "aws_iam_role",
      "name": "bootstrap_role",
      "provider": "provider[\"registry.terraform.io/hashicorp/aws\"]",
      "instances": [
        {
          "schema_version": 0,
          "attributes": {
            "arn": "arn:aws:iam::283901980185:role/ngfw_bootstrap_role",
            "assume_role_policy": "{\"Version\":\"2012-10-17\",\"Statement\":[{\"Effect\":\"Allow\",\"Principal\":{\"Service\":\"ec2.amazonaws.com\"},\"Action\":\"sts:AssumeRole\"}]}",
            "create_date": "2021-12-22T13:01:33Z",
            "description": "",
            "force_detach_policies": false,
            "id": "ngfw_bootstrap_role",
            "inline_policy": [
              {
                "name": "",
                "policy": ""
              }
            ],
            "managed_policy_arns": [],
            "max_session_duration": 3600,
            "name": "ngfw_bootstrap_role",
            "name_prefix": "",
            "path": "/",
            "permissions_boundary": null,
            "tags": null,
            "tags_all": {},
            "unique_id": "AROAUEGPANYMS6YQEHXUP"
          },
          "sensitive_attributes": [],
          "private": "bnVsbA=="
        }
      ]
    },
    {
      "mode": "managed",
      "type": "aws_iam_role",
      "name": "bootstrap_role2",
      "provider": "provider[\"registry.terraform.io/hashicorp/aws\"]",
      "instances": [
        {
          "schema_version": 0,
          "attributes": {
            "arn": "arn:aws:iam::283901980185:role/ngfw_bootstrap_role2",
            "assume_role_policy": "{\"Version\":\"2012-10-17\",\"Statement\":[{\"Effect\":\"Allow\",\"Principal\":{\"Service\":\"ec2.amazonaws.com\"},\"Action\":\"sts:AssumeRole\"}]}",
            "create_date": "2021-12-22T13:01:33Z",
            "description": "",
            "force_detach_policies": false,
            "id": "ngfw_bootstrap_role2",
            "inline_policy": [
              {
                "name": "",
                "policy": ""
              }
            ],
            "managed_policy_arns": [],
            "max_session_duration": 3600,
            "name": "ngfw_bootstrap_role2",
            "name_prefix": "",
            "path": "/",
            "permissions_boundary": null,
            "tags": null,
            "tags_all": {},
            "unique_id": "AROAUEGPANYMXXTTVYPID"
          },
          "sensitive_attributes": [],
          "private": "bnVsbA=="
        }
      ]
    },
    {
      "mode": "managed",
      "type": "aws_iam_role_policy",
      "name": "bootstrap_policy",
      "provider": "provider[\"registry.terraform.io/hashicorp/aws\"]",
      "instances": [
        {
          "schema_version": 0,
          "attributes": {
            "id": "ngfw_bootstrap_role:ngfw_bootstrap_policy",
            "name": "ngfw_bootstrap_policy",
            "name_prefix": null,
            "policy": "{\n  \"Version\" : \"2012-10-17\",\n  \"Statement\": [\n    {\n      \"Effect\": \"Allow\",\n      \"Action\": \"s3:ListBucket\",\n      \"Resource\": \"arn:aws:s3:::lcw-djs-tgw-bucket\"\n    },\n    {\n    \"Effect\": \"Allow\",\n    \"Action\": \"s3:GetObject\",\n    \"Resource\": \"arn:aws:s3:::lcw-djs-tgw-bucket/*\"\n    }\n  ]\n}\n",
            "role": "ngfw_bootstrap_role"
          },
          "sensitive_attributes": [],
          "private": "bnVsbA==",
          "dependencies": [
            "aws_iam_role.bootstrap_role"
          ]
        }
      ]
    },
    {
      "mode": "managed",
      "type": "aws_iam_role_policy",
      "name": "bootstrap_policy2",
      "provider": "provider[\"registry.terraform.io/hashicorp/aws\"]",
      "instances": [
        {
          "schema_version": 0,
          "attributes": {
            "id": "ngfw_bootstrap_role2:ngfw_bootstrap_policy2",
            "name": "ngfw_bootstrap_policy2",
            "name_prefix": null,
            "policy": "{\n  \"Version\" : \"2012-10-17\",\n  \"Statement\": [\n    {\n      \"Effect\": \"Allow\",\n      \"Action\": \"s3:ListBucket\",\n      \"Resource\": \"arn:aws:s3:::lcw-djs-tgw-bucket2\"\n    },\n    {\n    \"Effect\": \"Allow\",\n    \"Action\": \"s3:GetObject\",\n    \"Resource\": \"arn:aws:s3:::lcw-djs-tgw-bucket2/*\"\n    }\n  ]\n}\n",
            "role": "ngfw_bootstrap_role2"
          },
          "sensitive_attributes": [],
          "private": "bnVsbA==",
          "dependencies": [
            "aws_iam_role.bootstrap_role2"
          ]
        }
      ]
    },
    {
      "mode": "managed",
      "type": "aws_internet_gateway",
      "name": "vpc_security_igw",
      "provider": "provider[\"registry.terraform.io/hashicorp/aws\"]",
      "instances": [
        {
          "schema_version": 0,
          "attributes": {
            "arn": "arn:aws:ec2:eu-central-1:283901980185:internet-gateway/igw-0927ab25f4d95fdb0",
            "id": "igw-0927ab25f4d95fdb0",
            "owner_id": "283901980185",
            "tags": {
              "Name": "vpc_securty_igw"
            },
            "tags_all": {
              "Name": "vpc_securty_igw"
            },
            "vpc_id": "vpc-0fba2b997cd9de3b1"
          },
          "sensitive_attributes": [],
          "private": "bnVsbA==",
          "dependencies": [
            "aws_vpc.vpc_security"
          ]
        }
      ]
    },
    {
      "mode": "managed",
      "type": "aws_route",
      "name": "vpc_security_default",
      "provider": "provider[\"registry.terraform.io/hashicorp/aws\"]",
      "instances": [
        {
          "schema_version": 0,
          "attributes": {
            "carrier_gateway_id": "",
            "destination_cidr_block": "0.0.0.0/0",
            "destination_ipv6_cidr_block": "",
            "destination_prefix_list_id": "",
            "egress_only_gateway_id": "",
            "gateway_id": "igw-0927ab25f4d95fdb0",
            "id": "r-rtb-00943e54c2d2800701080289494",
            "instance_id": "",
            "instance_owner_id": "",
            "local_gateway_id": "",
            "nat_gateway_id": "",
            "network_interface_id": "",
            "origin": "CreateRoute",
            "route_table_id": "rtb-00943e54c2d280070",
            "state": "active",
            "timeouts": null,
            "transit_gateway_id": "",
            "vpc_endpoint_id": "",
            "vpc_peering_connection_id": ""
          },
          "sensitive_attributes": [],
          "private": "eyJlMmJmYjczMC1lY2FhLTExZTYtOGY4OC0zNDM2M2JjN2M0YzAiOnsiY3JlYXRlIjozMDAwMDAwMDAwMDAsImRlbGV0ZSI6MzAwMDAwMDAwMDAwLCJ1cGRhdGUiOjEyMDAwMDAwMDAwMH19",
          "dependencies": [
            "aws_internet_gateway.vpc_security_igw",
            "aws_vpc.vpc_security"
          ]
        }
      ]
    },
    {
      "mode": "managed",
      "type": "aws_route",
      "name": "vpc_security_tgw_1_0",
      "provider": "provider[\"registry.terraform.io/hashicorp/aws\"]",
      "instances": [
        {
          "schema_version": 0,
          "attributes": {
            "carrier_gateway_id": "",
            "destination_cidr_block": "0.0.0.0/0",
            "destination_ipv6_cidr_block": "",
            "destination_prefix_list_id": "",
            "egress_only_gateway_id": "",
            "gateway_id": "",
            "id": "r-rtb-084d16a06ce6d0e5a1080289494",
            "instance_id": "",
            "instance_owner_id": "",
            "local_gateway_id": "",
            "nat_gateway_id": "",
            "network_interface_id": "eni-060c8b6fce38e9ad1",
            "origin": "CreateRoute",
            "route_table_id": "rtb-084d16a06ce6d0e5a",
            "state": "blackhole",
            "timeouts": null,
            "transit_gateway_id": "",
            "vpc_endpoint_id": "",
            "vpc_peering_connection_id": ""
          },
          "sensitive_attributes": [],
          "private": "eyJlMmJmYjczMC1lY2FhLTExZTYtOGY4OC0zNDM2M2JjN2M0YzAiOnsiY3JlYXRlIjozMDAwMDAwMDAwMDAsImRlbGV0ZSI6MzAwMDAwMDAwMDAwLCJ1cGRhdGUiOjEyMDAwMDAwMDAwMH19",
          "dependencies": [
            "aws_route_table.vpc_security_tgw_1",
            "aws_security_group.allow_all",
            "aws_subnet.vpc_security_private_1",
            "aws_vpc.vpc_security",
            "data.aws_availability_zones.available",
            "module.ngfw1.aws_network_interface.eni-trust"
          ]
        }
      ]
    },
    {
      "mode": "managed",
      "type": "aws_route",
      "name": "vpc_security_tgw_1_1",
      "provider": "provider[\"registry.terraform.io/hashicorp/aws\"]",
      "instances": [
        {
          "schema_version": 0,
          "attributes": {
            "carrier_gateway_id": "",
            "destination_cidr_block": "10.0.0.0/8",
            "destination_ipv6_cidr_block": "",
            "destination_prefix_list_id": "",
            "egress_only_gateway_id": "",
            "gateway_id": "",
            "id": "r-rtb-084d16a06ce6d0e5a3423270202",
            "instance_id": "",
            "instance_owner_id": "",
            "local_gateway_id": "",
            "nat_gateway_id": "",
            "network_interface_id": "eni-060c8b6fce38e9ad1",
            "origin": "CreateRoute",
            "route_table_id": "rtb-084d16a06ce6d0e5a",
            "state": "blackhole",
            "timeouts": null,
            "transit_gateway_id": "",
            "vpc_endpoint_id": "",
            "vpc_peering_connection_id": ""
          },
          "sensitive_attributes": [],
          "private": "eyJlMmJmYjczMC1lY2FhLTExZTYtOGY4OC0zNDM2M2JjN2M0YzAiOnsiY3JlYXRlIjozMDAwMDAwMDAwMDAsImRlbGV0ZSI6MzAwMDAwMDAwMDAwLCJ1cGRhdGUiOjEyMDAwMDAwMDAwMH19",
          "dependencies": [
            "aws_route_table.vpc_security_tgw_1",
            "aws_security_group.allow_all",
            "aws_subnet.vpc_security_private_1",
            "aws_vpc.vpc_security",
            "data.aws_availability_zones.available",
            "module.ngfw1.aws_network_interface.eni-trust"
          ]
        }
      ]
    },
    {
      "mode": "managed",
      "type": "aws_route",
      "name": "vpc_security_tgw_2_0",
      "provider": "provider[\"registry.terraform.io/hashicorp/aws\"]",
      "instances": [
        {
          "schema_version": 0,
          "attributes": {
            "carrier_gateway_id": "",
            "destination_cidr_block": "0.0.0.0/0",
            "destination_ipv6_cidr_block": "",
            "destination_prefix_list_id": "",
            "egress_only_gateway_id": "",
            "gateway_id": "",
            "id": "r-rtb-0fb4f3aa6d2e2eccb1080289494",
            "instance_id": "",
            "instance_owner_id": "",
            "local_gateway_id": "",
            "nat_gateway_id": "",
            "network_interface_id": "eni-06f9413a0573b50ef",
            "origin": "CreateRoute",
            "route_table_id": "rtb-0fb4f3aa6d2e2eccb",
            "state": "blackhole",
            "timeouts": null,
            "transit_gateway_id": "",
            "vpc_endpoint_id": "",
            "vpc_peering_connection_id": ""
          },
          "sensitive_attributes": [],
          "private": "eyJlMmJmYjczMC1lY2FhLTExZTYtOGY4OC0zNDM2M2JjN2M0YzAiOnsiY3JlYXRlIjozMDAwMDAwMDAwMDAsImRlbGV0ZSI6MzAwMDAwMDAwMDAwLCJ1cGRhdGUiOjEyMDAwMDAwMDAwMH19",
          "dependencies": [
            "aws_route_table.vpc_security_tgw_2",
            "aws_security_group.allow_all",
            "aws_subnet.vpc_security_private_2",
            "aws_vpc.vpc_security",
            "data.aws_availability_zones.available",
            "module.ngfw2.aws_network_interface.eni-trust"
          ]
        }
      ]
    },
    {
      "mode": "managed",
      "type": "aws_route",
      "name": "vpc_security_tgw_2_1",
      "provider": "provider[\"registry.terraform.io/hashicorp/aws\"]",
      "instances": [
        {
          "schema_version": 0,
          "attributes": {
            "carrier_gateway_id": "",
            "destination_cidr_block": "10.0.0.0/8",
            "destination_ipv6_cidr_block": "",
            "destination_prefix_list_id": "",
            "egress_only_gateway_id": "",
            "gateway_id": "",
            "id": "r-rtb-0fb4f3aa6d2e2eccb3423270202",
            "instance_id": "",
            "instance_owner_id": "",
            "local_gateway_id": "",
            "nat_gateway_id": "",
            "network_interface_id": "eni-06f9413a0573b50ef",
            "origin": "CreateRoute",
            "route_table_id": "rtb-0fb4f3aa6d2e2eccb",
            "state": "blackhole",
            "timeouts": null,
            "transit_gateway_id": "",
            "vpc_endpoint_id": "",
            "vpc_peering_connection_id": ""
          },
          "sensitive_attributes": [],
          "private": "eyJlMmJmYjczMC1lY2FhLTExZTYtOGY4OC0zNDM2M2JjN2M0YzAiOnsiY3JlYXRlIjozMDAwMDAwMDAwMDAsImRlbGV0ZSI6MzAwMDAwMDAwMDAwLCJ1cGRhdGUiOjEyMDAwMDAwMDAwMH19",
          "dependencies": [
            "aws_route_table.vpc_security_tgw_2",
            "aws_security_group.allow_all",
            "aws_subnet.vpc_security_private_2",
            "aws_vpc.vpc_security",
            "data.aws_availability_zones.available",
            "module.ngfw2.aws_network_interface.eni-trust"
          ]
        }
      ]
    },
    {
      "mode": "managed",
      "type": "aws_route",
      "name": "vpc_security_trust_1_0",
      "provider": "provider[\"registry.terraform.io/hashicorp/aws\"]",
      "instances": [
        {
          "schema_version": 0,
          "attributes": {
            "carrier_gateway_id": "",
            "destination_cidr_block": "10.0.0.0/8",
            "destination_ipv6_cidr_block": "",
            "destination_prefix_list_id": "",
            "egress_only_gateway_id": "",
            "gateway_id": "",
            "id": "r-rtb-099be2ac94279bd193423270202",
            "instance_id": "",
            "instance_owner_id": "",
            "local_gateway_id": "",
            "nat_gateway_id": "",
            "network_interface_id": "",
            "origin": "CreateRoute",
            "route_table_id": "rtb-099be2ac94279bd19",
            "state": "blackhole",
            "timeouts": null,
            "transit_gateway_id": "tgw-0e89e6f22bbf4ccab",
            "vpc_endpoint_id": "",
            "vpc_peering_connection_id": ""
          },
          "sensitive_attributes": [],
          "private": "eyJlMmJmYjczMC1lY2FhLTExZTYtOGY4OC0zNDM2M2JjN2M0YzAiOnsiY3JlYXRlIjozMDAwMDAwMDAwMDAsImRlbGV0ZSI6MzAwMDAwMDAwMDAwLCJ1cGRhdGUiOjEyMDAwMDAwMDAwMH19",
          "dependencies": [
            "aws_ec2_transit_gateway.tgw",
            "aws_route_table.vpc_security_private_1",
            "aws_vpc.vpc_security"
          ]
        }
      ]
    },
    {
      "mode": "managed",
      "type": "aws_route",
      "name": "vpc_security_trust_2_0",
      "provider": "provider[\"registry.terraform.io/hashicorp/aws\"]",
      "instances": [
        {
          "schema_version": 0,
          "attributes": {
            "carrier_gateway_id": "",
            "destination_cidr_block": "10.0.0.0/8",
            "destination_ipv6_cidr_block": "",
            "destination_prefix_list_id": "",
            "egress_only_gateway_id": "",
            "gateway_id": "",
            "id": "r-rtb-08ab6f177a06a739c3423270202",
            "instance_id": "",
            "instance_owner_id": "",
            "local_gateway_id": "",
            "nat_gateway_id": "",
            "network_interface_id": "",
            "origin": "CreateRoute",
            "route_table_id": "rtb-08ab6f177a06a739c",
            "state": "blackhole",
            "timeouts": null,
            "transit_gateway_id": "tgw-0e89e6f22bbf4ccab",
            "vpc_endpoint_id": "",
            "vpc_peering_connection_id": ""
          },
          "sensitive_attributes": [],
          "private": "eyJlMmJmYjczMC1lY2FhLTExZTYtOGY4OC0zNDM2M2JjN2M0YzAiOnsiY3JlYXRlIjozMDAwMDAwMDAwMDAsImRlbGV0ZSI6MzAwMDAwMDAwMDAwLCJ1cGRhdGUiOjEyMDAwMDAwMDAwMH19",
          "dependencies": [
            "aws_ec2_transit_gateway.tgw",
            "aws_route_table.vpc_security_private_2",
            "aws_vpc.vpc_security"
          ]
        }
      ]
    },
    {
      "mode": "managed",
      "type": "aws_route_table",
      "name": "vpc_security_private_1",
      "provider": "provider[\"registry.terraform.io/hashicorp/aws\"]",
      "instances": [
        {
          "schema_version": 0,
          "attributes": {
            "arn": "arn:aws:ec2:eu-central-1:283901980185:route-table/rtb-099be2ac94279bd19",
            "id": "rtb-099be2ac94279bd19",
            "owner_id": "283901980185",
            "propagating_vgws": [],
            "route": [],
            "tags": {
              "Name": "private_1"
            },
            "tags_all": {
              "Name": "private_1"
            },
            "timeouts": null,
            "vpc_id": "vpc-0fba2b997cd9de3b1"
          },
          "sensitive_attributes": [],
          "private": "eyJlMmJmYjczMC1lY2FhLTExZTYtOGY4OC0zNDM2M2JjN2M0YzAiOnsiY3JlYXRlIjozMDAwMDAwMDAwMDAsImRlbGV0ZSI6MzAwMDAwMDAwMDAwLCJ1cGRhdGUiOjEyMDAwMDAwMDAwMH19",
          "dependencies": [
            "aws_vpc.vpc_security"
          ]
        }
      ]
    },
    {
      "mode": "managed",
      "type": "aws_route_table",
      "name": "vpc_security_private_2",
      "provider": "provider[\"registry.terraform.io/hashicorp/aws\"]",
      "instances": [
        {
          "schema_version": 0,
          "attributes": {
            "arn": "arn:aws:ec2:eu-central-1:283901980185:route-table/rtb-08ab6f177a06a739c",
            "id": "rtb-08ab6f177a06a739c",
            "owner_id": "283901980185",
            "propagating_vgws": [],
            "route": [],
            "tags": {
              "Name": "private_2"
            },
            "tags_all": {
              "Name": "private_2"
            },
            "timeouts": null,
            "vpc_id": "vpc-0fba2b997cd9de3b1"
          },
          "sensitive_attributes": [],
          "private": "eyJlMmJmYjczMC1lY2FhLTExZTYtOGY4OC0zNDM2M2JjN2M0YzAiOnsiY3JlYXRlIjozMDAwMDAwMDAwMDAsImRlbGV0ZSI6MzAwMDAwMDAwMDAwLCJ1cGRhdGUiOjEyMDAwMDAwMDAwMH19",
          "dependencies": [
            "aws_vpc.vpc_security"
          ]
        }
      ]
    },
    {
      "mode": "managed",
      "type": "aws_route_table",
      "name": "vpc_security_tgw_1",
      "provider": "provider[\"registry.terraform.io/hashicorp/aws\"]",
      "instances": [
        {
          "schema_version": 0,
          "attributes": {
            "arn": "arn:aws:ec2:eu-central-1:283901980185:route-table/rtb-084d16a06ce6d0e5a",
            "id": "rtb-084d16a06ce6d0e5a",
            "owner_id": "283901980185",
            "propagating_vgws": [],
            "route": [],
            "tags": {
              "Name": "tgw_1"
            },
            "tags_all": {
              "Name": "tgw_1"
            },
            "timeouts": null,
            "vpc_id": "vpc-0fba2b997cd9de3b1"
          },
          "sensitive_attributes": [],
          "private": "eyJlMmJmYjczMC1lY2FhLTExZTYtOGY4OC0zNDM2M2JjN2M0YzAiOnsiY3JlYXRlIjozMDAwMDAwMDAwMDAsImRlbGV0ZSI6MzAwMDAwMDAwMDAwLCJ1cGRhdGUiOjEyMDAwMDAwMDAwMH19",
          "dependencies": [
            "aws_vpc.vpc_security"
          ]
        }
      ]
    },
    {
      "mode": "managed",
      "type": "aws_route_table",
      "name": "vpc_security_tgw_2",
      "provider": "provider[\"registry.terraform.io/hashicorp/aws\"]",
      "instances": [
        {
          "schema_version": 0,
          "attributes": {
            "arn": "arn:aws:ec2:eu-central-1:283901980185:route-table/rtb-0fb4f3aa6d2e2eccb",
            "id": "rtb-0fb4f3aa6d2e2eccb",
            "owner_id": "283901980185",
            "propagating_vgws": [],
            "route": [],
            "tags": {
              "Name": "tgw_2"
            },
            "tags_all": {
              "Name": "tgw_2"
            },
            "timeouts": null,
            "vpc_id": "vpc-0fba2b997cd9de3b1"
          },
          "sensitive_attributes": [],
          "private": "eyJlMmJmYjczMC1lY2FhLTExZTYtOGY4OC0zNDM2M2JjN2M0YzAiOnsiY3JlYXRlIjozMDAwMDAwMDAwMDAsImRlbGV0ZSI6MzAwMDAwMDAwMDAwLCJ1cGRhdGUiOjEyMDAwMDAwMDAwMH19",
          "dependencies": [
            "aws_vpc.vpc_security"
          ]
        }
      ]
    },
    {
      "mode": "managed",
      "type": "aws_route_table_association",
      "name": "vpc_security_private_1",
      "provider": "provider[\"registry.terraform.io/hashicorp/aws\"]",
      "instances": [
        {
          "schema_version": 0,
          "attributes": {
            "gateway_id": "",
            "id": "rtbassoc-0a9a57dcae4c24cce",
            "route_table_id": "rtb-099be2ac94279bd19",
            "subnet_id": "subnet-0d2a211a2233fdbbf"
          },
          "sensitive_attributes": [],
          "private": "bnVsbA==",
          "dependencies": [
            "aws_route_table.vpc_security_private_1",
            "aws_subnet.vpc_security_private_1",
            "aws_vpc.vpc_security",
            "data.aws_availability_zones.available"
          ]
        }
      ]
    },
    {
      "mode": "managed",
      "type": "aws_route_table_association",
      "name": "vpc_security_private_2",
      "provider": "provider[\"registry.terraform.io/hashicorp/aws\"]",
      "instances": [
        {
          "schema_version": 0,
          "attributes": {
            "gateway_id": "",
            "id": "rtbassoc-082063fcda37c0d1a",
            "route_table_id": "rtb-08ab6f177a06a739c",
            "subnet_id": "subnet-0aa00bbc8e40fac58"
          },
          "sensitive_attributes": [],
          "private": "bnVsbA==",
          "dependencies": [
            "aws_route_table.vpc_security_private_2",
            "aws_subnet.vpc_security_private_2",
            "aws_vpc.vpc_security",
            "data.aws_availability_zones.available"
          ]
        }
      ]
    },
    {
      "mode": "managed",
      "type": "aws_route_table_association",
      "name": "vpc_security_tgw_1",
      "provider": "provider[\"registry.terraform.io/hashicorp/aws\"]",
      "instances": [
        {
          "schema_version": 0,
          "attributes": {
            "gateway_id": "",
            "id": "rtbassoc-0955a6f4ac2b46682",
            "route_table_id": "rtb-084d16a06ce6d0e5a",
            "subnet_id": "subnet-06d22975542b0eac3"
          },
          "sensitive_attributes": [],
          "private": "bnVsbA==",
          "dependencies": [
            "aws_route_table.vpc_security_tgw_1",
            "aws_subnet.vpc_security_tgw_1",
            "aws_vpc.vpc_security",
            "data.aws_availability_zones.available"
          ]
        }
      ]
    },
    {
      "mode": "managed",
      "type": "aws_route_table_association",
      "name": "vpc_security_tgw_2",
      "provider": "provider[\"registry.terraform.io/hashicorp/aws\"]",
      "instances": [
        {
          "schema_version": 0,
          "attributes": {
            "gateway_id": "",
            "id": "rtbassoc-073b5f81e678e0a5c",
            "route_table_id": "rtb-0fb4f3aa6d2e2eccb",
            "subnet_id": "subnet-020afb157b3ca95b6"
          },
          "sensitive_attributes": [],
          "private": "bnVsbA==",
          "dependencies": [
            "aws_route_table.vpc_security_tgw_2",
            "aws_subnet.vpc_security_tgw_2",
            "aws_vpc.vpc_security",
            "data.aws_availability_zones.available"
          ]
        }
      ]
    },
    {
      "mode": "managed",
      "type": "aws_s3_bucket",
      "name": "bootstrap_bucket",
      "provider": "provider[\"registry.terraform.io/hashicorp/aws\"]",
      "instances": [
        {
          "schema_version": 0,
          "attributes": {
            "acceleration_status": "",
            "acl": "private",
            "arn": "arn:aws:s3:::lcw-djs-tgw-bucket",
            "bucket": "lcw-djs-tgw-bucket",
            "bucket_domain_name": "lcw-djs-tgw-bucket.s3.amazonaws.com",
            "bucket_prefix": null,
            "bucket_regional_domain_name": "lcw-djs-tgw-bucket.s3.eu-central-1.amazonaws.com",
            "cors_rule": [],
            "force_destroy": true,
            "grant": [],
            "hosted_zone_id": "Z21DNDUVLTQW6Q",
            "id": "lcw-djs-tgw-bucket",
            "lifecycle_rule": [],
            "logging": [],
            "object_lock_configuration": [],
            "policy": null,
            "region": "eu-central-1",
            "replication_configuration": [],
            "request_payer": "BucketOwner",
            "server_side_encryption_configuration": [],
            "tags": {
              "Name": "bootstrap_bucket"
            },
            "tags_all": {
              "Name": "bootstrap_bucket"
            },
            "versioning": [
              {
                "enabled": false,
                "mfa_delete": false
              }
            ],
            "website": [],
            "website_domain": null,
            "website_endpoint": null
          },
          "sensitive_attributes": [],
          "private": "bnVsbA=="
        }
      ]
    },
    {
      "mode": "managed",
      "type": "aws_s3_bucket",
      "name": "bootstrap_bucket2",
      "provider": "provider[\"registry.terraform.io/hashicorp/aws\"]",
      "instances": [
        {
          "schema_version": 0,
          "attributes": {
            "acceleration_status": "",
            "acl": "private",
            "arn": "arn:aws:s3:::lcw-djs-tgw-bucket2",
            "bucket": "lcw-djs-tgw-bucket2",
            "bucket_domain_name": "lcw-djs-tgw-bucket2.s3.amazonaws.com",
            "bucket_prefix": null,
            "bucket_regional_domain_name": "lcw-djs-tgw-bucket2.s3.eu-central-1.amazonaws.com",
            "cors_rule": [],
            "force_destroy": true,
            "grant": [],
            "hosted_zone_id": "Z21DNDUVLTQW6Q",
            "id": "lcw-djs-tgw-bucket2",
            "lifecycle_rule": [],
            "logging": [],
            "object_lock_configuration": [],
            "policy": null,
            "region": "eu-central-1",
            "replication_configuration": [],
            "request_payer": "BucketOwner",
            "server_side_encryption_configuration": [],
            "tags": {
              "Name": "bootstrap_bucket2"
            },
            "tags_all": {
              "Name": "bootstrap_bucket2"
            },
            "versioning": [
              {
                "enabled": false,
                "mfa_delete": false
              }
            ],
            "website": [],
            "website_domain": null,
            "website_endpoint": null
          },
          "sensitive_attributes": [],
          "private": "bnVsbA=="
        }
      ]
    },
    {
      "mode": "managed",
      "type": "aws_s3_bucket_object",
      "name": "bootstrap_xml",
      "provider": "provider[\"registry.terraform.io/hashicorp/aws\"]",
      "instances": [
        {
          "schema_version": 0,
          "attributes": {
            "acl": "private",
            "bucket": "lcw-djs-tgw-bucket",
            "bucket_key_enabled": false,
            "cache_control": "",
            "content": null,
            "content_base64": null,
            "content_disposition": "",
            "content_encoding": "",
            "content_language": "",
            "content_type": "binary/octet-stream",
            "etag": "7a1002c942bd23e09c4a7dcc71188ba7",
            "force_destroy": false,
            "id": "config/bootstrap.xml",
            "key": "config/bootstrap.xml",
            "kms_key_id": null,
            "metadata": null,
            "object_lock_legal_hold_status": "",
            "object_lock_mode": "",
            "object_lock_retain_until_date": "",
            "server_side_encryption": "",
            "source": "bootstrap_files/bootstrap.xml",
            "source_hash": null,
            "storage_class": "STANDARD",
            "tags": null,
            "tags_all": {},
            "version_id": "",
            "website_redirect": ""
          },
          "sensitive_attributes": [],
          "private": "bnVsbA==",
          "dependencies": [
            "aws_s3_bucket.bootstrap_bucket"
          ]
        }
      ]
    },
    {
      "mode": "managed",
      "type": "aws_s3_bucket_object",
      "name": "bootstrap_xml2",
      "provider": "provider[\"registry.terraform.io/hashicorp/aws\"]",
      "instances": [
        {
          "schema_version": 0,
          "attributes": {
            "acl": "private",
            "bucket": "lcw-djs-tgw-bucket2",
            "bucket_key_enabled": false,
            "cache_control": "",
            "content": null,
            "content_base64": null,
            "content_disposition": "",
            "content_encoding": "",
            "content_language": "",
            "content_type": "binary/octet-stream",
            "etag": "d31b540a609834753d94e7656afa17a2",
            "force_destroy": false,
            "id": "config/bootstrap.xml",
            "key": "config/bootstrap.xml",
            "kms_key_id": null,
            "metadata": null,
            "object_lock_legal_hold_status": "",
            "object_lock_mode": "",
            "object_lock_retain_until_date": "",
            "server_side_encryption": "",
            "source": "bootstrap_files2/bootstrap.xml",
            "source_hash": null,
            "storage_class": "STANDARD",
            "tags": null,
            "tags_all": {},
            "version_id": "",
            "website_redirect": ""
          },
          "sensitive_attributes": [],
          "private": "bnVsbA==",
          "dependencies": [
            "aws_s3_bucket.bootstrap_bucket2"
          ]
        }
      ]
    },
    {
      "mode": "managed",
      "type": "aws_s3_bucket_object",
      "name": "content",
      "provider": "provider[\"registry.terraform.io/hashicorp/aws\"]",
      "instances": [
        {
          "schema_version": 0,
          "attributes": {
            "acl": "private",
            "bucket": "lcw-djs-tgw-bucket",
            "bucket_key_enabled": false,
            "cache_control": "",
            "content": null,
            "content_base64": null,
            "content_disposition": "",
            "content_encoding": "",
            "content_language": "",
            "content_type": "binary/octet-stream",
            "etag": "d41d8cd98f00b204e9800998ecf8427e",
            "force_destroy": false,
            "id": "content/",
            "key": "content/",
            "kms_key_id": null,
            "metadata": null,
            "object_lock_legal_hold_status": "",
            "object_lock_mode": "",
            "object_lock_retain_until_date": "",
            "server_side_encryption": "",
            "source": "/dev/null",
            "source_hash": null,
            "storage_class": "STANDARD",
            "tags": null,
            "tags_all": {},
            "version_id": "",
            "website_redirect": ""
          },
          "sensitive_attributes": [],
          "private": "bnVsbA==",
          "dependencies": [
            "aws_s3_bucket.bootstrap_bucket"
          ]
        }
      ]
    },
    {
      "mode": "managed",
      "type": "aws_s3_bucket_object",
      "name": "content2",
      "provider": "provider[\"registry.terraform.io/hashicorp/aws\"]",
      "instances": [
        {
          "schema_version": 0,
          "attributes": {
            "acl": "private",
            "bucket": "lcw-djs-tgw-bucket2",
            "bucket_key_enabled": false,
            "cache_control": "",
            "content": null,
            "content_base64": null,
            "content_disposition": "",
            "content_encoding": "",
            "content_language": "",
            "content_type": "binary/octet-stream",
            "etag": "d41d8cd98f00b204e9800998ecf8427e",
            "force_destroy": false,
            "id": "content/",
            "key": "content/",
            "kms_key_id": null,
            "metadata": null,
            "object_lock_legal_hold_status": "",
            "object_lock_mode": "",
            "object_lock_retain_until_date": "",
            "server_side_encryption": "",
            "source": "/dev/null",
            "source_hash": null,
            "storage_class": "STANDARD",
            "tags": null,
            "tags_all": {},
            "version_id": "",
            "website_redirect": ""
          },
          "sensitive_attributes": [],
          "private": "bnVsbA==",
          "dependencies": [
            "aws_s3_bucket.bootstrap_bucket2"
          ]
        }
      ]
    },
    {
      "mode": "managed",
      "type": "aws_s3_bucket_object",
      "name": "init-cft_txt",
      "provider": "provider[\"registry.terraform.io/hashicorp/aws\"]",
      "instances": [
        {
          "schema_version": 0,
          "attributes": {
            "acl": "private",
            "bucket": "lcw-djs-tgw-bucket",
            "bucket_key_enabled": false,
            "cache_control": "",
            "content": null,
            "content_base64": null,
            "content_disposition": "",
            "content_encoding": "",
            "content_language": "",
            "content_type": "binary/octet-stream",
            "etag": "5a7b7bb92a55332710b5fe543ffc18da",
            "force_destroy": false,
            "id": "config/init-cfg.txt",
            "key": "config/init-cfg.txt",
            "kms_key_id": null,
            "metadata": null,
            "object_lock_legal_hold_status": "",
            "object_lock_mode": "",
            "object_lock_retain_until_date": "",
            "server_side_encryption": "",
            "source": "bootstrap_files/init-cfg.txt",
            "source_hash": null,
            "storage_class": "STANDARD",
            "tags": null,
            "tags_all": {},
            "version_id": "",
            "website_redirect": ""
          },
          "sensitive_attributes": [],
          "private": "bnVsbA==",
          "dependencies": [
            "aws_s3_bucket.bootstrap_bucket"
          ]
        }
      ]
    },
    {
      "mode": "managed",
      "type": "aws_s3_bucket_object",
      "name": "init-cft_txt2",
      "provider": "provider[\"registry.terraform.io/hashicorp/aws\"]",
      "instances": [
        {
          "schema_version": 0,
          "attributes": {
            "acl": "private",
            "bucket": "lcw-djs-tgw-bucket2",
            "bucket_key_enabled": false,
            "cache_control": "",
            "content": null,
            "content_base64": null,
            "content_disposition": "",
            "content_encoding": "",
            "content_language": "",
            "content_type": "binary/octet-stream",
            "etag": "cfe2dd453f6cf83e09ede658bfc453b7",
            "force_destroy": false,
            "id": "config/init-cfg.txt",
            "key": "config/init-cfg.txt",
            "kms_key_id": null,
            "metadata": null,
            "object_lock_legal_hold_status": "",
            "object_lock_mode": "",
            "object_lock_retain_until_date": "",
            "server_side_encryption": "",
            "source": "bootstrap_files2/init-cfg.txt",
            "source_hash": null,
            "storage_class": "STANDARD",
            "tags": null,
            "tags_all": {},
            "version_id": "",
            "website_redirect": ""
          },
          "sensitive_attributes": [],
          "private": "bnVsbA==",
          "dependencies": [
            "aws_s3_bucket.bootstrap_bucket2"
          ]
        }
      ]
    },
    {
      "mode": "managed",
      "type": "aws_s3_bucket_object",
      "name": "license",
      "provider": "provider[\"registry.terraform.io/hashicorp/aws\"]",
      "instances": [
        {
          "schema_version": 0,
          "attributes": {
            "acl": "private",
            "bucket": "lcw-djs-tgw-bucket",
            "bucket_key_enabled": false,
            "cache_control": "",
            "content": null,
            "content_base64": null,
            "content_disposition": "",
            "content_encoding": "",
            "content_language": "",
            "content_type": "binary/octet-stream",
            "etag": "d41d8cd98f00b204e9800998ecf8427e",
            "force_destroy": false,
            "id": "license/",
            "key": "license/",
            "kms_key_id": null,
            "metadata": null,
            "object_lock_legal_hold_status": "",
            "object_lock_mode": "",
            "object_lock_retain_until_date": "",
            "server_side_encryption": "",
            "source": "/dev/null",
            "source_hash": null,
            "storage_class": "STANDARD",
            "tags": null,
            "tags_all": {},
            "version_id": "",
            "website_redirect": ""
          },
          "sensitive_attributes": [],
          "private": "bnVsbA==",
          "dependencies": [
            "aws_s3_bucket.bootstrap_bucket"
          ]
        }
      ]
    },
    {
      "mode": "managed",
      "type": "aws_s3_bucket_object",
      "name": "license2",
      "provider": "provider[\"registry.terraform.io/hashicorp/aws\"]",
      "instances": [
        {
          "schema_version": 0,
          "attributes": {
            "acl": "private",
            "bucket": "lcw-djs-tgw-bucket2",
            "bucket_key_enabled": false,
            "cache_control": "",
            "content": null,
            "content_base64": null,
            "content_disposition": "",
            "content_encoding": "",
            "content_language": "",
            "content_type": "binary/octet-stream",
            "etag": "d41d8cd98f00b204e9800998ecf8427e",
            "force_destroy": false,
            "id": "license/",
            "key": "license/",
            "kms_key_id": null,
            "metadata": null,
            "object_lock_legal_hold_status": "",
            "object_lock_mode": "",
            "object_lock_retain_until_date": "",
            "server_side_encryption": "",
            "source": "/dev/null",
            "source_hash": null,
            "storage_class": "STANDARD",
            "tags": null,
            "tags_all": {},
            "version_id": "",
            "website_redirect": ""
          },
          "sensitive_attributes": [],
          "private": "bnVsbA==",
          "dependencies": [
            "aws_s3_bucket.bootstrap_bucket2"
          ]
        }
      ]
    },
    {
      "mode": "managed",
      "type": "aws_s3_bucket_object",
      "name": "software",
      "provider": "provider[\"registry.terraform.io/hashicorp/aws\"]",
      "instances": [
        {
          "schema_version": 0,
          "attributes": {
            "acl": "private",
            "bucket": "lcw-djs-tgw-bucket",
            "bucket_key_enabled": false,
            "cache_control": "",
            "content": null,
            "content_base64": null,
            "content_disposition": "",
            "content_encoding": "",
            "content_language": "",
            "content_type": "binary/octet-stream",
            "etag": "d41d8cd98f00b204e9800998ecf8427e",
            "force_destroy": false,
            "id": "software/",
            "key": "software/",
            "kms_key_id": null,
            "metadata": null,
            "object_lock_legal_hold_status": "",
            "object_lock_mode": "",
            "object_lock_retain_until_date": "",
            "server_side_encryption": "",
            "source": "/dev/null",
            "source_hash": null,
            "storage_class": "STANDARD",
            "tags": null,
            "tags_all": {},
            "version_id": "",
            "website_redirect": ""
          },
          "sensitive_attributes": [],
          "private": "bnVsbA==",
          "dependencies": [
            "aws_s3_bucket.bootstrap_bucket"
          ]
        }
      ]
    },
    {
      "mode": "managed",
      "type": "aws_s3_bucket_object",
      "name": "software2",
      "provider": "provider[\"registry.terraform.io/hashicorp/aws\"]",
      "instances": [
        {
          "schema_version": 0,
          "attributes": {
            "acl": "private",
            "bucket": "lcw-djs-tgw-bucket2",
            "bucket_key_enabled": false,
            "cache_control": "",
            "content": null,
            "content_base64": null,
            "content_disposition": "",
            "content_encoding": "",
            "content_language": "",
            "content_type": "binary/octet-stream",
            "etag": "d41d8cd98f00b204e9800998ecf8427e",
            "force_destroy": false,
            "id": "software/",
            "key": "software/",
            "kms_key_id": null,
            "metadata": null,
            "object_lock_legal_hold_status": "",
            "object_lock_mode": "",
            "object_lock_retain_until_date": "",
            "server_side_encryption": "",
            "source": "/dev/null",
            "source_hash": null,
            "storage_class": "STANDARD",
            "tags": null,
            "tags_all": {},
            "version_id": "",
            "website_redirect": ""
          },
          "sensitive_attributes": [],
          "private": "bnVsbA==",
          "dependencies": [
            "aws_s3_bucket.bootstrap_bucket2"
          ]
        }
      ]
    },
    {
      "mode": "managed",
      "type": "aws_security_group",
      "name": "allow_all",
      "provider": "provider[\"registry.terraform.io/hashicorp/aws\"]",
      "instances": [
        {
          "schema_version": 1,
          "attributes": {
            "arn": "arn:aws:ec2:eu-central-1:283901980185:security-group/sg-0d307e6803ec7ae58",
            "description": "Allow all inbound traffic",
            "egress": [],
            "id": "sg-0d307e6803ec7ae58",
            "ingress": [],
            "name": "allow_all",
            "name_prefix": "",
            "owner_id": "283901980185",
            "revoke_rules_on_delete": false,
            "tags": null,
            "tags_all": {},
            "timeouts": null,
            "vpc_id": "vpc-0fba2b997cd9de3b1"
          },
          "sensitive_attributes": [],
          "private": "eyJlMmJmYjczMC1lY2FhLTExZTYtOGY4OC0zNDM2M2JjN2M0YzAiOnsiY3JlYXRlIjo2MDAwMDAwMDAwMDAsImRlbGV0ZSI6OTAwMDAwMDAwMDAwfSwic2NoZW1hX3ZlcnNpb24iOiIxIn0=",
          "dependencies": [
            "aws_vpc.vpc_security"
          ]
        }
      ]
    },
    {
      "mode": "managed",
      "type": "aws_security_group",
      "name": "allow_https_ssh",
      "provider": "provider[\"registry.terraform.io/hashicorp/aws\"]",
      "instances": [
        {
          "schema_version": 1,
          "attributes": {
            "arn": "arn:aws:ec2:eu-central-1:283901980185:security-group/sg-0641f427f1151ee07",
            "description": "Allow HTTPS and SSH inbound traffic",
            "egress": [],
            "id": "sg-0641f427f1151ee07",
            "ingress": [],
            "name": "allow_https_ssh",
            "name_prefix": "",
            "owner_id": "283901980185",
            "revoke_rules_on_delete": false,
            "tags": null,
            "tags_all": {},
            "timeouts": null,
            "vpc_id": "vpc-0fba2b997cd9de3b1"
          },
          "sensitive_attributes": [],
          "private": "eyJlMmJmYjczMC1lY2FhLTExZTYtOGY4OC0zNDM2M2JjN2M0YzAiOnsiY3JlYXRlIjo2MDAwMDAwMDAwMDAsImRlbGV0ZSI6OTAwMDAwMDAwMDAwfSwic2NoZW1hX3ZlcnNpb24iOiIxIn0=",
          "dependencies": [
            "aws_vpc.vpc_security"
          ]
        }
      ]
    },
    {
      "mode": "managed",
      "type": "aws_security_group_rule",
      "name": "allow_all",
      "provider": "provider[\"registry.terraform.io/hashicorp/aws\"]",
      "instances": [
        {
          "schema_version": 2,
          "attributes": {
            "cidr_blocks": [
              "0.0.0.0/0"
            ],
            "description": null,
            "from_port": 0,
            "id": "sgrule-2385296623",
            "ipv6_cidr_blocks": null,
            "prefix_list_ids": null,
            "protocol": "-1",
            "security_group_id": "sg-0641f427f1151ee07",
            "self": false,
            "source_security_group_id": null,
            "to_port": 0,
            "type": "egress"
          },
          "sensitive_attributes": [],
          "private": "eyJzY2hlbWFfdmVyc2lvbiI6IjIifQ==",
          "dependencies": [
            "aws_security_group.allow_https_ssh",
            "aws_vpc.vpc_security"
          ]
        }
      ]
    },
    {
      "mode": "managed",
      "type": "aws_security_group_rule",
      "name": "allow_all_egress",
      "provider": "provider[\"registry.terraform.io/hashicorp/aws\"]",
      "instances": [
        {
          "schema_version": 2,
          "attributes": {
            "cidr_blocks": [
              "0.0.0.0/0"
            ],
            "description": null,
            "from_port": 0,
            "id": "sgrule-3858315427",
            "ipv6_cidr_blocks": null,
            "prefix_list_ids": null,
            "protocol": "-1",
            "security_group_id": "sg-0d307e6803ec7ae58",
            "self": false,
            "source_security_group_id": null,
            "to_port": 0,
            "type": "egress"
          },
          "sensitive_attributes": [],
          "private": "eyJzY2hlbWFfdmVyc2lvbiI6IjIifQ==",
          "dependencies": [
            "aws_security_group.allow_all",
            "aws_vpc.vpc_security"
          ]
        }
      ]
    },
    {
      "mode": "managed",
      "type": "aws_security_group_rule",
      "name": "allow_all_ingress",
      "provider": "provider[\"registry.terraform.io/hashicorp/aws\"]",
      "instances": [
        {
          "schema_version": 2,
          "attributes": {
            "cidr_blocks": [
              "0.0.0.0/0"
            ],
            "description": null,
            "from_port": 0,
            "id": "sgrule-3443009598",
            "ipv6_cidr_blocks": null,
            "prefix_list_ids": null,
            "protocol": "-1",
            "security_group_id": "sg-0d307e6803ec7ae58",
            "self": false,
            "source_security_group_id": null,
            "to_port": 0,
            "type": "ingress"
          },
          "sensitive_attributes": [],
          "private": "eyJzY2hlbWFfdmVyc2lvbiI6IjIifQ==",
          "dependencies": [
            "aws_security_group.allow_all",
            "aws_vpc.vpc_security"
          ]
        }
      ]
    },
    {
      "mode": "managed",
      "type": "aws_security_group_rule",
      "name": "allow_https_ingress",
      "provider": "provider[\"registry.terraform.io/hashicorp/aws\"]",
      "instances": [
        {
          "schema_version": 2,
          "attributes": {
            "cidr_blocks": [
              "0.0.0.0/0"
            ],
            "description": null,
            "from_port": 443,
            "id": "sgrule-4117327939",
            "ipv6_cidr_blocks": null,
            "prefix_list_ids": null,
            "protocol": "tcp",
            "security_group_id": "sg-0641f427f1151ee07",
            "self": false,
            "source_security_group_id": null,
            "to_port": 443,
            "type": "ingress"
          },
          "sensitive_attributes": [],
          "private": "eyJzY2hlbWFfdmVyc2lvbiI6IjIifQ==",
          "dependencies": [
            "aws_security_group.allow_https_ssh",
            "aws_vpc.vpc_security"
          ]
        }
      ]
    },
    {
      "mode": "managed",
      "type": "aws_security_group_rule",
      "name": "allow_ssh_ingress",
      "provider": "provider[\"registry.terraform.io/hashicorp/aws\"]",
      "instances": [
        {
          "schema_version": 2,
          "attributes": {
            "cidr_blocks": [
              "0.0.0.0/0"
            ],
            "description": null,
            "from_port": 22,
            "id": "sgrule-2396307497",
            "ipv6_cidr_blocks": null,
            "prefix_list_ids": null,
            "protocol": "tcp",
            "security_group_id": "sg-0641f427f1151ee07",
            "self": false,
            "source_security_group_id": null,
            "to_port": 22,
            "type": "ingress"
          },
          "sensitive_attributes": [],
          "private": "eyJzY2hlbWFfdmVyc2lvbiI6IjIifQ==",
          "dependencies": [
            "aws_security_group.allow_https_ssh",
            "aws_vpc.vpc_security"
          ]
        }
      ]
    },
    {
      "mode": "managed",
      "type": "aws_subnet",
      "name": "vpc_security_private_1",
      "provider": "provider[\"registry.terraform.io/hashicorp/aws\"]",
      "instances": [
        {
          "schema_version": 1,
          "attributes": {
            "arn": "arn:aws:ec2:eu-central-1:283901980185:subnet/subnet-0d2a211a2233fdbbf",
            "assign_ipv6_address_on_creation": false,
            "availability_zone": "eu-central-1a",
            "availability_zone_id": "euc1-az2",
            "cidr_block": "172.31.2.0/24",
            "customer_owned_ipv4_pool": "",
            "id": "subnet-0d2a211a2233fdbbf",
            "ipv6_cidr_block": "",
            "ipv6_cidr_block_association_id": "",
            "map_customer_owned_ip_on_launch": false,
            "map_public_ip_on_launch": false,
            "outpost_arn": "",
            "owner_id": "283901980185",
            "tags": {
              "Name": "vpc_security_private_1"
            },
            "tags_all": {
              "Name": "vpc_security_private_1"
            },
            "timeouts": null,
            "vpc_id": "vpc-0fba2b997cd9de3b1"
          },
          "sensitive_attributes": [],
          "private": "eyJlMmJmYjczMC1lY2FhLTExZTYtOGY4OC0zNDM2M2JjN2M0YzAiOnsiY3JlYXRlIjo2MDAwMDAwMDAwMDAsImRlbGV0ZSI6MTIwMDAwMDAwMDAwMH0sInNjaGVtYV92ZXJzaW9uIjoiMSJ9",
          "dependencies": [
            "aws_vpc.vpc_security",
            "data.aws_availability_zones.available"
          ]
        }
      ]
    },
    {
      "mode": "managed",
      "type": "aws_subnet",
      "name": "vpc_security_private_2",
      "provider": "provider[\"registry.terraform.io/hashicorp/aws\"]",
      "instances": [
        {
          "schema_version": 1,
          "attributes": {
            "arn": "arn:aws:ec2:eu-central-1:283901980185:subnet/subnet-0aa00bbc8e40fac58",
            "assign_ipv6_address_on_creation": false,
            "availability_zone": "eu-central-1b",
            "availability_zone_id": "euc1-az3",
            "cidr_block": "172.31.5.0/24",
            "customer_owned_ipv4_pool": "",
            "id": "subnet-0aa00bbc8e40fac58",
            "ipv6_cidr_block": "",
            "ipv6_cidr_block_association_id": "",
            "map_customer_owned_ip_on_launch": false,
            "map_public_ip_on_launch": false,
            "outpost_arn": "",
            "owner_id": "283901980185",
            "tags": {
              "Name": "vpc_security_private_2"
            },
            "tags_all": {
              "Name": "vpc_security_private_2"
            },
            "timeouts": null,
            "vpc_id": "vpc-0fba2b997cd9de3b1"
          },
          "sensitive_attributes": [],
          "private": "eyJlMmJmYjczMC1lY2FhLTExZTYtOGY4OC0zNDM2M2JjN2M0YzAiOnsiY3JlYXRlIjo2MDAwMDAwMDAwMDAsImRlbGV0ZSI6MTIwMDAwMDAwMDAwMH0sInNjaGVtYV92ZXJzaW9uIjoiMSJ9",
          "dependencies": [
            "aws_vpc.vpc_security",
            "data.aws_availability_zones.available"
          ]
        }
      ]
    },
    {
      "mode": "managed",
      "type": "aws_subnet",
      "name": "vpc_security_public_1",
      "provider": "provider[\"registry.terraform.io/hashicorp/aws\"]",
      "instances": [
        {
          "schema_version": 1,
          "attributes": {
            "arn": "arn:aws:ec2:eu-central-1:283901980185:subnet/subnet-04459e8c78c31f3f5",
            "assign_ipv6_address_on_creation": false,
            "availability_zone": "eu-central-1a",
            "availability_zone_id": "euc1-az2",
            "cidr_block": "172.31.1.0/24",
            "customer_owned_ipv4_pool": "",
            "id": "subnet-04459e8c78c31f3f5",
            "ipv6_cidr_block": "",
            "ipv6_cidr_block_association_id": "",
            "map_customer_owned_ip_on_launch": false,
            "map_public_ip_on_launch": false,
            "outpost_arn": "",
            "owner_id": "283901980185",
            "tags": {
              "Name": "vpc_security_public_1"
            },
            "tags_all": {
              "Name": "vpc_security_public_1"
            },
            "timeouts": null,
            "vpc_id": "vpc-0fba2b997cd9de3b1"
          },
          "sensitive_attributes": [],
          "private": "eyJlMmJmYjczMC1lY2FhLTExZTYtOGY4OC0zNDM2M2JjN2M0YzAiOnsiY3JlYXRlIjo2MDAwMDAwMDAwMDAsImRlbGV0ZSI6MTIwMDAwMDAwMDAwMH0sInNjaGVtYV92ZXJzaW9uIjoiMSJ9",
          "dependencies": [
            "aws_vpc.vpc_security",
            "data.aws_availability_zones.available"
          ]
        }
      ]
    },
    {
      "mode": "managed",
      "type": "aws_subnet",
      "name": "vpc_security_public_2",
      "provider": "provider[\"registry.terraform.io/hashicorp/aws\"]",
      "instances": [
        {
          "schema_version": 1,
          "attributes": {
            "arn": "arn:aws:ec2:eu-central-1:283901980185:subnet/subnet-0d1ddd8c1ddd26d60",
            "assign_ipv6_address_on_creation": false,
            "availability_zone": "eu-central-1b",
            "availability_zone_id": "euc1-az3",
            "cidr_block": "172.31.4.0/24",
            "customer_owned_ipv4_pool": "",
            "id": "subnet-0d1ddd8c1ddd26d60",
            "ipv6_cidr_block": "",
            "ipv6_cidr_block_association_id": "",
            "map_customer_owned_ip_on_launch": false,
            "map_public_ip_on_launch": false,
            "outpost_arn": "",
            "owner_id": "283901980185",
            "tags": {
              "Name": "vpc_security_public_2"
            },
            "tags_all": {
              "Name": "vpc_security_public_2"
            },
            "timeouts": null,
            "vpc_id": "vpc-0fba2b997cd9de3b1"
          },
          "sensitive_attributes": [],
          "private": "eyJlMmJmYjczMC1lY2FhLTExZTYtOGY4OC0zNDM2M2JjN2M0YzAiOnsiY3JlYXRlIjo2MDAwMDAwMDAwMDAsImRlbGV0ZSI6MTIwMDAwMDAwMDAwMH0sInNjaGVtYV92ZXJzaW9uIjoiMSJ9",
          "dependencies": [
            "aws_vpc.vpc_security",
            "data.aws_availability_zones.available"
          ]
        }
      ]
    },
    {
      "mode": "managed",
      "type": "aws_subnet",
      "name": "vpc_security_tgw_1",
      "provider": "provider[\"registry.terraform.io/hashicorp/aws\"]",
      "instances": [
        {
          "schema_version": 1,
          "attributes": {
            "arn": "arn:aws:ec2:eu-central-1:283901980185:subnet/subnet-06d22975542b0eac3",
            "assign_ipv6_address_on_creation": false,
            "availability_zone": "eu-central-1a",
            "availability_zone_id": "euc1-az2",
            "cidr_block": "172.31.3.0/24",
            "customer_owned_ipv4_pool": "",
            "id": "subnet-06d22975542b0eac3",
            "ipv6_cidr_block": "",
            "ipv6_cidr_block_association_id": "",
            "map_customer_owned_ip_on_launch": false,
            "map_public_ip_on_launch": false,
            "outpost_arn": "",
            "owner_id": "283901980185",
            "tags": {
              "Name": "vpc_security_tgw_1"
            },
            "tags_all": {
              "Name": "vpc_security_tgw_1"
            },
            "timeouts": null,
            "vpc_id": "vpc-0fba2b997cd9de3b1"
          },
          "sensitive_attributes": [],
          "private": "eyJlMmJmYjczMC1lY2FhLTExZTYtOGY4OC0zNDM2M2JjN2M0YzAiOnsiY3JlYXRlIjo2MDAwMDAwMDAwMDAsImRlbGV0ZSI6MTIwMDAwMDAwMDAwMH0sInNjaGVtYV92ZXJzaW9uIjoiMSJ9",
          "dependencies": [
            "aws_vpc.vpc_security",
            "data.aws_availability_zones.available"
          ]
        }
      ]
    },
    {
      "mode": "managed",
      "type": "aws_subnet",
      "name": "vpc_security_tgw_2",
      "provider": "provider[\"registry.terraform.io/hashicorp/aws\"]",
      "instances": [
        {
          "schema_version": 1,
          "attributes": {
            "arn": "arn:aws:ec2:eu-central-1:283901980185:subnet/subnet-020afb157b3ca95b6",
            "assign_ipv6_address_on_creation": false,
            "availability_zone": "eu-central-1b",
            "availability_zone_id": "euc1-az3",
            "cidr_block": "172.31.6.0/24",
            "customer_owned_ipv4_pool": "",
            "id": "subnet-020afb157b3ca95b6",
            "ipv6_cidr_block": "",
            "ipv6_cidr_block_association_id": "",
            "map_customer_owned_ip_on_launch": false,
            "map_public_ip_on_launch": false,
            "outpost_arn": "",
            "owner_id": "283901980185",
            "tags": {
              "Name": "vpc_security_tgw_2"
            },
            "tags_all": {
              "Name": "vpc_security_tgw_2"
            },
            "timeouts": null,
            "vpc_id": "vpc-0fba2b997cd9de3b1"
          },
          "sensitive_attributes": [],
          "private": "eyJlMmJmYjczMC1lY2FhLTExZTYtOGY4OC0zNDM2M2JjN2M0YzAiOnsiY3JlYXRlIjo2MDAwMDAwMDAwMDAsImRlbGV0ZSI6MTIwMDAwMDAwMDAwMH0sInNjaGVtYV92ZXJzaW9uIjoiMSJ9",
          "dependencies": [
            "aws_vpc.vpc_security",
            "data.aws_availability_zones.available"
          ]
        }
      ]
    },
    {
      "mode": "managed",
      "type": "aws_vpc",
      "name": "vpc_security",
      "provider": "provider[\"registry.terraform.io/hashicorp/aws\"]",
      "instances": [
        {
          "schema_version": 1,
          "attributes": {
            "arn": "arn:aws:ec2:eu-central-1:283901980185:vpc/vpc-0fba2b997cd9de3b1",
            "assign_generated_ipv6_cidr_block": false,
            "cidr_block": "172.31.0.0/20",
            "default_network_acl_id": "acl-03b5ae29cc6e48e61",
            "default_route_table_id": "rtb-00943e54c2d280070",
            "default_security_group_id": "sg-06396efaa4a899b36",
            "dhcp_options_id": "dopt-06268da3630ffdbaa",
            "enable_classiclink": null,
            "enable_classiclink_dns_support": null,
            "enable_dns_hostnames": false,
            "enable_dns_support": true,
            "id": "vpc-0fba2b997cd9de3b1",
            "instance_tenancy": "default",
            "ipv4_ipam_pool_id": null,
            "ipv4_netmask_length": null,
            "ipv6_association_id": "",
            "ipv6_cidr_block": "",
            "ipv6_ipam_pool_id": null,
            "ipv6_netmask_length": null,
            "main_route_table_id": "rtb-00943e54c2d280070",
            "owner_id": "283901980185",
            "tags": {
              "Name": "vpc_security"
            },
            "tags_all": {
              "Name": "vpc_security"
            }
          },
          "sensitive_attributes": [],
          "private": "eyJzY2hlbWFfdmVyc2lvbiI6IjEifQ=="
        }
      ]
    },
    {
      "module": "module.ngfw1",
      "mode": "data",
      "type": "aws_ami",
      "name": "panw_ngfw",
      "provider": "provider[\"registry.terraform.io/hashicorp/aws\"]",
      "instances": [
        {
          "schema_version": 0,
          "attributes": {
            "architecture": "x86_64",
            "arn": "arn:aws:ec2:eu-central-1::image/ami-0cea6fce3f14540f3",
            "block_device_mappings": [
              {
                "device_name": "/dev/xvda",
                "ebs": {
                  "delete_on_termination": "false",
                  "encrypted": "false",
                  "iops": "0",
                  "snapshot_id": "snap-0849c3531781b2a3b",
                  "throughput": "0",
                  "volume_size": "60",
                  "volume_type": "gp2"
                },
                "no_device": "",
                "virtual_name": ""
              }
            ],
            "creation_date": "2021-08-10T18:31:36.000Z",
            "description": "[Copied ami-0f5e8e43bd8b9d13e from us-east-1] PA-VM-AWS-10.0.7",
            "ena_support": true,
            "executable_users": null,
            "filter": [
              {
                "name": "name",
                "values": [
                  "PA-VM-AWS-10.0.7*"
                ]
              },
              {
                "name": "owner-alias",
                "values": [
                  "aws-marketplace"
                ]
              },
              {
                "name": "product-code",
                "values": [
                  "6njl1pau431dv1qxipg63mvah"
                ]
              }
            ],
            "hypervisor": "xen",
            "id": "ami-0cea6fce3f14540f3",
            "image_id": "ami-0cea6fce3f14540f3",
            "image_location": "aws-marketplace/PA-VM-AWS-10.0.7-7064e142-2859-40a4-ab62-8b0996b842e9",
            "image_owner_alias": "aws-marketplace",
            "image_type": "machine",
            "kernel_id": null,
            "most_recent": true,
            "name": "PA-VM-AWS-10.0.7-7064e142-2859-40a4-ab62-8b0996b842e9",
            "name_regex": null,
            "owner_id": "679593333241",
            "owners": [
              "aws-marketplace"
            ],
            "platform": null,
            "platform_details": "Linux/UNIX",
            "product_codes": [
              {
                "product_code_id": "6njl1pau431dv1qxipg63mvah",
                "product_code_type": "marketplace"
              }
            ],
            "public": true,
            "ramdisk_id": null,
            "root_device_name": "/dev/xvda",
            "root_device_type": "ebs",
            "root_snapshot_id": "snap-0849c3531781b2a3b",
            "sriov_net_support": "simple",
            "state": "available",
            "state_reason": {
              "code": "UNSET",
              "message": "UNSET"
            },
            "tags": {},
            "usage_operation": "RunInstances",
            "virtualization_type": "hvm"
          },
          "sensitive_attributes": []
        }
      ]
    },
    {
      "module": "module.ngfw1",
      "mode": "data",
      "type": "aws_region",
      "name": "current",
      "provider": "provider[\"registry.terraform.io/hashicorp/aws\"]",
      "instances": [
        {
          "schema_version": 0,
          "attributes": {
            "description": "Europe (Frankfurt)",
            "endpoint": "ec2.eu-central-1.amazonaws.com",
            "id": "eu-central-1",
            "name": "eu-central-1"
          },
          "sensitive_attributes": []
        }
      ]
    },
    {
      "module": "module.ngfw1",
      "mode": "managed",
      "type": "aws_eip",
      "name": "eip-management",
      "provider": "provider[\"registry.terraform.io/hashicorp/aws\"]",
      "instances": [
        {
          "schema_version": 0,
          "attributes": {
            "address": null,
            "allocation_id": "eipalloc-039eb860f8ddcabe2",
            "associate_with_private_ip": null,
            "association_id": "eipassoc-0872d93682f68683f",
            "carrier_ip": "",
            "customer_owned_ip": "",
            "customer_owned_ipv4_pool": "",
            "domain": "vpc",
            "id": "eipalloc-039eb860f8ddcabe2",
            "instance": "",
            "network_border_group": "eu-central-1",
            "network_interface": "eni-0246ded0fd8e66e86",
            "private_dns": "ip-172-31-1-174.eu-central-1.compute.internal",
            "private_ip": "172.31.1.174",
            "public_dns": "ec2-3-67-253-170.eu-central-1.compute.amazonaws.com",
            "public_ip": "3.67.253.170",
            "public_ipv4_pool": "amazon",
            "tags": {
              "Name": "eip_ngfw1_management"
            },
            "tags_all": {
              "Name": "eip_ngfw1_management"
            },
            "timeouts": null,
            "vpc": true
          },
          "sensitive_attributes": [],
          "private": "eyJlMmJmYjczMC1lY2FhLTExZTYtOGY4OC0zNDM2M2JjN2M0YzAiOnsiZGVsZXRlIjoxODAwMDAwMDAwMDAsInJlYWQiOjkwMDAwMDAwMDAwMCwidXBkYXRlIjozMDAwMDAwMDAwMDB9fQ==",
          "dependencies": [
            "aws_security_group.allow_https_ssh",
            "aws_subnet.vpc_security_public_1",
            "aws_vpc.vpc_security",
            "data.aws_availability_zones.available",
            "module.ngfw1.aws_network_interface.eni-management"
          ]
        }
      ]
    },
    {
      "module": "module.ngfw1",
      "mode": "managed",
      "type": "aws_eip",
      "name": "eip-untrust",
      "provider": "provider[\"registry.terraform.io/hashicorp/aws\"]",
      "instances": [
        {
          "schema_version": 0,
          "attributes": {
            "address": null,
            "allocation_id": "eipalloc-0518042f12a5f740c",
            "associate_with_private_ip": null,
            "association_id": "eipassoc-0b314c2b963f677a4",
            "carrier_ip": "",
            "customer_owned_ip": "",
            "customer_owned_ipv4_pool": "",
            "domain": "vpc",
            "id": "eipalloc-0518042f12a5f740c",
            "instance": "",
            "network_border_group": "eu-central-1",
            "network_interface": "eni-055f13478240679a2",
            "private_dns": "ip-172-31-1-45.eu-central-1.compute.internal",
            "private_ip": "172.31.1.45",
            "public_dns": "ec2-18-157-192-179.eu-central-1.compute.amazonaws.com",
            "public_ip": "18.157.192.179",
            "public_ipv4_pool": "amazon",
            "tags": {
              "Name": "eip_ngfw1_untrust"
            },
            "tags_all": {
              "Name": "eip_ngfw1_untrust"
            },
            "timeouts": null,
            "vpc": true
          },
          "sensitive_attributes": [],
          "private": "eyJlMmJmYjczMC1lY2FhLTExZTYtOGY4OC0zNDM2M2JjN2M0YzAiOnsiZGVsZXRlIjoxODAwMDAwMDAwMDAsInJlYWQiOjkwMDAwMDAwMDAwMCwidXBkYXRlIjozMDAwMDAwMDAwMDB9fQ==",
          "dependencies": [
            "aws_security_group.allow_all",
            "aws_subnet.vpc_security_public_1",
            "aws_vpc.vpc_security",
            "data.aws_availability_zones.available",
            "module.ngfw1.aws_network_interface.eni-untrust"
          ]
        }
      ]
    },
    {
      "module": "module.ngfw1",
      "mode": "managed",
      "type": "aws_network_interface",
      "name": "eni-management",
      "provider": "provider[\"registry.terraform.io/hashicorp/aws\"]",
      "instances": [
        {
          "schema_version": 0,
          "attributes": {
            "arn": "arn:aws:ec2:eu-central-1:283901980185:network-interface/eni-0246ded0fd8e66e86",
            "attachment": [],
            "description": "",
            "id": "eni-0246ded0fd8e66e86",
            "interface_type": "interface",
            "ipv4_prefix_count": 0,
            "ipv4_prefixes": [],
            "ipv6_address_count": 0,
            "ipv6_addresses": [],
            "ipv6_prefix_count": 0,
            "ipv6_prefixes": [],
            "mac_address": "02:c8:7c:ab:e4:72",
            "outpost_arn": "",
            "owner_id": "283901980185",
            "private_dns_name": "",
            "private_ip": "172.31.1.174",
            "private_ips": [
              "172.31.1.174"
            ],
            "private_ips_count": 0,
            "security_groups": [
              "sg-0641f427f1151ee07"
            ],
            "source_dest_check": true,
            "subnet_id": "subnet-04459e8c78c31f3f5",
            "tags": {
              "Name": "eni_ngfw1_management"
            },
            "tags_all": {
              "Name": "eni_ngfw1_management"
            }
          },
          "sensitive_attributes": [],
          "private": "bnVsbA==",
          "dependencies": [
            "aws_security_group.allow_https_ssh",
            "aws_subnet.vpc_security_public_1",
            "aws_vpc.vpc_security",
            "data.aws_availability_zones.available"
          ]
        }
      ]
    },
    {
      "module": "module.ngfw1",
      "mode": "managed",
      "type": "aws_network_interface",
      "name": "eni-trust",
      "provider": "provider[\"registry.terraform.io/hashicorp/aws\"]",
      "instances": [
        {
          "schema_version": 0,
          "attributes": {
            "arn": "arn:aws:ec2:eu-central-1:283901980185:network-interface/eni-060c8b6fce38e9ad1",
            "attachment": [],
            "description": "",
            "id": "eni-060c8b6fce38e9ad1",
            "interface_type": "interface",
            "ipv4_prefix_count": 0,
            "ipv4_prefixes": [],
            "ipv6_address_count": 0,
            "ipv6_addresses": [],
            "ipv6_prefix_count": 0,
            "ipv6_prefixes": [],
            "mac_address": "02:b5:34:45:2f:f0",
            "outpost_arn": "",
            "owner_id": "283901980185",
            "private_dns_name": "",
            "private_ip": "172.31.2.45",
            "private_ips": [
              "172.31.2.45"
            ],
            "private_ips_count": 0,
            "security_groups": [
              "sg-0d307e6803ec7ae58"
            ],
            "source_dest_check": false,
            "subnet_id": "subnet-0d2a211a2233fdbbf",
            "tags": {
              "Name": "eni_ngfw1_trust"
            },
            "tags_all": {
              "Name": "eni_ngfw1_trust"
            }
          },
          "sensitive_attributes": [],
          "private": "bnVsbA==",
          "dependencies": [
            "aws_security_group.allow_all",
            "aws_subnet.vpc_security_private_1",
            "aws_vpc.vpc_security",
            "data.aws_availability_zones.available"
          ]
        }
      ]
    },
    {
      "module": "module.ngfw1",
      "mode": "managed",
      "type": "aws_network_interface",
      "name": "eni-untrust",
      "provider": "provider[\"registry.terraform.io/hashicorp/aws\"]",
      "instances": [
        {
          "schema_version": 0,
          "attributes": {
            "arn": "arn:aws:ec2:eu-central-1:283901980185:network-interface/eni-055f13478240679a2",
            "attachment": [],
            "description": "",
            "id": "eni-055f13478240679a2",
            "interface_type": "interface",
            "ipv4_prefix_count": 0,
            "ipv4_prefixes": [],
            "ipv6_address_count": 0,
            "ipv6_addresses": [],
            "ipv6_prefix_count": 0,
            "ipv6_prefixes": [],
            "mac_address": "02:04:2b:c4:fb:d0",
            "outpost_arn": "",
            "owner_id": "283901980185",
            "private_dns_name": "",
            "private_ip": "172.31.1.45",
            "private_ips": [
              "172.31.1.45"
            ],
            "private_ips_count": 0,
            "security_groups": [
              "sg-0d307e6803ec7ae58"
            ],
            "source_dest_check": false,
            "subnet_id": "subnet-04459e8c78c31f3f5",
            "tags": {
              "Name": "eni_ngfw1_untrust"
            },
            "tags_all": {
              "Name": "eni_ngfw1_untrust"
            }
          },
          "sensitive_attributes": [],
          "private": "bnVsbA==",
          "dependencies": [
            "aws_security_group.allow_all",
            "aws_subnet.vpc_security_public_1",
            "aws_vpc.vpc_security",
            "data.aws_availability_zones.available"
          ]
        }
      ]
    },
    {
      "module": "module.ngfw2",
      "mode": "data",
      "type": "aws_ami",
      "name": "panw_ngfw",
      "provider": "provider[\"registry.terraform.io/hashicorp/aws\"]",
      "instances": [
        {
          "schema_version": 0,
          "attributes": {
            "architecture": "x86_64",
            "arn": "arn:aws:ec2:eu-central-1::image/ami-0cea6fce3f14540f3",
            "block_device_mappings": [
              {
                "device_name": "/dev/xvda",
                "ebs": {
                  "delete_on_termination": "false",
                  "encrypted": "false",
                  "iops": "0",
                  "snapshot_id": "snap-0849c3531781b2a3b",
                  "throughput": "0",
                  "volume_size": "60",
                  "volume_type": "gp2"
                },
                "no_device": "",
                "virtual_name": ""
              }
            ],
            "creation_date": "2021-08-10T18:31:36.000Z",
            "description": "[Copied ami-0f5e8e43bd8b9d13e from us-east-1] PA-VM-AWS-10.0.7",
            "ena_support": true,
            "executable_users": null,
            "filter": [
              {
                "name": "name",
                "values": [
                  "PA-VM-AWS-10.0.7*"
                ]
              },
              {
                "name": "owner-alias",
                "values": [
                  "aws-marketplace"
                ]
              },
              {
                "name": "product-code",
                "values": [
                  "6njl1pau431dv1qxipg63mvah"
                ]
              }
            ],
            "hypervisor": "xen",
            "id": "ami-0cea6fce3f14540f3",
            "image_id": "ami-0cea6fce3f14540f3",
            "image_location": "aws-marketplace/PA-VM-AWS-10.0.7-7064e142-2859-40a4-ab62-8b0996b842e9",
            "image_owner_alias": "aws-marketplace",
            "image_type": "machine",
            "kernel_id": null,
            "most_recent": true,
            "name": "PA-VM-AWS-10.0.7-7064e142-2859-40a4-ab62-8b0996b842e9",
            "name_regex": null,
            "owner_id": "679593333241",
            "owners": [
              "aws-marketplace"
            ],
            "platform": null,
            "platform_details": "Linux/UNIX",
            "product_codes": [
              {
                "product_code_id": "6njl1pau431dv1qxipg63mvah",
                "product_code_type": "marketplace"
              }
            ],
            "public": true,
            "ramdisk_id": null,
            "root_device_name": "/dev/xvda",
            "root_device_type": "ebs",
            "root_snapshot_id": "snap-0849c3531781b2a3b",
            "sriov_net_support": "simple",
            "state": "available",
            "state_reason": {
              "code": "UNSET",
              "message": "UNSET"
            },
            "tags": {},
            "usage_operation": "RunInstances",
            "virtualization_type": "hvm"
          },
          "sensitive_attributes": []
        }
      ]
    },
    {
      "module": "module.ngfw2",
      "mode": "data",
      "type": "aws_region",
      "name": "current",
      "provider": "provider[\"registry.terraform.io/hashicorp/aws\"]",
      "instances": [
        {
          "schema_version": 0,
          "attributes": {
            "description": "Europe (Frankfurt)",
            "endpoint": "ec2.eu-central-1.amazonaws.com",
            "id": "eu-central-1",
            "name": "eu-central-1"
          },
          "sensitive_attributes": []
        }
      ]
    },
    {
      "module": "module.ngfw2",
      "mode": "managed",
      "type": "aws_eip",
      "name": "eip-management",
      "provider": "provider[\"registry.terraform.io/hashicorp/aws\"]",
      "instances": [
        {
          "schema_version": 0,
          "attributes": {
            "address": null,
            "allocation_id": "eipalloc-0031ea542ba73cfeb",
            "associate_with_private_ip": null,
            "association_id": "eipassoc-0acdafac35fef1ea0",
            "carrier_ip": "",
            "customer_owned_ip": "",
            "customer_owned_ipv4_pool": "",
            "domain": "vpc",
            "id": "eipalloc-0031ea542ba73cfeb",
            "instance": "",
            "network_border_group": "eu-central-1",
            "network_interface": "eni-032a89ca2ebaccc51",
            "private_dns": "ip-172-31-4-144.eu-central-1.compute.internal",
            "private_ip": "172.31.4.144",
            "public_dns": "ec2-3-67-50-41.eu-central-1.compute.amazonaws.com",
            "public_ip": "3.67.50.41",
            "public_ipv4_pool": "amazon",
            "tags": {
              "Name": "eip_ngfw2_management"
            },
            "tags_all": {
              "Name": "eip_ngfw2_management"
            },
            "timeouts": null,
            "vpc": true
          },
          "sensitive_attributes": [],
          "private": "eyJlMmJmYjczMC1lY2FhLTExZTYtOGY4OC0zNDM2M2JjN2M0YzAiOnsiZGVsZXRlIjoxODAwMDAwMDAwMDAsInJlYWQiOjkwMDAwMDAwMDAwMCwidXBkYXRlIjozMDAwMDAwMDAwMDB9fQ==",
          "dependencies": [
            "aws_security_group.allow_https_ssh",
            "aws_subnet.vpc_security_public_2",
            "aws_vpc.vpc_security",
            "data.aws_availability_zones.available",
            "module.ngfw2.aws_network_interface.eni-management"
          ]
        }
      ]
    },
    {
      "module": "module.ngfw2",
      "mode": "managed",
      "type": "aws_eip",
      "name": "eip-untrust",
      "provider": "provider[\"registry.terraform.io/hashicorp/aws\"]",
      "instances": [
        {
          "schema_version": 0,
          "attributes": {
            "address": null,
            "allocation_id": "eipalloc-0f688ae2d30237d15",
            "associate_with_private_ip": null,
            "association_id": "eipassoc-02ada5599309489a1",
            "carrier_ip": "",
            "customer_owned_ip": "",
            "customer_owned_ipv4_pool": "",
            "domain": "vpc",
            "id": "eipalloc-0f688ae2d30237d15",
            "instance": "",
            "network_border_group": "eu-central-1",
            "network_interface": "eni-086e789d0ca1174c9",
            "private_dns": "ip-172-31-4-45.eu-central-1.compute.internal",
            "private_ip": "172.31.4.45",
            "public_dns": "ec2-3-64-90-69.eu-central-1.compute.amazonaws.com",
            "public_ip": "3.64.90.69",
            "public_ipv4_pool": "amazon",
            "tags": {
              "Name": "eip_ngfw2_untrust"
            },
            "tags_all": {
              "Name": "eip_ngfw2_untrust"
            },
            "timeouts": null,
            "vpc": true
          },
          "sensitive_attributes": [],
          "private": "eyJlMmJmYjczMC1lY2FhLTExZTYtOGY4OC0zNDM2M2JjN2M0YzAiOnsiZGVsZXRlIjoxODAwMDAwMDAwMDAsInJlYWQiOjkwMDAwMDAwMDAwMCwidXBkYXRlIjozMDAwMDAwMDAwMDB9fQ==",
          "dependencies": [
            "aws_security_group.allow_all",
            "aws_subnet.vpc_security_public_2",
            "aws_vpc.vpc_security",
            "data.aws_availability_zones.available",
            "module.ngfw2.aws_network_interface.eni-untrust"
          ]
        }
      ]
    },
    {
      "module": "module.ngfw2",
      "mode": "managed",
      "type": "aws_network_interface",
      "name": "eni-management",
      "provider": "provider[\"registry.terraform.io/hashicorp/aws\"]",
      "instances": [
        {
          "schema_version": 0,
          "attributes": {
            "arn": "arn:aws:ec2:eu-central-1:283901980185:network-interface/eni-032a89ca2ebaccc51",
            "attachment": [],
            "description": "",
            "id": "eni-032a89ca2ebaccc51",
            "interface_type": "interface",
            "ipv4_prefix_count": 0,
            "ipv4_prefixes": [],
            "ipv6_address_count": 0,
            "ipv6_addresses": [],
            "ipv6_prefix_count": 0,
            "ipv6_prefixes": [],
            "mac_address": "06:c0:75:a8:63:da",
            "outpost_arn": "",
            "owner_id": "283901980185",
            "private_dns_name": "",
            "private_ip": "172.31.4.144",
            "private_ips": [
              "172.31.4.144"
            ],
            "private_ips_count": 0,
            "security_groups": [
              "sg-0641f427f1151ee07"
            ],
            "source_dest_check": true,
            "subnet_id": "subnet-0d1ddd8c1ddd26d60",
            "tags": {
              "Name": "eni_ngfw2_management"
            },
            "tags_all": {
              "Name": "eni_ngfw2_management"
            }
          },
          "sensitive_attributes": [],
          "private": "bnVsbA==",
          "dependencies": [
            "aws_security_group.allow_https_ssh",
            "aws_subnet.vpc_security_public_2",
            "aws_vpc.vpc_security",
            "data.aws_availability_zones.available"
          ]
        }
      ]
    },
    {
      "module": "module.ngfw2",
      "mode": "managed",
      "type": "aws_network_interface",
      "name": "eni-trust",
      "provider": "provider[\"registry.terraform.io/hashicorp/aws\"]",
      "instances": [
        {
          "schema_version": 0,
          "attributes": {
            "arn": "arn:aws:ec2:eu-central-1:283901980185:network-interface/eni-06f9413a0573b50ef",
            "attachment": [],
            "description": "",
            "id": "eni-06f9413a0573b50ef",
            "interface_type": "interface",
            "ipv4_prefix_count": 0,
            "ipv4_prefixes": [],
            "ipv6_address_count": 0,
            "ipv6_addresses": [],
            "ipv6_prefix_count": 0,
            "ipv6_prefixes": [],
            "mac_address": "06:f0:4e:5e:d2:7e",
            "outpost_arn": "",
            "owner_id": "283901980185",
            "private_dns_name": "",
            "private_ip": "172.31.5.45",
            "private_ips": [
              "172.31.5.45"
            ],
            "private_ips_count": 0,
            "security_groups": [
              "sg-0d307e6803ec7ae58"
            ],
            "source_dest_check": false,
            "subnet_id": "subnet-0aa00bbc8e40fac58",
            "tags": {
              "Name": "eni_ngfw2_trust"
            },
            "tags_all": {
              "Name": "eni_ngfw2_trust"
            }
          },
          "sensitive_attributes": [],
          "private": "bnVsbA==",
          "dependencies": [
            "aws_security_group.allow_all",
            "aws_subnet.vpc_security_private_2",
            "aws_vpc.vpc_security",
            "data.aws_availability_zones.available"
          ]
        }
      ]
    },
    {
      "module": "module.ngfw2",
      "mode": "managed",
      "type": "aws_network_interface",
      "name": "eni-untrust",
      "provider": "provider[\"registry.terraform.io/hashicorp/aws\"]",
      "instances": [
        {
          "schema_version": 0,
          "attributes": {
            "arn": "arn:aws:ec2:eu-central-1:283901980185:network-interface/eni-086e789d0ca1174c9",
            "attachment": [],
            "description": "",
            "id": "eni-086e789d0ca1174c9",
            "interface_type": "interface",
            "ipv4_prefix_count": 0,
            "ipv4_prefixes": [],
            "ipv6_address_count": 0,
            "ipv6_addresses": [],
            "ipv6_prefix_count": 0,
            "ipv6_prefixes": [],
            "mac_address": "06:aa:a1:9e:b1:90",
            "outpost_arn": "",
            "owner_id": "283901980185",
            "private_dns_name": "",
            "private_ip": "172.31.4.45",
            "private_ips": [
              "172.31.4.45"
            ],
            "private_ips_count": 0,
            "security_groups": [
              "sg-0d307e6803ec7ae58"
            ],
            "source_dest_check": false,
            "subnet_id": "subnet-0d1ddd8c1ddd26d60",
            "tags": {
              "Name": "eni_ngfw2_untrust"
            },
            "tags_all": {
              "Name": "eni_ngfw2_untrust"
            }
          },
          "sensitive_attributes": [],
          "private": "bnVsbA==",
          "dependencies": [
            "aws_security_group.allow_all",
            "aws_subnet.vpc_security_public_2",
            "aws_vpc.vpc_security",
            "data.aws_availability_zones.available"
          ]
        }
      ]
    },
    {
      "module": "module.spoke1",
      "mode": "data",
      "type": "aws_ami",
      "name": "ubuntu",
      "provider": "provider[\"registry.terraform.io/hashicorp/aws\"]",
      "instances": [
        {
          "schema_version": 0,
          "attributes": {
            "architecture": "x86_64",
            "arn": "arn:aws:ec2:eu-central-1::image/ami-0e18ae6e39f4962f0",
            "block_device_mappings": [
              {
                "device_name": "/dev/sda1",
                "ebs": {
                  "delete_on_termination": "true",
                  "encrypted": "false",
                  "iops": "0",
                  "snapshot_id": "snap-07355f7d82ad161e8",
                  "throughput": "0",
                  "volume_size": "8",
                  "volume_type": "gp2"
                },
                "no_device": "",
                "virtual_name": ""
              },
              {
                "device_name": "/dev/sdb",
                "ebs": {},
                "no_device": "",
                "virtual_name": "ephemeral0"
              },
              {
                "device_name": "/dev/sdc",
                "ebs": {},
                "no_device": "",
                "virtual_name": "ephemeral1"
              }
            ],
            "creation_date": "2019-11-11T13:09:57.000Z",
            "description": "Canonical, Ubuntu, 14.04 LTS, amd64 trusty image build on 2019-11-07",
            "ena_support": true,
            "executable_users": null,
            "filter": [
              {
                "name": "name",
                "values": [
                  "ubuntu/images/hvm-ssd/ubuntu-trusty-14.04-amd64-server-*"
                ]
              },
              {
                "name": "virtualization-type",
                "values": [
                  "hvm"
                ]
              }
            ],
            "hypervisor": "xen",
            "id": "ami-0e18ae6e39f4962f0",
            "image_id": "ami-0e18ae6e39f4962f0",
            "image_location": "099720109477/ubuntu/images/hvm-ssd/ubuntu-trusty-14.04-amd64-server-20191107",
            "image_owner_alias": null,
            "image_type": "machine",
            "kernel_id": null,
            "most_recent": true,
            "name": "ubuntu/images/hvm-ssd/ubuntu-trusty-14.04-amd64-server-20191107",
            "name_regex": null,
            "owner_id": "099720109477",
            "owners": [
              "099720109477"
            ],
            "platform": null,
            "platform_details": "Linux/UNIX",
            "product_codes": [],
            "public": true,
            "ramdisk_id": null,
            "root_device_name": "/dev/sda1",
            "root_device_type": "ebs",
            "root_snapshot_id": "snap-07355f7d82ad161e8",
            "sriov_net_support": "simple",
            "state": "available",
            "state_reason": {
              "code": "UNSET",
              "message": "UNSET"
            },
            "tags": {},
            "usage_operation": "RunInstances",
            "virtualization_type": "hvm"
          },
          "sensitive_attributes": []
        }
      ]
    },
    {
      "module": "module.spoke1",
      "mode": "data",
      "type": "aws_availability_zones",
      "name": "available",
      "provider": "provider[\"registry.terraform.io/hashicorp/aws\"]",
      "instances": [
        {
          "schema_version": 0,
          "attributes": {
            "all_availability_zones": null,
            "exclude_names": null,
            "exclude_zone_ids": null,
            "filter": null,
            "group_names": [
              "eu-central-1"
            ],
            "id": "eu-central-1",
            "names": [
              "eu-central-1a",
              "eu-central-1b",
              "eu-central-1c"
            ],
            "state": null,
            "zone_ids": [
              "euc1-az2",
              "euc1-az3",
              "euc1-az1"
            ]
          },
          "sensitive_attributes": []
        }
      ]
    },
    {
      "module": "module.spoke1",
      "mode": "managed",
      "type": "aws_ec2_transit_gateway_route_table_association",
      "name": "vpc_spoke_1",
      "provider": "provider[\"registry.terraform.io/hashicorp/aws\"]",
      "instances": [
        {
          "schema_version": 0,
          "attributes": {
            "id": "tgw-rtb-01b8988f6ed15f5cb_tgw-attach-0d11f11b555e1c069",
            "resource_id": "vpc-0c4c6e1e8d9ecb579",
            "resource_type": "vpc",
            "transit_gateway_attachment_id": "tgw-attach-0d11f11b555e1c069",
            "transit_gateway_route_table_id": "tgw-rtb-01b8988f6ed15f5cb"
          },
          "sensitive_attributes": [],
          "private": "bnVsbA==",
          "dependencies": [
            "aws_ec2_transit_gateway.tgw",
            "aws_ec2_transit_gateway_route_table.tgw_spokes",
            "module.spoke1.aws_ec2_transit_gateway_vpc_attachment.tgw_spoke_attachment",
            "module.spoke1.aws_subnet.primary",
            "module.spoke1.aws_subnet.secondary",
            "module.spoke1.aws_vpc.vpc_spoke",
            "module.spoke1.data.aws_availability_zones.available"
          ]
        }
      ]
    },
    {
      "module": "module.spoke1",
      "mode": "managed",
      "type": "aws_ec2_transit_gateway_route_table_propagation",
      "name": "route_table_propagation",
      "provider": "provider[\"registry.terraform.io/hashicorp/aws\"]",
      "instances": [
        {
          "schema_version": 0,
          "attributes": {
            "id": "tgw-rtb-0ac7b2e328052bd86_tgw-attach-0d11f11b555e1c069",
            "resource_id": "vpc-0c4c6e1e8d9ecb579",
            "resource_type": "vpc",
            "transit_gateway_attachment_id": "tgw-attach-0d11f11b555e1c069",
            "transit_gateway_route_table_id": "tgw-rtb-0ac7b2e328052bd86"
          },
          "sensitive_attributes": [],
          "private": "bnVsbA==",
          "dependencies": [
            "aws_ec2_transit_gateway.tgw",
            "aws_ec2_transit_gateway_route_table.tgw_security",
            "module.spoke1.aws_ec2_transit_gateway_vpc_attachment.tgw_spoke_attachment",
            "module.spoke1.aws_subnet.primary",
            "module.spoke1.aws_subnet.secondary",
            "module.spoke1.aws_vpc.vpc_spoke",
            "module.spoke1.data.aws_availability_zones.available"
          ]
        }
      ]
    },
    {
      "module": "module.spoke1",
      "mode": "managed",
      "type": "aws_ec2_transit_gateway_vpc_attachment",
      "name": "tgw_spoke_attachment",
      "provider": "provider[\"registry.terraform.io/hashicorp/aws\"]",
      "instances": [
        {
          "schema_version": 0,
          "attributes": {
            "appliance_mode_support": "disable",
            "dns_support": "enable",
            "id": "tgw-attach-0d11f11b555e1c069",
            "ipv6_support": "disable",
            "subnet_ids": [
              "subnet-0d6fad84932aca47a",
              "subnet-0e21645de9ec8e026"
            ],
            "tags": {
              "Name": "tgw_attachment_spoke_10.1.0.0/16"
            },
            "tags_all": {
              "Name": "tgw_attachment_spoke_10.1.0.0/16"
            },
            "transit_gateway_default_route_table_association": false,
            "transit_gateway_default_route_table_propagation": false,
            "transit_gateway_id": "tgw-0e89e6f22bbf4ccab",
            "vpc_id": "vpc-0c4c6e1e8d9ecb579",
            "vpc_owner_id": "283901980185"
          },
          "sensitive_attributes": [],
          "private": "bnVsbA==",
          "dependencies": [
            "aws_ec2_transit_gateway.tgw",
            "module.spoke1.aws_subnet.primary",
            "module.spoke1.aws_subnet.secondary",
            "module.spoke1.aws_vpc.vpc_spoke",
            "module.spoke1.data.aws_availability_zones.available"
          ]
        }
      ]
    },
    {
      "module": "module.spoke1",
      "mode": "managed",
      "type": "aws_route",
      "name": "vpc_spoke_route_1",
      "provider": "provider[\"registry.terraform.io/hashicorp/aws\"]",
      "instances": [
        {
          "schema_version": 0,
          "attributes": {
            "carrier_gateway_id": "",
            "destination_cidr_block": "10.0.0.0/8",
            "destination_ipv6_cidr_block": "",
            "destination_prefix_list_id": "",
            "egress_only_gateway_id": "",
            "gateway_id": "",
            "id": "r-rtb-0c9b229131ac512043423270202",
            "instance_id": "",
            "instance_owner_id": "",
            "local_gateway_id": "",
            "nat_gateway_id": "",
            "network_interface_id": "",
            "origin": "CreateRoute",
            "route_table_id": "rtb-0c9b229131ac51204",
            "state": "blackhole",
            "timeouts": null,
            "transit_gateway_id": "tgw-0e89e6f22bbf4ccab",
            "vpc_endpoint_id": "",
            "vpc_peering_connection_id": ""
          },
          "sensitive_attributes": [],
          "private": "eyJlMmJmYjczMC1lY2FhLTExZTYtOGY4OC0zNDM2M2JjN2M0YzAiOnsiY3JlYXRlIjozMDAwMDAwMDAwMDAsImRlbGV0ZSI6MzAwMDAwMDAwMDAwLCJ1cGRhdGUiOjEyMDAwMDAwMDAwMH19",
          "dependencies": [
            "aws_ec2_transit_gateway.tgw",
            "module.spoke1.aws_vpc.vpc_spoke"
          ]
        }
      ]
    },
    {
      "module": "module.spoke1",
      "mode": "managed",
      "type": "aws_route",
      "name": "vpc_spoke_route_2",
      "provider": "provider[\"registry.terraform.io/hashicorp/aws\"]",
      "instances": [
        {
          "schema_version": 0,
          "attributes": {
            "carrier_gateway_id": "",
            "destination_cidr_block": "192.168.0.0/16",
            "destination_ipv6_cidr_block": "",
            "destination_prefix_list_id": "",
            "egress_only_gateway_id": "",
            "gateway_id": "",
            "id": "r-rtb-0c9b229131ac512043901788224",
            "instance_id": "",
            "instance_owner_id": "",
            "local_gateway_id": "",
            "nat_gateway_id": "",
            "network_interface_id": "",
            "origin": "CreateRoute",
            "route_table_id": "rtb-0c9b229131ac51204",
            "state": "blackhole",
            "timeouts": null,
            "transit_gateway_id": "tgw-0e89e6f22bbf4ccab",
            "vpc_endpoint_id": "",
            "vpc_peering_connection_id": ""
          },
          "sensitive_attributes": [],
          "private": "eyJlMmJmYjczMC1lY2FhLTExZTYtOGY4OC0zNDM2M2JjN2M0YzAiOnsiY3JlYXRlIjozMDAwMDAwMDAwMDAsImRlbGV0ZSI6MzAwMDAwMDAwMDAwLCJ1cGRhdGUiOjEyMDAwMDAwMDAwMH19",
          "dependencies": [
            "aws_ec2_transit_gateway.tgw",
            "module.spoke1.aws_vpc.vpc_spoke"
          ]
        }
      ]
    },
    {
      "module": "module.spoke1",
      "mode": "managed",
      "type": "aws_route",
      "name": "vpc_spoke_route_3",
      "provider": "provider[\"registry.terraform.io/hashicorp/aws\"]",
      "instances": [
        {
          "schema_version": 0,
          "attributes": {
            "carrier_gateway_id": "",
            "destination_cidr_block": "0.0.0.0/0",
            "destination_ipv6_cidr_block": "",
            "destination_prefix_list_id": "",
            "egress_only_gateway_id": "",
            "gateway_id": "",
            "id": "r-rtb-0c9b229131ac512041080289494",
            "instance_id": "",
            "instance_owner_id": "",
            "local_gateway_id": "",
            "nat_gateway_id": "",
            "network_interface_id": "",
            "origin": "CreateRoute",
            "route_table_id": "rtb-0c9b229131ac51204",
            "state": "blackhole",
            "timeouts": null,
            "transit_gateway_id": "tgw-0e89e6f22bbf4ccab",
            "vpc_endpoint_id": "",
            "vpc_peering_connection_id": ""
          },
          "sensitive_attributes": [],
          "private": "eyJlMmJmYjczMC1lY2FhLTExZTYtOGY4OC0zNDM2M2JjN2M0YzAiOnsiY3JlYXRlIjozMDAwMDAwMDAwMDAsImRlbGV0ZSI6MzAwMDAwMDAwMDAwLCJ1cGRhdGUiOjEyMDAwMDAwMDAwMH19",
          "dependencies": [
            "aws_ec2_transit_gateway.tgw",
            "module.spoke1.aws_vpc.vpc_spoke"
          ]
        }
      ]
    },
    {
      "module": "module.spoke1",
      "mode": "managed",
      "type": "aws_security_group",
      "name": "server_sg",
      "provider": "provider[\"registry.terraform.io/hashicorp/aws\"]",
      "instances": [
        {
          "schema_version": 1,
          "attributes": {
            "arn": "arn:aws:ec2:eu-central-1:283901980185:security-group/sg-028d40f99b8996b96",
            "description": "Allow select inbound traffic",
            "egress": [],
            "id": "sg-028d40f99b8996b96",
            "ingress": [],
            "name": "server_sg",
            "name_prefix": "",
            "owner_id": "283901980185",
            "revoke_rules_on_delete": false,
            "tags": null,
            "tags_all": {},
            "timeouts": null,
            "vpc_id": "vpc-0c4c6e1e8d9ecb579"
          },
          "sensitive_attributes": [],
          "private": "eyJlMmJmYjczMC1lY2FhLTExZTYtOGY4OC0zNDM2M2JjN2M0YzAiOnsiY3JlYXRlIjo2MDAwMDAwMDAwMDAsImRlbGV0ZSI6OTAwMDAwMDAwMDAwfSwic2NoZW1hX3ZlcnNpb24iOiIxIn0=",
          "dependencies": [
            "module.spoke1.aws_vpc.vpc_spoke"
          ]
        }
      ]
    },
    {
      "module": "module.spoke1",
      "mode": "managed",
      "type": "aws_security_group_rule",
      "name": "allow_server_sg_egress",
      "provider": "provider[\"registry.terraform.io/hashicorp/aws\"]",
      "instances": [
        {
          "schema_version": 2,
          "attributes": {
            "cidr_blocks": [
              "0.0.0.0/0"
            ],
            "description": null,
            "from_port": 0,
            "id": "sgrule-205890024",
            "ipv6_cidr_blocks": null,
            "prefix_list_ids": null,
            "protocol": "-1",
            "security_group_id": "sg-028d40f99b8996b96",
            "self": false,
            "source_security_group_id": null,
            "to_port": 0,
            "type": "egress"
          },
          "sensitive_attributes": [],
          "private": "eyJzY2hlbWFfdmVyc2lvbiI6IjIifQ==",
          "dependencies": [
            "module.spoke1.aws_security_group.server_sg",
            "module.spoke1.aws_vpc.vpc_spoke"
          ]
        }
      ]
    },
    {
      "module": "module.spoke1",
      "mode": "managed",
      "type": "aws_security_group_rule",
      "name": "allow_server_sg_ingress",
      "provider": "provider[\"registry.terraform.io/hashicorp/aws\"]",
      "instances": [
        {
          "schema_version": 2,
          "attributes": {
            "cidr_blocks": [
              "10.0.0.0/8",
              "192.168.0.0/16"
            ],
            "description": null,
            "from_port": 0,
            "id": "sgrule-403187601",
            "ipv6_cidr_blocks": null,
            "prefix_list_ids": null,
            "protocol": "-1",
            "security_group_id": "sg-028d40f99b8996b96",
            "self": false,
            "source_security_group_id": null,
            "to_port": 0,
            "type": "ingress"
          },
          "sensitive_attributes": [],
          "private": "eyJzY2hlbWFfdmVyc2lvbiI6IjIifQ==",
          "dependencies": [
            "module.spoke1.aws_security_group.server_sg",
            "module.spoke1.aws_vpc.vpc_spoke"
          ]
        }
      ]
    },
    {
      "module": "module.spoke1",
      "mode": "managed",
      "type": "aws_subnet",
      "name": "primary",
      "provider": "provider[\"registry.terraform.io/hashicorp/aws\"]",
      "instances": [
        {
          "schema_version": 1,
          "attributes": {
            "arn": "arn:aws:ec2:eu-central-1:283901980185:subnet/subnet-0d6fad84932aca47a",
            "assign_ipv6_address_on_creation": false,
            "availability_zone": "eu-central-1a",
            "availability_zone_id": "euc1-az2",
            "cidr_block": "10.1.1.0/24",
            "customer_owned_ipv4_pool": "",
            "id": "subnet-0d6fad84932aca47a",
            "ipv6_cidr_block": "",
            "ipv6_cidr_block_association_id": "",
            "map_customer_owned_ip_on_launch": false,
            "map_public_ip_on_launch": false,
            "outpost_arn": "",
            "owner_id": "283901980185",
            "tags": {
              "Name": "vpc_spokeA_10.1.1.0/24"
            },
            "tags_all": {
              "Name": "vpc_spokeA_10.1.1.0/24"
            },
            "timeouts": null,
            "vpc_id": "vpc-0c4c6e1e8d9ecb579"
          },
          "sensitive_attributes": [],
          "private": "eyJlMmJmYjczMC1lY2FhLTExZTYtOGY4OC0zNDM2M2JjN2M0YzAiOnsiY3JlYXRlIjo2MDAwMDAwMDAwMDAsImRlbGV0ZSI6MTIwMDAwMDAwMDAwMH0sInNjaGVtYV92ZXJzaW9uIjoiMSJ9",
          "dependencies": [
            "module.spoke1.aws_vpc.vpc_spoke",
            "module.spoke1.data.aws_availability_zones.available"
          ]
        }
      ]
    },
    {
      "module": "module.spoke1",
      "mode": "managed",
      "type": "aws_subnet",
      "name": "secondary",
      "provider": "provider[\"registry.terraform.io/hashicorp/aws\"]",
      "instances": [
        {
          "schema_version": 1,
          "attributes": {
            "arn": "arn:aws:ec2:eu-central-1:283901980185:subnet/subnet-0e21645de9ec8e026",
            "assign_ipv6_address_on_creation": false,
            "availability_zone": "eu-central-1b",
            "availability_zone_id": "euc1-az3",
            "cidr_block": "10.1.2.0/24",
            "customer_owned_ipv4_pool": "",
            "id": "subnet-0e21645de9ec8e026",
            "ipv6_cidr_block": "",
            "ipv6_cidr_block_association_id": "",
            "map_customer_owned_ip_on_launch": false,
            "map_public_ip_on_launch": false,
            "outpost_arn": "",
            "owner_id": "283901980185",
            "tags": {
              "Name": "vpc_spokeB_10.1.2.0/24"
            },
            "tags_all": {
              "Name": "vpc_spokeB_10.1.2.0/24"
            },
            "timeouts": null,
            "vpc_id": "vpc-0c4c6e1e8d9ecb579"
          },
          "sensitive_attributes": [],
          "private": "eyJlMmJmYjczMC1lY2FhLTExZTYtOGY4OC0zNDM2M2JjN2M0YzAiOnsiY3JlYXRlIjo2MDAwMDAwMDAwMDAsImRlbGV0ZSI6MTIwMDAwMDAwMDAwMH0sInNjaGVtYV92ZXJzaW9uIjoiMSJ9",
          "dependencies": [
            "module.spoke1.aws_vpc.vpc_spoke",
            "module.spoke1.data.aws_availability_zones.available"
          ]
        }
      ]
    },
    {
      "module": "module.spoke1",
      "mode": "managed",
      "type": "aws_vpc",
      "name": "vpc_spoke",
      "provider": "provider[\"registry.terraform.io/hashicorp/aws\"]",
      "instances": [
        {
          "schema_version": 1,
          "attributes": {
            "arn": "arn:aws:ec2:eu-central-1:283901980185:vpc/vpc-0c4c6e1e8d9ecb579",
            "assign_generated_ipv6_cidr_block": false,
            "cidr_block": "10.1.0.0/16",
            "default_network_acl_id": "acl-044ff50785c478b0e",
            "default_route_table_id": "rtb-0c9b229131ac51204",
            "default_security_group_id": "sg-0c821f97b91afbdfa",
            "dhcp_options_id": "dopt-06268da3630ffdbaa",
            "enable_classiclink": null,
            "enable_classiclink_dns_support": null,
            "enable_dns_hostnames": false,
            "enable_dns_support": true,
            "id": "vpc-0c4c6e1e8d9ecb579",
            "instance_tenancy": "default",
            "ipv4_ipam_pool_id": null,
            "ipv4_netmask_length": null,
            "ipv6_association_id": "",
            "ipv6_cidr_block": "",
            "ipv6_ipam_pool_id": null,
            "ipv6_netmask_length": null,
            "main_route_table_id": "rtb-0c9b229131ac51204",
            "owner_id": "283901980185",
            "tags": {
              "Name": "vpc_spoke_10.1.0.0/16"
            },
            "tags_all": {
              "Name": "vpc_spoke_10.1.0.0/16"
            }
          },
          "sensitive_attributes": [],
          "private": "eyJzY2hlbWFfdmVyc2lvbiI6IjEifQ=="
        }
      ]
    },
    {
      "module": "module.spoke2",
      "mode": "data",
      "type": "aws_ami",
      "name": "ubuntu",
      "provider": "provider[\"registry.terraform.io/hashicorp/aws\"]",
      "instances": [
        {
          "schema_version": 0,
          "attributes": {
            "architecture": "x86_64",
            "arn": "arn:aws:ec2:eu-central-1::image/ami-0e18ae6e39f4962f0",
            "block_device_mappings": [
              {
                "device_name": "/dev/sda1",
                "ebs": {
                  "delete_on_termination": "true",
                  "encrypted": "false",
                  "iops": "0",
                  "snapshot_id": "snap-07355f7d82ad161e8",
                  "throughput": "0",
                  "volume_size": "8",
                  "volume_type": "gp2"
                },
                "no_device": "",
                "virtual_name": ""
              },
              {
                "device_name": "/dev/sdb",
                "ebs": {},
                "no_device": "",
                "virtual_name": "ephemeral0"
              },
              {
                "device_name": "/dev/sdc",
                "ebs": {},
                "no_device": "",
                "virtual_name": "ephemeral1"
              }
            ],
            "creation_date": "2019-11-11T13:09:57.000Z",
            "description": "Canonical, Ubuntu, 14.04 LTS, amd64 trusty image build on 2019-11-07",
            "ena_support": true,
            "executable_users": null,
            "filter": [
              {
                "name": "name",
                "values": [
                  "ubuntu/images/hvm-ssd/ubuntu-trusty-14.04-amd64-server-*"
                ]
              },
              {
                "name": "virtualization-type",
                "values": [
                  "hvm"
                ]
              }
            ],
            "hypervisor": "xen",
            "id": "ami-0e18ae6e39f4962f0",
            "image_id": "ami-0e18ae6e39f4962f0",
            "image_location": "099720109477/ubuntu/images/hvm-ssd/ubuntu-trusty-14.04-amd64-server-20191107",
            "image_owner_alias": null,
            "image_type": "machine",
            "kernel_id": null,
            "most_recent": true,
            "name": "ubuntu/images/hvm-ssd/ubuntu-trusty-14.04-amd64-server-20191107",
            "name_regex": null,
            "owner_id": "099720109477",
            "owners": [
              "099720109477"
            ],
            "platform": null,
            "platform_details": "Linux/UNIX",
            "product_codes": [],
            "public": true,
            "ramdisk_id": null,
            "root_device_name": "/dev/sda1",
            "root_device_type": "ebs",
            "root_snapshot_id": "snap-07355f7d82ad161e8",
            "sriov_net_support": "simple",
            "state": "available",
            "state_reason": {
              "code": "UNSET",
              "message": "UNSET"
            },
            "tags": {},
            "usage_operation": "RunInstances",
            "virtualization_type": "hvm"
          },
          "sensitive_attributes": []
        }
      ]
    },
    {
      "module": "module.spoke2",
      "mode": "data",
      "type": "aws_availability_zones",
      "name": "available",
      "provider": "provider[\"registry.terraform.io/hashicorp/aws\"]",
      "instances": [
        {
          "schema_version": 0,
          "attributes": {
            "all_availability_zones": null,
            "exclude_names": null,
            "exclude_zone_ids": null,
            "filter": null,
            "group_names": [
              "eu-central-1"
            ],
            "id": "eu-central-1",
            "names": [
              "eu-central-1a",
              "eu-central-1b",
              "eu-central-1c"
            ],
            "state": null,
            "zone_ids": [
              "euc1-az2",
              "euc1-az3",
              "euc1-az1"
            ]
          },
          "sensitive_attributes": []
        }
      ]
    },
    {
      "module": "module.spoke2",
      "mode": "managed",
      "type": "aws_ec2_transit_gateway_route_table_association",
      "name": "vpc_spoke_1",
      "provider": "provider[\"registry.terraform.io/hashicorp/aws\"]",
      "instances": [
        {
          "schema_version": 0,
          "attributes": {
            "id": "tgw-rtb-01b8988f6ed15f5cb_tgw-attach-0c73cbc9a0faa2991",
            "resource_id": "vpc-0c834bfc489bd48a6",
            "resource_type": "vpc",
            "transit_gateway_attachment_id": "tgw-attach-0c73cbc9a0faa2991",
            "transit_gateway_route_table_id": "tgw-rtb-01b8988f6ed15f5cb"
          },
          "sensitive_attributes": [],
          "private": "bnVsbA==",
          "dependencies": [
            "aws_ec2_transit_gateway.tgw",
            "aws_ec2_transit_gateway_route_table.tgw_spokes",
            "module.spoke2.aws_ec2_transit_gateway_vpc_attachment.tgw_spoke_attachment",
            "module.spoke2.aws_subnet.primary",
            "module.spoke2.aws_subnet.secondary",
            "module.spoke2.aws_vpc.vpc_spoke",
            "module.spoke2.data.aws_availability_zones.available"
          ]
        }
      ]
    },
    {
      "module": "module.spoke2",
      "mode": "managed",
      "type": "aws_ec2_transit_gateway_route_table_propagation",
      "name": "route_table_propagation",
      "provider": "provider[\"registry.terraform.io/hashicorp/aws\"]",
      "instances": [
        {
          "schema_version": 0,
          "attributes": {
            "id": "tgw-rtb-0ac7b2e328052bd86_tgw-attach-0c73cbc9a0faa2991",
            "resource_id": "vpc-0c834bfc489bd48a6",
            "resource_type": "vpc",
            "transit_gateway_attachment_id": "tgw-attach-0c73cbc9a0faa2991",
            "transit_gateway_route_table_id": "tgw-rtb-0ac7b2e328052bd86"
          },
          "sensitive_attributes": [],
          "private": "bnVsbA==",
          "dependencies": [
            "aws_ec2_transit_gateway.tgw",
            "aws_ec2_transit_gateway_route_table.tgw_security",
            "module.spoke2.aws_ec2_transit_gateway_vpc_attachment.tgw_spoke_attachment",
            "module.spoke2.aws_subnet.primary",
            "module.spoke2.aws_subnet.secondary",
            "module.spoke2.aws_vpc.vpc_spoke",
            "module.spoke2.data.aws_availability_zones.available"
          ]
        }
      ]
    },
    {
      "module": "module.spoke2",
      "mode": "managed",
      "type": "aws_ec2_transit_gateway_vpc_attachment",
      "name": "tgw_spoke_attachment",
      "provider": "provider[\"registry.terraform.io/hashicorp/aws\"]",
      "instances": [
        {
          "schema_version": 0,
          "attributes": {
            "appliance_mode_support": "disable",
            "dns_support": "enable",
            "id": "tgw-attach-0c73cbc9a0faa2991",
            "ipv6_support": "disable",
            "subnet_ids": [
              "subnet-058d7de757265e1d1",
              "subnet-0c0fb971412b5491b"
            ],
            "tags": {
              "Name": "tgw_attachment_spoke_10.2.0.0/16"
            },
            "tags_all": {
              "Name": "tgw_attachment_spoke_10.2.0.0/16"
            },
            "transit_gateway_default_route_table_association": false,
            "transit_gateway_default_route_table_propagation": false,
            "transit_gateway_id": "tgw-0e89e6f22bbf4ccab",
            "vpc_id": "vpc-0c834bfc489bd48a6",
            "vpc_owner_id": "283901980185"
          },
          "sensitive_attributes": [],
          "private": "bnVsbA==",
          "dependencies": [
            "aws_ec2_transit_gateway.tgw",
            "module.spoke2.aws_subnet.primary",
            "module.spoke2.aws_subnet.secondary",
            "module.spoke2.aws_vpc.vpc_spoke",
            "module.spoke2.data.aws_availability_zones.available"
          ]
        }
      ]
    },
    {
      "module": "module.spoke2",
      "mode": "managed",
      "type": "aws_route",
      "name": "vpc_spoke_route_1",
      "provider": "provider[\"registry.terraform.io/hashicorp/aws\"]",
      "instances": [
        {
          "schema_version": 0,
          "attributes": {
            "carrier_gateway_id": "",
            "destination_cidr_block": "10.0.0.0/8",
            "destination_ipv6_cidr_block": "",
            "destination_prefix_list_id": "",
            "egress_only_gateway_id": "",
            "gateway_id": "",
            "id": "r-rtb-0a70e620e83fc7a5d3423270202",
            "instance_id": "",
            "instance_owner_id": "",
            "local_gateway_id": "",
            "nat_gateway_id": "",
            "network_interface_id": "",
            "origin": "CreateRoute",
            "route_table_id": "rtb-0a70e620e83fc7a5d",
            "state": "blackhole",
            "timeouts": null,
            "transit_gateway_id": "tgw-0e89e6f22bbf4ccab",
            "vpc_endpoint_id": "",
            "vpc_peering_connection_id": ""
          },
          "sensitive_attributes": [],
          "private": "eyJlMmJmYjczMC1lY2FhLTExZTYtOGY4OC0zNDM2M2JjN2M0YzAiOnsiY3JlYXRlIjozMDAwMDAwMDAwMDAsImRlbGV0ZSI6MzAwMDAwMDAwMDAwLCJ1cGRhdGUiOjEyMDAwMDAwMDAwMH19",
          "dependencies": [
            "aws_ec2_transit_gateway.tgw",
            "module.spoke2.aws_vpc.vpc_spoke"
          ]
        }
      ]
    },
    {
      "module": "module.spoke2",
      "mode": "managed",
      "type": "aws_route",
      "name": "vpc_spoke_route_2",
      "provider": "provider[\"registry.terraform.io/hashicorp/aws\"]",
      "instances": [
        {
          "schema_version": 0,
          "attributes": {
            "carrier_gateway_id": "",
            "destination_cidr_block": "192.168.0.0/16",
            "destination_ipv6_cidr_block": "",
            "destination_prefix_list_id": "",
            "egress_only_gateway_id": "",
            "gateway_id": "",
            "id": "r-rtb-0a70e620e83fc7a5d3901788224",
            "instance_id": "",
            "instance_owner_id": "",
            "local_gateway_id": "",
            "nat_gateway_id": "",
            "network_interface_id": "",
            "origin": "CreateRoute",
            "route_table_id": "rtb-0a70e620e83fc7a5d",
            "state": "blackhole",
            "timeouts": null,
            "transit_gateway_id": "tgw-0e89e6f22bbf4ccab",
            "vpc_endpoint_id": "",
            "vpc_peering_connection_id": ""
          },
          "sensitive_attributes": [],
          "private": "eyJlMmJmYjczMC1lY2FhLTExZTYtOGY4OC0zNDM2M2JjN2M0YzAiOnsiY3JlYXRlIjozMDAwMDAwMDAwMDAsImRlbGV0ZSI6MzAwMDAwMDAwMDAwLCJ1cGRhdGUiOjEyMDAwMDAwMDAwMH19",
          "dependencies": [
            "aws_ec2_transit_gateway.tgw",
            "module.spoke2.aws_vpc.vpc_spoke"
          ]
        }
      ]
    },
    {
      "module": "module.spoke2",
      "mode": "managed",
      "type": "aws_route",
      "name": "vpc_spoke_route_3",
      "provider": "provider[\"registry.terraform.io/hashicorp/aws\"]",
      "instances": [
        {
          "schema_version": 0,
          "attributes": {
            "carrier_gateway_id": "",
            "destination_cidr_block": "0.0.0.0/0",
            "destination_ipv6_cidr_block": "",
            "destination_prefix_list_id": "",
            "egress_only_gateway_id": "",
            "gateway_id": "",
            "id": "r-rtb-0a70e620e83fc7a5d1080289494",
            "instance_id": "",
            "instance_owner_id": "",
            "local_gateway_id": "",
            "nat_gateway_id": "",
            "network_interface_id": "",
            "origin": "CreateRoute",
            "route_table_id": "rtb-0a70e620e83fc7a5d",
            "state": "blackhole",
            "timeouts": null,
            "transit_gateway_id": "tgw-0e89e6f22bbf4ccab",
            "vpc_endpoint_id": "",
            "vpc_peering_connection_id": ""
          },
          "sensitive_attributes": [],
          "private": "eyJlMmJmYjczMC1lY2FhLTExZTYtOGY4OC0zNDM2M2JjN2M0YzAiOnsiY3JlYXRlIjozMDAwMDAwMDAwMDAsImRlbGV0ZSI6MzAwMDAwMDAwMDAwLCJ1cGRhdGUiOjEyMDAwMDAwMDAwMH19",
          "dependencies": [
            "aws_ec2_transit_gateway.tgw",
            "module.spoke2.aws_vpc.vpc_spoke"
          ]
        }
      ]
    },
    {
      "module": "module.spoke2",
      "mode": "managed",
      "type": "aws_security_group",
      "name": "server_sg",
      "provider": "provider[\"registry.terraform.io/hashicorp/aws\"]",
      "instances": [
        {
          "schema_version": 1,
          "attributes": {
            "arn": "arn:aws:ec2:eu-central-1:283901980185:security-group/sg-01ddffb1ea35d5aab",
            "description": "Allow select inbound traffic",
            "egress": [],
            "id": "sg-01ddffb1ea35d5aab",
            "ingress": [],
            "name": "server_sg",
            "name_prefix": "",
            "owner_id": "283901980185",
            "revoke_rules_on_delete": false,
            "tags": null,
            "tags_all": {},
            "timeouts": null,
            "vpc_id": "vpc-0c834bfc489bd48a6"
          },
          "sensitive_attributes": [],
          "private": "eyJlMmJmYjczMC1lY2FhLTExZTYtOGY4OC0zNDM2M2JjN2M0YzAiOnsiY3JlYXRlIjo2MDAwMDAwMDAwMDAsImRlbGV0ZSI6OTAwMDAwMDAwMDAwfSwic2NoZW1hX3ZlcnNpb24iOiIxIn0=",
          "dependencies": [
            "module.spoke2.aws_vpc.vpc_spoke"
          ]
        }
      ]
    },
    {
      "module": "module.spoke2",
      "mode": "managed",
      "type": "aws_security_group_rule",
      "name": "allow_server_sg_egress",
      "provider": "provider[\"registry.terraform.io/hashicorp/aws\"]",
      "instances": [
        {
          "schema_version": 2,
          "attributes": {
            "cidr_blocks": [
              "0.0.0.0/0"
            ],
            "description": null,
            "from_port": 0,
            "id": "sgrule-2250705827",
            "ipv6_cidr_blocks": null,
            "prefix_list_ids": null,
            "protocol": "-1",
            "security_group_id": "sg-01ddffb1ea35d5aab",
            "self": false,
            "source_security_group_id": null,
            "to_port": 0,
            "type": "egress"
          },
          "sensitive_attributes": [],
          "private": "eyJzY2hlbWFfdmVyc2lvbiI6IjIifQ==",
          "dependencies": [
            "module.spoke2.aws_security_group.server_sg",
            "module.spoke2.aws_vpc.vpc_spoke"
          ]
        }
      ]
    },
    {
      "module": "module.spoke2",
      "mode": "managed",
      "type": "aws_security_group_rule",
      "name": "allow_server_sg_ingress",
      "provider": "provider[\"registry.terraform.io/hashicorp/aws\"]",
      "instances": [
        {
          "schema_version": 2,
          "attributes": {
            "cidr_blocks": [
              "10.0.0.0/8",
              "192.168.0.0/16"
            ],
            "description": null,
            "from_port": 0,
            "id": "sgrule-4098472913",
            "ipv6_cidr_blocks": null,
            "prefix_list_ids": null,
            "protocol": "-1",
            "security_group_id": "sg-01ddffb1ea35d5aab",
            "self": false,
            "source_security_group_id": null,
            "to_port": 0,
            "type": "ingress"
          },
          "sensitive_attributes": [],
          "private": "eyJzY2hlbWFfdmVyc2lvbiI6IjIifQ==",
          "dependencies": [
            "module.spoke2.aws_security_group.server_sg",
            "module.spoke2.aws_vpc.vpc_spoke"
          ]
        }
      ]
    },
    {
      "module": "module.spoke2",
      "mode": "managed",
      "type": "aws_subnet",
      "name": "primary",
      "provider": "provider[\"registry.terraform.io/hashicorp/aws\"]",
      "instances": [
        {
          "schema_version": 1,
          "attributes": {
            "arn": "arn:aws:ec2:eu-central-1:283901980185:subnet/subnet-0c0fb971412b5491b",
            "assign_ipv6_address_on_creation": false,
            "availability_zone": "eu-central-1a",
            "availability_zone_id": "euc1-az2",
            "cidr_block": "10.2.1.0/24",
            "customer_owned_ipv4_pool": "",
            "id": "subnet-0c0fb971412b5491b",
            "ipv6_cidr_block": "",
            "ipv6_cidr_block_association_id": "",
            "map_customer_owned_ip_on_launch": false,
            "map_public_ip_on_launch": false,
            "outpost_arn": "",
            "owner_id": "283901980185",
            "tags": {
              "Name": "vpc_spokeA_10.2.1.0/24"
            },
            "tags_all": {
              "Name": "vpc_spokeA_10.2.1.0/24"
            },
            "timeouts": null,
            "vpc_id": "vpc-0c834bfc489bd48a6"
          },
          "sensitive_attributes": [],
          "private": "eyJlMmJmYjczMC1lY2FhLTExZTYtOGY4OC0zNDM2M2JjN2M0YzAiOnsiY3JlYXRlIjo2MDAwMDAwMDAwMDAsImRlbGV0ZSI6MTIwMDAwMDAwMDAwMH0sInNjaGVtYV92ZXJzaW9uIjoiMSJ9",
          "dependencies": [
            "module.spoke2.aws_vpc.vpc_spoke",
            "module.spoke2.data.aws_availability_zones.available"
          ]
        }
      ]
    },
    {
      "module": "module.spoke2",
      "mode": "managed",
      "type": "aws_subnet",
      "name": "secondary",
      "provider": "provider[\"registry.terraform.io/hashicorp/aws\"]",
      "instances": [
        {
          "schema_version": 1,
          "attributes": {
            "arn": "arn:aws:ec2:eu-central-1:283901980185:subnet/subnet-058d7de757265e1d1",
            "assign_ipv6_address_on_creation": false,
            "availability_zone": "eu-central-1b",
            "availability_zone_id": "euc1-az3",
            "cidr_block": "10.2.2.0/24",
            "customer_owned_ipv4_pool": "",
            "id": "subnet-058d7de757265e1d1",
            "ipv6_cidr_block": "",
            "ipv6_cidr_block_association_id": "",
            "map_customer_owned_ip_on_launch": false,
            "map_public_ip_on_launch": false,
            "outpost_arn": "",
            "owner_id": "283901980185",
            "tags": {
              "Name": "vpc_spokeB_10.2.2.0/24"
            },
            "tags_all": {
              "Name": "vpc_spokeB_10.2.2.0/24"
            },
            "timeouts": null,
            "vpc_id": "vpc-0c834bfc489bd48a6"
          },
          "sensitive_attributes": [],
          "private": "eyJlMmJmYjczMC1lY2FhLTExZTYtOGY4OC0zNDM2M2JjN2M0YzAiOnsiY3JlYXRlIjo2MDAwMDAwMDAwMDAsImRlbGV0ZSI6MTIwMDAwMDAwMDAwMH0sInNjaGVtYV92ZXJzaW9uIjoiMSJ9",
          "dependencies": [
            "module.spoke2.aws_vpc.vpc_spoke",
            "module.spoke2.data.aws_availability_zones.available"
          ]
        }
      ]
    },
    {
      "module": "module.spoke2",
      "mode": "managed",
      "type": "aws_vpc",
      "name": "vpc_spoke",
      "provider": "provider[\"registry.terraform.io/hashicorp/aws\"]",
      "instances": [
        {
          "schema_version": 1,
          "attributes": {
            "arn": "arn:aws:ec2:eu-central-1:283901980185:vpc/vpc-0c834bfc489bd48a6",
            "assign_generated_ipv6_cidr_block": false,
            "cidr_block": "10.2.0.0/16",
            "default_network_acl_id": "acl-0b4da1302119218c2",
            "default_route_table_id": "rtb-0a70e620e83fc7a5d",
            "default_security_group_id": "sg-00fdac6857d63eceb",
            "dhcp_options_id": "dopt-06268da3630ffdbaa",
            "enable_classiclink": null,
            "enable_classiclink_dns_support": null,
            "enable_dns_hostnames": false,
            "enable_dns_support": true,
            "id": "vpc-0c834bfc489bd48a6",
            "instance_tenancy": "default",
            "ipv4_ipam_pool_id": null,
            "ipv4_netmask_length": null,
            "ipv6_association_id": "",
            "ipv6_cidr_block": "",
            "ipv6_ipam_pool_id": null,
            "ipv6_netmask_length": null,
            "main_route_table_id": "rtb-0a70e620e83fc7a5d",
            "owner_id": "283901980185",
            "tags": {
              "Name": "vpc_spoke_10.2.0.0/16"
            },
            "tags_all": {
              "Name": "vpc_spoke_10.2.0.0/16"
            }
          },
          "sensitive_attributes": [],
          "private": "eyJzY2hlbWFfdmVyc2lvbiI6IjEifQ=="
        }
      ]
    }
  ]
}
