{
  "version": 4,
  "terraform_version": "1.1.2",
  "serial": 357,
  "lineage": "7396957d-7821-b5b5-88bc-de7d928bad90",
  "outputs": {
    "FW-1-MGMT": {
      "value": "Access the firewall MGMT via:  https://18.158.34.184",
      "type": "string"
    },
    "FW-2-MGMT": {
      "value": "Access the firewall MGMT via:  https://3.121.54.224",
      "type": "string"
    },
    "Server-1-1_ngfw2_access": {
      "value": "Access Server 1-1 via FW-2: ssh -i \u003cInsert Key\u003e ubuntu@3.69.32.101 -p 1001",
      "type": "string"
    },
    "Server-1-2_ngfw2_access": {
      "value": "Access Server 1-2 via FW-2: ssh -i \u003cInsert Key\u003e ubuntu@3.69.32.101 -p 1002",
      "type": "string"
    },
    "Server-2-1_ngfw2_access": {
      "value": "Access Server 2-1 via FW-2: ssh -i \u003cInsert Key\u003e ubuntu@3.69.32.101 -p 2001",
      "type": "string"
    },
    "Server-2-2_ngfw2_access": {
      "value": "Access Server 2-2 via FW-2: ssh -i \u003cInsert Key\u003e ubuntu@3.69.32.101 -p 2002",
      "type": "string"
    }
  },
  "resources": [
    {
      "mode": "data",
      "type": "aws_availability_zones",
      "name": "available",
      "provider": "provider[\"registry.terraform.io/hashicorp/aws\"]",
      "instances": [
        {
          "schema_version": 0,
          "attributes": {
            "all_availability_zones": null,
            "exclude_names": null,
            "exclude_zone_ids": null,
            "filter": null,
            "group_names": [
              "eu-central-1"
            ],
            "id": "eu-central-1",
            "names": [
              "eu-central-1a",
              "eu-central-1b",
              "eu-central-1c"
            ],
            "state": null,
            "zone_ids": [
              "euc1-az2",
              "euc1-az3",
              "euc1-az1"
            ]
          },
          "sensitive_attributes": []
        }
      ]
    },
    {
      "mode": "managed",
      "type": "aws_ec2_transit_gateway",
      "name": "tgw",
      "provider": "provider[\"registry.terraform.io/hashicorp/aws\"]",
      "instances": [
        {
          "schema_version": 0,
          "attributes": {
            "amazon_side_asn": 64512,
            "arn": "arn:aws:ec2:eu-central-1:065535367949:transit-gateway/tgw-0a6f388ae65a35fb6",
            "association_default_route_table_id": "",
            "auto_accept_shared_attachments": "disable",
            "default_route_table_association": "disable",
            "default_route_table_propagation": "disable",
            "description": "Transit Gateway",
            "dns_support": "enable",
            "id": "tgw-0a6f388ae65a35fb6",
            "owner_id": "065535367949",
            "propagation_default_route_table_id": "",
            "tags": {
              "Name": "transit_gateway"
            },
            "tags_all": {
              "Name": "transit_gateway"
            },
            "vpn_ecmp_support": "enable"
          },
          "sensitive_attributes": [],
          "private": "bnVsbA=="
        }
      ]
    },
    {
      "mode": "managed",
      "type": "aws_ec2_transit_gateway_route",
      "name": "default",
      "provider": "provider[\"registry.terraform.io/hashicorp/aws\"]",
      "instances": [
        {
          "schema_version": 0,
          "attributes": {
            "blackhole": false,
            "destination_cidr_block": "0.0.0.0/0",
            "id": "tgw-rtb-0b7086f1778eaa739_0.0.0.0/0",
            "transit_gateway_attachment_id": "tgw-attach-0f1a7a7eba6a02fdc",
            "transit_gateway_route_table_id": "tgw-rtb-0b7086f1778eaa739"
          },
          "sensitive_attributes": [],
          "private": "bnVsbA==",
          "dependencies": [
            "aws_ec2_transit_gateway.tgw",
            "aws_ec2_transit_gateway_route_table.tgw_spokes",
            "aws_ec2_transit_gateway_vpc_attachment.tgw_security",
            "aws_subnet.vpc_security_tgw_1",
            "aws_subnet.vpc_security_tgw_2",
            "aws_vpc.vpc_security",
            "data.aws_availability_zones.available"
          ]
        }
      ]
    },
    {
      "mode": "managed",
      "type": "aws_ec2_transit_gateway_route_table",
      "name": "tgw_security",
      "provider": "provider[\"registry.terraform.io/hashicorp/aws\"]",
      "instances": [
        {
          "schema_version": 0,
          "attributes": {
            "arn": "arn:aws:ec2:eu-central-1:065535367949:transit-gateway-route-table/tgw-rtb-0c7f1415b67f14aba",
            "default_association_route_table": false,
            "default_propagation_route_table": false,
            "id": "tgw-rtb-0c7f1415b67f14aba",
            "tags": {
              "Name": "tgw-rtb-security"
            },
            "tags_all": {
              "Name": "tgw-rtb-security"
            },
            "transit_gateway_id": "tgw-0a6f388ae65a35fb6"
          },
          "sensitive_attributes": [],
          "private": "bnVsbA==",
          "dependencies": [
            "aws_ec2_transit_gateway.tgw"
          ]
        }
      ]
    },
    {
      "mode": "managed",
      "type": "aws_ec2_transit_gateway_route_table",
      "name": "tgw_spokes",
      "provider": "provider[\"registry.terraform.io/hashicorp/aws\"]",
      "instances": [
        {
          "schema_version": 0,
          "attributes": {
            "arn": "arn:aws:ec2:eu-central-1:065535367949:transit-gateway-route-table/tgw-rtb-0b7086f1778eaa739",
            "default_association_route_table": false,
            "default_propagation_route_table": false,
            "id": "tgw-rtb-0b7086f1778eaa739",
            "tags": {
              "Name": "tgw-rtb-spokes"
            },
            "tags_all": {
              "Name": "tgw-rtb-spokes"
            },
            "transit_gateway_id": "tgw-0a6f388ae65a35fb6"
          },
          "sensitive_attributes": [],
          "private": "bnVsbA==",
          "dependencies": [
            "aws_ec2_transit_gateway.tgw"
          ]
        }
      ]
    },
    {
      "mode": "managed",
      "type": "aws_ec2_transit_gateway_route_table_association",
      "name": "vpc_security",
      "provider": "provider[\"registry.terraform.io/hashicorp/aws\"]",
      "instances": [
        {
          "schema_version": 0,
          "attributes": {
            "id": "tgw-rtb-0c7f1415b67f14aba_tgw-attach-0f1a7a7eba6a02fdc",
            "resource_id": "vpc-09c63a629a0589e18",
            "resource_type": "vpc",
            "transit_gateway_attachment_id": "tgw-attach-0f1a7a7eba6a02fdc",
            "transit_gateway_route_table_id": "tgw-rtb-0c7f1415b67f14aba"
          },
          "sensitive_attributes": [],
          "private": "bnVsbA==",
          "dependencies": [
            "aws_ec2_transit_gateway.tgw",
            "aws_ec2_transit_gateway_route_table.tgw_security",
            "aws_ec2_transit_gateway_vpc_attachment.tgw_security",
            "aws_subnet.vpc_security_tgw_1",
            "aws_subnet.vpc_security_tgw_2",
            "aws_vpc.vpc_security",
            "data.aws_availability_zones.available"
          ]
        }
      ]
    },
    {
      "mode": "managed",
      "type": "aws_ec2_transit_gateway_vpc_attachment",
      "name": "tgw_security",
      "provider": "provider[\"registry.terraform.io/hashicorp/aws\"]",
      "instances": [
        {
          "schema_version": 0,
          "attributes": {
            "appliance_mode_support": "disable",
            "dns_support": "enable",
            "id": "tgw-attach-0f1a7a7eba6a02fdc",
            "ipv6_support": "disable",
            "subnet_ids": [
              "subnet-04098180091a24ab5",
              "subnet-0d468cbc07c85a8f8"
            ],
            "tags": {
              "Name": "tgw_attachment_security"
            },
            "tags_all": {
              "Name": "tgw_attachment_security"
            },
            "transit_gateway_default_route_table_association": false,
            "transit_gateway_default_route_table_propagation": false,
            "transit_gateway_id": "tgw-0a6f388ae65a35fb6",
            "vpc_id": "vpc-09c63a629a0589e18",
            "vpc_owner_id": "065535367949"
          },
          "sensitive_attributes": [],
          "private": "bnVsbA==",
          "dependencies": [
            "aws_ec2_transit_gateway.tgw",
            "aws_subnet.vpc_security_tgw_1",
            "aws_subnet.vpc_security_tgw_2",
            "aws_vpc.vpc_security",
            "data.aws_availability_zones.available"
          ]
        }
      ]
    },
    {
      "mode": "managed",
      "type": "aws_iam_instance_profile",
      "name": "bootstrap_profile",
      "provider": "provider[\"registry.terraform.io/hashicorp/aws\"]",
      "instances": [
        {
          "schema_version": 0,
          "attributes": {
            "arn": "arn:aws:iam::065535367949:instance-profile/ngfw_bootstrap_profile",
            "create_date": "2021-12-22T11:04:15Z",
            "id": "ngfw_bootstrap_profile",
            "name": "ngfw_bootstrap_profile",
            "name_prefix": null,
            "path": "/",
            "role": "ngfw_bootstrap_role",
            "tags": null,
            "tags_all": {},
            "unique_id": "AIPAQ6QRWLMG7R7X42EYD"
          },
          "sensitive_attributes": [],
          "private": "bnVsbA==",
          "dependencies": [
            "aws_iam_role.bootstrap_role"
          ]
        }
      ]
    },
    {
      "mode": "managed",
      "type": "aws_iam_instance_profile",
      "name": "bootstrap_profile2",
      "provider": "provider[\"registry.terraform.io/hashicorp/aws\"]",
      "instances": [
        {
          "schema_version": 0,
          "attributes": {
            "arn": "arn:aws:iam::065535367949:instance-profile/ngfw_bootstrap_profile2",
            "create_date": "2021-12-22T11:04:15Z",
            "id": "ngfw_bootstrap_profile2",
            "name": "ngfw_bootstrap_profile2",
            "name_prefix": null,
            "path": "/",
            "role": "ngfw_bootstrap_role2",
            "tags": null,
            "tags_all": {},
            "unique_id": "AIPAQ6QRWLMGXPHBLG4OZ"
          },
          "sensitive_attributes": [],
          "private": "bnVsbA==",
          "dependencies": [
            "aws_iam_role.bootstrap_role2"
          ]
        }
      ]
    },
    {
      "mode": "managed",
      "type": "aws_iam_role",
      "name": "bootstrap_role",
      "provider": "provider[\"registry.terraform.io/hashicorp/aws\"]",
      "instances": [
        {
          "schema_version": 0,
          "attributes": {
            "arn": "arn:aws:iam::065535367949:role/ngfw_bootstrap_role",
            "assume_role_policy": "{\"Version\":\"2012-10-17\",\"Statement\":[{\"Effect\":\"Allow\",\"Principal\":{\"Service\":\"ec2.amazonaws.com\"},\"Action\":\"sts:AssumeRole\"}]}",
            "create_date": "2021-12-22T11:04:12Z",
            "description": "",
            "force_detach_policies": false,
            "id": "ngfw_bootstrap_role",
            "inline_policy": [
              {
                "name": "",
                "policy": ""
              }
            ],
            "managed_policy_arns": [],
            "max_session_duration": 3600,
            "name": "ngfw_bootstrap_role",
            "name_prefix": "",
            "path": "/",
            "permissions_boundary": null,
            "tags": null,
            "tags_all": {},
            "unique_id": "AROAQ6QRWLMG5IHC27TO5"
          },
          "sensitive_attributes": [],
          "private": "bnVsbA=="
        }
      ]
    },
    {
      "mode": "managed",
      "type": "aws_iam_role",
      "name": "bootstrap_role2",
      "provider": "provider[\"registry.terraform.io/hashicorp/aws\"]",
      "instances": [
        {
          "schema_version": 0,
          "attributes": {
            "arn": "arn:aws:iam::065535367949:role/ngfw_bootstrap_role2",
            "assume_role_policy": "{\"Version\":\"2012-10-17\",\"Statement\":[{\"Effect\":\"Allow\",\"Principal\":{\"Service\":\"ec2.amazonaws.com\"},\"Action\":\"sts:AssumeRole\"}]}",
            "create_date": "2021-12-22T11:04:12Z",
            "description": "",
            "force_detach_policies": false,
            "id": "ngfw_bootstrap_role2",
            "inline_policy": [
              {
                "name": "",
                "policy": ""
              }
            ],
            "managed_policy_arns": [],
            "max_session_duration": 3600,
            "name": "ngfw_bootstrap_role2",
            "name_prefix": "",
            "path": "/",
            "permissions_boundary": null,
            "tags": null,
            "tags_all": {},
            "unique_id": "AROAQ6QRWLMGVJK5GGCEJ"
          },
          "sensitive_attributes": [],
          "private": "bnVsbA=="
        }
      ]
    },
    {
      "mode": "managed",
      "type": "aws_iam_role_policy",
      "name": "bootstrap_policy",
      "provider": "provider[\"registry.terraform.io/hashicorp/aws\"]",
      "instances": [
        {
          "schema_version": 0,
          "attributes": {
            "id": "ngfw_bootstrap_role:ngfw_bootstrap_policy",
            "name": "ngfw_bootstrap_policy",
            "name_prefix": null,
            "policy": "{\n  \"Version\" : \"2012-10-17\",\n  \"Statement\": [\n    {\n      \"Effect\": \"Allow\",\n      \"Action\": \"s3:ListBucket\",\n      \"Resource\": \"arn:aws:s3:::djs-tgw-bucket\"\n    },\n    {\n    \"Effect\": \"Allow\",\n    \"Action\": \"s3:GetObject\",\n    \"Resource\": \"arn:aws:s3:::djs-tgw-bucket/*\"\n    }\n  ]\n}\n",
            "role": "ngfw_bootstrap_role"
          },
          "sensitive_attributes": [],
          "private": "bnVsbA==",
          "dependencies": [
            "aws_iam_role.bootstrap_role"
          ]
        }
      ]
    },
    {
      "mode": "managed",
      "type": "aws_iam_role_policy",
      "name": "bootstrap_policy2",
      "provider": "provider[\"registry.terraform.io/hashicorp/aws\"]",
      "instances": [
        {
          "schema_version": 0,
          "attributes": {
            "id": "ngfw_bootstrap_role2:ngfw_bootstrap_policy2",
            "name": "ngfw_bootstrap_policy2",
            "name_prefix": null,
            "policy": "{\n  \"Version\" : \"2012-10-17\",\n  \"Statement\": [\n    {\n      \"Effect\": \"Allow\",\n      \"Action\": \"s3:ListBucket\",\n      \"Resource\": \"arn:aws:s3:::djs-tgw-bucket2\"\n    },\n    {\n    \"Effect\": \"Allow\",\n    \"Action\": \"s3:GetObject\",\n    \"Resource\": \"arn:aws:s3:::djs-tgw-bucket2/*\"\n    }\n  ]\n}\n",
            "role": "ngfw_bootstrap_role2"
          },
          "sensitive_attributes": [],
          "private": "bnVsbA==",
          "dependencies": [
            "aws_iam_role.bootstrap_role2"
          ]
        }
      ]
    },
    {
      "mode": "managed",
      "type": "aws_internet_gateway",
      "name": "vpc_security_igw",
      "provider": "provider[\"registry.terraform.io/hashicorp/aws\"]",
      "instances": [
        {
          "schema_version": 0,
          "attributes": {
            "arn": "arn:aws:ec2:eu-central-1:065535367949:internet-gateway/igw-0733955a3cb8ea43e",
            "id": "igw-0733955a3cb8ea43e",
            "owner_id": "065535367949",
            "tags": {
              "Name": "vpc_securty_igw"
            },
            "tags_all": {
              "Name": "vpc_securty_igw"
            },
            "vpc_id": "vpc-09c63a629a0589e18"
          },
          "sensitive_attributes": [],
          "private": "bnVsbA==",
          "dependencies": [
            "aws_vpc.vpc_security"
          ]
        }
      ]
    },
    {
      "mode": "managed",
      "type": "aws_route",
      "name": "vpc_security_default",
      "provider": "provider[\"registry.terraform.io/hashicorp/aws\"]",
      "instances": [
        {
          "schema_version": 0,
          "attributes": {
            "carrier_gateway_id": "",
            "destination_cidr_block": "0.0.0.0/0",
            "destination_ipv6_cidr_block": "",
            "destination_prefix_list_id": "",
            "egress_only_gateway_id": "",
            "gateway_id": "igw-0733955a3cb8ea43e",
            "id": "r-rtb-060be98deee2bdab71080289494",
            "instance_id": "",
            "instance_owner_id": "",
            "local_gateway_id": "",
            "nat_gateway_id": "",
            "network_interface_id": "",
            "origin": "CreateRoute",
            "route_table_id": "rtb-060be98deee2bdab7",
            "state": "active",
            "timeouts": null,
            "transit_gateway_id": "",
            "vpc_endpoint_id": "",
            "vpc_peering_connection_id": ""
          },
          "sensitive_attributes": [],
          "private": "eyJlMmJmYjczMC1lY2FhLTExZTYtOGY4OC0zNDM2M2JjN2M0YzAiOnsiY3JlYXRlIjozMDAwMDAwMDAwMDAsImRlbGV0ZSI6MzAwMDAwMDAwMDAwLCJ1cGRhdGUiOjEyMDAwMDAwMDAwMH19",
          "dependencies": [
            "aws_internet_gateway.vpc_security_igw",
            "aws_vpc.vpc_security"
          ]
        }
      ]
    },
    {
      "mode": "managed",
      "type": "aws_route",
      "name": "vpc_security_tgw_1_0",
      "provider": "provider[\"registry.terraform.io/hashicorp/aws\"]",
      "instances": [
        {
          "schema_version": 0,
          "attributes": {
            "carrier_gateway_id": "",
            "destination_cidr_block": "0.0.0.0/0",
            "destination_ipv6_cidr_block": "",
            "destination_prefix_list_id": "",
            "egress_only_gateway_id": "",
            "gateway_id": "",
            "id": "r-rtb-0a738122bdcf0b8721080289494",
            "instance_id": "",
            "instance_owner_id": "",
            "local_gateway_id": "",
            "nat_gateway_id": "",
            "network_interface_id": "eni-04fb8733199d6994c",
            "origin": "CreateRoute",
            "route_table_id": "rtb-0a738122bdcf0b872",
            "state": "blackhole",
            "timeouts": null,
            "transit_gateway_id": "",
            "vpc_endpoint_id": "",
            "vpc_peering_connection_id": ""
          },
          "sensitive_attributes": [],
          "private": "eyJlMmJmYjczMC1lY2FhLTExZTYtOGY4OC0zNDM2M2JjN2M0YzAiOnsiY3JlYXRlIjozMDAwMDAwMDAwMDAsImRlbGV0ZSI6MzAwMDAwMDAwMDAwLCJ1cGRhdGUiOjEyMDAwMDAwMDAwMH19",
          "dependencies": [
            "aws_route_table.vpc_security_tgw_1",
            "aws_security_group.allow_all",
            "aws_subnet.vpc_security_private_1",
            "aws_vpc.vpc_security",
            "data.aws_availability_zones.available",
            "module.ngfw1.aws_network_interface.eni-trust"
          ]
        }
      ]
    },
    {
      "mode": "managed",
      "type": "aws_route",
      "name": "vpc_security_tgw_1_1",
      "provider": "provider[\"registry.terraform.io/hashicorp/aws\"]",
      "instances": [
        {
          "schema_version": 0,
          "attributes": {
            "carrier_gateway_id": "",
            "destination_cidr_block": "10.0.0.0/8",
            "destination_ipv6_cidr_block": "",
            "destination_prefix_list_id": "",
            "egress_only_gateway_id": "",
            "gateway_id": "",
            "id": "r-rtb-0a738122bdcf0b8723423270202",
            "instance_id": "",
            "instance_owner_id": "",
            "local_gateway_id": "",
            "nat_gateway_id": "",
            "network_interface_id": "eni-04fb8733199d6994c",
            "origin": "CreateRoute",
            "route_table_id": "rtb-0a738122bdcf0b872",
            "state": "blackhole",
            "timeouts": null,
            "transit_gateway_id": "",
            "vpc_endpoint_id": "",
            "vpc_peering_connection_id": ""
          },
          "sensitive_attributes": [],
          "private": "eyJlMmJmYjczMC1lY2FhLTExZTYtOGY4OC0zNDM2M2JjN2M0YzAiOnsiY3JlYXRlIjozMDAwMDAwMDAwMDAsImRlbGV0ZSI6MzAwMDAwMDAwMDAwLCJ1cGRhdGUiOjEyMDAwMDAwMDAwMH19",
          "dependencies": [
            "aws_route_table.vpc_security_tgw_1",
            "aws_security_group.allow_all",
            "aws_subnet.vpc_security_private_1",
            "aws_vpc.vpc_security",
            "data.aws_availability_zones.available",
            "module.ngfw1.aws_network_interface.eni-trust"
          ]
        }
      ]
    },
    {
      "mode": "managed",
      "type": "aws_route",
      "name": "vpc_security_tgw_2_0",
      "provider": "provider[\"registry.terraform.io/hashicorp/aws\"]",
      "instances": [
        {
          "schema_version": 0,
          "attributes": {
            "carrier_gateway_id": "",
            "destination_cidr_block": "0.0.0.0/0",
            "destination_ipv6_cidr_block": "",
            "destination_prefix_list_id": "",
            "egress_only_gateway_id": "",
            "gateway_id": "",
            "id": "r-rtb-08a6de36cfb324ccc1080289494",
            "instance_id": "",
            "instance_owner_id": "",
            "local_gateway_id": "",
            "nat_gateway_id": "",
            "network_interface_id": "eni-01621b1f49b88ebb0",
            "origin": "CreateRoute",
            "route_table_id": "rtb-08a6de36cfb324ccc",
            "state": "blackhole",
            "timeouts": null,
            "transit_gateway_id": "",
            "vpc_endpoint_id": "",
            "vpc_peering_connection_id": ""
          },
          "sensitive_attributes": [],
          "private": "eyJlMmJmYjczMC1lY2FhLTExZTYtOGY4OC0zNDM2M2JjN2M0YzAiOnsiY3JlYXRlIjozMDAwMDAwMDAwMDAsImRlbGV0ZSI6MzAwMDAwMDAwMDAwLCJ1cGRhdGUiOjEyMDAwMDAwMDAwMH19",
          "dependencies": [
            "aws_route_table.vpc_security_tgw_2",
            "aws_security_group.allow_all",
            "aws_subnet.vpc_security_private_2",
            "aws_vpc.vpc_security",
            "data.aws_availability_zones.available",
            "module.ngfw2.aws_network_interface.eni-trust"
          ]
        }
      ]
    },
    {
      "mode": "managed",
      "type": "aws_route",
      "name": "vpc_security_tgw_2_1",
      "provider": "provider[\"registry.terraform.io/hashicorp/aws\"]",
      "instances": [
        {
          "schema_version": 0,
          "attributes": {
            "carrier_gateway_id": "",
            "destination_cidr_block": "10.0.0.0/8",
            "destination_ipv6_cidr_block": "",
            "destination_prefix_list_id": "",
            "egress_only_gateway_id": "",
            "gateway_id": "",
            "id": "r-rtb-08a6de36cfb324ccc3423270202",
            "instance_id": "",
            "instance_owner_id": "",
            "local_gateway_id": "",
            "nat_gateway_id": "",
            "network_interface_id": "eni-01621b1f49b88ebb0",
            "origin": "CreateRoute",
            "route_table_id": "rtb-08a6de36cfb324ccc",
            "state": "blackhole",
            "timeouts": null,
            "transit_gateway_id": "",
            "vpc_endpoint_id": "",
            "vpc_peering_connection_id": ""
          },
          "sensitive_attributes": [],
          "private": "eyJlMmJmYjczMC1lY2FhLTExZTYtOGY4OC0zNDM2M2JjN2M0YzAiOnsiY3JlYXRlIjozMDAwMDAwMDAwMDAsImRlbGV0ZSI6MzAwMDAwMDAwMDAwLCJ1cGRhdGUiOjEyMDAwMDAwMDAwMH19",
          "dependencies": [
            "aws_route_table.vpc_security_tgw_2",
            "aws_security_group.allow_all",
            "aws_subnet.vpc_security_private_2",
            "aws_vpc.vpc_security",
            "data.aws_availability_zones.available",
            "module.ngfw2.aws_network_interface.eni-trust"
          ]
        }
      ]
    },
    {
      "mode": "managed",
      "type": "aws_route",
      "name": "vpc_security_trust_1_0",
      "provider": "provider[\"registry.terraform.io/hashicorp/aws\"]",
      "instances": [
        {
          "schema_version": 0,
          "attributes": {
            "carrier_gateway_id": "",
            "destination_cidr_block": "10.0.0.0/8",
            "destination_ipv6_cidr_block": "",
            "destination_prefix_list_id": "",
            "egress_only_gateway_id": "",
            "gateway_id": "",
            "id": "r-rtb-09eb4928389ac015c3423270202",
            "instance_id": "",
            "instance_owner_id": "",
            "local_gateway_id": "",
            "nat_gateway_id": "",
            "network_interface_id": "",
            "origin": "CreateRoute",
            "route_table_id": "rtb-09eb4928389ac015c",
            "state": "blackhole",
            "timeouts": null,
            "transit_gateway_id": "tgw-0a6f388ae65a35fb6",
            "vpc_endpoint_id": "",
            "vpc_peering_connection_id": ""
          },
          "sensitive_attributes": [],
          "private": "eyJlMmJmYjczMC1lY2FhLTExZTYtOGY4OC0zNDM2M2JjN2M0YzAiOnsiY3JlYXRlIjozMDAwMDAwMDAwMDAsImRlbGV0ZSI6MzAwMDAwMDAwMDAwLCJ1cGRhdGUiOjEyMDAwMDAwMDAwMH19",
          "dependencies": [
            "aws_ec2_transit_gateway.tgw",
            "aws_route_table.vpc_security_private_1",
            "aws_vpc.vpc_security"
          ]
        }
      ]
    },
    {
      "mode": "managed",
      "type": "aws_route",
      "name": "vpc_security_trust_2_0",
      "provider": "provider[\"registry.terraform.io/hashicorp/aws\"]",
      "instances": [
        {
          "schema_version": 0,
          "attributes": {
            "carrier_gateway_id": "",
            "destination_cidr_block": "10.0.0.0/8",
            "destination_ipv6_cidr_block": "",
            "destination_prefix_list_id": "",
            "egress_only_gateway_id": "",
            "gateway_id": "",
            "id": "r-rtb-0e4d4ab87a20c070b3423270202",
            "instance_id": "",
            "instance_owner_id": "",
            "local_gateway_id": "",
            "nat_gateway_id": "",
            "network_interface_id": "",
            "origin": "CreateRoute",
            "route_table_id": "rtb-0e4d4ab87a20c070b",
            "state": "blackhole",
            "timeouts": null,
            "transit_gateway_id": "tgw-0a6f388ae65a35fb6",
            "vpc_endpoint_id": "",
            "vpc_peering_connection_id": ""
          },
          "sensitive_attributes": [],
          "private": "eyJlMmJmYjczMC1lY2FhLTExZTYtOGY4OC0zNDM2M2JjN2M0YzAiOnsiY3JlYXRlIjozMDAwMDAwMDAwMDAsImRlbGV0ZSI6MzAwMDAwMDAwMDAwLCJ1cGRhdGUiOjEyMDAwMDAwMDAwMH19",
          "dependencies": [
            "aws_ec2_transit_gateway.tgw",
            "aws_route_table.vpc_security_private_2",
            "aws_vpc.vpc_security"
          ]
        }
      ]
    },
    {
      "mode": "managed",
      "type": "aws_route_table",
      "name": "vpc_security_private_1",
      "provider": "provider[\"registry.terraform.io/hashicorp/aws\"]",
      "instances": [
        {
          "schema_version": 0,
          "attributes": {
            "arn": "arn:aws:ec2:eu-central-1:065535367949:route-table/rtb-09eb4928389ac015c",
            "id": "rtb-09eb4928389ac015c",
            "owner_id": "065535367949",
            "propagating_vgws": [],
            "route": [],
            "tags": {
              "Name": "private_1"
            },
            "tags_all": {
              "Name": "private_1"
            },
            "timeouts": null,
            "vpc_id": "vpc-09c63a629a0589e18"
          },
          "sensitive_attributes": [],
          "private": "eyJlMmJmYjczMC1lY2FhLTExZTYtOGY4OC0zNDM2M2JjN2M0YzAiOnsiY3JlYXRlIjozMDAwMDAwMDAwMDAsImRlbGV0ZSI6MzAwMDAwMDAwMDAwLCJ1cGRhdGUiOjEyMDAwMDAwMDAwMH19",
          "dependencies": [
            "aws_vpc.vpc_security"
          ]
        }
      ]
    },
    {
      "mode": "managed",
      "type": "aws_route_table",
      "name": "vpc_security_private_2",
      "provider": "provider[\"registry.terraform.io/hashicorp/aws\"]",
      "instances": [
        {
          "schema_version": 0,
          "attributes": {
            "arn": "arn:aws:ec2:eu-central-1:065535367949:route-table/rtb-0e4d4ab87a20c070b",
            "id": "rtb-0e4d4ab87a20c070b",
            "owner_id": "065535367949",
            "propagating_vgws": [],
            "route": [],
            "tags": {
              "Name": "private_2"
            },
            "tags_all": {
              "Name": "private_2"
            },
            "timeouts": null,
            "vpc_id": "vpc-09c63a629a0589e18"
          },
          "sensitive_attributes": [],
          "private": "eyJlMmJmYjczMC1lY2FhLTExZTYtOGY4OC0zNDM2M2JjN2M0YzAiOnsiY3JlYXRlIjozMDAwMDAwMDAwMDAsImRlbGV0ZSI6MzAwMDAwMDAwMDAwLCJ1cGRhdGUiOjEyMDAwMDAwMDAwMH19",
          "dependencies": [
            "aws_vpc.vpc_security"
          ]
        }
      ]
    },
    {
      "mode": "managed",
      "type": "aws_route_table",
      "name": "vpc_security_tgw_1",
      "provider": "provider[\"registry.terraform.io/hashicorp/aws\"]",
      "instances": [
        {
          "schema_version": 0,
          "attributes": {
            "arn": "arn:aws:ec2:eu-central-1:065535367949:route-table/rtb-0a738122bdcf0b872",
            "id": "rtb-0a738122bdcf0b872",
            "owner_id": "065535367949",
            "propagating_vgws": [],
            "route": [],
            "tags": {
              "Name": "tgw_1"
            },
            "tags_all": {
              "Name": "tgw_1"
            },
            "timeouts": null,
            "vpc_id": "vpc-09c63a629a0589e18"
          },
          "sensitive_attributes": [],
          "private": "eyJlMmJmYjczMC1lY2FhLTExZTYtOGY4OC0zNDM2M2JjN2M0YzAiOnsiY3JlYXRlIjozMDAwMDAwMDAwMDAsImRlbGV0ZSI6MzAwMDAwMDAwMDAwLCJ1cGRhdGUiOjEyMDAwMDAwMDAwMH19",
          "dependencies": [
            "aws_vpc.vpc_security"
          ]
        }
      ]
    },
    {
      "mode": "managed",
      "type": "aws_route_table",
      "name": "vpc_security_tgw_2",
      "provider": "provider[\"registry.terraform.io/hashicorp/aws\"]",
      "instances": [
        {
          "schema_version": 0,
          "attributes": {
            "arn": "arn:aws:ec2:eu-central-1:065535367949:route-table/rtb-08a6de36cfb324ccc",
            "id": "rtb-08a6de36cfb324ccc",
            "owner_id": "065535367949",
            "propagating_vgws": [],
            "route": [],
            "tags": {
              "Name": "tgw_2"
            },
            "tags_all": {
              "Name": "tgw_2"
            },
            "timeouts": null,
            "vpc_id": "vpc-09c63a629a0589e18"
          },
          "sensitive_attributes": [],
          "private": "eyJlMmJmYjczMC1lY2FhLTExZTYtOGY4OC0zNDM2M2JjN2M0YzAiOnsiY3JlYXRlIjozMDAwMDAwMDAwMDAsImRlbGV0ZSI6MzAwMDAwMDAwMDAwLCJ1cGRhdGUiOjEyMDAwMDAwMDAwMH19",
          "dependencies": [
            "aws_vpc.vpc_security"
          ]
        }
      ]
    },
    {
      "mode": "managed",
      "type": "aws_route_table_association",
      "name": "vpc_security_private_1",
      "provider": "provider[\"registry.terraform.io/hashicorp/aws\"]",
      "instances": [
        {
          "schema_version": 0,
          "attributes": {
            "gateway_id": "",
            "id": "rtbassoc-03867eff81fff914b",
            "route_table_id": "rtb-09eb4928389ac015c",
            "subnet_id": "subnet-09eb947261e6d1a97"
          },
          "sensitive_attributes": [],
          "private": "bnVsbA==",
          "dependencies": [
            "aws_route_table.vpc_security_private_1",
            "aws_subnet.vpc_security_private_1",
            "aws_vpc.vpc_security",
            "data.aws_availability_zones.available"
          ]
        }
      ]
    },
    {
      "mode": "managed",
      "type": "aws_route_table_association",
      "name": "vpc_security_private_2",
      "provider": "provider[\"registry.terraform.io/hashicorp/aws\"]",
      "instances": [
        {
          "schema_version": 0,
          "attributes": {
            "gateway_id": "",
            "id": "rtbassoc-046ce890d17e3a80e",
            "route_table_id": "rtb-0e4d4ab87a20c070b",
            "subnet_id": "subnet-0516c084e88329cbe"
          },
          "sensitive_attributes": [],
          "private": "bnVsbA==",
          "dependencies": [
            "aws_route_table.vpc_security_private_2",
            "aws_subnet.vpc_security_private_2",
            "aws_vpc.vpc_security",
            "data.aws_availability_zones.available"
          ]
        }
      ]
    },
    {
      "mode": "managed",
      "type": "aws_route_table_association",
      "name": "vpc_security_tgw_1",
      "provider": "provider[\"registry.terraform.io/hashicorp/aws\"]",
      "instances": [
        {
          "schema_version": 0,
          "attributes": {
            "gateway_id": "",
            "id": "rtbassoc-0f20d9316b5cc6dfa",
            "route_table_id": "rtb-0a738122bdcf0b872",
            "subnet_id": "subnet-0d468cbc07c85a8f8"
          },
          "sensitive_attributes": [],
          "private": "bnVsbA==",
          "dependencies": [
            "aws_route_table.vpc_security_tgw_1",
            "aws_subnet.vpc_security_tgw_1",
            "aws_vpc.vpc_security",
            "data.aws_availability_zones.available"
          ]
        }
      ]
    },
    {
      "mode": "managed",
      "type": "aws_route_table_association",
      "name": "vpc_security_tgw_2",
      "provider": "provider[\"registry.terraform.io/hashicorp/aws\"]",
      "instances": [
        {
          "schema_version": 0,
          "attributes": {
            "gateway_id": "",
            "id": "rtbassoc-017e8fb4880dacd4e",
            "route_table_id": "rtb-08a6de36cfb324ccc",
            "subnet_id": "subnet-04098180091a24ab5"
          },
          "sensitive_attributes": [],
          "private": "bnVsbA==",
          "dependencies": [
            "aws_route_table.vpc_security_tgw_2",
            "aws_subnet.vpc_security_tgw_2",
            "aws_vpc.vpc_security",
            "data.aws_availability_zones.available"
          ]
        }
      ]
    },
    {
      "mode": "managed",
      "type": "aws_s3_bucket",
      "name": "bootstrap_bucket",
      "provider": "provider[\"registry.terraform.io/hashicorp/aws\"]",
      "instances": [
        {
          "schema_version": 0,
          "attributes": {
            "acceleration_status": "",
            "acl": "private",
            "arn": "arn:aws:s3:::djs-tgw-bucket",
            "bucket": "djs-tgw-bucket",
            "bucket_domain_name": "djs-tgw-bucket.s3.amazonaws.com",
            "bucket_prefix": null,
            "bucket_regional_domain_name": "djs-tgw-bucket.s3.eu-central-1.amazonaws.com",
            "cors_rule": [],
            "force_destroy": true,
            "grant": [],
            "hosted_zone_id": "Z21DNDUVLTQW6Q",
            "id": "djs-tgw-bucket",
            "lifecycle_rule": [],
            "logging": [],
            "object_lock_configuration": [],
            "policy": null,
            "region": "eu-central-1",
            "replication_configuration": [],
            "request_payer": "BucketOwner",
            "server_side_encryption_configuration": [],
            "tags": {
              "Name": "bootstrap_bucket"
            },
            "tags_all": {
              "Name": "bootstrap_bucket"
            },
            "versioning": [
              {
                "enabled": false,
                "mfa_delete": false
              }
            ],
            "website": [],
            "website_domain": null,
            "website_endpoint": null
          },
          "sensitive_attributes": [],
          "private": "bnVsbA=="
        }
      ]
    },
    {
      "mode": "managed",
      "type": "aws_s3_bucket",
      "name": "bootstrap_bucket2",
      "provider": "provider[\"registry.terraform.io/hashicorp/aws\"]",
      "instances": [
        {
          "schema_version": 0,
          "attributes": {
            "acceleration_status": "",
            "acl": "private",
            "arn": "arn:aws:s3:::djs-tgw-bucket2",
            "bucket": "djs-tgw-bucket2",
            "bucket_domain_name": "djs-tgw-bucket2.s3.amazonaws.com",
            "bucket_prefix": null,
            "bucket_regional_domain_name": "djs-tgw-bucket2.s3.eu-central-1.amazonaws.com",
            "cors_rule": [],
            "force_destroy": true,
            "grant": [],
            "hosted_zone_id": "Z21DNDUVLTQW6Q",
            "id": "djs-tgw-bucket2",
            "lifecycle_rule": [],
            "logging": [],
            "object_lock_configuration": [],
            "policy": null,
            "region": "eu-central-1",
            "replication_configuration": [],
            "request_payer": "BucketOwner",
            "server_side_encryption_configuration": [],
            "tags": {
              "Name": "bootstrap_bucket2"
            },
            "tags_all": {
              "Name": "bootstrap_bucket2"
            },
            "versioning": [
              {
                "enabled": false,
                "mfa_delete": false
              }
            ],
            "website": [],
            "website_domain": null,
            "website_endpoint": null
          },
          "sensitive_attributes": [],
          "private": "bnVsbA=="
        }
      ]
    },
    {
      "mode": "managed",
      "type": "aws_s3_bucket_object",
      "name": "bootstrap_xml",
      "provider": "provider[\"registry.terraform.io/hashicorp/aws\"]",
      "instances": [
        {
          "schema_version": 0,
          "attributes": {
            "acl": "private",
            "bucket": "djs-tgw-bucket",
            "bucket_key_enabled": false,
            "cache_control": "",
            "content": null,
            "content_base64": null,
            "content_disposition": "",
            "content_encoding": "",
            "content_language": "",
            "content_type": "binary/octet-stream",
            "etag": "7a1002c942bd23e09c4a7dcc71188ba7",
            "force_destroy": false,
            "id": "config/bootstrap.xml",
            "key": "config/bootstrap.xml",
            "kms_key_id": null,
            "metadata": null,
            "object_lock_legal_hold_status": "",
            "object_lock_mode": "",
            "object_lock_retain_until_date": "",
            "server_side_encryption": "",
            "source": "bootstrap_files/bootstrap.xml",
            "source_hash": null,
            "storage_class": "STANDARD",
            "tags": null,
            "tags_all": {},
            "version_id": "",
            "website_redirect": ""
          },
          "sensitive_attributes": [],
          "private": "bnVsbA==",
          "dependencies": [
            "aws_s3_bucket.bootstrap_bucket"
          ]
        }
      ]
    },
    {
      "mode": "managed",
      "type": "aws_s3_bucket_object",
      "name": "bootstrap_xml2",
      "provider": "provider[\"registry.terraform.io/hashicorp/aws\"]",
      "instances": [
        {
          "schema_version": 0,
          "attributes": {
            "acl": "private",
            "bucket": "djs-tgw-bucket2",
            "bucket_key_enabled": false,
            "cache_control": "",
            "content": null,
            "content_base64": null,
            "content_disposition": "",
            "content_encoding": "",
            "content_language": "",
            "content_type": "binary/octet-stream",
            "etag": "d31b540a609834753d94e7656afa17a2",
            "force_destroy": false,
            "id": "config/bootstrap.xml",
            "key": "config/bootstrap.xml",
            "kms_key_id": null,
            "metadata": null,
            "object_lock_legal_hold_status": "",
            "object_lock_mode": "",
            "object_lock_retain_until_date": "",
            "server_side_encryption": "",
            "source": "bootstrap_files2/bootstrap.xml",
            "source_hash": null,
            "storage_class": "STANDARD",
            "tags": null,
            "tags_all": {},
            "version_id": "",
            "website_redirect": ""
          },
          "sensitive_attributes": [],
          "private": "bnVsbA==",
          "dependencies": [
            "aws_s3_bucket.bootstrap_bucket2"
          ]
        }
      ]
    },
    {
      "mode": "managed",
      "type": "aws_s3_bucket_object",
      "name": "content",
      "provider": "provider[\"registry.terraform.io/hashicorp/aws\"]",
      "instances": [
        {
          "schema_version": 0,
          "attributes": {
            "acl": "private",
            "bucket": "djs-tgw-bucket",
            "bucket_key_enabled": false,
            "cache_control": "",
            "content": null,
            "content_base64": null,
            "content_disposition": "",
            "content_encoding": "",
            "content_language": "",
            "content_type": "binary/octet-stream",
            "etag": "d41d8cd98f00b204e9800998ecf8427e",
            "force_destroy": false,
            "id": "content/",
            "key": "content/",
            "kms_key_id": null,
            "metadata": null,
            "object_lock_legal_hold_status": "",
            "object_lock_mode": "",
            "object_lock_retain_until_date": "",
            "server_side_encryption": "",
            "source": "/dev/null",
            "source_hash": null,
            "storage_class": "STANDARD",
            "tags": null,
            "tags_all": {},
            "version_id": "",
            "website_redirect": ""
          },
          "sensitive_attributes": [],
          "private": "bnVsbA==",
          "dependencies": [
            "aws_s3_bucket.bootstrap_bucket"
          ]
        }
      ]
    },
    {
      "mode": "managed",
      "type": "aws_s3_bucket_object",
      "name": "content2",
      "provider": "provider[\"registry.terraform.io/hashicorp/aws\"]",
      "instances": [
        {
          "schema_version": 0,
          "attributes": {
            "acl": "private",
            "bucket": "djs-tgw-bucket2",
            "bucket_key_enabled": false,
            "cache_control": "",
            "content": null,
            "content_base64": null,
            "content_disposition": "",
            "content_encoding": "",
            "content_language": "",
            "content_type": "binary/octet-stream",
            "etag": "d41d8cd98f00b204e9800998ecf8427e",
            "force_destroy": false,
            "id": "content/",
            "key": "content/",
            "kms_key_id": null,
            "metadata": null,
            "object_lock_legal_hold_status": "",
            "object_lock_mode": "",
            "object_lock_retain_until_date": "",
            "server_side_encryption": "",
            "source": "/dev/null",
            "source_hash": null,
            "storage_class": "STANDARD",
            "tags": null,
            "tags_all": {},
            "version_id": "",
            "website_redirect": ""
          },
          "sensitive_attributes": [],
          "private": "bnVsbA==",
          "dependencies": [
            "aws_s3_bucket.bootstrap_bucket2"
          ]
        }
      ]
    },
    {
      "mode": "managed",
      "type": "aws_s3_bucket_object",
      "name": "init-cft_txt",
      "provider": "provider[\"registry.terraform.io/hashicorp/aws\"]",
      "instances": [
        {
          "schema_version": 0,
          "attributes": {
            "acl": "private",
            "bucket": "djs-tgw-bucket",
            "bucket_key_enabled": false,
            "cache_control": "",
            "content": null,
            "content_base64": null,
            "content_disposition": "",
            "content_encoding": "",
            "content_language": "",
            "content_type": "binary/octet-stream",
            "etag": "f1ea6bd8881d65f55cdf64a803e762da",
            "force_destroy": false,
            "id": "config/init-cfg.txt",
            "key": "config/init-cfg.txt",
            "kms_key_id": null,
            "metadata": null,
            "object_lock_legal_hold_status": "",
            "object_lock_mode": "",
            "object_lock_retain_until_date": "",
            "server_side_encryption": "",
            "source": "bootstrap_files/init-cfg.txt",
            "source_hash": null,
            "storage_class": "STANDARD",
            "tags": null,
            "tags_all": {},
            "version_id": "",
            "website_redirect": ""
          },
          "sensitive_attributes": [],
          "private": "bnVsbA==",
          "dependencies": [
            "aws_s3_bucket.bootstrap_bucket"
          ]
        }
      ]
    },
    {
      "mode": "managed",
      "type": "aws_s3_bucket_object",
      "name": "init-cft_txt2",
      "provider": "provider[\"registry.terraform.io/hashicorp/aws\"]",
      "instances": [
        {
          "schema_version": 0,
          "attributes": {
            "acl": "private",
            "bucket": "djs-tgw-bucket2",
            "bucket_key_enabled": false,
            "cache_control": "",
            "content": null,
            "content_base64": null,
            "content_disposition": "",
            "content_encoding": "",
            "content_language": "",
            "content_type": "binary/octet-stream",
            "etag": "de71334ae76037f269cc6d9f10bd041d",
            "force_destroy": false,
            "id": "config/init-cfg.txt",
            "key": "config/init-cfg.txt",
            "kms_key_id": null,
            "metadata": null,
            "object_lock_legal_hold_status": "",
            "object_lock_mode": "",
            "object_lock_retain_until_date": "",
            "server_side_encryption": "",
            "source": "bootstrap_files2/init-cfg.txt",
            "source_hash": null,
            "storage_class": "STANDARD",
            "tags": null,
            "tags_all": {},
            "version_id": "",
            "website_redirect": ""
          },
          "sensitive_attributes": [],
          "private": "bnVsbA==",
          "dependencies": [
            "aws_s3_bucket.bootstrap_bucket2"
          ]
        }
      ]
    },
    {
      "mode": "managed",
      "type": "aws_s3_bucket_object",
      "name": "license",
      "provider": "provider[\"registry.terraform.io/hashicorp/aws\"]",
      "instances": [
        {
          "schema_version": 0,
          "attributes": {
            "acl": "private",
            "bucket": "djs-tgw-bucket",
            "bucket_key_enabled": false,
            "cache_control": "",
            "content": null,
            "content_base64": null,
            "content_disposition": "",
            "content_encoding": "",
            "content_language": "",
            "content_type": "binary/octet-stream",
            "etag": "d41d8cd98f00b204e9800998ecf8427e",
            "force_destroy": false,
            "id": "license/",
            "key": "license/",
            "kms_key_id": null,
            "metadata": null,
            "object_lock_legal_hold_status": "",
            "object_lock_mode": "",
            "object_lock_retain_until_date": "",
            "server_side_encryption": "",
            "source": "/dev/null",
            "source_hash": null,
            "storage_class": "STANDARD",
            "tags": null,
            "tags_all": {},
            "version_id": "",
            "website_redirect": ""
          },
          "sensitive_attributes": [],
          "private": "bnVsbA==",
          "dependencies": [
            "aws_s3_bucket.bootstrap_bucket"
          ]
        }
      ]
    },
    {
      "mode": "managed",
      "type": "aws_s3_bucket_object",
      "name": "license2",
      "provider": "provider[\"registry.terraform.io/hashicorp/aws\"]",
      "instances": [
        {
          "schema_version": 0,
          "attributes": {
            "acl": "private",
            "bucket": "djs-tgw-bucket2",
            "bucket_key_enabled": false,
            "cache_control": "",
            "content": null,
            "content_base64": null,
            "content_disposition": "",
            "content_encoding": "",
            "content_language": "",
            "content_type": "binary/octet-stream",
            "etag": "d41d8cd98f00b204e9800998ecf8427e",
            "force_destroy": false,
            "id": "license/",
            "key": "license/",
            "kms_key_id": null,
            "metadata": null,
            "object_lock_legal_hold_status": "",
            "object_lock_mode": "",
            "object_lock_retain_until_date": "",
            "server_side_encryption": "",
            "source": "/dev/null",
            "source_hash": null,
            "storage_class": "STANDARD",
            "tags": null,
            "tags_all": {},
            "version_id": "",
            "website_redirect": ""
          },
          "sensitive_attributes": [],
          "private": "bnVsbA==",
          "dependencies": [
            "aws_s3_bucket.bootstrap_bucket2"
          ]
        }
      ]
    },
    {
      "mode": "managed",
      "type": "aws_s3_bucket_object",
      "name": "software",
      "provider": "provider[\"registry.terraform.io/hashicorp/aws\"]",
      "instances": [
        {
          "schema_version": 0,
          "attributes": {
            "acl": "private",
            "bucket": "djs-tgw-bucket",
            "bucket_key_enabled": false,
            "cache_control": "",
            "content": null,
            "content_base64": null,
            "content_disposition": "",
            "content_encoding": "",
            "content_language": "",
            "content_type": "binary/octet-stream",
            "etag": "d41d8cd98f00b204e9800998ecf8427e",
            "force_destroy": false,
            "id": "software/",
            "key": "software/",
            "kms_key_id": null,
            "metadata": null,
            "object_lock_legal_hold_status": "",
            "object_lock_mode": "",
            "object_lock_retain_until_date": "",
            "server_side_encryption": "",
            "source": "/dev/null",
            "source_hash": null,
            "storage_class": "STANDARD",
            "tags": null,
            "tags_all": {},
            "version_id": "",
            "website_redirect": ""
          },
          "sensitive_attributes": [],
          "private": "bnVsbA==",
          "dependencies": [
            "aws_s3_bucket.bootstrap_bucket"
          ]
        }
      ]
    },
    {
      "mode": "managed",
      "type": "aws_s3_bucket_object",
      "name": "software2",
      "provider": "provider[\"registry.terraform.io/hashicorp/aws\"]",
      "instances": [
        {
          "schema_version": 0,
          "attributes": {
            "acl": "private",
            "bucket": "djs-tgw-bucket2",
            "bucket_key_enabled": false,
            "cache_control": "",
            "content": null,
            "content_base64": null,
            "content_disposition": "",
            "content_encoding": "",
            "content_language": "",
            "content_type": "binary/octet-stream",
            "etag": "d41d8cd98f00b204e9800998ecf8427e",
            "force_destroy": false,
            "id": "software/",
            "key": "software/",
            "kms_key_id": null,
            "metadata": null,
            "object_lock_legal_hold_status": "",
            "object_lock_mode": "",
            "object_lock_retain_until_date": "",
            "server_side_encryption": "",
            "source": "/dev/null",
            "source_hash": null,
            "storage_class": "STANDARD",
            "tags": null,
            "tags_all": {},
            "version_id": "",
            "website_redirect": ""
          },
          "sensitive_attributes": [],
          "private": "bnVsbA==",
          "dependencies": [
            "aws_s3_bucket.bootstrap_bucket2"
          ]
        }
      ]
    },
    {
      "mode": "managed",
      "type": "aws_security_group",
      "name": "allow_all",
      "provider": "provider[\"registry.terraform.io/hashicorp/aws\"]",
      "instances": [
        {
          "schema_version": 1,
          "attributes": {
            "arn": "arn:aws:ec2:eu-central-1:065535367949:security-group/sg-00d0ff4ecd65f654f",
            "description": "Allow all inbound traffic",
            "egress": [],
            "id": "sg-00d0ff4ecd65f654f",
            "ingress": [],
            "name": "allow_all",
            "name_prefix": "",
            "owner_id": "065535367949",
            "revoke_rules_on_delete": false,
            "tags": null,
            "tags_all": {},
            "timeouts": null,
            "vpc_id": "vpc-09c63a629a0589e18"
          },
          "sensitive_attributes": [],
          "private": "eyJlMmJmYjczMC1lY2FhLTExZTYtOGY4OC0zNDM2M2JjN2M0YzAiOnsiY3JlYXRlIjo2MDAwMDAwMDAwMDAsImRlbGV0ZSI6OTAwMDAwMDAwMDAwfSwic2NoZW1hX3ZlcnNpb24iOiIxIn0=",
          "dependencies": [
            "aws_vpc.vpc_security"
          ]
        }
      ]
    },
    {
      "mode": "managed",
      "type": "aws_security_group",
      "name": "allow_https_ssh",
      "provider": "provider[\"registry.terraform.io/hashicorp/aws\"]",
      "instances": [
        {
          "schema_version": 1,
          "attributes": {
            "arn": "arn:aws:ec2:eu-central-1:065535367949:security-group/sg-0ac7299e184dcf9fe",
            "description": "Allow HTTPS and SSH inbound traffic",
            "egress": [],
            "id": "sg-0ac7299e184dcf9fe",
            "ingress": [],
            "name": "allow_https_ssh",
            "name_prefix": "",
            "owner_id": "065535367949",
            "revoke_rules_on_delete": false,
            "tags": null,
            "tags_all": {},
            "timeouts": null,
            "vpc_id": "vpc-09c63a629a0589e18"
          },
          "sensitive_attributes": [],
          "private": "eyJlMmJmYjczMC1lY2FhLTExZTYtOGY4OC0zNDM2M2JjN2M0YzAiOnsiY3JlYXRlIjo2MDAwMDAwMDAwMDAsImRlbGV0ZSI6OTAwMDAwMDAwMDAwfSwic2NoZW1hX3ZlcnNpb24iOiIxIn0=",
          "dependencies": [
            "aws_vpc.vpc_security"
          ]
        }
      ]
    },
    {
      "mode": "managed",
      "type": "aws_security_group_rule",
      "name": "allow_all",
      "provider": "provider[\"registry.terraform.io/hashicorp/aws\"]",
      "instances": [
        {
          "schema_version": 2,
          "attributes": {
            "cidr_blocks": [
              "0.0.0.0/0"
            ],
            "description": null,
            "from_port": 0,
            "id": "sgrule-849261717",
            "ipv6_cidr_blocks": null,
            "prefix_list_ids": null,
            "protocol": "-1",
            "security_group_id": "sg-0ac7299e184dcf9fe",
            "self": false,
            "source_security_group_id": null,
            "to_port": 0,
            "type": "egress"
          },
          "sensitive_attributes": [],
          "private": "eyJzY2hlbWFfdmVyc2lvbiI6IjIifQ==",
          "dependencies": [
            "aws_security_group.allow_https_ssh",
            "aws_vpc.vpc_security"
          ]
        }
      ]
    },
    {
      "mode": "managed",
      "type": "aws_security_group_rule",
      "name": "allow_all_egress",
      "provider": "provider[\"registry.terraform.io/hashicorp/aws\"]",
      "instances": [
        {
          "schema_version": 2,
          "attributes": {
            "cidr_blocks": [
              "0.0.0.0/0"
            ],
            "description": null,
            "from_port": 0,
            "id": "sgrule-3083637152",
            "ipv6_cidr_blocks": null,
            "prefix_list_ids": null,
            "protocol": "-1",
            "security_group_id": "sg-00d0ff4ecd65f654f",
            "self": false,
            "source_security_group_id": null,
            "to_port": 0,
            "type": "egress"
          },
          "sensitive_attributes": [],
          "private": "eyJzY2hlbWFfdmVyc2lvbiI6IjIifQ==",
          "dependencies": [
            "aws_security_group.allow_all",
            "aws_vpc.vpc_security"
          ]
        }
      ]
    },
    {
      "mode": "managed",
      "type": "aws_security_group_rule",
      "name": "allow_all_ingress",
      "provider": "provider[\"registry.terraform.io/hashicorp/aws\"]",
      "instances": [
        {
          "schema_version": 2,
          "attributes": {
            "cidr_blocks": [
              "0.0.0.0/0"
            ],
            "description": null,
            "from_port": 0,
            "id": "sgrule-1415793709",
            "ipv6_cidr_blocks": null,
            "prefix_list_ids": null,
            "protocol": "-1",
            "security_group_id": "sg-00d0ff4ecd65f654f",
            "self": false,
            "source_security_group_id": null,
            "to_port": 0,
            "type": "ingress"
          },
          "sensitive_attributes": [],
          "private": "eyJzY2hlbWFfdmVyc2lvbiI6IjIifQ==",
          "dependencies": [
            "aws_security_group.allow_all",
            "aws_vpc.vpc_security"
          ]
        }
      ]
    },
    {
      "mode": "managed",
      "type": "aws_security_group_rule",
      "name": "allow_https_ingress",
      "provider": "provider[\"registry.terraform.io/hashicorp/aws\"]",
      "instances": [
        {
          "schema_version": 2,
          "attributes": {
            "cidr_blocks": [
              "0.0.0.0/0"
            ],
            "description": null,
            "from_port": 443,
            "id": "sgrule-3705418500",
            "ipv6_cidr_blocks": null,
            "prefix_list_ids": null,
            "protocol": "tcp",
            "security_group_id": "sg-0ac7299e184dcf9fe",
            "self": false,
            "source_security_group_id": null,
            "to_port": 443,
            "type": "ingress"
          },
          "sensitive_attributes": [],
          "private": "eyJzY2hlbWFfdmVyc2lvbiI6IjIifQ==",
          "dependencies": [
            "aws_security_group.allow_https_ssh",
            "aws_vpc.vpc_security"
          ]
        }
      ]
    },
    {
      "mode": "managed",
      "type": "aws_security_group_rule",
      "name": "allow_ssh_ingress",
      "provider": "provider[\"registry.terraform.io/hashicorp/aws\"]",
      "instances": [
        {
          "schema_version": 2,
          "attributes": {
            "cidr_blocks": [
              "0.0.0.0/0"
            ],
            "description": null,
            "from_port": 22,
            "id": "sgrule-43930749",
            "ipv6_cidr_blocks": null,
            "prefix_list_ids": null,
            "protocol": "tcp",
            "security_group_id": "sg-0ac7299e184dcf9fe",
            "self": false,
            "source_security_group_id": null,
            "to_port": 22,
            "type": "ingress"
          },
          "sensitive_attributes": [],
          "private": "eyJzY2hlbWFfdmVyc2lvbiI6IjIifQ==",
          "dependencies": [
            "aws_security_group.allow_https_ssh",
            "aws_vpc.vpc_security"
          ]
        }
      ]
    },
    {
      "mode": "managed",
      "type": "aws_subnet",
      "name": "vpc_security_private_1",
      "provider": "provider[\"registry.terraform.io/hashicorp/aws\"]",
      "instances": [
        {
          "schema_version": 1,
          "attributes": {
            "arn": "arn:aws:ec2:eu-central-1:065535367949:subnet/subnet-09eb947261e6d1a97",
            "assign_ipv6_address_on_creation": false,
            "availability_zone": "eu-central-1a",
            "availability_zone_id": "euc1-az2",
            "cidr_block": "192.168.101.0/24",
            "customer_owned_ipv4_pool": "",
            "id": "subnet-09eb947261e6d1a97",
            "ipv6_cidr_block": "",
            "ipv6_cidr_block_association_id": "",
            "map_customer_owned_ip_on_launch": false,
            "map_public_ip_on_launch": false,
            "outpost_arn": "",
            "owner_id": "065535367949",
            "tags": {
              "Name": "vpc_security_private_1"
            },
            "tags_all": {
              "Name": "vpc_security_private_1"
            },
            "timeouts": null,
            "vpc_id": "vpc-09c63a629a0589e18"
          },
          "sensitive_attributes": [],
          "private": "eyJlMmJmYjczMC1lY2FhLTExZTYtOGY4OC0zNDM2M2JjN2M0YzAiOnsiY3JlYXRlIjo2MDAwMDAwMDAwMDAsImRlbGV0ZSI6MTIwMDAwMDAwMDAwMH0sInNjaGVtYV92ZXJzaW9uIjoiMSJ9",
          "dependencies": [
            "aws_vpc.vpc_security",
            "data.aws_availability_zones.available"
          ]
        }
      ]
    },
    {
      "mode": "managed",
      "type": "aws_subnet",
      "name": "vpc_security_private_2",
      "provider": "provider[\"registry.terraform.io/hashicorp/aws\"]",
      "instances": [
        {
          "schema_version": 1,
          "attributes": {
            "arn": "arn:aws:ec2:eu-central-1:065535367949:subnet/subnet-0516c084e88329cbe",
            "assign_ipv6_address_on_creation": false,
            "availability_zone": "eu-central-1b",
            "availability_zone_id": "euc1-az3",
            "cidr_block": "192.168.102.0/24",
            "customer_owned_ipv4_pool": "",
            "id": "subnet-0516c084e88329cbe",
            "ipv6_cidr_block": "",
            "ipv6_cidr_block_association_id": "",
            "map_customer_owned_ip_on_launch": false,
            "map_public_ip_on_launch": false,
            "outpost_arn": "",
            "owner_id": "065535367949",
            "tags": {
              "Name": "vpc_security_private_2"
            },
            "tags_all": {
              "Name": "vpc_security_private_2"
            },
            "timeouts": null,
            "vpc_id": "vpc-09c63a629a0589e18"
          },
          "sensitive_attributes": [],
          "private": "eyJlMmJmYjczMC1lY2FhLTExZTYtOGY4OC0zNDM2M2JjN2M0YzAiOnsiY3JlYXRlIjo2MDAwMDAwMDAwMDAsImRlbGV0ZSI6MTIwMDAwMDAwMDAwMH0sInNjaGVtYV92ZXJzaW9uIjoiMSJ9",
          "dependencies": [
            "aws_vpc.vpc_security",
            "data.aws_availability_zones.available"
          ]
        }
      ]
    },
    {
      "mode": "managed",
      "type": "aws_subnet",
      "name": "vpc_security_public_1",
      "provider": "provider[\"registry.terraform.io/hashicorp/aws\"]",
      "instances": [
        {
          "schema_version": 1,
          "attributes": {
            "arn": "arn:aws:ec2:eu-central-1:065535367949:subnet/subnet-04b95e1fa6b376bf7",
            "assign_ipv6_address_on_creation": false,
            "availability_zone": "eu-central-1a",
            "availability_zone_id": "euc1-az2",
            "cidr_block": "192.168.1.0/24",
            "customer_owned_ipv4_pool": "",
            "id": "subnet-04b95e1fa6b376bf7",
            "ipv6_cidr_block": "",
            "ipv6_cidr_block_association_id": "",
            "map_customer_owned_ip_on_launch": false,
            "map_public_ip_on_launch": false,
            "outpost_arn": "",
            "owner_id": "065535367949",
            "tags": {
              "Name": "vpc_security_public_1"
            },
            "tags_all": {
              "Name": "vpc_security_public_1"
            },
            "timeouts": null,
            "vpc_id": "vpc-09c63a629a0589e18"
          },
          "sensitive_attributes": [],
          "private": "eyJlMmJmYjczMC1lY2FhLTExZTYtOGY4OC0zNDM2M2JjN2M0YzAiOnsiY3JlYXRlIjo2MDAwMDAwMDAwMDAsImRlbGV0ZSI6MTIwMDAwMDAwMDAwMH0sInNjaGVtYV92ZXJzaW9uIjoiMSJ9",
          "dependencies": [
            "aws_vpc.vpc_security",
            "data.aws_availability_zones.available"
          ]
        }
      ]
    },
    {
      "mode": "managed",
      "type": "aws_subnet",
      "name": "vpc_security_public_2",
      "provider": "provider[\"registry.terraform.io/hashicorp/aws\"]",
      "instances": [
        {
          "schema_version": 1,
          "attributes": {
            "arn": "arn:aws:ec2:eu-central-1:065535367949:subnet/subnet-0d3f0a210452afaa1",
            "assign_ipv6_address_on_creation": false,
            "availability_zone": "eu-central-1b",
            "availability_zone_id": "euc1-az3",
            "cidr_block": "192.168.2.0/24",
            "customer_owned_ipv4_pool": "",
            "id": "subnet-0d3f0a210452afaa1",
            "ipv6_cidr_block": "",
            "ipv6_cidr_block_association_id": "",
            "map_customer_owned_ip_on_launch": false,
            "map_public_ip_on_launch": false,
            "outpost_arn": "",
            "owner_id": "065535367949",
            "tags": {
              "Name": "vpc_security_public_2"
            },
            "tags_all": {
              "Name": "vpc_security_public_2"
            },
            "timeouts": null,
            "vpc_id": "vpc-09c63a629a0589e18"
          },
          "sensitive_attributes": [],
          "private": "eyJlMmJmYjczMC1lY2FhLTExZTYtOGY4OC0zNDM2M2JjN2M0YzAiOnsiY3JlYXRlIjo2MDAwMDAwMDAwMDAsImRlbGV0ZSI6MTIwMDAwMDAwMDAwMH0sInNjaGVtYV92ZXJzaW9uIjoiMSJ9",
          "dependencies": [
            "aws_vpc.vpc_security",
            "data.aws_availability_zones.available"
          ]
        }
      ]
    },
    {
      "mode": "managed",
      "type": "aws_subnet",
      "name": "vpc_security_tgw_1",
      "provider": "provider[\"registry.terraform.io/hashicorp/aws\"]",
      "instances": [
        {
          "schema_version": 1,
          "attributes": {
            "arn": "arn:aws:ec2:eu-central-1:065535367949:subnet/subnet-0d468cbc07c85a8f8",
            "assign_ipv6_address_on_creation": false,
            "availability_zone": "eu-central-1a",
            "availability_zone_id": "euc1-az2",
            "cidr_block": "192.168.11.0/24",
            "customer_owned_ipv4_pool": "",
            "id": "subnet-0d468cbc07c85a8f8",
            "ipv6_cidr_block": "",
            "ipv6_cidr_block_association_id": "",
            "map_customer_owned_ip_on_launch": false,
            "map_public_ip_on_launch": false,
            "outpost_arn": "",
            "owner_id": "065535367949",
            "tags": {
              "Name": "vpc_security_tgw_1"
            },
            "tags_all": {
              "Name": "vpc_security_tgw_1"
            },
            "timeouts": null,
            "vpc_id": "vpc-09c63a629a0589e18"
          },
          "sensitive_attributes": [],
          "private": "eyJlMmJmYjczMC1lY2FhLTExZTYtOGY4OC0zNDM2M2JjN2M0YzAiOnsiY3JlYXRlIjo2MDAwMDAwMDAwMDAsImRlbGV0ZSI6MTIwMDAwMDAwMDAwMH0sInNjaGVtYV92ZXJzaW9uIjoiMSJ9",
          "dependencies": [
            "aws_vpc.vpc_security",
            "data.aws_availability_zones.available"
          ]
        }
      ]
    },
    {
      "mode": "managed",
      "type": "aws_subnet",
      "name": "vpc_security_tgw_2",
      "provider": "provider[\"registry.terraform.io/hashicorp/aws\"]",
      "instances": [
        {
          "schema_version": 1,
          "attributes": {
            "arn": "arn:aws:ec2:eu-central-1:065535367949:subnet/subnet-04098180091a24ab5",
            "assign_ipv6_address_on_creation": false,
            "availability_zone": "eu-central-1b",
            "availability_zone_id": "euc1-az3",
            "cidr_block": "192.168.21.0/24",
            "customer_owned_ipv4_pool": "",
            "id": "subnet-04098180091a24ab5",
            "ipv6_cidr_block": "",
            "ipv6_cidr_block_association_id": "",
            "map_customer_owned_ip_on_launch": false,
            "map_public_ip_on_launch": false,
            "outpost_arn": "",
            "owner_id": "065535367949",
            "tags": {
              "Name": "vpc_security_tgw_2"
            },
            "tags_all": {
              "Name": "vpc_security_tgw_2"
            },
            "timeouts": null,
            "vpc_id": "vpc-09c63a629a0589e18"
          },
          "sensitive_attributes": [],
          "private": "eyJlMmJmYjczMC1lY2FhLTExZTYtOGY4OC0zNDM2M2JjN2M0YzAiOnsiY3JlYXRlIjo2MDAwMDAwMDAwMDAsImRlbGV0ZSI6MTIwMDAwMDAwMDAwMH0sInNjaGVtYV92ZXJzaW9uIjoiMSJ9",
          "dependencies": [
            "aws_vpc.vpc_security",
            "data.aws_availability_zones.available"
          ]
        }
      ]
    },
    {
      "mode": "managed",
      "type": "aws_vpc",
      "name": "vpc_security",
      "provider": "provider[\"registry.terraform.io/hashicorp/aws\"]",
      "instances": [
        {
          "schema_version": 1,
          "attributes": {
            "arn": "arn:aws:ec2:eu-central-1:065535367949:vpc/vpc-09c63a629a0589e18",
            "assign_generated_ipv6_cidr_block": false,
            "cidr_block": "192.168.0.0/16",
            "default_network_acl_id": "acl-051fe1cc09af89aef",
            "default_route_table_id": "rtb-060be98deee2bdab7",
            "default_security_group_id": "sg-0233bf22528b6109b",
            "dhcp_options_id": "dopt-0477f784768a5939a",
            "enable_classiclink": null,
            "enable_classiclink_dns_support": null,
            "enable_dns_hostnames": false,
            "enable_dns_support": true,
            "id": "vpc-09c63a629a0589e18",
            "instance_tenancy": "default",
            "ipv4_ipam_pool_id": null,
            "ipv4_netmask_length": null,
            "ipv6_association_id": "",
            "ipv6_cidr_block": "",
            "ipv6_ipam_pool_id": null,
            "ipv6_netmask_length": null,
            "main_route_table_id": "rtb-060be98deee2bdab7",
            "owner_id": "065535367949",
            "tags": {
              "Name": "vpc_security"
            },
            "tags_all": {
              "Name": "vpc_security"
            }
          },
          "sensitive_attributes": [],
          "private": "eyJzY2hlbWFfdmVyc2lvbiI6IjEifQ=="
        }
      ]
    },
    {
      "module": "module.ngfw1",
      "mode": "data",
      "type": "aws_ami",
      "name": "panw_ngfw",
      "provider": "provider[\"registry.terraform.io/hashicorp/aws\"]",
      "instances": [
        {
          "schema_version": 0,
          "attributes": {
            "architecture": "x86_64",
            "arn": "arn:aws:ec2:eu-central-1::image/ami-0cea6fce3f14540f3",
            "block_device_mappings": [
              {
                "device_name": "/dev/xvda",
                "ebs": {
                  "delete_on_termination": "false",
                  "encrypted": "false",
                  "iops": "0",
                  "snapshot_id": "snap-0849c3531781b2a3b",
                  "throughput": "0",
                  "volume_size": "60",
                  "volume_type": "gp2"
                },
                "no_device": "",
                "virtual_name": ""
              }
            ],
            "creation_date": "2021-08-10T18:31:36.000Z",
            "description": "[Copied ami-0f5e8e43bd8b9d13e from us-east-1] PA-VM-AWS-10.0.7",
            "ena_support": true,
            "executable_users": null,
            "filter": [
              {
                "name": "name",
                "values": [
                  "PA-VM-AWS-10.0.7*"
                ]
              },
              {
                "name": "owner-alias",
                "values": [
                  "aws-marketplace"
                ]
              },
              {
                "name": "product-code",
                "values": [
                  "6njl1pau431dv1qxipg63mvah"
                ]
              }
            ],
            "hypervisor": "xen",
            "id": "ami-0cea6fce3f14540f3",
            "image_id": "ami-0cea6fce3f14540f3",
            "image_location": "aws-marketplace/PA-VM-AWS-10.0.7-7064e142-2859-40a4-ab62-8b0996b842e9",
            "image_owner_alias": "aws-marketplace",
            "image_type": "machine",
            "kernel_id": null,
            "most_recent": true,
            "name": "PA-VM-AWS-10.0.7-7064e142-2859-40a4-ab62-8b0996b842e9",
            "name_regex": null,
            "owner_id": "679593333241",
            "owners": [
              "aws-marketplace"
            ],
            "platform": null,
            "platform_details": "Linux/UNIX",
            "product_codes": [
              {
                "product_code_id": "6njl1pau431dv1qxipg63mvah",
                "product_code_type": "marketplace"
              }
            ],
            "public": true,
            "ramdisk_id": null,
            "root_device_name": "/dev/xvda",
            "root_device_type": "ebs",
            "root_snapshot_id": "snap-0849c3531781b2a3b",
            "sriov_net_support": "simple",
            "state": "available",
            "state_reason": {
              "code": "UNSET",
              "message": "UNSET"
            },
            "tags": {},
            "usage_operation": "RunInstances",
            "virtualization_type": "hvm"
          },
          "sensitive_attributes": []
        }
      ]
    },
    {
      "module": "module.ngfw1",
      "mode": "data",
      "type": "aws_region",
      "name": "current",
      "provider": "provider[\"registry.terraform.io/hashicorp/aws\"]",
      "instances": [
        {
          "schema_version": 0,
          "attributes": {
            "description": "Europe (Frankfurt)",
            "endpoint": "ec2.eu-central-1.amazonaws.com",
            "id": "eu-central-1",
            "name": "eu-central-1"
          },
          "sensitive_attributes": []
        }
      ]
    },
    {
      "module": "module.ngfw1",
      "mode": "managed",
      "type": "aws_eip",
      "name": "eip-management",
      "provider": "provider[\"registry.terraform.io/hashicorp/aws\"]",
      "instances": [
        {
          "schema_version": 0,
          "attributes": {
            "address": null,
            "allocation_id": "eipalloc-08e97397fa3b36cc3",
            "associate_with_private_ip": null,
            "association_id": "eipassoc-0638bdb97bd423b79",
            "carrier_ip": "",
            "customer_owned_ip": "",
            "customer_owned_ipv4_pool": "",
            "domain": "vpc",
            "id": "eipalloc-08e97397fa3b36cc3",
            "instance": "",
            "network_border_group": "eu-central-1",
            "network_interface": "eni-00545bfa7b8852192",
            "private_dns": "ip-192-168-1-45.eu-central-1.compute.internal",
            "private_ip": "192.168.1.45",
            "public_dns": "ec2-18-158-34-184.eu-central-1.compute.amazonaws.com",
            "public_ip": "18.158.34.184",
            "public_ipv4_pool": "amazon",
            "tags": {
              "Name": "eip_ngfw1_management"
            },
            "tags_all": {
              "Name": "eip_ngfw1_management"
            },
            "timeouts": null,
            "vpc": true
          },
          "sensitive_attributes": [],
          "private": "eyJlMmJmYjczMC1lY2FhLTExZTYtOGY4OC0zNDM2M2JjN2M0YzAiOnsiZGVsZXRlIjoxODAwMDAwMDAwMDAsInJlYWQiOjkwMDAwMDAwMDAwMCwidXBkYXRlIjozMDAwMDAwMDAwMDB9fQ==",
          "dependencies": [
            "aws_security_group.allow_https_ssh",
            "aws_subnet.vpc_security_public_1",
            "aws_vpc.vpc_security",
            "data.aws_availability_zones.available",
            "module.ngfw1.aws_network_interface.eni-management"
          ]
        }
      ]
    },
    {
      "module": "module.ngfw1",
      "mode": "managed",
      "type": "aws_eip",
      "name": "eip-untrust",
      "provider": "provider[\"registry.terraform.io/hashicorp/aws\"]",
      "instances": []
    },
    {
      "module": "module.ngfw1",
      "mode": "managed",
      "type": "aws_instance",
      "name": "instance-ngfw",
      "provider": "provider[\"registry.terraform.io/hashicorp/aws\"]",
      "instances": []
    },
    {
      "module": "module.ngfw1",
      "mode": "managed",
      "type": "aws_network_interface",
      "name": "eni-management",
      "provider": "provider[\"registry.terraform.io/hashicorp/aws\"]",
      "instances": [
        {
          "schema_version": 0,
          "attributes": {
            "arn": "arn:aws:ec2:eu-central-1:065535367949:network-interface/eni-00545bfa7b8852192",
            "attachment": [],
            "description": "",
            "id": "eni-00545bfa7b8852192",
            "interface_type": "interface",
            "ipv4_prefix_count": 0,
            "ipv4_prefixes": [],
            "ipv6_address_count": 0,
            "ipv6_addresses": [],
            "ipv6_prefix_count": 0,
            "ipv6_prefixes": [],
            "mac_address": "02:15:70:61:c2:72",
            "outpost_arn": "",
            "owner_id": "065535367949",
            "private_dns_name": "",
            "private_ip": "192.168.1.45",
            "private_ips": [
              "192.168.1.45"
            ],
            "private_ips_count": 0,
            "security_groups": [
              "sg-0ac7299e184dcf9fe"
            ],
            "source_dest_check": true,
            "subnet_id": "subnet-04b95e1fa6b376bf7",
            "tags": {
              "Name": "eni_ngfw1_management"
            },
            "tags_all": {
              "Name": "eni_ngfw1_management"
            }
          },
          "sensitive_attributes": [],
          "private": "bnVsbA==",
          "dependencies": [
            "aws_security_group.allow_https_ssh",
            "aws_subnet.vpc_security_public_1",
            "aws_vpc.vpc_security",
            "data.aws_availability_zones.available"
          ]
        }
      ]
    },
    {
      "module": "module.ngfw1",
      "mode": "managed",
      "type": "aws_network_interface",
      "name": "eni-trust",
      "provider": "provider[\"registry.terraform.io/hashicorp/aws\"]",
      "instances": [
        {
          "schema_version": 0,
          "attributes": {
            "arn": "arn:aws:ec2:eu-central-1:065535367949:network-interface/eni-04fb8733199d6994c",
            "attachment": [],
            "description": "",
            "id": "eni-04fb8733199d6994c",
            "interface_type": "interface",
            "ipv4_prefix_count": 0,
            "ipv4_prefixes": [],
            "ipv6_address_count": 0,
            "ipv6_addresses": [],
            "ipv6_prefix_count": 0,
            "ipv6_prefixes": [],
            "mac_address": "02:4b:1b:88:1e:b4",
            "outpost_arn": "",
            "owner_id": "065535367949",
            "private_dns_name": "",
            "private_ip": "192.168.101.45",
            "private_ips": [
              "192.168.101.45"
            ],
            "private_ips_count": 0,
            "security_groups": [
              "sg-00d0ff4ecd65f654f"
            ],
            "source_dest_check": false,
            "subnet_id": "subnet-09eb947261e6d1a97",
            "tags": {
              "Name": "eni_ngfw1_trust"
            },
            "tags_all": {
              "Name": "eni_ngfw1_trust"
            }
          },
          "sensitive_attributes": [],
          "private": "bnVsbA==",
          "dependencies": [
            "aws_security_group.allow_all",
            "aws_subnet.vpc_security_private_1",
            "aws_vpc.vpc_security",
            "data.aws_availability_zones.available"
          ]
        }
      ]
    },
    {
      "module": "module.ngfw2",
      "mode": "data",
      "type": "aws_ami",
      "name": "panw_ngfw",
      "provider": "provider[\"registry.terraform.io/hashicorp/aws\"]",
      "instances": [
        {
          "schema_version": 0,
          "attributes": {
            "architecture": "x86_64",
            "arn": "arn:aws:ec2:eu-central-1::image/ami-0cea6fce3f14540f3",
            "block_device_mappings": [
              {
                "device_name": "/dev/xvda",
                "ebs": {
                  "delete_on_termination": "false",
                  "encrypted": "false",
                  "iops": "0",
                  "snapshot_id": "snap-0849c3531781b2a3b",
                  "throughput": "0",
                  "volume_size": "60",
                  "volume_type": "gp2"
                },
                "no_device": "",
                "virtual_name": ""
              }
            ],
            "creation_date": "2021-08-10T18:31:36.000Z",
            "description": "[Copied ami-0f5e8e43bd8b9d13e from us-east-1] PA-VM-AWS-10.0.7",
            "ena_support": true,
            "executable_users": null,
            "filter": [
              {
                "name": "name",
                "values": [
                  "PA-VM-AWS-10.0.7*"
                ]
              },
              {
                "name": "owner-alias",
                "values": [
                  "aws-marketplace"
                ]
              },
              {
                "name": "product-code",
                "values": [
                  "6njl1pau431dv1qxipg63mvah"
                ]
              }
            ],
            "hypervisor": "xen",
            "id": "ami-0cea6fce3f14540f3",
            "image_id": "ami-0cea6fce3f14540f3",
            "image_location": "aws-marketplace/PA-VM-AWS-10.0.7-7064e142-2859-40a4-ab62-8b0996b842e9",
            "image_owner_alias": "aws-marketplace",
            "image_type": "machine",
            "kernel_id": null,
            "most_recent": true,
            "name": "PA-VM-AWS-10.0.7-7064e142-2859-40a4-ab62-8b0996b842e9",
            "name_regex": null,
            "owner_id": "679593333241",
            "owners": [
              "aws-marketplace"
            ],
            "platform": null,
            "platform_details": "Linux/UNIX",
            "product_codes": [
              {
                "product_code_id": "6njl1pau431dv1qxipg63mvah",
                "product_code_type": "marketplace"
              }
            ],
            "public": true,
            "ramdisk_id": null,
            "root_device_name": "/dev/xvda",
            "root_device_type": "ebs",
            "root_snapshot_id": "snap-0849c3531781b2a3b",
            "sriov_net_support": "simple",
            "state": "available",
            "state_reason": {
              "code": "UNSET",
              "message": "UNSET"
            },
            "tags": {},
            "usage_operation": "RunInstances",
            "virtualization_type": "hvm"
          },
          "sensitive_attributes": []
        }
      ]
    },
    {
      "module": "module.ngfw2",
      "mode": "data",
      "type": "aws_region",
      "name": "current",
      "provider": "provider[\"registry.terraform.io/hashicorp/aws\"]",
      "instances": [
        {
          "schema_version": 0,
          "attributes": {
            "description": "Europe (Frankfurt)",
            "endpoint": "ec2.eu-central-1.amazonaws.com",
            "id": "eu-central-1",
            "name": "eu-central-1"
          },
          "sensitive_attributes": []
        }
      ]
    },
    {
      "module": "module.ngfw2",
      "mode": "managed",
      "type": "aws_eip",
      "name": "eip-management",
      "provider": "provider[\"registry.terraform.io/hashicorp/aws\"]",
      "instances": [
        {
          "schema_version": 0,
          "attributes": {
            "address": null,
            "allocation_id": "eipalloc-035b2d8409de22ac4",
            "associate_with_private_ip": null,
            "association_id": "eipassoc-002c32e5de38f4b2b",
            "carrier_ip": "",
            "customer_owned_ip": "",
            "customer_owned_ipv4_pool": "",
            "domain": "vpc",
            "id": "eipalloc-035b2d8409de22ac4",
            "instance": "",
            "network_border_group": "eu-central-1",
            "network_interface": "eni-083743f99a608b278",
            "private_dns": "ip-192-168-2-222.eu-central-1.compute.internal",
            "private_ip": "192.168.2.222",
            "public_dns": "ec2-3-121-54-224.eu-central-1.compute.amazonaws.com",
            "public_ip": "3.121.54.224",
            "public_ipv4_pool": "amazon",
            "tags": {
              "Name": "eip_ngfw2_management"
            },
            "tags_all": {
              "Name": "eip_ngfw2_management"
            },
            "timeouts": null,
            "vpc": true
          },
          "sensitive_attributes": [],
          "private": "eyJlMmJmYjczMC1lY2FhLTExZTYtOGY4OC0zNDM2M2JjN2M0YzAiOnsiZGVsZXRlIjoxODAwMDAwMDAwMDAsInJlYWQiOjkwMDAwMDAwMDAwMCwidXBkYXRlIjozMDAwMDAwMDAwMDB9fQ==",
          "dependencies": [
            "aws_security_group.allow_https_ssh",
            "aws_subnet.vpc_security_public_2",
            "aws_vpc.vpc_security",
            "data.aws_availability_zones.available",
            "module.ngfw2.aws_network_interface.eni-management"
          ]
        }
      ]
    },
    {
      "module": "module.ngfw2",
      "mode": "managed",
      "type": "aws_eip",
      "name": "eip-untrust",
      "provider": "provider[\"registry.terraform.io/hashicorp/aws\"]",
      "instances": [
        {
          "schema_version": 0,
          "attributes": {
            "address": null,
            "allocation_id": "eipalloc-0c6dc9400a8e3a843",
            "associate_with_private_ip": null,
            "association_id": "eipassoc-0165f153c55fee537",
            "carrier_ip": "",
            "customer_owned_ip": "",
            "customer_owned_ipv4_pool": "",
            "domain": "vpc",
            "id": "eipalloc-0c6dc9400a8e3a843",
            "instance": "",
            "network_border_group": "eu-central-1",
            "network_interface": "eni-0c5736dd78657ba38",
            "private_dns": "ip-192-168-2-45.eu-central-1.compute.internal",
            "private_ip": "192.168.2.45",
            "public_dns": "ec2-3-69-32-101.eu-central-1.compute.amazonaws.com",
            "public_ip": "3.69.32.101",
            "public_ipv4_pool": "amazon",
            "tags": {
              "Name": "eip_ngfw2_untrust"
            },
            "tags_all": {
              "Name": "eip_ngfw2_untrust"
            },
            "timeouts": null,
            "vpc": true
          },
          "sensitive_attributes": [],
          "private": "eyJlMmJmYjczMC1lY2FhLTExZTYtOGY4OC0zNDM2M2JjN2M0YzAiOnsiZGVsZXRlIjoxODAwMDAwMDAwMDAsInJlYWQiOjkwMDAwMDAwMDAwMCwidXBkYXRlIjozMDAwMDAwMDAwMDB9fQ==",
          "dependencies": [
            "aws_security_group.allow_all",
            "aws_subnet.vpc_security_public_2",
            "aws_vpc.vpc_security",
            "data.aws_availability_zones.available",
            "module.ngfw2.aws_network_interface.eni-untrust"
          ]
        }
      ]
    },
    {
      "module": "module.ngfw2",
      "mode": "managed",
      "type": "aws_instance",
      "name": "instance-ngfw",
      "provider": "provider[\"registry.terraform.io/hashicorp/aws\"]",
      "instances": [
        {
          "schema_version": 1,
          "attributes": {
            "ami": "ami-0cea6fce3f14540f3",
            "arn": "arn:aws:ec2:eu-central-1:065535367949:instance/i-0c8cf3b0de993f417",
            "associate_public_ip_address": true,
            "availability_zone": "eu-central-1b",
            "capacity_reservation_specification": [
              {
                "capacity_reservation_preference": "open",
                "capacity_reservation_target": []
              }
            ],
            "cpu_core_count": 1,
            "cpu_threads_per_core": 2,
            "credit_specification": [],
            "disable_api_termination": false,
            "ebs_block_device": [],
            "ebs_optimized": true,
            "enclave_options": [
              {
                "enabled": false
              }
            ],
            "ephemeral_block_device": [],
            "get_password_data": false,
            "hibernation": false,
            "host_id": null,
            "iam_instance_profile": "ngfw_bootstrap_profile2",
            "id": "i-0c8cf3b0de993f417",
            "instance_initiated_shutdown_behavior": "stop",
            "instance_state": "running",
            "instance_type": "m5n.large",
            "ipv6_address_count": 0,
            "ipv6_addresses": [],
            "key_name": "pankeypair",
            "launch_template": [],
            "metadata_options": [
              {
                "http_endpoint": "enabled",
                "http_put_response_hop_limit": 1,
                "http_tokens": "optional"
              }
            ],
            "monitoring": false,
            "network_interface": [
              {
                "delete_on_termination": false,
                "device_index": 0,
                "network_interface_id": "eni-0c5736dd78657ba38"
              },
              {
                "delete_on_termination": false,
                "device_index": 1,
                "network_interface_id": "eni-083743f99a608b278"
              },
              {
                "delete_on_termination": false,
                "device_index": 2,
                "network_interface_id": "eni-01621b1f49b88ebb0"
              }
            ],
            "outpost_arn": "",
            "password_data": "",
            "placement_group": "",
            "placement_partition_number": null,
            "primary_network_interface_id": "eni-0c5736dd78657ba38",
            "private_dns": "ip-192-168-2-45.eu-central-1.compute.internal",
            "private_ip": "192.168.2.45",
            "public_dns": "",
            "public_ip": "3.69.32.101",
            "root_block_device": [
              {
                "delete_on_termination": false,
                "device_name": "/dev/xvda",
                "encrypted": false,
                "iops": 180,
                "kms_key_id": "",
                "tags": {},
                "throughput": 0,
                "volume_id": "vol-05ea70cb2168f2755",
                "volume_size": 60,
                "volume_type": "gp2"
              }
            ],
            "secondary_private_ips": [],
            "security_groups": [],
            "source_dest_check": false,
            "subnet_id": "subnet-0d3f0a210452afaa1",
            "tags": {
              "Name": "ngfw2"
            },
            "tags_all": {
              "Name": "ngfw2"
            },
            "tenancy": "default",
            "timeouts": null,
            "user_data": "95533260625a762eb83910db0424a9fb1cb752d3",
            "user_data_base64": null,
            "volume_tags": null,
            "vpc_security_group_ids": [
              "sg-00d0ff4ecd65f654f"
            ]
          },
          "sensitive_attributes": [],
          "private": "eyJlMmJmYjczMC1lY2FhLTExZTYtOGY4OC0zNDM2M2JjN2M0YzAiOnsiY3JlYXRlIjo2MDAwMDAwMDAwMDAsImRlbGV0ZSI6MTIwMDAwMDAwMDAwMCwidXBkYXRlIjo2MDAwMDAwMDAwMDB9LCJzY2hlbWFfdmVyc2lvbiI6IjEifQ==",
          "dependencies": [
            "aws_iam_instance_profile.bootstrap_profile2",
            "aws_iam_role.bootstrap_role2",
            "aws_security_group.allow_all",
            "aws_security_group.allow_https_ssh",
            "aws_subnet.vpc_security_private_2",
            "aws_subnet.vpc_security_public_2",
            "aws_vpc.vpc_security",
            "data.aws_availability_zones.available",
            "module.ngfw2.aws_network_interface.eni-management",
            "module.ngfw2.aws_network_interface.eni-trust",
            "module.ngfw2.aws_network_interface.eni-untrust",
            "module.ngfw2.data.aws_ami.panw_ngfw"
          ]
        }
      ]
    },
    {
      "module": "module.ngfw2",
      "mode": "managed",
      "type": "aws_network_interface",
      "name": "eni-management",
      "provider": "provider[\"registry.terraform.io/hashicorp/aws\"]",
      "instances": [
        {
          "schema_version": 0,
          "attributes": {
            "arn": "arn:aws:ec2:eu-central-1:065535367949:network-interface/eni-083743f99a608b278",
            "attachment": [],
            "description": "",
            "id": "eni-083743f99a608b278",
            "interface_type": "interface",
            "ipv4_prefix_count": 0,
            "ipv4_prefixes": [],
            "ipv6_address_count": 0,
            "ipv6_addresses": [],
            "ipv6_prefix_count": 0,
            "ipv6_prefixes": [],
            "mac_address": "06:33:42:d1:3f:20",
            "outpost_arn": "",
            "owner_id": "065535367949",
            "private_dns_name": "",
            "private_ip": "192.168.2.222",
            "private_ips": [
              "192.168.2.222"
            ],
            "private_ips_count": 0,
            "security_groups": [
              "sg-0ac7299e184dcf9fe"
            ],
            "source_dest_check": true,
            "subnet_id": "subnet-0d3f0a210452afaa1",
            "tags": {
              "Name": "eni_ngfw2_management"
            },
            "tags_all": {
              "Name": "eni_ngfw2_management"
            }
          },
          "sensitive_attributes": [],
          "private": "bnVsbA==",
          "dependencies": [
            "aws_security_group.allow_https_ssh",
            "aws_subnet.vpc_security_public_2",
            "aws_vpc.vpc_security",
            "data.aws_availability_zones.available"
          ]
        }
      ]
    },
    {
      "module": "module.ngfw2",
      "mode": "managed",
      "type": "aws_network_interface",
      "name": "eni-trust",
      "provider": "provider[\"registry.terraform.io/hashicorp/aws\"]",
      "instances": [
        {
          "schema_version": 0,
          "attributes": {
            "arn": "arn:aws:ec2:eu-central-1:065535367949:network-interface/eni-01621b1f49b88ebb0",
            "attachment": [],
            "description": "",
            "id": "eni-01621b1f49b88ebb0",
            "interface_type": "interface",
            "ipv4_prefix_count": 0,
            "ipv4_prefixes": [],
            "ipv6_address_count": 0,
            "ipv6_addresses": [],
            "ipv6_prefix_count": 0,
            "ipv6_prefixes": [],
            "mac_address": "06:62:c1:6d:76:9e",
            "outpost_arn": "",
            "owner_id": "065535367949",
            "private_dns_name": "",
            "private_ip": "192.168.102.45",
            "private_ips": [
              "192.168.102.45"
            ],
            "private_ips_count": 0,
            "security_groups": [
              "sg-00d0ff4ecd65f654f"
            ],
            "source_dest_check": false,
            "subnet_id": "subnet-0516c084e88329cbe",
            "tags": {
              "Name": "eni_ngfw2_trust"
            },
            "tags_all": {
              "Name": "eni_ngfw2_trust"
            }
          },
          "sensitive_attributes": [],
          "private": "bnVsbA==",
          "dependencies": [
            "aws_security_group.allow_all",
            "aws_subnet.vpc_security_private_2",
            "aws_vpc.vpc_security",
            "data.aws_availability_zones.available"
          ]
        }
      ]
    },
    {
      "module": "module.ngfw2",
      "mode": "managed",
      "type": "aws_network_interface",
      "name": "eni-untrust",
      "provider": "provider[\"registry.terraform.io/hashicorp/aws\"]",
      "instances": [
        {
          "schema_version": 0,
          "attributes": {
            "arn": "arn:aws:ec2:eu-central-1:065535367949:network-interface/eni-0c5736dd78657ba38",
            "attachment": [],
            "description": "",
            "id": "eni-0c5736dd78657ba38",
            "interface_type": "interface",
            "ipv4_prefix_count": 0,
            "ipv4_prefixes": [],
            "ipv6_address_count": 0,
            "ipv6_addresses": [],
            "ipv6_prefix_count": 0,
            "ipv6_prefixes": [],
            "mac_address": "06:9e:fb:e6:a1:10",
            "outpost_arn": "",
            "owner_id": "065535367949",
            "private_dns_name": "",
            "private_ip": "192.168.2.45",
            "private_ips": [
              "192.168.2.45"
            ],
            "private_ips_count": 0,
            "security_groups": [
              "sg-00d0ff4ecd65f654f"
            ],
            "source_dest_check": false,
            "subnet_id": "subnet-0d3f0a210452afaa1",
            "tags": {
              "Name": "eni_ngfw2_untrust"
            },
            "tags_all": {
              "Name": "eni_ngfw2_untrust"
            }
          },
          "sensitive_attributes": [],
          "private": "bnVsbA==",
          "dependencies": [
            "aws_security_group.allow_all",
            "aws_subnet.vpc_security_public_2",
            "aws_vpc.vpc_security",
            "data.aws_availability_zones.available"
          ]
        }
      ]
    },
    {
      "module": "module.spoke1",
      "mode": "data",
      "type": "aws_ami",
      "name": "ubuntu",
      "provider": "provider[\"registry.terraform.io/hashicorp/aws\"]",
      "instances": [
        {
          "schema_version": 0,
          "attributes": {
            "architecture": "x86_64",
            "arn": "arn:aws:ec2:eu-central-1::image/ami-0e18ae6e39f4962f0",
            "block_device_mappings": [
              {
                "device_name": "/dev/sda1",
                "ebs": {
                  "delete_on_termination": "true",
                  "encrypted": "false",
                  "iops": "0",
                  "snapshot_id": "snap-07355f7d82ad161e8",
                  "throughput": "0",
                  "volume_size": "8",
                  "volume_type": "gp2"
                },
                "no_device": "",
                "virtual_name": ""
              },
              {
                "device_name": "/dev/sdb",
                "ebs": {},
                "no_device": "",
                "virtual_name": "ephemeral0"
              },
              {
                "device_name": "/dev/sdc",
                "ebs": {},
                "no_device": "",
                "virtual_name": "ephemeral1"
              }
            ],
            "creation_date": "2019-11-11T13:09:57.000Z",
            "description": "Canonical, Ubuntu, 14.04 LTS, amd64 trusty image build on 2019-11-07",
            "ena_support": true,
            "executable_users": null,
            "filter": [
              {
                "name": "name",
                "values": [
                  "ubuntu/images/hvm-ssd/ubuntu-trusty-14.04-amd64-server-*"
                ]
              },
              {
                "name": "virtualization-type",
                "values": [
                  "hvm"
                ]
              }
            ],
            "hypervisor": "xen",
            "id": "ami-0e18ae6e39f4962f0",
            "image_id": "ami-0e18ae6e39f4962f0",
            "image_location": "099720109477/ubuntu/images/hvm-ssd/ubuntu-trusty-14.04-amd64-server-20191107",
            "image_owner_alias": null,
            "image_type": "machine",
            "kernel_id": null,
            "most_recent": true,
            "name": "ubuntu/images/hvm-ssd/ubuntu-trusty-14.04-amd64-server-20191107",
            "name_regex": null,
            "owner_id": "099720109477",
            "owners": [
              "099720109477"
            ],
            "platform": null,
            "platform_details": "Linux/UNIX",
            "product_codes": [],
            "public": true,
            "ramdisk_id": null,
            "root_device_name": "/dev/sda1",
            "root_device_type": "ebs",
            "root_snapshot_id": "snap-07355f7d82ad161e8",
            "sriov_net_support": "simple",
            "state": "available",
            "state_reason": {
              "code": "UNSET",
              "message": "UNSET"
            },
            "tags": {},
            "usage_operation": "RunInstances",
            "virtualization_type": "hvm"
          },
          "sensitive_attributes": []
        }
      ]
    },
    {
      "module": "module.spoke1",
      "mode": "data",
      "type": "aws_availability_zones",
      "name": "available",
      "provider": "provider[\"registry.terraform.io/hashicorp/aws\"]",
      "instances": [
        {
          "schema_version": 0,
          "attributes": {
            "all_availability_zones": null,
            "exclude_names": null,
            "exclude_zone_ids": null,
            "filter": null,
            "group_names": [
              "eu-central-1"
            ],
            "id": "eu-central-1",
            "names": [
              "eu-central-1a",
              "eu-central-1b",
              "eu-central-1c"
            ],
            "state": null,
            "zone_ids": [
              "euc1-az2",
              "euc1-az3",
              "euc1-az1"
            ]
          },
          "sensitive_attributes": []
        }
      ]
    },
    {
      "module": "module.spoke1",
      "mode": "managed",
      "type": "aws_ec2_transit_gateway_route_table_association",
      "name": "vpc_spoke_1",
      "provider": "provider[\"registry.terraform.io/hashicorp/aws\"]",
      "instances": [
        {
          "schema_version": 0,
          "attributes": {
            "id": "tgw-rtb-0b7086f1778eaa739_tgw-attach-0b88ac6c82dc8b3c0",
            "resource_id": "vpc-019897cb282e7ec05",
            "resource_type": "vpc",
            "transit_gateway_attachment_id": "tgw-attach-0b88ac6c82dc8b3c0",
            "transit_gateway_route_table_id": "tgw-rtb-0b7086f1778eaa739"
          },
          "sensitive_attributes": [],
          "private": "bnVsbA==",
          "dependencies": [
            "aws_ec2_transit_gateway.tgw",
            "aws_ec2_transit_gateway_route_table.tgw_spokes",
            "module.spoke1.aws_ec2_transit_gateway_vpc_attachment.tgw_spoke_attachment",
            "module.spoke1.aws_subnet.primary",
            "module.spoke1.aws_subnet.secondary",
            "module.spoke1.aws_vpc.vpc_spoke",
            "module.spoke1.data.aws_availability_zones.available"
          ]
        }
      ]
    },
    {
      "module": "module.spoke1",
      "mode": "managed",
      "type": "aws_ec2_transit_gateway_route_table_propagation",
      "name": "route_table_propagation",
      "provider": "provider[\"registry.terraform.io/hashicorp/aws\"]",
      "instances": [
        {
          "schema_version": 0,
          "attributes": {
            "id": "tgw-rtb-0c7f1415b67f14aba_tgw-attach-0b88ac6c82dc8b3c0",
            "resource_id": "vpc-019897cb282e7ec05",
            "resource_type": "vpc",
            "transit_gateway_attachment_id": "tgw-attach-0b88ac6c82dc8b3c0",
            "transit_gateway_route_table_id": "tgw-rtb-0c7f1415b67f14aba"
          },
          "sensitive_attributes": [],
          "private": "bnVsbA==",
          "dependencies": [
            "aws_ec2_transit_gateway.tgw",
            "aws_ec2_transit_gateway_route_table.tgw_security",
            "module.spoke1.aws_ec2_transit_gateway_vpc_attachment.tgw_spoke_attachment",
            "module.spoke1.aws_subnet.primary",
            "module.spoke1.aws_subnet.secondary",
            "module.spoke1.aws_vpc.vpc_spoke",
            "module.spoke1.data.aws_availability_zones.available"
          ]
        }
      ]
    },
    {
      "module": "module.spoke1",
      "mode": "managed",
      "type": "aws_ec2_transit_gateway_vpc_attachment",
      "name": "tgw_spoke_attachment",
      "provider": "provider[\"registry.terraform.io/hashicorp/aws\"]",
      "instances": [
        {
          "schema_version": 0,
          "attributes": {
            "appliance_mode_support": "disable",
            "dns_support": "enable",
            "id": "tgw-attach-0b88ac6c82dc8b3c0",
            "ipv6_support": "disable",
            "subnet_ids": [
              "subnet-00e2277c5838e2416",
              "subnet-0966d41f8ee98067d"
            ],
            "tags": {
              "Name": "tgw_attachment_spoke_10.1.0.0/16"
            },
            "tags_all": {
              "Name": "tgw_attachment_spoke_10.1.0.0/16"
            },
            "transit_gateway_default_route_table_association": false,
            "transit_gateway_default_route_table_propagation": false,
            "transit_gateway_id": "tgw-0a6f388ae65a35fb6",
            "vpc_id": "vpc-019897cb282e7ec05",
            "vpc_owner_id": "065535367949"
          },
          "sensitive_attributes": [],
          "private": "bnVsbA==",
          "dependencies": [
            "aws_ec2_transit_gateway.tgw",
            "module.spoke1.aws_subnet.primary",
            "module.spoke1.aws_subnet.secondary",
            "module.spoke1.aws_vpc.vpc_spoke",
            "module.spoke1.data.aws_availability_zones.available"
          ]
        }
      ]
    },
    {
      "module": "module.spoke1",
      "mode": "managed",
      "type": "aws_instance",
      "name": "web",
      "provider": "provider[\"registry.terraform.io/hashicorp/aws\"]",
      "instances": [
        {
          "schema_version": 1,
          "attributes": {
            "ami": "ami-0e18ae6e39f4962f0",
            "arn": "arn:aws:ec2:eu-central-1:065535367949:instance/i-0886501ffa6487506",
            "associate_public_ip_address": false,
            "availability_zone": "eu-central-1a",
            "capacity_reservation_specification": [
              {
                "capacity_reservation_preference": "open",
                "capacity_reservation_target": []
              }
            ],
            "cpu_core_count": 1,
            "cpu_threads_per_core": 1,
            "credit_specification": [
              {
                "cpu_credits": "standard"
              }
            ],
            "disable_api_termination": false,
            "ebs_block_device": [],
            "ebs_optimized": false,
            "enclave_options": [
              {
                "enabled": false
              }
            ],
            "ephemeral_block_device": [],
            "get_password_data": false,
            "hibernation": false,
            "host_id": null,
            "iam_instance_profile": "",
            "id": "i-0886501ffa6487506",
            "instance_initiated_shutdown_behavior": "stop",
            "instance_state": "running",
            "instance_type": "t2.micro",
            "ipv6_address_count": 0,
            "ipv6_addresses": [],
            "key_name": "pankeypair",
            "launch_template": [],
            "metadata_options": [
              {
                "http_endpoint": "enabled",
                "http_put_response_hop_limit": 1,
                "http_tokens": "optional"
              }
            ],
            "monitoring": false,
            "network_interface": [],
            "outpost_arn": "",
            "password_data": "",
            "placement_group": "",
            "placement_partition_number": null,
            "primary_network_interface_id": "eni-0785423aaa6683a8c",
            "private_dns": "ip-10-1-1-45.eu-central-1.compute.internal",
            "private_ip": "10.1.1.45",
            "public_dns": "",
            "public_ip": "",
            "root_block_device": [
              {
                "delete_on_termination": true,
                "device_name": "/dev/sda1",
                "encrypted": false,
                "iops": 100,
                "kms_key_id": "",
                "tags": {},
                "throughput": 0,
                "volume_id": "vol-0557db46a88cb2694",
                "volume_size": 8,
                "volume_type": "gp2"
              }
            ],
            "secondary_private_ips": [],
            "security_groups": [
              "sg-0649a72803b1afe08"
            ],
            "source_dest_check": true,
            "subnet_id": "subnet-00e2277c5838e2416",
            "tags": {
              "Name": "spoke1-server1"
            },
            "tags_all": {
              "Name": "spoke1-server1"
            },
            "tenancy": "default",
            "timeouts": null,
            "user_data": null,
            "user_data_base64": null,
            "volume_tags": null,
            "vpc_security_group_ids": [
              "sg-0649a72803b1afe08"
            ]
          },
          "sensitive_attributes": [],
          "private": "eyJlMmJmYjczMC1lY2FhLTExZTYtOGY4OC0zNDM2M2JjN2M0YzAiOnsiY3JlYXRlIjo2MDAwMDAwMDAwMDAsImRlbGV0ZSI6MTIwMDAwMDAwMDAwMCwidXBkYXRlIjo2MDAwMDAwMDAwMDB9LCJzY2hlbWFfdmVyc2lvbiI6IjEifQ==",
          "dependencies": [
            "module.spoke1.aws_security_group.server_sg",
            "module.spoke1.aws_subnet.primary",
            "module.spoke1.aws_vpc.vpc_spoke",
            "module.spoke1.data.aws_ami.ubuntu",
            "module.spoke1.data.aws_availability_zones.available"
          ]
        }
      ]
    },
    {
      "module": "module.spoke1",
      "mode": "managed",
      "type": "aws_instance",
      "name": "web2",
      "provider": "provider[\"registry.terraform.io/hashicorp/aws\"]",
      "instances": [
        {
          "schema_version": 1,
          "attributes": {
            "ami": "ami-0e18ae6e39f4962f0",
            "arn": "arn:aws:ec2:eu-central-1:065535367949:instance/i-08dbf53e2b231c089",
            "associate_public_ip_address": false,
            "availability_zone": "eu-central-1b",
            "capacity_reservation_specification": [
              {
                "capacity_reservation_preference": "open",
                "capacity_reservation_target": []
              }
            ],
            "cpu_core_count": 1,
            "cpu_threads_per_core": 1,
            "credit_specification": [
              {
                "cpu_credits": "standard"
              }
            ],
            "disable_api_termination": false,
            "ebs_block_device": [],
            "ebs_optimized": false,
            "enclave_options": [
              {
                "enabled": false
              }
            ],
            "ephemeral_block_device": [],
            "get_password_data": false,
            "hibernation": false,
            "host_id": null,
            "iam_instance_profile": "",
            "id": "i-08dbf53e2b231c089",
            "instance_initiated_shutdown_behavior": "stop",
            "instance_state": "running",
            "instance_type": "t2.micro",
            "ipv6_address_count": 0,
            "ipv6_addresses": [],
            "key_name": "pankeypair",
            "launch_template": [],
            "metadata_options": [
              {
                "http_endpoint": "enabled",
                "http_put_response_hop_limit": 1,
                "http_tokens": "optional"
              }
            ],
            "monitoring": false,
            "network_interface": [],
            "outpost_arn": "",
            "password_data": "",
            "placement_group": "",
            "placement_partition_number": null,
            "primary_network_interface_id": "eni-0d4312a01931a329a",
            "private_dns": "ip-10-1-2-45.eu-central-1.compute.internal",
            "private_ip": "10.1.2.45",
            "public_dns": "",
            "public_ip": "",
            "root_block_device": [
              {
                "delete_on_termination": true,
                "device_name": "/dev/sda1",
                "encrypted": false,
                "iops": 100,
                "kms_key_id": "",
                "tags": {},
                "throughput": 0,
                "volume_id": "vol-0aefb8dfbb8bc3149",
                "volume_size": 8,
                "volume_type": "gp2"
              }
            ],
            "secondary_private_ips": [],
            "security_groups": [
              "sg-0649a72803b1afe08"
            ],
            "source_dest_check": true,
            "subnet_id": "subnet-0966d41f8ee98067d",
            "tags": {
              "Name": "spoke1-server2"
            },
            "tags_all": {
              "Name": "spoke1-server2"
            },
            "tenancy": "default",
            "timeouts": null,
            "user_data": null,
            "user_data_base64": null,
            "volume_tags": null,
            "vpc_security_group_ids": [
              "sg-0649a72803b1afe08"
            ]
          },
          "sensitive_attributes": [],
          "private": "eyJlMmJmYjczMC1lY2FhLTExZTYtOGY4OC0zNDM2M2JjN2M0YzAiOnsiY3JlYXRlIjo2MDAwMDAwMDAwMDAsImRlbGV0ZSI6MTIwMDAwMDAwMDAwMCwidXBkYXRlIjo2MDAwMDAwMDAwMDB9LCJzY2hlbWFfdmVyc2lvbiI6IjEifQ==",
          "dependencies": [
            "module.spoke1.aws_security_group.server_sg",
            "module.spoke1.aws_subnet.secondary",
            "module.spoke1.aws_vpc.vpc_spoke",
            "module.spoke1.data.aws_ami.ubuntu",
            "module.spoke1.data.aws_availability_zones.available"
          ]
        }
      ]
    },
    {
      "module": "module.spoke1",
      "mode": "managed",
      "type": "aws_route",
      "name": "vpc_spoke_route_1",
      "provider": "provider[\"registry.terraform.io/hashicorp/aws\"]",
      "instances": [
        {
          "schema_version": 0,
          "attributes": {
            "carrier_gateway_id": "",
            "destination_cidr_block": "10.0.0.0/8",
            "destination_ipv6_cidr_block": "",
            "destination_prefix_list_id": "",
            "egress_only_gateway_id": "",
            "gateway_id": "",
            "id": "r-rtb-0d2577c4ffa38cc3a3423270202",
            "instance_id": "",
            "instance_owner_id": "",
            "local_gateway_id": "",
            "nat_gateway_id": "",
            "network_interface_id": "",
            "origin": "CreateRoute",
            "route_table_id": "rtb-0d2577c4ffa38cc3a",
            "state": "blackhole",
            "timeouts": null,
            "transit_gateway_id": "tgw-0a6f388ae65a35fb6",
            "vpc_endpoint_id": "",
            "vpc_peering_connection_id": ""
          },
          "sensitive_attributes": [],
          "private": "eyJlMmJmYjczMC1lY2FhLTExZTYtOGY4OC0zNDM2M2JjN2M0YzAiOnsiY3JlYXRlIjozMDAwMDAwMDAwMDAsImRlbGV0ZSI6MzAwMDAwMDAwMDAwLCJ1cGRhdGUiOjEyMDAwMDAwMDAwMH19",
          "dependencies": [
            "aws_ec2_transit_gateway.tgw",
            "module.spoke1.aws_vpc.vpc_spoke"
          ]
        }
      ]
    },
    {
      "module": "module.spoke1",
      "mode": "managed",
      "type": "aws_route",
      "name": "vpc_spoke_route_2",
      "provider": "provider[\"registry.terraform.io/hashicorp/aws\"]",
      "instances": [
        {
          "schema_version": 0,
          "attributes": {
            "carrier_gateway_id": "",
            "destination_cidr_block": "192.168.0.0/16",
            "destination_ipv6_cidr_block": "",
            "destination_prefix_list_id": "",
            "egress_only_gateway_id": "",
            "gateway_id": "",
            "id": "r-rtb-0d2577c4ffa38cc3a3901788224",
            "instance_id": "",
            "instance_owner_id": "",
            "local_gateway_id": "",
            "nat_gateway_id": "",
            "network_interface_id": "",
            "origin": "CreateRoute",
            "route_table_id": "rtb-0d2577c4ffa38cc3a",
            "state": "blackhole",
            "timeouts": null,
            "transit_gateway_id": "tgw-0a6f388ae65a35fb6",
            "vpc_endpoint_id": "",
            "vpc_peering_connection_id": ""
          },
          "sensitive_attributes": [],
          "private": "eyJlMmJmYjczMC1lY2FhLTExZTYtOGY4OC0zNDM2M2JjN2M0YzAiOnsiY3JlYXRlIjozMDAwMDAwMDAwMDAsImRlbGV0ZSI6MzAwMDAwMDAwMDAwLCJ1cGRhdGUiOjEyMDAwMDAwMDAwMH19",
          "dependencies": [
            "aws_ec2_transit_gateway.tgw",
            "module.spoke1.aws_vpc.vpc_spoke"
          ]
        }
      ]
    },
    {
      "module": "module.spoke1",
      "mode": "managed",
      "type": "aws_route",
      "name": "vpc_spoke_route_3",
      "provider": "provider[\"registry.terraform.io/hashicorp/aws\"]",
      "instances": [
        {
          "schema_version": 0,
          "attributes": {
            "carrier_gateway_id": "",
            "destination_cidr_block": "0.0.0.0/0",
            "destination_ipv6_cidr_block": "",
            "destination_prefix_list_id": "",
            "egress_only_gateway_id": "",
            "gateway_id": "",
            "id": "r-rtb-0d2577c4ffa38cc3a1080289494",
            "instance_id": "",
            "instance_owner_id": "",
            "local_gateway_id": "",
            "nat_gateway_id": "",
            "network_interface_id": "",
            "origin": "CreateRoute",
            "route_table_id": "rtb-0d2577c4ffa38cc3a",
            "state": "blackhole",
            "timeouts": null,
            "transit_gateway_id": "tgw-0a6f388ae65a35fb6",
            "vpc_endpoint_id": "",
            "vpc_peering_connection_id": ""
          },
          "sensitive_attributes": [],
          "private": "eyJlMmJmYjczMC1lY2FhLTExZTYtOGY4OC0zNDM2M2JjN2M0YzAiOnsiY3JlYXRlIjozMDAwMDAwMDAwMDAsImRlbGV0ZSI6MzAwMDAwMDAwMDAwLCJ1cGRhdGUiOjEyMDAwMDAwMDAwMH19",
          "dependencies": [
            "aws_ec2_transit_gateway.tgw",
            "module.spoke1.aws_vpc.vpc_spoke"
          ]
        }
      ]
    },
    {
      "module": "module.spoke1",
      "mode": "managed",
      "type": "aws_security_group",
      "name": "server_sg",
      "provider": "provider[\"registry.terraform.io/hashicorp/aws\"]",
      "instances": [
        {
          "schema_version": 1,
          "attributes": {
            "arn": "arn:aws:ec2:eu-central-1:065535367949:security-group/sg-0649a72803b1afe08",
            "description": "Allow select inbound traffic",
            "egress": [],
            "id": "sg-0649a72803b1afe08",
            "ingress": [],
            "name": "server_sg",
            "name_prefix": "",
            "owner_id": "065535367949",
            "revoke_rules_on_delete": false,
            "tags": null,
            "tags_all": {},
            "timeouts": null,
            "vpc_id": "vpc-019897cb282e7ec05"
          },
          "sensitive_attributes": [],
          "private": "eyJlMmJmYjczMC1lY2FhLTExZTYtOGY4OC0zNDM2M2JjN2M0YzAiOnsiY3JlYXRlIjo2MDAwMDAwMDAwMDAsImRlbGV0ZSI6OTAwMDAwMDAwMDAwfSwic2NoZW1hX3ZlcnNpb24iOiIxIn0=",
          "dependencies": [
            "module.spoke1.aws_vpc.vpc_spoke"
          ]
        }
      ]
    },
    {
      "module": "module.spoke1",
      "mode": "managed",
      "type": "aws_security_group_rule",
      "name": "allow_server_sg_egress",
      "provider": "provider[\"registry.terraform.io/hashicorp/aws\"]",
      "instances": [
        {
          "schema_version": 2,
          "attributes": {
            "cidr_blocks": [
              "0.0.0.0/0"
            ],
            "description": null,
            "from_port": 0,
            "id": "sgrule-173645131",
            "ipv6_cidr_blocks": null,
            "prefix_list_ids": null,
            "protocol": "-1",
            "security_group_id": "sg-0649a72803b1afe08",
            "self": false,
            "source_security_group_id": null,
            "to_port": 0,
            "type": "egress"
          },
          "sensitive_attributes": [],
          "private": "eyJzY2hlbWFfdmVyc2lvbiI6IjIifQ==",
          "dependencies": [
            "module.spoke1.aws_security_group.server_sg",
            "module.spoke1.aws_vpc.vpc_spoke"
          ]
        }
      ]
    },
    {
      "module": "module.spoke1",
      "mode": "managed",
      "type": "aws_security_group_rule",
      "name": "allow_server_sg_ingress",
      "provider": "provider[\"registry.terraform.io/hashicorp/aws\"]",
      "instances": [
        {
          "schema_version": 2,
          "attributes": {
            "cidr_blocks": [
              "10.0.0.0/8",
              "192.168.0.0/16"
            ],
            "description": null,
            "from_port": 0,
            "id": "sgrule-1892838961",
            "ipv6_cidr_blocks": null,
            "prefix_list_ids": null,
            "protocol": "-1",
            "security_group_id": "sg-0649a72803b1afe08",
            "self": false,
            "source_security_group_id": null,
            "to_port": 0,
            "type": "ingress"
          },
          "sensitive_attributes": [],
          "private": "eyJzY2hlbWFfdmVyc2lvbiI6IjIifQ==",
          "dependencies": [
            "module.spoke1.aws_security_group.server_sg",
            "module.spoke1.aws_vpc.vpc_spoke"
          ]
        }
      ]
    },
    {
      "module": "module.spoke1",
      "mode": "managed",
      "type": "aws_subnet",
      "name": "primary",
      "provider": "provider[\"registry.terraform.io/hashicorp/aws\"]",
      "instances": [
        {
          "schema_version": 1,
          "attributes": {
            "arn": "arn:aws:ec2:eu-central-1:065535367949:subnet/subnet-00e2277c5838e2416",
            "assign_ipv6_address_on_creation": false,
            "availability_zone": "eu-central-1a",
            "availability_zone_id": "euc1-az2",
            "cidr_block": "10.1.1.0/24",
            "customer_owned_ipv4_pool": "",
            "id": "subnet-00e2277c5838e2416",
            "ipv6_cidr_block": "",
            "ipv6_cidr_block_association_id": "",
            "map_customer_owned_ip_on_launch": false,
            "map_public_ip_on_launch": false,
            "outpost_arn": "",
            "owner_id": "065535367949",
            "tags": {
              "Name": "vpc_spokeA_10.1.1.0/24"
            },
            "tags_all": {
              "Name": "vpc_spokeA_10.1.1.0/24"
            },
            "timeouts": null,
            "vpc_id": "vpc-019897cb282e7ec05"
          },
          "sensitive_attributes": [],
          "private": "eyJlMmJmYjczMC1lY2FhLTExZTYtOGY4OC0zNDM2M2JjN2M0YzAiOnsiY3JlYXRlIjo2MDAwMDAwMDAwMDAsImRlbGV0ZSI6MTIwMDAwMDAwMDAwMH0sInNjaGVtYV92ZXJzaW9uIjoiMSJ9",
          "dependencies": [
            "module.spoke1.aws_vpc.vpc_spoke",
            "module.spoke1.data.aws_availability_zones.available"
          ]
        }
      ]
    },
    {
      "module": "module.spoke1",
      "mode": "managed",
      "type": "aws_subnet",
      "name": "secondary",
      "provider": "provider[\"registry.terraform.io/hashicorp/aws\"]",
      "instances": [
        {
          "schema_version": 1,
          "attributes": {
            "arn": "arn:aws:ec2:eu-central-1:065535367949:subnet/subnet-0966d41f8ee98067d",
            "assign_ipv6_address_on_creation": false,
            "availability_zone": "eu-central-1b",
            "availability_zone_id": "euc1-az3",
            "cidr_block": "10.1.2.0/24",
            "customer_owned_ipv4_pool": "",
            "id": "subnet-0966d41f8ee98067d",
            "ipv6_cidr_block": "",
            "ipv6_cidr_block_association_id": "",
            "map_customer_owned_ip_on_launch": false,
            "map_public_ip_on_launch": false,
            "outpost_arn": "",
            "owner_id": "065535367949",
            "tags": {
              "Name": "vpc_spokeB_10.1.2.0/24"
            },
            "tags_all": {
              "Name": "vpc_spokeB_10.1.2.0/24"
            },
            "timeouts": null,
            "vpc_id": "vpc-019897cb282e7ec05"
          },
          "sensitive_attributes": [],
          "private": "eyJlMmJmYjczMC1lY2FhLTExZTYtOGY4OC0zNDM2M2JjN2M0YzAiOnsiY3JlYXRlIjo2MDAwMDAwMDAwMDAsImRlbGV0ZSI6MTIwMDAwMDAwMDAwMH0sInNjaGVtYV92ZXJzaW9uIjoiMSJ9",
          "dependencies": [
            "module.spoke1.aws_vpc.vpc_spoke",
            "module.spoke1.data.aws_availability_zones.available"
          ]
        }
      ]
    },
    {
      "module": "module.spoke1",
      "mode": "managed",
      "type": "aws_vpc",
      "name": "vpc_spoke",
      "provider": "provider[\"registry.terraform.io/hashicorp/aws\"]",
      "instances": [
        {
          "schema_version": 1,
          "attributes": {
            "arn": "arn:aws:ec2:eu-central-1:065535367949:vpc/vpc-019897cb282e7ec05",
            "assign_generated_ipv6_cidr_block": false,
            "cidr_block": "10.1.0.0/16",
            "default_network_acl_id": "acl-09089bd2c978fb4b2",
            "default_route_table_id": "rtb-0d2577c4ffa38cc3a",
            "default_security_group_id": "sg-00606a012a4966716",
            "dhcp_options_id": "dopt-0477f784768a5939a",
            "enable_classiclink": null,
            "enable_classiclink_dns_support": null,
            "enable_dns_hostnames": false,
            "enable_dns_support": true,
            "id": "vpc-019897cb282e7ec05",
            "instance_tenancy": "default",
            "ipv4_ipam_pool_id": null,
            "ipv4_netmask_length": null,
            "ipv6_association_id": "",
            "ipv6_cidr_block": "",
            "ipv6_ipam_pool_id": null,
            "ipv6_netmask_length": null,
            "main_route_table_id": "rtb-0d2577c4ffa38cc3a",
            "owner_id": "065535367949",
            "tags": {
              "Name": "vpc_spoke_10.1.0.0/16"
            },
            "tags_all": {
              "Name": "vpc_spoke_10.1.0.0/16"
            }
          },
          "sensitive_attributes": [],
          "private": "eyJzY2hlbWFfdmVyc2lvbiI6IjEifQ=="
        }
      ]
    },
    {
      "module": "module.spoke2",
      "mode": "data",
      "type": "aws_ami",
      "name": "ubuntu",
      "provider": "provider[\"registry.terraform.io/hashicorp/aws\"]",
      "instances": [
        {
          "schema_version": 0,
          "attributes": {
            "architecture": "x86_64",
            "arn": "arn:aws:ec2:eu-central-1::image/ami-0e18ae6e39f4962f0",
            "block_device_mappings": [
              {
                "device_name": "/dev/sda1",
                "ebs": {
                  "delete_on_termination": "true",
                  "encrypted": "false",
                  "iops": "0",
                  "snapshot_id": "snap-07355f7d82ad161e8",
                  "throughput": "0",
                  "volume_size": "8",
                  "volume_type": "gp2"
                },
                "no_device": "",
                "virtual_name": ""
              },
              {
                "device_name": "/dev/sdb",
                "ebs": {},
                "no_device": "",
                "virtual_name": "ephemeral0"
              },
              {
                "device_name": "/dev/sdc",
                "ebs": {},
                "no_device": "",
                "virtual_name": "ephemeral1"
              }
            ],
            "creation_date": "2019-11-11T13:09:57.000Z",
            "description": "Canonical, Ubuntu, 14.04 LTS, amd64 trusty image build on 2019-11-07",
            "ena_support": true,
            "executable_users": null,
            "filter": [
              {
                "name": "name",
                "values": [
                  "ubuntu/images/hvm-ssd/ubuntu-trusty-14.04-amd64-server-*"
                ]
              },
              {
                "name": "virtualization-type",
                "values": [
                  "hvm"
                ]
              }
            ],
            "hypervisor": "xen",
            "id": "ami-0e18ae6e39f4962f0",
            "image_id": "ami-0e18ae6e39f4962f0",
            "image_location": "099720109477/ubuntu/images/hvm-ssd/ubuntu-trusty-14.04-amd64-server-20191107",
            "image_owner_alias": null,
            "image_type": "machine",
            "kernel_id": null,
            "most_recent": true,
            "name": "ubuntu/images/hvm-ssd/ubuntu-trusty-14.04-amd64-server-20191107",
            "name_regex": null,
            "owner_id": "099720109477",
            "owners": [
              "099720109477"
            ],
            "platform": null,
            "platform_details": "Linux/UNIX",
            "product_codes": [],
            "public": true,
            "ramdisk_id": null,
            "root_device_name": "/dev/sda1",
            "root_device_type": "ebs",
            "root_snapshot_id": "snap-07355f7d82ad161e8",
            "sriov_net_support": "simple",
            "state": "available",
            "state_reason": {
              "code": "UNSET",
              "message": "UNSET"
            },
            "tags": {},
            "usage_operation": "RunInstances",
            "virtualization_type": "hvm"
          },
          "sensitive_attributes": []
        }
      ]
    },
    {
      "module": "module.spoke2",
      "mode": "data",
      "type": "aws_availability_zones",
      "name": "available",
      "provider": "provider[\"registry.terraform.io/hashicorp/aws\"]",
      "instances": [
        {
          "schema_version": 0,
          "attributes": {
            "all_availability_zones": null,
            "exclude_names": null,
            "exclude_zone_ids": null,
            "filter": null,
            "group_names": [
              "eu-central-1"
            ],
            "id": "eu-central-1",
            "names": [
              "eu-central-1a",
              "eu-central-1b",
              "eu-central-1c"
            ],
            "state": null,
            "zone_ids": [
              "euc1-az2",
              "euc1-az3",
              "euc1-az1"
            ]
          },
          "sensitive_attributes": []
        }
      ]
    },
    {
      "module": "module.spoke2",
      "mode": "managed",
      "type": "aws_ec2_transit_gateway_route_table_association",
      "name": "vpc_spoke_1",
      "provider": "provider[\"registry.terraform.io/hashicorp/aws\"]",
      "instances": [
        {
          "schema_version": 0,
          "attributes": {
            "id": "tgw-rtb-0b7086f1778eaa739_tgw-attach-0d9ad6273219a51d7",
            "resource_id": "vpc-030fd0e88128b4231",
            "resource_type": "vpc",
            "transit_gateway_attachment_id": "tgw-attach-0d9ad6273219a51d7",
            "transit_gateway_route_table_id": "tgw-rtb-0b7086f1778eaa739"
          },
          "sensitive_attributes": [],
          "private": "bnVsbA==",
          "dependencies": [
            "aws_ec2_transit_gateway.tgw",
            "aws_ec2_transit_gateway_route_table.tgw_spokes",
            "module.spoke2.aws_ec2_transit_gateway_vpc_attachment.tgw_spoke_attachment",
            "module.spoke2.aws_subnet.primary",
            "module.spoke2.aws_subnet.secondary",
            "module.spoke2.aws_vpc.vpc_spoke",
            "module.spoke2.data.aws_availability_zones.available"
          ]
        }
      ]
    },
    {
      "module": "module.spoke2",
      "mode": "managed",
      "type": "aws_ec2_transit_gateway_route_table_propagation",
      "name": "route_table_propagation",
      "provider": "provider[\"registry.terraform.io/hashicorp/aws\"]",
      "instances": [
        {
          "schema_version": 0,
          "attributes": {
            "id": "tgw-rtb-0c7f1415b67f14aba_tgw-attach-0d9ad6273219a51d7",
            "resource_id": "vpc-030fd0e88128b4231",
            "resource_type": "vpc",
            "transit_gateway_attachment_id": "tgw-attach-0d9ad6273219a51d7",
            "transit_gateway_route_table_id": "tgw-rtb-0c7f1415b67f14aba"
          },
          "sensitive_attributes": [],
          "private": "bnVsbA==",
          "dependencies": [
            "aws_ec2_transit_gateway.tgw",
            "aws_ec2_transit_gateway_route_table.tgw_security",
            "module.spoke2.aws_ec2_transit_gateway_vpc_attachment.tgw_spoke_attachment",
            "module.spoke2.aws_subnet.primary",
            "module.spoke2.aws_subnet.secondary",
            "module.spoke2.aws_vpc.vpc_spoke",
            "module.spoke2.data.aws_availability_zones.available"
          ]
        }
      ]
    },
    {
      "module": "module.spoke2",
      "mode": "managed",
      "type": "aws_ec2_transit_gateway_vpc_attachment",
      "name": "tgw_spoke_attachment",
      "provider": "provider[\"registry.terraform.io/hashicorp/aws\"]",
      "instances": [
        {
          "schema_version": 0,
          "attributes": {
            "appliance_mode_support": "disable",
            "dns_support": "enable",
            "id": "tgw-attach-0d9ad6273219a51d7",
            "ipv6_support": "disable",
            "subnet_ids": [
              "subnet-041523cc9f8e3f359",
              "subnet-0ff4caa9fc2e09d12"
            ],
            "tags": {
              "Name": "tgw_attachment_spoke_10.2.0.0/16"
            },
            "tags_all": {
              "Name": "tgw_attachment_spoke_10.2.0.0/16"
            },
            "transit_gateway_default_route_table_association": false,
            "transit_gateway_default_route_table_propagation": false,
            "transit_gateway_id": "tgw-0a6f388ae65a35fb6",
            "vpc_id": "vpc-030fd0e88128b4231",
            "vpc_owner_id": "065535367949"
          },
          "sensitive_attributes": [],
          "private": "bnVsbA==",
          "dependencies": [
            "aws_ec2_transit_gateway.tgw",
            "module.spoke2.aws_subnet.primary",
            "module.spoke2.aws_subnet.secondary",
            "module.spoke2.aws_vpc.vpc_spoke",
            "module.spoke2.data.aws_availability_zones.available"
          ]
        }
      ]
    },
    {
      "module": "module.spoke2",
      "mode": "managed",
      "type": "aws_instance",
      "name": "web",
      "provider": "provider[\"registry.terraform.io/hashicorp/aws\"]",
      "instances": [
        {
          "schema_version": 1,
          "attributes": {
            "ami": "ami-0e18ae6e39f4962f0",
            "arn": "arn:aws:ec2:eu-central-1:065535367949:instance/i-010b6badcdd051ab4",
            "associate_public_ip_address": false,
            "availability_zone": "eu-central-1a",
            "capacity_reservation_specification": [
              {
                "capacity_reservation_preference": "open",
                "capacity_reservation_target": []
              }
            ],
            "cpu_core_count": 1,
            "cpu_threads_per_core": 1,
            "credit_specification": [
              {
                "cpu_credits": "standard"
              }
            ],
            "disable_api_termination": false,
            "ebs_block_device": [],
            "ebs_optimized": false,
            "enclave_options": [
              {
                "enabled": false
              }
            ],
            "ephemeral_block_device": [],
            "get_password_data": false,
            "hibernation": false,
            "host_id": null,
            "iam_instance_profile": "",
            "id": "i-010b6badcdd051ab4",
            "instance_initiated_shutdown_behavior": "stop",
            "instance_state": "running",
            "instance_type": "t2.micro",
            "ipv6_address_count": 0,
            "ipv6_addresses": [],
            "key_name": "pankeypair",
            "launch_template": [],
            "metadata_options": [
              {
                "http_endpoint": "enabled",
                "http_put_response_hop_limit": 1,
                "http_tokens": "optional"
              }
            ],
            "monitoring": false,
            "network_interface": [],
            "outpost_arn": "",
            "password_data": "",
            "placement_group": "",
            "placement_partition_number": null,
            "primary_network_interface_id": "eni-00c43c2474902ebde",
            "private_dns": "ip-10-2-1-45.eu-central-1.compute.internal",
            "private_ip": "10.2.1.45",
            "public_dns": "",
            "public_ip": "",
            "root_block_device": [
              {
                "delete_on_termination": true,
                "device_name": "/dev/sda1",
                "encrypted": false,
                "iops": 100,
                "kms_key_id": "",
                "tags": {},
                "throughput": 0,
                "volume_id": "vol-09367b2239b228315",
                "volume_size": 8,
                "volume_type": "gp2"
              }
            ],
            "secondary_private_ips": [],
            "security_groups": [
              "sg-0082e4d1c04f97503"
            ],
            "source_dest_check": true,
            "subnet_id": "subnet-041523cc9f8e3f359",
            "tags": {
              "Name": "spoke2-server"
            },
            "tags_all": {
              "Name": "spoke2-server"
            },
            "tenancy": "default",
            "timeouts": null,
            "user_data": null,
            "user_data_base64": null,
            "volume_tags": null,
            "vpc_security_group_ids": [
              "sg-0082e4d1c04f97503"
            ]
          },
          "sensitive_attributes": [],
          "private": "eyJlMmJmYjczMC1lY2FhLTExZTYtOGY4OC0zNDM2M2JjN2M0YzAiOnsiY3JlYXRlIjo2MDAwMDAwMDAwMDAsImRlbGV0ZSI6MTIwMDAwMDAwMDAwMCwidXBkYXRlIjo2MDAwMDAwMDAwMDB9LCJzY2hlbWFfdmVyc2lvbiI6IjEifQ==",
          "dependencies": [
            "module.spoke2.aws_security_group.server_sg",
            "module.spoke2.aws_subnet.primary",
            "module.spoke2.aws_vpc.vpc_spoke",
            "module.spoke2.data.aws_ami.ubuntu",
            "module.spoke2.data.aws_availability_zones.available"
          ]
        }
      ]
    },
    {
      "module": "module.spoke2",
      "mode": "managed",
      "type": "aws_instance",
      "name": "web2",
      "provider": "provider[\"registry.terraform.io/hashicorp/aws\"]",
      "instances": [
        {
          "schema_version": 1,
          "attributes": {
            "ami": "ami-0e18ae6e39f4962f0",
            "arn": "arn:aws:ec2:eu-central-1:065535367949:instance/i-07679ea16e27875a3",
            "associate_public_ip_address": false,
            "availability_zone": "eu-central-1b",
            "capacity_reservation_specification": [
              {
                "capacity_reservation_preference": "open",
                "capacity_reservation_target": []
              }
            ],
            "cpu_core_count": 1,
            "cpu_threads_per_core": 1,
            "credit_specification": [
              {
                "cpu_credits": "standard"
              }
            ],
            "disable_api_termination": false,
            "ebs_block_device": [],
            "ebs_optimized": false,
            "enclave_options": [
              {
                "enabled": false
              }
            ],
            "ephemeral_block_device": [],
            "get_password_data": false,
            "hibernation": false,
            "host_id": null,
            "iam_instance_profile": "",
            "id": "i-07679ea16e27875a3",
            "instance_initiated_shutdown_behavior": "stop",
            "instance_state": "running",
            "instance_type": "t2.micro",
            "ipv6_address_count": 0,
            "ipv6_addresses": [],
            "key_name": "pankeypair",
            "launch_template": [],
            "metadata_options": [
              {
                "http_endpoint": "enabled",
                "http_put_response_hop_limit": 1,
                "http_tokens": "optional"
              }
            ],
            "monitoring": false,
            "network_interface": [],
            "outpost_arn": "",
            "password_data": "",
            "placement_group": "",
            "placement_partition_number": null,
            "primary_network_interface_id": "eni-0a2b6cde8906648e2",
            "private_dns": "ip-10-2-2-45.eu-central-1.compute.internal",
            "private_ip": "10.2.2.45",
            "public_dns": "",
            "public_ip": "",
            "root_block_device": [
              {
                "delete_on_termination": true,
                "device_name": "/dev/sda1",
                "encrypted": false,
                "iops": 100,
                "kms_key_id": "",
                "tags": {},
                "throughput": 0,
                "volume_id": "vol-01620bb28f78134ff",
                "volume_size": 8,
                "volume_type": "gp2"
              }
            ],
            "secondary_private_ips": [],
            "security_groups": [
              "sg-0082e4d1c04f97503"
            ],
            "source_dest_check": true,
            "subnet_id": "subnet-0ff4caa9fc2e09d12",
            "tags": {
              "Name": "spoke2-server2"
            },
            "tags_all": {
              "Name": "spoke2-server2"
            },
            "tenancy": "default",
            "timeouts": null,
            "user_data": null,
            "user_data_base64": null,
            "volume_tags": null,
            "vpc_security_group_ids": [
              "sg-0082e4d1c04f97503"
            ]
          },
          "sensitive_attributes": [],
          "private": "eyJlMmJmYjczMC1lY2FhLTExZTYtOGY4OC0zNDM2M2JjN2M0YzAiOnsiY3JlYXRlIjo2MDAwMDAwMDAwMDAsImRlbGV0ZSI6MTIwMDAwMDAwMDAwMCwidXBkYXRlIjo2MDAwMDAwMDAwMDB9LCJzY2hlbWFfdmVyc2lvbiI6IjEifQ==",
          "dependencies": [
            "module.spoke2.aws_security_group.server_sg",
            "module.spoke2.aws_subnet.secondary",
            "module.spoke2.aws_vpc.vpc_spoke",
            "module.spoke2.data.aws_ami.ubuntu",
            "module.spoke2.data.aws_availability_zones.available"
          ]
        }
      ]
    },
    {
      "module": "module.spoke2",
      "mode": "managed",
      "type": "aws_route",
      "name": "vpc_spoke_route_1",
      "provider": "provider[\"registry.terraform.io/hashicorp/aws\"]",
      "instances": [
        {
          "schema_version": 0,
          "attributes": {
            "carrier_gateway_id": "",
            "destination_cidr_block": "10.0.0.0/8",
            "destination_ipv6_cidr_block": "",
            "destination_prefix_list_id": "",
            "egress_only_gateway_id": "",
            "gateway_id": "",
            "id": "r-rtb-0b867cfcb26eb75553423270202",
            "instance_id": "",
            "instance_owner_id": "",
            "local_gateway_id": "",
            "nat_gateway_id": "",
            "network_interface_id": "",
            "origin": "CreateRoute",
            "route_table_id": "rtb-0b867cfcb26eb7555",
            "state": "blackhole",
            "timeouts": null,
            "transit_gateway_id": "tgw-0a6f388ae65a35fb6",
            "vpc_endpoint_id": "",
            "vpc_peering_connection_id": ""
          },
          "sensitive_attributes": [],
          "private": "eyJlMmJmYjczMC1lY2FhLTExZTYtOGY4OC0zNDM2M2JjN2M0YzAiOnsiY3JlYXRlIjozMDAwMDAwMDAwMDAsImRlbGV0ZSI6MzAwMDAwMDAwMDAwLCJ1cGRhdGUiOjEyMDAwMDAwMDAwMH19",
          "dependencies": [
            "aws_ec2_transit_gateway.tgw",
            "module.spoke2.aws_vpc.vpc_spoke"
          ]
        }
      ]
    },
    {
      "module": "module.spoke2",
      "mode": "managed",
      "type": "aws_route",
      "name": "vpc_spoke_route_2",
      "provider": "provider[\"registry.terraform.io/hashicorp/aws\"]",
      "instances": [
        {
          "schema_version": 0,
          "attributes": {
            "carrier_gateway_id": "",
            "destination_cidr_block": "192.168.0.0/16",
            "destination_ipv6_cidr_block": "",
            "destination_prefix_list_id": "",
            "egress_only_gateway_id": "",
            "gateway_id": "",
            "id": "r-rtb-0b867cfcb26eb75553901788224",
            "instance_id": "",
            "instance_owner_id": "",
            "local_gateway_id": "",
            "nat_gateway_id": "",
            "network_interface_id": "",
            "origin": "CreateRoute",
            "route_table_id": "rtb-0b867cfcb26eb7555",
            "state": "blackhole",
            "timeouts": null,
            "transit_gateway_id": "tgw-0a6f388ae65a35fb6",
            "vpc_endpoint_id": "",
            "vpc_peering_connection_id": ""
          },
          "sensitive_attributes": [],
          "private": "eyJlMmJmYjczMC1lY2FhLTExZTYtOGY4OC0zNDM2M2JjN2M0YzAiOnsiY3JlYXRlIjozMDAwMDAwMDAwMDAsImRlbGV0ZSI6MzAwMDAwMDAwMDAwLCJ1cGRhdGUiOjEyMDAwMDAwMDAwMH19",
          "dependencies": [
            "aws_ec2_transit_gateway.tgw",
            "module.spoke2.aws_vpc.vpc_spoke"
          ]
        }
      ]
    },
    {
      "module": "module.spoke2",
      "mode": "managed",
      "type": "aws_route",
      "name": "vpc_spoke_route_3",
      "provider": "provider[\"registry.terraform.io/hashicorp/aws\"]",
      "instances": [
        {
          "schema_version": 0,
          "attributes": {
            "carrier_gateway_id": "",
            "destination_cidr_block": "0.0.0.0/0",
            "destination_ipv6_cidr_block": "",
            "destination_prefix_list_id": "",
            "egress_only_gateway_id": "",
            "gateway_id": "",
            "id": "r-rtb-0b867cfcb26eb75551080289494",
            "instance_id": "",
            "instance_owner_id": "",
            "local_gateway_id": "",
            "nat_gateway_id": "",
            "network_interface_id": "",
            "origin": "CreateRoute",
            "route_table_id": "rtb-0b867cfcb26eb7555",
            "state": "blackhole",
            "timeouts": null,
            "transit_gateway_id": "tgw-0a6f388ae65a35fb6",
            "vpc_endpoint_id": "",
            "vpc_peering_connection_id": ""
          },
          "sensitive_attributes": [],
          "private": "eyJlMmJmYjczMC1lY2FhLTExZTYtOGY4OC0zNDM2M2JjN2M0YzAiOnsiY3JlYXRlIjozMDAwMDAwMDAwMDAsImRlbGV0ZSI6MzAwMDAwMDAwMDAwLCJ1cGRhdGUiOjEyMDAwMDAwMDAwMH19",
          "dependencies": [
            "aws_ec2_transit_gateway.tgw",
            "module.spoke2.aws_vpc.vpc_spoke"
          ]
        }
      ]
    },
    {
      "module": "module.spoke2",
      "mode": "managed",
      "type": "aws_security_group",
      "name": "server_sg",
      "provider": "provider[\"registry.terraform.io/hashicorp/aws\"]",
      "instances": [
        {
          "schema_version": 1,
          "attributes": {
            "arn": "arn:aws:ec2:eu-central-1:065535367949:security-group/sg-0082e4d1c04f97503",
            "description": "Allow select inbound traffic",
            "egress": [],
            "id": "sg-0082e4d1c04f97503",
            "ingress": [],
            "name": "server_sg",
            "name_prefix": "",
            "owner_id": "065535367949",
            "revoke_rules_on_delete": false,
            "tags": null,
            "tags_all": {},
            "timeouts": null,
            "vpc_id": "vpc-030fd0e88128b4231"
          },
          "sensitive_attributes": [],
          "private": "eyJlMmJmYjczMC1lY2FhLTExZTYtOGY4OC0zNDM2M2JjN2M0YzAiOnsiY3JlYXRlIjo2MDAwMDAwMDAwMDAsImRlbGV0ZSI6OTAwMDAwMDAwMDAwfSwic2NoZW1hX3ZlcnNpb24iOiIxIn0=",
          "dependencies": [
            "module.spoke2.aws_vpc.vpc_spoke"
          ]
        }
      ]
    },
    {
      "module": "module.spoke2",
      "mode": "managed",
      "type": "aws_security_group_rule",
      "name": "allow_server_sg_egress",
      "provider": "provider[\"registry.terraform.io/hashicorp/aws\"]",
      "instances": [
        {
          "schema_version": 2,
          "attributes": {
            "cidr_blocks": [
              "0.0.0.0/0"
            ],
            "description": null,
            "from_port": 0,
            "id": "sgrule-1456366937",
            "ipv6_cidr_blocks": null,
            "prefix_list_ids": null,
            "protocol": "-1",
            "security_group_id": "sg-0082e4d1c04f97503",
            "self": false,
            "source_security_group_id": null,
            "to_port": 0,
            "type": "egress"
          },
          "sensitive_attributes": [],
          "private": "eyJzY2hlbWFfdmVyc2lvbiI6IjIifQ==",
          "dependencies": [
            "module.spoke2.aws_security_group.server_sg",
            "module.spoke2.aws_vpc.vpc_spoke"
          ]
        }
      ]
    },
    {
      "module": "module.spoke2",
      "mode": "managed",
      "type": "aws_security_group_rule",
      "name": "allow_server_sg_ingress",
      "provider": "provider[\"registry.terraform.io/hashicorp/aws\"]",
      "instances": [
        {
          "schema_version": 2,
          "attributes": {
            "cidr_blocks": [
              "10.0.0.0/8",
              "192.168.0.0/16"
            ],
            "description": null,
            "from_port": 0,
            "id": "sgrule-3744308343",
            "ipv6_cidr_blocks": null,
            "prefix_list_ids": null,
            "protocol": "-1",
            "security_group_id": "sg-0082e4d1c04f97503",
            "self": false,
            "source_security_group_id": null,
            "to_port": 0,
            "type": "ingress"
          },
          "sensitive_attributes": [],
          "private": "eyJzY2hlbWFfdmVyc2lvbiI6IjIifQ==",
          "dependencies": [
            "module.spoke2.aws_security_group.server_sg",
            "module.spoke2.aws_vpc.vpc_spoke"
          ]
        }
      ]
    },
    {
      "module": "module.spoke2",
      "mode": "managed",
      "type": "aws_subnet",
      "name": "primary",
      "provider": "provider[\"registry.terraform.io/hashicorp/aws\"]",
      "instances": [
        {
          "schema_version": 1,
          "attributes": {
            "arn": "arn:aws:ec2:eu-central-1:065535367949:subnet/subnet-041523cc9f8e3f359",
            "assign_ipv6_address_on_creation": false,
            "availability_zone": "eu-central-1a",
            "availability_zone_id": "euc1-az2",
            "cidr_block": "10.2.1.0/24",
            "customer_owned_ipv4_pool": "",
            "id": "subnet-041523cc9f8e3f359",
            "ipv6_cidr_block": "",
            "ipv6_cidr_block_association_id": "",
            "map_customer_owned_ip_on_launch": false,
            "map_public_ip_on_launch": false,
            "outpost_arn": "",
            "owner_id": "065535367949",
            "tags": {
              "Name": "vpc_spokeA_10.2.1.0/24"
            },
            "tags_all": {
              "Name": "vpc_spokeA_10.2.1.0/24"
            },
            "timeouts": null,
            "vpc_id": "vpc-030fd0e88128b4231"
          },
          "sensitive_attributes": [],
          "private": "eyJlMmJmYjczMC1lY2FhLTExZTYtOGY4OC0zNDM2M2JjN2M0YzAiOnsiY3JlYXRlIjo2MDAwMDAwMDAwMDAsImRlbGV0ZSI6MTIwMDAwMDAwMDAwMH0sInNjaGVtYV92ZXJzaW9uIjoiMSJ9",
          "dependencies": [
            "module.spoke2.aws_vpc.vpc_spoke",
            "module.spoke2.data.aws_availability_zones.available"
          ]
        }
      ]
    },
    {
      "module": "module.spoke2",
      "mode": "managed",
      "type": "aws_subnet",
      "name": "secondary",
      "provider": "provider[\"registry.terraform.io/hashicorp/aws\"]",
      "instances": [
        {
          "schema_version": 1,
          "attributes": {
            "arn": "arn:aws:ec2:eu-central-1:065535367949:subnet/subnet-0ff4caa9fc2e09d12",
            "assign_ipv6_address_on_creation": false,
            "availability_zone": "eu-central-1b",
            "availability_zone_id": "euc1-az3",
            "cidr_block": "10.2.2.0/24",
            "customer_owned_ipv4_pool": "",
            "id": "subnet-0ff4caa9fc2e09d12",
            "ipv6_cidr_block": "",
            "ipv6_cidr_block_association_id": "",
            "map_customer_owned_ip_on_launch": false,
            "map_public_ip_on_launch": false,
            "outpost_arn": "",
            "owner_id": "065535367949",
            "tags": {
              "Name": "vpc_spokeB_10.2.2.0/24"
            },
            "tags_all": {
              "Name": "vpc_spokeB_10.2.2.0/24"
            },
            "timeouts": null,
            "vpc_id": "vpc-030fd0e88128b4231"
          },
          "sensitive_attributes": [],
          "private": "eyJlMmJmYjczMC1lY2FhLTExZTYtOGY4OC0zNDM2M2JjN2M0YzAiOnsiY3JlYXRlIjo2MDAwMDAwMDAwMDAsImRlbGV0ZSI6MTIwMDAwMDAwMDAwMH0sInNjaGVtYV92ZXJzaW9uIjoiMSJ9",
          "dependencies": [
            "module.spoke2.aws_vpc.vpc_spoke",
            "module.spoke2.data.aws_availability_zones.available"
          ]
        }
      ]
    },
    {
      "module": "module.spoke2",
      "mode": "managed",
      "type": "aws_vpc",
      "name": "vpc_spoke",
      "provider": "provider[\"registry.terraform.io/hashicorp/aws\"]",
      "instances": [
        {
          "schema_version": 1,
          "attributes": {
            "arn": "arn:aws:ec2:eu-central-1:065535367949:vpc/vpc-030fd0e88128b4231",
            "assign_generated_ipv6_cidr_block": false,
            "cidr_block": "10.2.0.0/16",
            "default_network_acl_id": "acl-039a37b063f15346a",
            "default_route_table_id": "rtb-0b867cfcb26eb7555",
            "default_security_group_id": "sg-05d0e6861bdb4520b",
            "dhcp_options_id": "dopt-0477f784768a5939a",
            "enable_classiclink": null,
            "enable_classiclink_dns_support": null,
            "enable_dns_hostnames": false,
            "enable_dns_support": true,
            "id": "vpc-030fd0e88128b4231",
            "instance_tenancy": "default",
            "ipv4_ipam_pool_id": null,
            "ipv4_netmask_length": null,
            "ipv6_association_id": "",
            "ipv6_cidr_block": "",
            "ipv6_ipam_pool_id": null,
            "ipv6_netmask_length": null,
            "main_route_table_id": "rtb-0b867cfcb26eb7555",
            "owner_id": "065535367949",
            "tags": {
              "Name": "vpc_spoke_10.2.0.0/16"
            },
            "tags_all": {
              "Name": "vpc_spoke_10.2.0.0/16"
            }
          },
          "sensitive_attributes": [],
          "private": "eyJzY2hlbWFfdmVyc2lvbiI6IjEifQ=="
        }
      ]
    }
  ]
}
